{
  "version": 4,
  "terraform_version": "1.9.8",
  "serial": 987,
  "lineage": "268bbac5-484c-b9a3-ad77-8e0a1e525133",
  "outputs": {
    "australia-lb_dns_name": {
      "value": "australia-load-balancer-262987975.ap-southeast-2.elb.amazonaws.com",
      "type": "string"
    },
    "california-lb_dns_name": {
      "value": "california-load-balancer-2092907501.us-west-1.elb.amazonaws.com",
      "type": "string"
    },
    "hong-kong-lb_dns_name": {
      "value": "hongkong-load-balancer-817863798.ap-east-1.elb.amazonaws.com",
      "type": "string"
    },
    "london-lb_dns_name": {
      "value": "london-load-balancer-366636843.eu-west-2.elb.amazonaws.com",
      "type": "string"
    },
    "newyork-lb_dns_name": {
      "value": "newyork-load-balancer-2101426437.us-east-1.elb.amazonaws.com",
      "type": "string"
    },
    "sao-paulo-lb_dns_name": {
      "value": "saopaulo-load-balancer-956394540.sa-east-1.elb.amazonaws.com",
      "type": "string"
    },
    "tokyo-lb_dns_name": {
      "value": "tokyo-load-balancer-240959748.ap-northeast-1.elb.amazonaws.com",
      "type": "string"
    }
  },
  "resources": [
    {
      "mode": "data",
      "type": "aws_ami",
      "name": "australia-ami",
      "provider": "provider[\"registry.terraform.io/hashicorp/aws\"].australia",
      "instances": [
        {
          "schema_version": 0,
          "attributes": {
            "architecture": "x86_64",
            "arn": "arn:aws:ec2:ap-southeast-2::image/ami-0d6560f3176dc9ec0",
            "block_device_mappings": [
              {
                "device_name": "/dev/xvda",
                "ebs": {
                  "delete_on_termination": "true",
                  "encrypted": "false",
                  "iops": "3000",
                  "snapshot_id": "snap-0cb64f12c64ec2187",
                  "throughput": "125",
                  "volume_size": "8",
                  "volume_type": "gp3"
                },
                "no_device": "",
                "virtual_name": ""
              }
            ],
            "boot_mode": "uefi-preferred",
            "creation_date": "2024-12-12T08:30:56.000Z",
            "deprecation_time": "2025-03-12T08:31:00.000Z",
            "description": "Amazon Linux 2023 AMI 2023.6.20241212.0 x86_64 HVM kernel-6.1",
            "ena_support": true,
            "executable_users": null,
            "filter": [
              {
                "name": "name",
                "values": [
                  "al2023-ami-2023.*-x86_64"
                ]
              }
            ],
            "hypervisor": "xen",
            "id": "ami-0d6560f3176dc9ec0",
            "image_id": "ami-0d6560f3176dc9ec0",
            "image_location": "amazon/al2023-ami-2023.6.20241212.0-kernel-6.1-x86_64",
            "image_owner_alias": "amazon",
            "image_type": "machine",
            "imds_support": "v2.0",
            "include_deprecated": false,
            "kernel_id": "",
            "most_recent": true,
            "name": "al2023-ami-2023.6.20241212.0-kernel-6.1-x86_64",
            "name_regex": null,
            "owner_id": "137112412989",
            "owners": [
              "amazon"
            ],
            "platform": "",
            "platform_details": "Linux/UNIX",
            "product_codes": [],
            "public": true,
            "ramdisk_id": "",
            "root_device_name": "/dev/xvda",
            "root_device_type": "ebs",
            "root_snapshot_id": "snap-0cb64f12c64ec2187",
            "sriov_net_support": "simple",
            "state": "available",
            "state_reason": {
              "code": "UNSET",
              "message": "UNSET"
            },
            "tags": {},
            "timeouts": null,
            "tpm_support": "",
            "usage_operation": "RunInstances",
            "virtualization_type": "hvm"
          },
          "sensitive_attributes": []
        }
      ]
    },
    {
      "mode": "data",
      "type": "aws_ami",
      "name": "california-ami",
      "provider": "provider[\"registry.terraform.io/hashicorp/aws\"].california",
      "instances": [
        {
          "schema_version": 0,
          "attributes": {
            "architecture": "x86_64",
            "arn": "arn:aws:ec2:us-west-1::image/ami-0aa117785d1c1bfe5",
            "block_device_mappings": [
              {
                "device_name": "/dev/xvda",
                "ebs": {
                  "delete_on_termination": "true",
                  "encrypted": "false",
                  "iops": "3000",
                  "snapshot_id": "snap-0ebc0b581c9266a67",
                  "throughput": "125",
                  "volume_size": "8",
                  "volume_type": "gp3"
                },
                "no_device": "",
                "virtual_name": ""
              }
            ],
            "boot_mode": "uefi-preferred",
            "creation_date": "2024-12-12T08:30:22.000Z",
            "deprecation_time": "2025-03-12T08:30:00.000Z",
            "description": "Amazon Linux 2023 AMI 2023.6.20241212.0 x86_64 HVM kernel-6.1",
            "ena_support": true,
            "executable_users": null,
            "filter": [
              {
                "name": "name",
                "values": [
                  "al2023-ami-2023.*-x86_64"
                ]
              }
            ],
            "hypervisor": "xen",
            "id": "ami-0aa117785d1c1bfe5",
            "image_id": "ami-0aa117785d1c1bfe5",
            "image_location": "amazon/al2023-ami-2023.6.20241212.0-kernel-6.1-x86_64",
            "image_owner_alias": "amazon",
            "image_type": "machine",
            "imds_support": "v2.0",
            "include_deprecated": false,
            "kernel_id": "",
            "most_recent": true,
            "name": "al2023-ami-2023.6.20241212.0-kernel-6.1-x86_64",
            "name_regex": null,
            "owner_id": "137112412989",
            "owners": [
              "amazon"
            ],
            "platform": "",
            "platform_details": "Linux/UNIX",
            "product_codes": [],
            "public": true,
            "ramdisk_id": "",
            "root_device_name": "/dev/xvda",
            "root_device_type": "ebs",
            "root_snapshot_id": "snap-0ebc0b581c9266a67",
            "sriov_net_support": "simple",
            "state": "available",
            "state_reason": {
              "code": "UNSET",
              "message": "UNSET"
            },
            "tags": {},
            "timeouts": null,
            "tpm_support": "",
            "usage_operation": "RunInstances",
            "virtualization_type": "hvm"
          },
          "sensitive_attributes": []
        }
      ]
    },
    {
      "mode": "data",
      "type": "aws_ami",
      "name": "hongkong-ami",
      "provider": "provider[\"registry.terraform.io/hashicorp/aws\"].hong-kong",
      "instances": [
        {
          "schema_version": 0,
          "attributes": {
            "architecture": "x86_64",
            "arn": "arn:aws:ec2:ap-east-1::image/ami-0a7ea1800b4d7a034",
            "block_device_mappings": [
              {
                "device_name": "/dev/xvda",
                "ebs": {
                  "delete_on_termination": "true",
                  "encrypted": "false",
                  "iops": "3000",
                  "snapshot_id": "snap-07a28ce6bac2c94bf",
                  "throughput": "125",
                  "volume_size": "8",
                  "volume_type": "gp3"
                },
                "no_device": "",
                "virtual_name": ""
              }
            ],
            "boot_mode": "uefi-preferred",
            "creation_date": "2024-12-12T08:28:02.000Z",
            "deprecation_time": "2025-03-12T08:28:00.000Z",
            "description": "Amazon Linux 2023 AMI 2023.6.20241212.0 x86_64 HVM kernel-6.1",
            "ena_support": true,
            "executable_users": null,
            "filter": [
              {
                "name": "name",
                "values": [
                  "al2023-ami-2023.*-x86_64"
                ]
              }
            ],
            "hypervisor": "xen",
            "id": "ami-0a7ea1800b4d7a034",
            "image_id": "ami-0a7ea1800b4d7a034",
            "image_location": "amazon/al2023-ami-2023.6.20241212.0-kernel-6.1-x86_64",
            "image_owner_alias": "amazon",
            "image_type": "machine",
            "imds_support": "v2.0",
            "include_deprecated": false,
            "kernel_id": "",
            "most_recent": true,
            "name": "al2023-ami-2023.6.20241212.0-kernel-6.1-x86_64",
            "name_regex": null,
            "owner_id": "910595266909",
            "owners": [
              "amazon"
            ],
            "platform": "",
            "platform_details": "Linux/UNIX",
            "product_codes": [],
            "public": true,
            "ramdisk_id": "",
            "root_device_name": "/dev/xvda",
            "root_device_type": "ebs",
            "root_snapshot_id": "snap-07a28ce6bac2c94bf",
            "sriov_net_support": "simple",
            "state": "available",
            "state_reason": {
              "code": "UNSET",
              "message": "UNSET"
            },
            "tags": {},
            "timeouts": null,
            "tpm_support": "",
            "usage_operation": "RunInstances",
            "virtualization_type": "hvm"
          },
          "sensitive_attributes": []
        }
      ]
    },
    {
      "mode": "data",
      "type": "aws_ami",
      "name": "london-ami",
      "provider": "provider[\"registry.terraform.io/hashicorp/aws\"].london",
      "instances": [
        {
          "schema_version": 0,
          "attributes": {
            "architecture": "x86_64",
            "arn": "arn:aws:ec2:eu-west-2::image/ami-019374baf467d6601",
            "block_device_mappings": [
              {
                "device_name": "/dev/xvda",
                "ebs": {
                  "delete_on_termination": "true",
                  "encrypted": "false",
                  "iops": "3000",
                  "snapshot_id": "snap-0b61c42a4ff262f01",
                  "throughput": "125",
                  "volume_size": "8",
                  "volume_type": "gp3"
                },
                "no_device": "",
                "virtual_name": ""
              }
            ],
            "boot_mode": "uefi-preferred",
            "creation_date": "2024-12-12T08:30:55.000Z",
            "deprecation_time": "2025-03-12T08:31:00.000Z",
            "description": "Amazon Linux 2023 AMI 2023.6.20241212.0 x86_64 HVM kernel-6.1",
            "ena_support": true,
            "executable_users": null,
            "filter": [
              {
                "name": "name",
                "values": [
                  "al2023-ami-2023.*-x86_64"
                ]
              }
            ],
            "hypervisor": "xen",
            "id": "ami-019374baf467d6601",
            "image_id": "ami-019374baf467d6601",
            "image_location": "amazon/al2023-ami-2023.6.20241212.0-kernel-6.1-x86_64",
            "image_owner_alias": "amazon",
            "image_type": "machine",
            "imds_support": "v2.0",
            "include_deprecated": false,
            "kernel_id": "",
            "most_recent": true,
            "name": "al2023-ami-2023.6.20241212.0-kernel-6.1-x86_64",
            "name_regex": null,
            "owner_id": "137112412989",
            "owners": [
              "amazon"
            ],
            "platform": "",
            "platform_details": "Linux/UNIX",
            "product_codes": [],
            "public": true,
            "ramdisk_id": "",
            "root_device_name": "/dev/xvda",
            "root_device_type": "ebs",
            "root_snapshot_id": "snap-0b61c42a4ff262f01",
            "sriov_net_support": "simple",
            "state": "available",
            "state_reason": {
              "code": "UNSET",
              "message": "UNSET"
            },
            "tags": {},
            "timeouts": null,
            "tpm_support": "",
            "usage_operation": "RunInstances",
            "virtualization_type": "hvm"
          },
          "sensitive_attributes": []
        }
      ]
    },
    {
      "mode": "data",
      "type": "aws_ami",
      "name": "newyork-ami",
      "provider": "provider[\"registry.terraform.io/hashicorp/aws\"].new-york",
      "instances": [
        {
          "schema_version": 0,
          "attributes": {
            "architecture": "x86_64",
            "arn": "arn:aws:ec2:us-east-1::image/ami-01816d07b1128cd2d",
            "block_device_mappings": [
              {
                "device_name": "/dev/xvda",
                "ebs": {
                  "delete_on_termination": "true",
                  "encrypted": "false",
                  "iops": "3000",
                  "snapshot_id": "snap-01818e23abf5dcdb1",
                  "throughput": "125",
                  "volume_size": "8",
                  "volume_type": "gp3"
                },
                "no_device": "",
                "virtual_name": ""
              }
            ],
            "boot_mode": "uefi-preferred",
            "creation_date": "2024-12-12T08:30:54.000Z",
            "deprecation_time": "2025-03-12T08:31:00.000Z",
            "description": "Amazon Linux 2023 AMI 2023.6.20241212.0 x86_64 HVM kernel-6.1",
            "ena_support": true,
            "executable_users": null,
            "filter": [
              {
                "name": "name",
                "values": [
                  "al2023-ami-2023.*-x86_64"
                ]
              }
            ],
            "hypervisor": "xen",
            "id": "ami-01816d07b1128cd2d",
            "image_id": "ami-01816d07b1128cd2d",
            "image_location": "amazon/al2023-ami-2023.6.20241212.0-kernel-6.1-x86_64",
            "image_owner_alias": "amazon",
            "image_type": "machine",
            "imds_support": "v2.0",
            "include_deprecated": false,
            "kernel_id": "",
            "most_recent": true,
            "name": "al2023-ami-2023.6.20241212.0-kernel-6.1-x86_64",
            "name_regex": null,
            "owner_id": "137112412989",
            "owners": [
              "amazon"
            ],
            "platform": "",
            "platform_details": "Linux/UNIX",
            "product_codes": [],
            "public": true,
            "ramdisk_id": "",
            "root_device_name": "/dev/xvda",
            "root_device_type": "ebs",
            "root_snapshot_id": "snap-01818e23abf5dcdb1",
            "sriov_net_support": "simple",
            "state": "available",
            "state_reason": {
              "code": "UNSET",
              "message": "UNSET"
            },
            "tags": {},
            "timeouts": null,
            "tpm_support": "",
            "usage_operation": "RunInstances",
            "virtualization_type": "hvm"
          },
          "sensitive_attributes": []
        }
      ]
    },
    {
      "mode": "data",
      "type": "aws_ami",
      "name": "saopaulo-ami",
      "provider": "provider[\"registry.terraform.io/hashicorp/aws\"].sao-paulo",
      "instances": [
        {
          "schema_version": 0,
          "attributes": {
            "architecture": "x86_64",
            "arn": "arn:aws:ec2:sa-east-1::image/ami-03c4a8310002221c7",
            "block_device_mappings": [
              {
                "device_name": "/dev/xvda",
                "ebs": {
                  "delete_on_termination": "true",
                  "encrypted": "false",
                  "iops": "3000",
                  "snapshot_id": "snap-00a90d26135261b1e",
                  "throughput": "125",
                  "volume_size": "8",
                  "volume_type": "gp3"
                },
                "no_device": "",
                "virtual_name": ""
              }
            ],
            "boot_mode": "uefi-preferred",
            "creation_date": "2024-12-12T08:31:27.000Z",
            "deprecation_time": "2025-03-12T08:31:00.000Z",
            "description": "Amazon Linux 2023 AMI 2023.6.20241212.0 x86_64 HVM kernel-6.1",
            "ena_support": true,
            "executable_users": null,
            "filter": [
              {
                "name": "name",
                "values": [
                  "al2023-ami-2023.*-x86_64"
                ]
              }
            ],
            "hypervisor": "xen",
            "id": "ami-03c4a8310002221c7",
            "image_id": "ami-03c4a8310002221c7",
            "image_location": "amazon/al2023-ami-2023.6.20241212.0-kernel-6.1-x86_64",
            "image_owner_alias": "amazon",
            "image_type": "machine",
            "imds_support": "v2.0",
            "include_deprecated": false,
            "kernel_id": "",
            "most_recent": true,
            "name": "al2023-ami-2023.6.20241212.0-kernel-6.1-x86_64",
            "name_regex": null,
            "owner_id": "137112412989",
            "owners": [
              "amazon"
            ],
            "platform": "",
            "platform_details": "Linux/UNIX",
            "product_codes": [],
            "public": true,
            "ramdisk_id": "",
            "root_device_name": "/dev/xvda",
            "root_device_type": "ebs",
            "root_snapshot_id": "snap-00a90d26135261b1e",
            "sriov_net_support": "simple",
            "state": "available",
            "state_reason": {
              "code": "UNSET",
              "message": "UNSET"
            },
            "tags": {},
            "timeouts": null,
            "tpm_support": "",
            "usage_operation": "RunInstances",
            "virtualization_type": "hvm"
          },
          "sensitive_attributes": []
        }
      ]
    },
    {
      "mode": "data",
      "type": "aws_ami",
      "name": "tokyo-ami",
      "provider": "provider[\"registry.terraform.io/hashicorp/aws\"].tokyo",
      "instances": [
        {
          "schema_version": 0,
          "attributes": {
            "architecture": "x86_64",
            "arn": "arn:aws:ec2:ap-northeast-1::image/ami-0ab02459752898a60",
            "block_device_mappings": [
              {
                "device_name": "/dev/xvda",
                "ebs": {
                  "delete_on_termination": "true",
                  "encrypted": "false",
                  "iops": "3000",
                  "snapshot_id": "snap-0846e1db4a7c52e3a",
                  "throughput": "125",
                  "volume_size": "8",
                  "volume_type": "gp3"
                },
                "no_device": "",
                "virtual_name": ""
              }
            ],
            "boot_mode": "uefi-preferred",
            "creation_date": "2024-12-12T08:31:35.000Z",
            "deprecation_time": "2025-03-12T08:32:00.000Z",
            "description": "Amazon Linux 2023 AMI 2023.6.20241212.0 x86_64 HVM kernel-6.1",
            "ena_support": true,
            "executable_users": null,
            "filter": [
              {
                "name": "name",
                "values": [
                  "al2023-ami-2023.*-x86_64"
                ]
              }
            ],
            "hypervisor": "xen",
            "id": "ami-0ab02459752898a60",
            "image_id": "ami-0ab02459752898a60",
            "image_location": "amazon/al2023-ami-2023.6.20241212.0-kernel-6.1-x86_64",
            "image_owner_alias": "amazon",
            "image_type": "machine",
            "imds_support": "v2.0",
            "include_deprecated": false,
            "kernel_id": "",
            "most_recent": true,
            "name": "al2023-ami-2023.6.20241212.0-kernel-6.1-x86_64",
            "name_regex": null,
            "owner_id": "137112412989",
            "owners": [
              "amazon"
            ],
            "platform": "",
            "platform_details": "Linux/UNIX",
            "product_codes": [],
            "public": true,
            "ramdisk_id": "",
            "root_device_name": "/dev/xvda",
            "root_device_type": "ebs",
            "root_snapshot_id": "snap-0846e1db4a7c52e3a",
            "sriov_net_support": "simple",
            "state": "available",
            "state_reason": {
              "code": "UNSET",
              "message": "UNSET"
            },
            "tags": {},
            "timeouts": null,
            "tpm_support": "",
            "usage_operation": "RunInstances",
            "virtualization_type": "hvm"
          },
          "sensitive_attributes": []
        }
      ]
    },
    {
      "mode": "managed",
      "type": "aws_autoscaling_attachment",
      "name": "australia-asg_attachment",
      "provider": "provider[\"registry.terraform.io/hashicorp/aws\"].australia",
      "instances": [
        {
          "schema_version": 0,
          "attributes": {
            "autoscaling_group_name": "australia-auto-scaling-group-20241214040259878300000005",
            "elb": null,
            "id": "australia-auto-scaling-group-20241214040259878300000005-20241214040421077100000007",
            "lb_target_group_arn": "arn:aws:elasticloadbalancing:ap-southeast-2:495599735872:targetgroup/australia-target-group/e0ae8c08ab7ca16b"
          },
          "sensitive_attributes": [],
          "private": "bnVsbA==",
          "dependencies": [
            "aws_autoscaling_group.australia-asg",
            "aws_launch_template.australia-LT",
            "aws_lb_target_group.australia_tg",
            "aws_security_group.australia-SG01-ASG01",
            "aws_subnet.australia-private-subnet-2a",
            "aws_subnet.australia-private-subnet-2b",
            "aws_vpc.australia-vpc",
            "data.aws_ami.australia-ami"
          ]
        }
      ]
    },
    {
      "mode": "managed",
      "type": "aws_autoscaling_attachment",
      "name": "california-asg_attachment",
      "provider": "provider[\"registry.terraform.io/hashicorp/aws\"].california",
      "instances": [
        {
          "schema_version": 0,
          "attributes": {
            "autoscaling_group_name": "california-auto-scaling-group-20241214040137671000000005",
            "elb": null,
            "id": "california-auto-scaling-group-20241214040137671000000005-20241214040316651900000007",
            "lb_target_group_arn": "arn:aws:elasticloadbalancing:us-west-1:495599735872:targetgroup/california-target-group/9d51963ff4fa4ad4"
          },
          "sensitive_attributes": [],
          "private": "bnVsbA==",
          "dependencies": [
            "aws_autoscaling_group.california-asg",
            "aws_launch_template.california-LT",
            "aws_lb_target_group.california_tg",
            "aws_security_group.california-SG01-ASG01",
            "aws_subnet.california-private-subnet-1b",
            "aws_subnet.california-private-subnet-1c",
            "aws_vpc.california-vpc",
            "data.aws_ami.california-ami"
          ]
        }
      ]
    },
    {
      "mode": "managed",
      "type": "aws_autoscaling_attachment",
      "name": "hongkong-asg_attachment",
      "provider": "provider[\"registry.terraform.io/hashicorp/aws\"].hong-kong",
      "instances": [
        {
          "schema_version": 0,
          "attributes": {
            "autoscaling_group_name": "hongkong-auto-scaling-group-20241214040247782500000005",
            "elb": null,
            "id": "hongkong-auto-scaling-group-20241214040247782500000005-20241214040410745200000007",
            "lb_target_group_arn": "arn:aws:elasticloadbalancing:ap-east-1:495599735872:targetgroup/hongkong-target-group/db18464e05ac31b5"
          },
          "sensitive_attributes": [],
          "private": "bnVsbA==",
          "dependencies": [
            "aws_autoscaling_group.hongkong-asg",
            "aws_launch_template.hongkong-LT",
            "aws_lb_target_group.hongkong_tg",
            "aws_security_group.hongkong-SG01-ASG01",
            "aws_subnet.hongkong-private-subnet-1a",
            "aws_subnet.hongkong-private-subnet-1b",
            "aws_vpc.hongkong-vpc",
            "data.aws_ami.hongkong-ami"
          ]
        }
      ]
    },
    {
      "mode": "managed",
      "type": "aws_autoscaling_attachment",
      "name": "london-asg_attachment",
      "provider": "provider[\"registry.terraform.io/hashicorp/aws\"].london",
      "instances": [
        {
          "schema_version": 0,
          "attributes": {
            "autoscaling_group_name": "london-auto-scaling-group-20241214040135236000000005",
            "elb": null,
            "id": "london-auto-scaling-group-20241214040135236000000005-20241214040311226300000007",
            "lb_target_group_arn": "arn:aws:elasticloadbalancing:eu-west-2:495599735872:targetgroup/london-target-group/9be3e13bf893619f"
          },
          "sensitive_attributes": [],
          "private": "bnVsbA==",
          "dependencies": [
            "aws_autoscaling_group.london-asg",
            "aws_launch_template.london-LT",
            "aws_lb_target_group.london_tg",
            "aws_security_group.london-SG01-ASG01",
            "aws_subnet.london-private-subnet-2a",
            "aws_subnet.london-private-subnet-2b",
            "aws_vpc.london-vpc",
            "data.aws_ami.london-ami"
          ]
        }
      ]
    },
    {
      "mode": "managed",
      "type": "aws_autoscaling_attachment",
      "name": "newyork_asg_attachment",
      "provider": "provider[\"registry.terraform.io/hashicorp/aws\"].new-york",
      "instances": [
        {
          "schema_version": 0,
          "attributes": {
            "autoscaling_group_name": "newyork-auto-scaling-group-20241214040133098200000005",
            "elb": null,
            "id": "newyork-auto-scaling-group-20241214040133098200000005-20241214040312154700000007",
            "lb_target_group_arn": "arn:aws:elasticloadbalancing:us-east-1:495599735872:targetgroup/newyork-target-group/57ed6f165e298af7"
          },
          "sensitive_attributes": [],
          "private": "bnVsbA==",
          "dependencies": [
            "aws_autoscaling_group.newyork-asg",
            "aws_launch_template.newyork-LT",
            "aws_lb_target_group.newyork_tg",
            "aws_security_group.newyork-SG01-ASG01",
            "aws_subnet.newyork-private-subnet-1a",
            "aws_subnet.newyork-private-subnet-1b",
            "aws_vpc.newyork-vpc",
            "data.aws_ami.newyork-ami"
          ]
        }
      ]
    },
    {
      "mode": "managed",
      "type": "aws_autoscaling_attachment",
      "name": "saopaulo-asg_attachment",
      "provider": "provider[\"registry.terraform.io/hashicorp/aws\"].sao-paulo",
      "instances": [
        {
          "schema_version": 0,
          "attributes": {
            "autoscaling_group_name": "saopaulo-auto-scaling-group-20241214040225887200000005",
            "elb": null,
            "id": "saopaulo-auto-scaling-group-20241214040225887200000005-20241214040343101800000007",
            "lb_target_group_arn": "arn:aws:elasticloadbalancing:sa-east-1:495599735872:targetgroup/saopaulo-target-group/4447bcf41497cdec"
          },
          "sensitive_attributes": [],
          "private": "bnVsbA==",
          "dependencies": [
            "aws_autoscaling_group.saopaulo-asg",
            "aws_launch_template.saopaulo-LT",
            "aws_lb_target_group.saopaulo_tg",
            "aws_security_group.saopaulo-SG01-ASG01",
            "aws_subnet.saopaulo-private-subnet-1a",
            "aws_subnet.saopaulo-private-subnet-1c",
            "aws_vpc.saopaulo-vpc",
            "data.aws_ami.saopaulo-ami"
          ]
        }
      ]
    },
    {
      "mode": "managed",
      "type": "aws_autoscaling_attachment",
      "name": "tokyo-asg_attachment",
      "provider": "provider[\"registry.terraform.io/hashicorp/aws\"].tokyo",
      "instances": [
        {
          "schema_version": 0,
          "attributes": {
            "autoscaling_group_name": "tokyo-auto-scaling-group-20241214040252347500000005",
            "elb": null,
            "id": "tokyo-auto-scaling-group-20241214040252347500000005-20241214040412652700000007",
            "lb_target_group_arn": "arn:aws:elasticloadbalancing:ap-northeast-1:495599735872:targetgroup/tokyo-target-group/c2afda0a843eb224"
          },
          "sensitive_attributes": [],
          "private": "bnVsbA==",
          "dependencies": [
            "aws_autoscaling_group.tokyo-asg",
            "aws_launch_template.tokyo-LT",
            "aws_lb_target_group.tokyo_tg",
            "aws_security_group.tokyo-SG01-ASG01",
            "aws_subnet.tokyo-private-subnet-1a",
            "aws_subnet.tokyo-private-subnet-1d",
            "aws_vpc.tokyo-vpc",
            "data.aws_ami.tokyo-ami"
          ]
        }
      ]
    },
    {
      "mode": "managed",
      "type": "aws_autoscaling_group",
      "name": "australia-asg",
      "provider": "provider[\"registry.terraform.io/hashicorp/aws\"].australia",
      "instances": [
        {
          "schema_version": 1,
          "attributes": {
            "arn": "arn:aws:autoscaling:ap-southeast-2:495599735872:autoScalingGroup:d07fb62c-bcba-44ff-ae6b-e732a6e8b2e9:autoScalingGroupName/australia-auto-scaling-group-20241214040259878300000005",
            "availability_zones": [
              "ap-southeast-2a",
              "ap-southeast-2b"
            ],
            "capacity_rebalance": false,
            "context": "",
            "default_cooldown": 300,
            "default_instance_warmup": 0,
            "desired_capacity": 1,
            "desired_capacity_type": "",
            "enabled_metrics": [
              "GroupDesiredCapacity",
              "GroupInServiceInstances",
              "GroupMaxSize",
              "GroupMinSize",
              "GroupTotalInstances"
            ],
            "force_delete": true,
            "force_delete_warm_pool": false,
            "health_check_grace_period": 300,
            "health_check_type": "ELB",
            "id": "australia-auto-scaling-group-20241214040259878300000005",
            "ignore_failed_scaling_activities": false,
            "initial_lifecycle_hook": [
              {
                "default_result": "CONTINUE",
                "heartbeat_timeout": 300,
                "lifecycle_transition": "autoscaling:EC2_INSTANCE_TERMINATING",
                "name": "scale-in-protection",
                "notification_metadata": "",
                "notification_target_arn": "",
                "role_arn": ""
              },
              {
                "default_result": "CONTINUE",
                "heartbeat_timeout": 60,
                "lifecycle_transition": "autoscaling:EC2_INSTANCE_LAUNCHING",
                "name": "instance-protection-launch",
                "notification_metadata": "{\"key\":\"value\"}",
                "notification_target_arn": "",
                "role_arn": ""
              }
            ],
            "instance_maintenance_policy": [],
            "instance_refresh": [],
            "launch_configuration": "",
            "launch_template": [
              {
                "id": "lt-0f3f7db0815216594",
                "name": "australia-LT20241214040032285300000003",
                "version": "$Latest"
              }
            ],
            "load_balancers": [],
            "max_instance_lifetime": 0,
            "max_size": 3,
            "metrics_granularity": "1Minute",
            "min_elb_capacity": null,
            "min_size": 1,
            "mixed_instances_policy": [],
            "name": "australia-auto-scaling-group-20241214040259878300000005",
            "name_prefix": "australia-auto-scaling-group-",
            "placement_group": "",
            "predicted_capacity": 0,
            "protect_from_scale_in": false,
            "service_linked_role_arn": "arn:aws:iam::495599735872:role/aws-service-role/autoscaling.amazonaws.com/AWSServiceRoleForAutoScaling",
            "suspended_processes": null,
            "tag": [
              {
                "key": "Environment",
                "propagate_at_launch": true,
                "value": "Production"
              },
              {
                "key": "Name",
                "propagate_at_launch": true,
                "value": "australia-instance"
              }
            ],
            "target_group_arns": [
              "arn:aws:elasticloadbalancing:ap-southeast-2:495599735872:targetgroup/australia-target-group/e0ae8c08ab7ca16b"
            ],
            "termination_policies": null,
            "timeouts": null,
            "traffic_source": [
              {
                "identifier": "arn:aws:elasticloadbalancing:ap-southeast-2:495599735872:targetgroup/australia-target-group/e0ae8c08ab7ca16b",
                "type": "elbv2"
              }
            ],
            "vpc_zone_identifier": [
              "subnet-0de5be4adad623ae1",
              "subnet-0fa9615798c03882a"
            ],
            "wait_for_capacity_timeout": "10m",
            "wait_for_elb_capacity": null,
            "warm_pool": [],
            "warm_pool_size": 0
          },
          "sensitive_attributes": [],
          "private": "eyJlMmJmYjczMC1lY2FhLTExZTYtOGY4OC0zNDM2M2JjN2M0YzAiOnsiZGVsZXRlIjo2MDAwMDAwMDAwMDAsInVwZGF0ZSI6NjAwMDAwMDAwMDAwfSwic2NoZW1hX3ZlcnNpb24iOiIxIn0=",
          "dependencies": [
            "aws_launch_template.australia-LT",
            "aws_lb_target_group.australia_tg",
            "aws_security_group.australia-SG01-ASG01",
            "aws_subnet.australia-private-subnet-2a",
            "aws_subnet.australia-private-subnet-2b",
            "aws_vpc.australia-vpc",
            "data.aws_ami.australia-ami"
          ]
        }
      ]
    },
    {
      "mode": "managed",
      "type": "aws_autoscaling_group",
      "name": "california-asg",
      "provider": "provider[\"registry.terraform.io/hashicorp/aws\"].california",
      "instances": [
        {
          "schema_version": 1,
          "attributes": {
            "arn": "arn:aws:autoscaling:us-west-1:495599735872:autoScalingGroup:a235b0a3-41ec-495e-b158-5e40f730ed52:autoScalingGroupName/california-auto-scaling-group-20241214040137671000000005",
            "availability_zones": [
              "us-west-1b",
              "us-west-1c"
            ],
            "capacity_rebalance": false,
            "context": "",
            "default_cooldown": 300,
            "default_instance_warmup": 0,
            "desired_capacity": 1,
            "desired_capacity_type": "",
            "enabled_metrics": [
              "GroupDesiredCapacity",
              "GroupInServiceInstances",
              "GroupMaxSize",
              "GroupMinSize",
              "GroupTotalInstances"
            ],
            "force_delete": true,
            "force_delete_warm_pool": false,
            "health_check_grace_period": 300,
            "health_check_type": "ELB",
            "id": "california-auto-scaling-group-20241214040137671000000005",
            "ignore_failed_scaling_activities": false,
            "initial_lifecycle_hook": [
              {
                "default_result": "CONTINUE",
                "heartbeat_timeout": 300,
                "lifecycle_transition": "autoscaling:EC2_INSTANCE_TERMINATING",
                "name": "scale-in-protection",
                "notification_metadata": "",
                "notification_target_arn": "",
                "role_arn": ""
              },
              {
                "default_result": "CONTINUE",
                "heartbeat_timeout": 60,
                "lifecycle_transition": "autoscaling:EC2_INSTANCE_LAUNCHING",
                "name": "instance-protection-launch",
                "notification_metadata": "{\"key\":\"value\"}",
                "notification_target_arn": "",
                "role_arn": ""
              }
            ],
            "instance_maintenance_policy": [],
            "instance_refresh": [],
            "launch_configuration": "",
            "launch_template": [
              {
                "id": "lt-0ce71c3a17af5700a",
                "name": "california-LT20241214035837640600000003",
                "version": "$Latest"
              }
            ],
            "load_balancers": [],
            "max_instance_lifetime": 0,
            "max_size": 3,
            "metrics_granularity": "1Minute",
            "min_elb_capacity": null,
            "min_size": 1,
            "mixed_instances_policy": [],
            "name": "california-auto-scaling-group-20241214040137671000000005",
            "name_prefix": "california-auto-scaling-group-",
            "placement_group": "",
            "predicted_capacity": 0,
            "protect_from_scale_in": false,
            "service_linked_role_arn": "arn:aws:iam::495599735872:role/aws-service-role/autoscaling.amazonaws.com/AWSServiceRoleForAutoScaling",
            "suspended_processes": null,
            "tag": [
              {
                "key": "Environment",
                "propagate_at_launch": true,
                "value": "Production"
              },
              {
                "key": "Name",
                "propagate_at_launch": true,
                "value": "california-instance"
              }
            ],
            "target_group_arns": [
              "arn:aws:elasticloadbalancing:us-west-1:495599735872:targetgroup/california-target-group/9d51963ff4fa4ad4"
            ],
            "termination_policies": null,
            "timeouts": null,
            "traffic_source": [
              {
                "identifier": "arn:aws:elasticloadbalancing:us-west-1:495599735872:targetgroup/california-target-group/9d51963ff4fa4ad4",
                "type": "elbv2"
              }
            ],
            "vpc_zone_identifier": [
              "subnet-0316ca7e59048141c",
              "subnet-0fe5804992befec55"
            ],
            "wait_for_capacity_timeout": "10m",
            "wait_for_elb_capacity": null,
            "warm_pool": [],
            "warm_pool_size": 0
          },
          "sensitive_attributes": [],
          "private": "eyJlMmJmYjczMC1lY2FhLTExZTYtOGY4OC0zNDM2M2JjN2M0YzAiOnsiZGVsZXRlIjo2MDAwMDAwMDAwMDAsInVwZGF0ZSI6NjAwMDAwMDAwMDAwfSwic2NoZW1hX3ZlcnNpb24iOiIxIn0=",
          "dependencies": [
            "aws_launch_template.california-LT",
            "aws_lb_target_group.california_tg",
            "aws_security_group.california-SG01-ASG01",
            "aws_subnet.california-private-subnet-1b",
            "aws_subnet.california-private-subnet-1c",
            "aws_vpc.california-vpc",
            "data.aws_ami.california-ami"
          ]
        }
      ]
    },
    {
      "mode": "managed",
      "type": "aws_autoscaling_group",
      "name": "hongkong-asg",
      "provider": "provider[\"registry.terraform.io/hashicorp/aws\"].hong-kong",
      "instances": [
        {
          "schema_version": 1,
          "attributes": {
            "arn": "arn:aws:autoscaling:ap-east-1:495599735872:autoScalingGroup:aaf86025-79b5-4a43-bb52-507dc82b90d2:autoScalingGroupName/hongkong-auto-scaling-group-20241214040247782500000005",
            "availability_zones": [
              "ap-east-1a",
              "ap-east-1b"
            ],
            "capacity_rebalance": false,
            "context": "",
            "default_cooldown": 300,
            "default_instance_warmup": 0,
            "desired_capacity": 3,
            "desired_capacity_type": "",
            "enabled_metrics": [
              "GroupDesiredCapacity",
              "GroupInServiceInstances",
              "GroupMaxSize",
              "GroupMinSize",
              "GroupTotalInstances"
            ],
            "force_delete": true,
            "force_delete_warm_pool": false,
            "health_check_grace_period": 300,
            "health_check_type": "ELB",
            "id": "hongkong-auto-scaling-group-20241214040247782500000005",
            "ignore_failed_scaling_activities": false,
            "initial_lifecycle_hook": [
              {
                "default_result": "CONTINUE",
                "heartbeat_timeout": 300,
                "lifecycle_transition": "autoscaling:EC2_INSTANCE_TERMINATING",
                "name": "scale-in-protection",
                "notification_metadata": "",
                "notification_target_arn": "",
                "role_arn": ""
              },
              {
                "default_result": "CONTINUE",
                "heartbeat_timeout": 60,
                "lifecycle_transition": "autoscaling:EC2_INSTANCE_LAUNCHING",
                "name": "instance-protection-launch",
                "notification_metadata": "{\"key\":\"value\"}",
                "notification_target_arn": "",
                "role_arn": ""
              }
            ],
            "instance_maintenance_policy": [],
            "instance_refresh": [],
            "launch_configuration": "",
            "launch_template": [
              {
                "id": "lt-0715f22611843e1e7",
                "name": "hongkong-LT20241214035859640900000003",
                "version": "$Latest"
              }
            ],
            "load_balancers": [],
            "max_instance_lifetime": 0,
            "max_size": 6,
            "metrics_granularity": "1Minute",
            "min_elb_capacity": null,
            "min_size": 3,
            "mixed_instances_policy": [],
            "name": "hongkong-auto-scaling-group-20241214040247782500000005",
            "name_prefix": "hongkong-auto-scaling-group-",
            "placement_group": "",
            "predicted_capacity": 0,
            "protect_from_scale_in": false,
            "service_linked_role_arn": "arn:aws:iam::495599735872:role/aws-service-role/autoscaling.amazonaws.com/AWSServiceRoleForAutoScaling",
            "suspended_processes": null,
            "tag": [
              {
                "key": "Environment",
                "propagate_at_launch": true,
                "value": "Production"
              },
              {
                "key": "Name",
                "propagate_at_launch": true,
                "value": "hongkong-instance"
              }
            ],
            "target_group_arns": [
              "arn:aws:elasticloadbalancing:ap-east-1:495599735872:targetgroup/hongkong-target-group/db18464e05ac31b5"
            ],
            "termination_policies": null,
            "timeouts": null,
            "traffic_source": [
              {
                "identifier": "arn:aws:elasticloadbalancing:ap-east-1:495599735872:targetgroup/hongkong-target-group/db18464e05ac31b5",
                "type": "elbv2"
              }
            ],
            "vpc_zone_identifier": [
              "subnet-003784450a3aaf615",
              "subnet-018ae7b26705e415a"
            ],
            "wait_for_capacity_timeout": "10m",
            "wait_for_elb_capacity": null,
            "warm_pool": [],
            "warm_pool_size": 0
          },
          "sensitive_attributes": [],
          "private": "eyJlMmJmYjczMC1lY2FhLTExZTYtOGY4OC0zNDM2M2JjN2M0YzAiOnsiZGVsZXRlIjo2MDAwMDAwMDAwMDAsInVwZGF0ZSI6NjAwMDAwMDAwMDAwfSwic2NoZW1hX3ZlcnNpb24iOiIxIn0=",
          "dependencies": [
            "aws_launch_template.hongkong-LT",
            "aws_lb_target_group.hongkong_tg",
            "aws_security_group.hongkong-SG01-ASG01",
            "aws_subnet.hongkong-private-subnet-1a",
            "aws_subnet.hongkong-private-subnet-1b",
            "aws_vpc.hongkong-vpc",
            "data.aws_ami.hongkong-ami"
          ]
        }
      ]
    },
    {
      "mode": "managed",
      "type": "aws_autoscaling_group",
      "name": "london-asg",
      "provider": "provider[\"registry.terraform.io/hashicorp/aws\"].london",
      "instances": [
        {
          "schema_version": 1,
          "attributes": {
            "arn": "arn:aws:autoscaling:eu-west-2:495599735872:autoScalingGroup:dfc8cc77-56d8-48bf-a2de-677724833c92:autoScalingGroupName/london-auto-scaling-group-20241214040135236000000005",
            "availability_zones": [
              "eu-west-2a",
              "eu-west-2b"
            ],
            "capacity_rebalance": false,
            "context": "",
            "default_cooldown": 300,
            "default_instance_warmup": 0,
            "desired_capacity": 1,
            "desired_capacity_type": "",
            "enabled_metrics": [
              "GroupDesiredCapacity",
              "GroupInServiceInstances",
              "GroupMaxSize",
              "GroupMinSize",
              "GroupTotalInstances"
            ],
            "force_delete": true,
            "force_delete_warm_pool": false,
            "health_check_grace_period": 300,
            "health_check_type": "ELB",
            "id": "london-auto-scaling-group-20241214040135236000000005",
            "ignore_failed_scaling_activities": false,
            "initial_lifecycle_hook": [
              {
                "default_result": "CONTINUE",
                "heartbeat_timeout": 300,
                "lifecycle_transition": "autoscaling:EC2_INSTANCE_TERMINATING",
                "name": "scale-in-protection",
                "notification_metadata": "",
                "notification_target_arn": "",
                "role_arn": ""
              },
              {
                "default_result": "CONTINUE",
                "heartbeat_timeout": 60,
                "lifecycle_transition": "autoscaling:EC2_INSTANCE_LAUNCHING",
                "name": "instance-protection-launch",
                "notification_metadata": "{\"key\":\"value\"}",
                "notification_target_arn": "",
                "role_arn": ""
              }
            ],
            "instance_maintenance_policy": [],
            "instance_refresh": [],
            "launch_configuration": "",
            "launch_template": [
              {
                "id": "lt-01d56cfc70ccd50ac",
                "name": "london-LT20241214035831596400000003",
                "version": "$Latest"
              }
            ],
            "load_balancers": [],
            "max_instance_lifetime": 0,
            "max_size": 3,
            "metrics_granularity": "1Minute",
            "min_elb_capacity": null,
            "min_size": 1,
            "mixed_instances_policy": [],
            "name": "london-auto-scaling-group-20241214040135236000000005",
            "name_prefix": "london-auto-scaling-group-",
            "placement_group": "",
            "predicted_capacity": 0,
            "protect_from_scale_in": false,
            "service_linked_role_arn": "arn:aws:iam::495599735872:role/aws-service-role/autoscaling.amazonaws.com/AWSServiceRoleForAutoScaling",
            "suspended_processes": null,
            "tag": [
              {
                "key": "Environment",
                "propagate_at_launch": true,
                "value": "Production"
              },
              {
                "key": "Name",
                "propagate_at_launch": true,
                "value": "london-instance"
              }
            ],
            "target_group_arns": [
              "arn:aws:elasticloadbalancing:eu-west-2:495599735872:targetgroup/london-target-group/9be3e13bf893619f"
            ],
            "termination_policies": null,
            "timeouts": null,
            "traffic_source": [
              {
                "identifier": "arn:aws:elasticloadbalancing:eu-west-2:495599735872:targetgroup/london-target-group/9be3e13bf893619f",
                "type": "elbv2"
              }
            ],
            "vpc_zone_identifier": [
              "subnet-0091e4a2e01588c37",
              "subnet-0ad1234bf5dd72289"
            ],
            "wait_for_capacity_timeout": "10m",
            "wait_for_elb_capacity": null,
            "warm_pool": [],
            "warm_pool_size": 0
          },
          "sensitive_attributes": [],
          "private": "eyJlMmJmYjczMC1lY2FhLTExZTYtOGY4OC0zNDM2M2JjN2M0YzAiOnsiZGVsZXRlIjo2MDAwMDAwMDAwMDAsInVwZGF0ZSI6NjAwMDAwMDAwMDAwfSwic2NoZW1hX3ZlcnNpb24iOiIxIn0=",
          "dependencies": [
            "aws_launch_template.london-LT",
            "aws_lb_target_group.london_tg",
            "aws_security_group.london-SG01-ASG01",
            "aws_subnet.london-private-subnet-2a",
            "aws_subnet.london-private-subnet-2b",
            "aws_vpc.london-vpc",
            "data.aws_ami.london-ami"
          ]
        }
      ]
    },
    {
      "mode": "managed",
      "type": "aws_autoscaling_group",
      "name": "newyork-asg",
      "provider": "provider[\"registry.terraform.io/hashicorp/aws\"].new-york",
      "instances": [
        {
          "schema_version": 1,
          "attributes": {
            "arn": "arn:aws:autoscaling:us-east-1:495599735872:autoScalingGroup:229ddf57-9f17-4769-a54b-a2c2e51ac40c:autoScalingGroupName/newyork-auto-scaling-group-20241214040133098200000005",
            "availability_zones": [
              "us-east-1a",
              "us-east-1b"
            ],
            "capacity_rebalance": false,
            "context": "",
            "default_cooldown": 300,
            "default_instance_warmup": 0,
            "desired_capacity": 1,
            "desired_capacity_type": "",
            "enabled_metrics": [
              "GroupDesiredCapacity",
              "GroupInServiceInstances",
              "GroupMaxSize",
              "GroupMinSize",
              "GroupTotalInstances"
            ],
            "force_delete": true,
            "force_delete_warm_pool": false,
            "health_check_grace_period": 300,
            "health_check_type": "ELB",
            "id": "newyork-auto-scaling-group-20241214040133098200000005",
            "ignore_failed_scaling_activities": false,
            "initial_lifecycle_hook": [
              {
                "default_result": "CONTINUE",
                "heartbeat_timeout": 300,
                "lifecycle_transition": "autoscaling:EC2_INSTANCE_TERMINATING",
                "name": "scale-in-protection",
                "notification_metadata": "",
                "notification_target_arn": "",
                "role_arn": ""
              },
              {
                "default_result": "CONTINUE",
                "heartbeat_timeout": 60,
                "lifecycle_transition": "autoscaling:EC2_INSTANCE_LAUNCHING",
                "name": "instance-protection-launch",
                "notification_metadata": "{\"key\":\"value\"}",
                "notification_target_arn": "",
                "role_arn": ""
              }
            ],
            "instance_maintenance_policy": [],
            "instance_refresh": [],
            "launch_configuration": "",
            "launch_template": [
              {
                "id": "lt-0b10290df955d78d5",
                "name": "newyork-LT20241214035830685100000003",
                "version": "$Latest"
              }
            ],
            "load_balancers": [],
            "max_instance_lifetime": 0,
            "max_size": 3,
            "metrics_granularity": "1Minute",
            "min_elb_capacity": null,
            "min_size": 1,
            "mixed_instances_policy": [],
            "name": "newyork-auto-scaling-group-20241214040133098200000005",
            "name_prefix": "newyork-auto-scaling-group-",
            "placement_group": "",
            "predicted_capacity": 0,
            "protect_from_scale_in": false,
            "service_linked_role_arn": "arn:aws:iam::495599735872:role/aws-service-role/autoscaling.amazonaws.com/AWSServiceRoleForAutoScaling",
            "suspended_processes": null,
            "tag": [
              {
                "key": "Environment",
                "propagate_at_launch": true,
                "value": "Production"
              },
              {
                "key": "Name",
                "propagate_at_launch": true,
                "value": "newyork-instance"
              }
            ],
            "target_group_arns": [
              "arn:aws:elasticloadbalancing:us-east-1:495599735872:targetgroup/newyork-target-group/57ed6f165e298af7"
            ],
            "termination_policies": null,
            "timeouts": null,
            "traffic_source": [
              {
                "identifier": "arn:aws:elasticloadbalancing:us-east-1:495599735872:targetgroup/newyork-target-group/57ed6f165e298af7",
                "type": "elbv2"
              }
            ],
            "vpc_zone_identifier": [
              "subnet-005266d8e182a6207",
              "subnet-053cc63fe381e1bca"
            ],
            "wait_for_capacity_timeout": "10m",
            "wait_for_elb_capacity": null,
            "warm_pool": [],
            "warm_pool_size": 0
          },
          "sensitive_attributes": [],
          "private": "eyJlMmJmYjczMC1lY2FhLTExZTYtOGY4OC0zNDM2M2JjN2M0YzAiOnsiZGVsZXRlIjo2MDAwMDAwMDAwMDAsInVwZGF0ZSI6NjAwMDAwMDAwMDAwfSwic2NoZW1hX3ZlcnNpb24iOiIxIn0=",
          "dependencies": [
            "aws_launch_template.newyork-LT",
            "aws_lb_target_group.newyork_tg",
            "aws_security_group.newyork-SG01-ASG01",
            "aws_subnet.newyork-private-subnet-1a",
            "aws_subnet.newyork-private-subnet-1b",
            "aws_vpc.newyork-vpc",
            "data.aws_ami.newyork-ami"
          ]
        }
      ]
    },
    {
      "mode": "managed",
      "type": "aws_autoscaling_group",
      "name": "saopaulo-asg",
      "provider": "provider[\"registry.terraform.io/hashicorp/aws\"].sao-paulo",
      "instances": [
        {
          "schema_version": 1,
          "attributes": {
            "arn": "arn:aws:autoscaling:sa-east-1:495599735872:autoScalingGroup:dfa43c87-1975-4a93-a867-380258857f71:autoScalingGroupName/saopaulo-auto-scaling-group-20241214040225887200000005",
            "availability_zones": [
              "sa-east-1a",
              "sa-east-1c"
            ],
            "capacity_rebalance": false,
            "context": "",
            "default_cooldown": 300,
            "default_instance_warmup": 0,
            "desired_capacity": 1,
            "desired_capacity_type": "",
            "enabled_metrics": [
              "GroupDesiredCapacity",
              "GroupInServiceInstances",
              "GroupMaxSize",
              "GroupMinSize",
              "GroupTotalInstances"
            ],
            "force_delete": true,
            "force_delete_warm_pool": false,
            "health_check_grace_period": 300,
            "health_check_type": "ELB",
            "id": "saopaulo-auto-scaling-group-20241214040225887200000005",
            "ignore_failed_scaling_activities": false,
            "initial_lifecycle_hook": [
              {
                "default_result": "CONTINUE",
                "heartbeat_timeout": 300,
                "lifecycle_transition": "autoscaling:EC2_INSTANCE_TERMINATING",
                "name": "scale-in-protection",
                "notification_metadata": "",
                "notification_target_arn": "",
                "role_arn": ""
              },
              {
                "default_result": "CONTINUE",
                "heartbeat_timeout": 60,
                "lifecycle_transition": "autoscaling:EC2_INSTANCE_LAUNCHING",
                "name": "instance-protection-launch",
                "notification_metadata": "{\"key\":\"value\"}",
                "notification_target_arn": "",
                "role_arn": ""
              }
            ],
            "instance_maintenance_policy": [],
            "instance_refresh": [],
            "launch_configuration": "",
            "launch_template": [
              {
                "id": "lt-0457744220ff643ad",
                "name": "saopaulo-LT20241214035906475600000003",
                "version": "$Latest"
              }
            ],
            "load_balancers": [],
            "max_instance_lifetime": 0,
            "max_size": 3,
            "metrics_granularity": "1Minute",
            "min_elb_capacity": null,
            "min_size": 1,
            "mixed_instances_policy": [],
            "name": "saopaulo-auto-scaling-group-20241214040225887200000005",
            "name_prefix": "saopaulo-auto-scaling-group-",
            "placement_group": "",
            "predicted_capacity": 0,
            "protect_from_scale_in": false,
            "service_linked_role_arn": "arn:aws:iam::495599735872:role/aws-service-role/autoscaling.amazonaws.com/AWSServiceRoleForAutoScaling",
            "suspended_processes": null,
            "tag": [
              {
                "key": "Environment",
                "propagate_at_launch": true,
                "value": "Production"
              },
              {
                "key": "Name",
                "propagate_at_launch": true,
                "value": "saopaulo-instance"
              }
            ],
            "target_group_arns": [
              "arn:aws:elasticloadbalancing:sa-east-1:495599735872:targetgroup/saopaulo-target-group/4447bcf41497cdec"
            ],
            "termination_policies": null,
            "timeouts": null,
            "traffic_source": [
              {
                "identifier": "arn:aws:elasticloadbalancing:sa-east-1:495599735872:targetgroup/saopaulo-target-group/4447bcf41497cdec",
                "type": "elbv2"
              }
            ],
            "vpc_zone_identifier": [
              "subnet-021ecec6d9b5aec22",
              "subnet-0eb535c51019a6c1b"
            ],
            "wait_for_capacity_timeout": "10m",
            "wait_for_elb_capacity": null,
            "warm_pool": [],
            "warm_pool_size": 0
          },
          "sensitive_attributes": [],
          "private": "eyJlMmJmYjczMC1lY2FhLTExZTYtOGY4OC0zNDM2M2JjN2M0YzAiOnsiZGVsZXRlIjo2MDAwMDAwMDAwMDAsInVwZGF0ZSI6NjAwMDAwMDAwMDAwfSwic2NoZW1hX3ZlcnNpb24iOiIxIn0=",
          "dependencies": [
            "aws_launch_template.saopaulo-LT",
            "aws_lb_target_group.saopaulo_tg",
            "aws_security_group.saopaulo-SG01-ASG01",
            "aws_subnet.saopaulo-private-subnet-1a",
            "aws_subnet.saopaulo-private-subnet-1c",
            "aws_vpc.saopaulo-vpc",
            "data.aws_ami.saopaulo-ami"
          ]
        }
      ]
    },
    {
      "mode": "managed",
      "type": "aws_autoscaling_group",
      "name": "tokyo-asg",
      "provider": "provider[\"registry.terraform.io/hashicorp/aws\"].tokyo",
      "instances": [
        {
          "schema_version": 1,
          "attributes": {
            "arn": "arn:aws:autoscaling:ap-northeast-1:495599735872:autoScalingGroup:d7d8d8d8-ffc4-423e-b96c-54942b103cb6:autoScalingGroupName/tokyo-auto-scaling-group-20241214040252347500000005",
            "availability_zones": [
              "ap-northeast-1a",
              "ap-northeast-1d"
            ],
            "capacity_rebalance": false,
            "context": "",
            "default_cooldown": 300,
            "default_instance_warmup": 0,
            "desired_capacity": 1,
            "desired_capacity_type": "",
            "enabled_metrics": [
              "GroupDesiredCapacity",
              "GroupInServiceInstances",
              "GroupMaxSize",
              "GroupMinSize",
              "GroupTotalInstances"
            ],
            "force_delete": true,
            "force_delete_warm_pool": false,
            "health_check_grace_period": 300,
            "health_check_type": "ELB",
            "id": "tokyo-auto-scaling-group-20241214040252347500000005",
            "ignore_failed_scaling_activities": false,
            "initial_lifecycle_hook": [
              {
                "default_result": "CONTINUE",
                "heartbeat_timeout": 300,
                "lifecycle_transition": "autoscaling:EC2_INSTANCE_TERMINATING",
                "name": "scale-in-protection",
                "notification_metadata": "",
                "notification_target_arn": "",
                "role_arn": ""
              },
              {
                "default_result": "CONTINUE",
                "heartbeat_timeout": 60,
                "lifecycle_transition": "autoscaling:EC2_INSTANCE_LAUNCHING",
                "name": "instance-protection-launch",
                "notification_metadata": "{\"key\":\"value\"}",
                "notification_target_arn": "",
                "role_arn": ""
              }
            ],
            "instance_maintenance_policy": [],
            "instance_refresh": [],
            "launch_configuration": "",
            "launch_template": [
              {
                "id": "lt-071989598fa823ae2",
                "name": "tokyo-LT20241214040017075900000002",
                "version": "$Latest"
              }
            ],
            "load_balancers": [],
            "max_instance_lifetime": 0,
            "max_size": 3,
            "metrics_granularity": "1Minute",
            "min_elb_capacity": null,
            "min_size": 1,
            "mixed_instances_policy": [],
            "name": "tokyo-auto-scaling-group-20241214040252347500000005",
            "name_prefix": "tokyo-auto-scaling-group-",
            "placement_group": "",
            "predicted_capacity": 0,
            "protect_from_scale_in": false,
            "service_linked_role_arn": "arn:aws:iam::495599735872:role/aws-service-role/autoscaling.amazonaws.com/AWSServiceRoleForAutoScaling",
            "suspended_processes": null,
            "tag": [
              {
                "key": "Environment",
                "propagate_at_launch": true,
                "value": "Production"
              },
              {
                "key": "Name",
                "propagate_at_launch": true,
                "value": "tokyo-instance"
              }
            ],
            "target_group_arns": [
              "arn:aws:elasticloadbalancing:ap-northeast-1:495599735872:targetgroup/tokyo-target-group/c2afda0a843eb224"
            ],
            "termination_policies": null,
            "timeouts": null,
            "traffic_source": [
              {
                "identifier": "arn:aws:elasticloadbalancing:ap-northeast-1:495599735872:targetgroup/tokyo-target-group/c2afda0a843eb224",
                "type": "elbv2"
              }
            ],
            "vpc_zone_identifier": [
              "subnet-00a42670d11042672",
              "subnet-0d5fe9adb140668bb"
            ],
            "wait_for_capacity_timeout": "10m",
            "wait_for_elb_capacity": null,
            "warm_pool": [],
            "warm_pool_size": 0
          },
          "sensitive_attributes": [],
          "private": "eyJlMmJmYjczMC1lY2FhLTExZTYtOGY4OC0zNDM2M2JjN2M0YzAiOnsiZGVsZXRlIjo2MDAwMDAwMDAwMDAsInVwZGF0ZSI6NjAwMDAwMDAwMDAwfSwic2NoZW1hX3ZlcnNpb24iOiIxIn0=",
          "dependencies": [
            "aws_launch_template.tokyo-LT",
            "aws_lb_target_group.tokyo_tg",
            "aws_security_group.tokyo-SG01-ASG01",
            "aws_subnet.tokyo-private-subnet-1a",
            "aws_subnet.tokyo-private-subnet-1d",
            "aws_vpc.tokyo-vpc",
            "data.aws_ami.tokyo-ami"
          ]
        }
      ]
    },
    {
      "mode": "managed",
      "type": "aws_autoscaling_policy",
      "name": "australia-scaling_policy",
      "provider": "provider[\"registry.terraform.io/hashicorp/aws\"].australia",
      "instances": [
        {
          "schema_version": 0,
          "attributes": {
            "adjustment_type": "",
            "arn": "arn:aws:autoscaling:ap-southeast-2:495599735872:scalingPolicy:59c415a8-4416-45cb-8a6c-9f7b35762632:autoScalingGroupName/australia-auto-scaling-group-20241214040259878300000005:policyName/australia-cpu-target",
            "autoscaling_group_name": "australia-auto-scaling-group-20241214040259878300000005",
            "cooldown": 0,
            "enabled": true,
            "estimated_instance_warmup": 120,
            "id": "australia-cpu-target",
            "metric_aggregation_type": "",
            "min_adjustment_magnitude": 0,
            "name": "australia-cpu-target",
            "policy_type": "TargetTrackingScaling",
            "predictive_scaling_configuration": [],
            "scaling_adjustment": 0,
            "step_adjustment": [],
            "target_tracking_configuration": [
              {
                "customized_metric_specification": [],
                "disable_scale_in": false,
                "predefined_metric_specification": [
                  {
                    "predefined_metric_type": "ASGAverageCPUUtilization",
                    "resource_label": ""
                  }
                ],
                "target_value": 75
              }
            ]
          },
          "sensitive_attributes": [],
          "private": "bnVsbA==",
          "dependencies": [
            "aws_autoscaling_group.australia-asg",
            "aws_launch_template.australia-LT",
            "aws_lb_target_group.australia_tg",
            "aws_security_group.australia-SG01-ASG01",
            "aws_subnet.australia-private-subnet-2a",
            "aws_subnet.australia-private-subnet-2b",
            "aws_vpc.australia-vpc",
            "data.aws_ami.australia-ami"
          ]
        }
      ]
    },
    {
      "mode": "managed",
      "type": "aws_autoscaling_policy",
      "name": "california-scaling_policy",
      "provider": "provider[\"registry.terraform.io/hashicorp/aws\"].california",
      "instances": [
        {
          "schema_version": 0,
          "attributes": {
            "adjustment_type": "",
            "arn": "arn:aws:autoscaling:us-west-1:495599735872:scalingPolicy:9b717118-0e26-4d9a-bf59-8b000812fd5f:autoScalingGroupName/california-auto-scaling-group-20241214040137671000000005:policyName/california-cpu-target",
            "autoscaling_group_name": "california-auto-scaling-group-20241214040137671000000005",
            "cooldown": 0,
            "enabled": true,
            "estimated_instance_warmup": 120,
            "id": "california-cpu-target",
            "metric_aggregation_type": "",
            "min_adjustment_magnitude": 0,
            "name": "california-cpu-target",
            "policy_type": "TargetTrackingScaling",
            "predictive_scaling_configuration": [],
            "scaling_adjustment": 0,
            "step_adjustment": [],
            "target_tracking_configuration": [
              {
                "customized_metric_specification": [],
                "disable_scale_in": false,
                "predefined_metric_specification": [
                  {
                    "predefined_metric_type": "ASGAverageCPUUtilization",
                    "resource_label": ""
                  }
                ],
                "target_value": 75
              }
            ]
          },
          "sensitive_attributes": [],
          "private": "bnVsbA==",
          "dependencies": [
            "aws_autoscaling_group.california-asg",
            "aws_launch_template.california-LT",
            "aws_lb_target_group.california_tg",
            "aws_security_group.california-SG01-ASG01",
            "aws_subnet.california-private-subnet-1b",
            "aws_subnet.california-private-subnet-1c",
            "aws_vpc.california-vpc",
            "data.aws_ami.california-ami"
          ]
        }
      ]
    },
    {
      "mode": "managed",
      "type": "aws_autoscaling_policy",
      "name": "hong-kong_scaling_policy",
      "provider": "provider[\"registry.terraform.io/hashicorp/aws\"].hong-kong",
      "instances": [
        {
          "schema_version": 0,
          "attributes": {
            "adjustment_type": "",
            "arn": "arn:aws:autoscaling:ap-east-1:495599735872:scalingPolicy:06c2d7d0-3e6b-4102-b1b7-04b4c16f799c:autoScalingGroupName/hongkong-auto-scaling-group-20241214040247782500000005:policyName/hongkong-cpu-target",
            "autoscaling_group_name": "hongkong-auto-scaling-group-20241214040247782500000005",
            "cooldown": 0,
            "enabled": true,
            "estimated_instance_warmup": 120,
            "id": "hongkong-cpu-target",
            "metric_aggregation_type": "",
            "min_adjustment_magnitude": 0,
            "name": "hongkong-cpu-target",
            "policy_type": "TargetTrackingScaling",
            "predictive_scaling_configuration": [],
            "scaling_adjustment": 0,
            "step_adjustment": [],
            "target_tracking_configuration": [
              {
                "customized_metric_specification": [],
                "disable_scale_in": false,
                "predefined_metric_specification": [
                  {
                    "predefined_metric_type": "ASGAverageCPUUtilization",
                    "resource_label": ""
                  }
                ],
                "target_value": 75
              }
            ]
          },
          "sensitive_attributes": [],
          "private": "bnVsbA==",
          "dependencies": [
            "aws_autoscaling_group.hongkong-asg",
            "aws_launch_template.hongkong-LT",
            "aws_lb_target_group.hongkong_tg",
            "aws_security_group.hongkong-SG01-ASG01",
            "aws_subnet.hongkong-private-subnet-1a",
            "aws_subnet.hongkong-private-subnet-1b",
            "aws_vpc.hongkong-vpc",
            "data.aws_ami.hongkong-ami"
          ]
        }
      ]
    },
    {
      "mode": "managed",
      "type": "aws_autoscaling_policy",
      "name": "london-scaling_policy",
      "provider": "provider[\"registry.terraform.io/hashicorp/aws\"].london",
      "instances": [
        {
          "schema_version": 0,
          "attributes": {
            "adjustment_type": "",
            "arn": "arn:aws:autoscaling:eu-west-2:495599735872:scalingPolicy:80d154e3-e5e3-46a1-876b-80c657fbf9c7:autoScalingGroupName/london-auto-scaling-group-20241214040135236000000005:policyName/london-cpu-target",
            "autoscaling_group_name": "london-auto-scaling-group-20241214040135236000000005",
            "cooldown": 0,
            "enabled": true,
            "estimated_instance_warmup": 120,
            "id": "london-cpu-target",
            "metric_aggregation_type": "",
            "min_adjustment_magnitude": 0,
            "name": "london-cpu-target",
            "policy_type": "TargetTrackingScaling",
            "predictive_scaling_configuration": [],
            "scaling_adjustment": 0,
            "step_adjustment": [],
            "target_tracking_configuration": [
              {
                "customized_metric_specification": [],
                "disable_scale_in": false,
                "predefined_metric_specification": [
                  {
                    "predefined_metric_type": "ASGAverageCPUUtilization",
                    "resource_label": ""
                  }
                ],
                "target_value": 75
              }
            ]
          },
          "sensitive_attributes": [],
          "private": "bnVsbA==",
          "dependencies": [
            "aws_autoscaling_group.london-asg",
            "aws_launch_template.london-LT",
            "aws_lb_target_group.london_tg",
            "aws_security_group.london-SG01-ASG01",
            "aws_subnet.london-private-subnet-2a",
            "aws_subnet.london-private-subnet-2b",
            "aws_vpc.london-vpc",
            "data.aws_ami.london-ami"
          ]
        }
      ]
    },
    {
      "mode": "managed",
      "type": "aws_autoscaling_policy",
      "name": "newyork_scaling_policy",
      "provider": "provider[\"registry.terraform.io/hashicorp/aws\"].new-york",
      "instances": [
        {
          "schema_version": 0,
          "attributes": {
            "adjustment_type": "",
            "arn": "arn:aws:autoscaling:us-east-1:495599735872:scalingPolicy:8713147d-9112-4271-8c04-05b200e00fb9:autoScalingGroupName/newyork-auto-scaling-group-20241214040133098200000005:policyName/newyork-cpu-target",
            "autoscaling_group_name": "newyork-auto-scaling-group-20241214040133098200000005",
            "cooldown": 0,
            "enabled": true,
            "estimated_instance_warmup": 120,
            "id": "newyork-cpu-target",
            "metric_aggregation_type": "",
            "min_adjustment_magnitude": 0,
            "name": "newyork-cpu-target",
            "policy_type": "TargetTrackingScaling",
            "predictive_scaling_configuration": [],
            "scaling_adjustment": 0,
            "step_adjustment": [],
            "target_tracking_configuration": [
              {
                "customized_metric_specification": [],
                "disable_scale_in": false,
                "predefined_metric_specification": [
                  {
                    "predefined_metric_type": "ASGAverageCPUUtilization",
                    "resource_label": ""
                  }
                ],
                "target_value": 75
              }
            ]
          },
          "sensitive_attributes": [],
          "private": "bnVsbA==",
          "dependencies": [
            "aws_autoscaling_group.newyork-asg",
            "aws_launch_template.newyork-LT",
            "aws_lb_target_group.newyork_tg",
            "aws_security_group.newyork-SG01-ASG01",
            "aws_subnet.newyork-private-subnet-1a",
            "aws_subnet.newyork-private-subnet-1b",
            "aws_vpc.newyork-vpc",
            "data.aws_ami.newyork-ami"
          ]
        }
      ]
    },
    {
      "mode": "managed",
      "type": "aws_autoscaling_policy",
      "name": "saopaulo-scaling_policy",
      "provider": "provider[\"registry.terraform.io/hashicorp/aws\"].sao-paulo",
      "instances": [
        {
          "schema_version": 0,
          "attributes": {
            "adjustment_type": "",
            "arn": "arn:aws:autoscaling:sa-east-1:495599735872:scalingPolicy:6715c79c-c324-40af-b112-8f2b5465a910:autoScalingGroupName/saopaulo-auto-scaling-group-20241214040225887200000005:policyName/saopaulo-cpu-target",
            "autoscaling_group_name": "saopaulo-auto-scaling-group-20241214040225887200000005",
            "cooldown": 0,
            "enabled": true,
            "estimated_instance_warmup": 120,
            "id": "saopaulo-cpu-target",
            "metric_aggregation_type": "",
            "min_adjustment_magnitude": 0,
            "name": "saopaulo-cpu-target",
            "policy_type": "TargetTrackingScaling",
            "predictive_scaling_configuration": [],
            "scaling_adjustment": 0,
            "step_adjustment": [],
            "target_tracking_configuration": [
              {
                "customized_metric_specification": [],
                "disable_scale_in": false,
                "predefined_metric_specification": [
                  {
                    "predefined_metric_type": "ASGAverageCPUUtilization",
                    "resource_label": ""
                  }
                ],
                "target_value": 75
              }
            ]
          },
          "sensitive_attributes": [],
          "private": "bnVsbA==",
          "dependencies": [
            "aws_autoscaling_group.saopaulo-asg",
            "aws_launch_template.saopaulo-LT",
            "aws_lb_target_group.saopaulo_tg",
            "aws_security_group.saopaulo-SG01-ASG01",
            "aws_subnet.saopaulo-private-subnet-1a",
            "aws_subnet.saopaulo-private-subnet-1c",
            "aws_vpc.saopaulo-vpc",
            "data.aws_ami.saopaulo-ami"
          ]
        }
      ]
    },
    {
      "mode": "managed",
      "type": "aws_autoscaling_policy",
      "name": "tokyo-scaling_policy",
      "provider": "provider[\"registry.terraform.io/hashicorp/aws\"].tokyo",
      "instances": [
        {
          "schema_version": 0,
          "attributes": {
            "adjustment_type": "",
            "arn": "arn:aws:autoscaling:ap-northeast-1:495599735872:scalingPolicy:4a9ff0c1-9932-40dc-a919-ba344dc4a3e6:autoScalingGroupName/tokyo-auto-scaling-group-20241214040252347500000005:policyName/tokyo-cpu-target",
            "autoscaling_group_name": "tokyo-auto-scaling-group-20241214040252347500000005",
            "cooldown": 0,
            "enabled": true,
            "estimated_instance_warmup": 120,
            "id": "tokyo-cpu-target",
            "metric_aggregation_type": "",
            "min_adjustment_magnitude": 0,
            "name": "tokyo-cpu-target",
            "policy_type": "TargetTrackingScaling",
            "predictive_scaling_configuration": [],
            "scaling_adjustment": 0,
            "step_adjustment": [],
            "target_tracking_configuration": [
              {
                "customized_metric_specification": [],
                "disable_scale_in": false,
                "predefined_metric_specification": [
                  {
                    "predefined_metric_type": "ASGAverageCPUUtilization",
                    "resource_label": ""
                  }
                ],
                "target_value": 75
              }
            ]
          },
          "sensitive_attributes": [],
          "private": "bnVsbA==",
          "dependencies": [
            "aws_autoscaling_group.tokyo-asg",
            "aws_launch_template.tokyo-LT",
            "aws_lb_target_group.tokyo_tg",
            "aws_security_group.tokyo-SG01-ASG01",
            "aws_subnet.tokyo-private-subnet-1a",
            "aws_subnet.tokyo-private-subnet-1d",
            "aws_vpc.tokyo-vpc",
            "data.aws_ami.tokyo-ami"
          ]
        }
      ]
    },
    {
      "mode": "managed",
      "type": "aws_ec2_transit_gateway",
      "name": "newyork_tgw",
      "provider": "provider[\"registry.terraform.io/hashicorp/aws\"].new-york",
      "instances": [
        {
          "schema_version": 0,
          "attributes": {
            "amazon_side_asn": 64512,
            "arn": "arn:aws:ec2:us-east-1:495599735872:transit-gateway/tgw-041902de3c055a5c7",
            "association_default_route_table_id": "tgw-rtb-001a207836e2b9349",
            "auto_accept_shared_attachments": "disable",
            "default_route_table_association": "enable",
            "default_route_table_propagation": "enable",
            "description": "Transit Gateway in New York (Spoke)",
            "dns_support": "enable",
            "id": "tgw-041902de3c055a5c7",
            "multicast_support": "disable",
            "owner_id": "495599735872",
            "propagation_default_route_table_id": "tgw-rtb-001a207836e2b9349",
            "security_group_referencing_support": "disable",
            "tags": {
              "Name": "newyork-tgw"
            },
            "tags_all": {
              "Name": "newyork-tgw"
            },
            "timeouts": null,
            "transit_gateway_cidr_blocks": null,
            "vpn_ecmp_support": "enable"
          },
          "sensitive_attributes": [],
          "private": "eyJlMmJmYjczMC1lY2FhLTExZTYtOGY4OC0zNDM2M2JjN2M0YzAiOnsiY3JlYXRlIjo2MDAwMDAwMDAwMDAsImRlbGV0ZSI6NjAwMDAwMDAwMDAwLCJ1cGRhdGUiOjYwMDAwMDAwMDAwMH19",
          "create_before_destroy": true
        }
      ]
    },
    {
      "mode": "managed",
      "type": "aws_ec2_transit_gateway",
      "name": "tokyo_tgw",
      "provider": "provider[\"registry.terraform.io/hashicorp/aws\"].tokyo",
      "instances": [
        {
          "schema_version": 0,
          "attributes": {
            "amazon_side_asn": 64512,
            "arn": "arn:aws:ec2:ap-northeast-1:495599735872:transit-gateway/tgw-097ce6a1ef0e73aaf",
            "association_default_route_table_id": "tgw-rtb-009941d595f8351f9",
            "auto_accept_shared_attachments": "disable",
            "default_route_table_association": "enable",
            "default_route_table_propagation": "enable",
            "description": "Transit Gateway in Tokyo (Hub)",
            "dns_support": "enable",
            "id": "tgw-097ce6a1ef0e73aaf",
            "multicast_support": "disable",
            "owner_id": "495599735872",
            "propagation_default_route_table_id": "tgw-rtb-009941d595f8351f9",
            "security_group_referencing_support": "disable",
            "tags": {
              "Name": "tokyo-tgw"
            },
            "tags_all": {
              "Name": "tokyo-tgw"
            },
            "timeouts": null,
            "transit_gateway_cidr_blocks": null,
            "vpn_ecmp_support": "enable"
          },
          "sensitive_attributes": [],
          "private": "eyJlMmJmYjczMC1lY2FhLTExZTYtOGY4OC0zNDM2M2JjN2M0YzAiOnsiY3JlYXRlIjo2MDAwMDAwMDAwMDAsImRlbGV0ZSI6NjAwMDAwMDAwMDAwLCJ1cGRhdGUiOjYwMDAwMDAwMDAwMH19",
          "create_before_destroy": true
        }
      ]
    },
    {
      "mode": "managed",
      "type": "aws_ec2_transit_gateway_peering_attachment",
      "name": "newyork_to_tokyo_peering",
      "provider": "provider[\"registry.terraform.io/hashicorp/aws\"].new-york",
      "instances": [
        {
          "schema_version": 0,
          "attributes": {
            "id": "tgw-attach-0037510e82553693a",
            "options": [],
            "peer_account_id": "495599735872",
            "peer_region": "ap-northeast-1",
            "peer_transit_gateway_id": "tgw-097ce6a1ef0e73aaf",
            "state": "pendingAcceptance",
            "tags": {
              "Name": "newyork-to-tokyo-peering"
            },
            "tags_all": {
              "Name": "newyork-to-tokyo-peering"
            },
            "transit_gateway_id": "tgw-041902de3c055a5c7"
          },
          "sensitive_attributes": [],
          "private": "bnVsbA==",
          "dependencies": [
            "aws_ec2_transit_gateway.newyork_tgw",
            "aws_ec2_transit_gateway.tokyo_tgw"
          ],
          "create_before_destroy": true
        }
      ]
    },
    {
      "mode": "managed",
      "type": "aws_ec2_transit_gateway_peering_attachment_accepter",
      "name": "tokyo_accepts_newyork_peering",
      "provider": "provider[\"registry.terraform.io/hashicorp/aws\"].tokyo",
      "instances": [
        {
          "schema_version": 0,
          "attributes": {
            "id": "tgw-attach-0037510e82553693a",
            "peer_account_id": "495599735872",
            "peer_region": "us-east-1",
            "peer_transit_gateway_id": "tgw-041902de3c055a5c7",
            "tags": {
              "Name": "tokyo-accepts-newyork"
            },
            "tags_all": {
              "Name": "tokyo-accepts-newyork"
            },
            "transit_gateway_attachment_id": "tgw-attach-0037510e82553693a",
            "transit_gateway_id": "tgw-097ce6a1ef0e73aaf"
          },
          "sensitive_attributes": [],
          "private": "bnVsbA==",
          "dependencies": [
            "aws_ec2_transit_gateway.newyork_tgw",
            "aws_ec2_transit_gateway.tokyo_tgw",
            "aws_ec2_transit_gateway_peering_attachment.newyork_to_tokyo_peering"
          ]
        }
      ]
    },
    {
      "mode": "managed",
      "type": "aws_ec2_transit_gateway_route",
      "name": "newyork_to_tokyo_route",
      "provider": "provider[\"registry.terraform.io/hashicorp/aws\"].new-york",
      "instances": [
        {
          "schema_version": 0,
          "attributes": {
            "blackhole": false,
            "destination_cidr_block": "172.18.0.0/16",
            "id": "tgw-rtb-09753ac26fc1e472e_172.18.0.0/16",
            "transit_gateway_attachment_id": "tgw-attach-0037510e82553693a",
            "transit_gateway_route_table_id": "tgw-rtb-09753ac26fc1e472e"
          },
          "sensitive_attributes": [],
          "private": "bnVsbA==",
          "dependencies": [
            "aws_ec2_transit_gateway.newyork_tgw",
            "aws_ec2_transit_gateway.tokyo_tgw",
            "aws_ec2_transit_gateway_peering_attachment.newyork_to_tokyo_peering",
            "aws_ec2_transit_gateway_peering_attachment_accepter.tokyo_accepts_newyork_peering",
            "aws_ec2_transit_gateway_route_table.newyork_tgw_rt"
          ]
        }
      ]
    },
    {
      "mode": "managed",
      "type": "aws_ec2_transit_gateway_route",
      "name": "tokyo_to_newyork_route",
      "provider": "provider[\"registry.terraform.io/hashicorp/aws\"].tokyo",
      "instances": [
        {
          "schema_version": 0,
          "attributes": {
            "blackhole": false,
            "destination_cidr_block": "172.19.0.0/16",
            "id": "tgw-rtb-099e8ed5dfb7b5075_172.19.0.0/16",
            "transit_gateway_attachment_id": "tgw-attach-0037510e82553693a",
            "transit_gateway_route_table_id": "tgw-rtb-099e8ed5dfb7b5075"
          },
          "sensitive_attributes": [],
          "private": "bnVsbA==",
          "dependencies": [
            "aws_ec2_transit_gateway.newyork_tgw",
            "aws_ec2_transit_gateway.tokyo_tgw",
            "aws_ec2_transit_gateway_peering_attachment.newyork_to_tokyo_peering",
            "aws_ec2_transit_gateway_peering_attachment_accepter.tokyo_accepts_newyork_peering",
            "aws_ec2_transit_gateway_route_table.tokyo_tgw_rt"
          ]
        }
      ]
    },
    {
      "mode": "managed",
      "type": "aws_ec2_transit_gateway_route_table",
      "name": "newyork_tgw_rt",
      "provider": "provider[\"registry.terraform.io/hashicorp/aws\"].new-york",
      "instances": [
        {
          "schema_version": 0,
          "attributes": {
            "arn": "arn:aws:ec2:us-east-1:495599735872:transit-gateway-route-table/tgw-rtb-09753ac26fc1e472e",
            "default_association_route_table": false,
            "default_propagation_route_table": false,
            "id": "tgw-rtb-09753ac26fc1e472e",
            "tags": {
              "Name": "newyork-tgw-rt"
            },
            "tags_all": {
              "Name": "newyork-tgw-rt"
            },
            "transit_gateway_id": "tgw-041902de3c055a5c7"
          },
          "sensitive_attributes": [],
          "private": "bnVsbA==",
          "dependencies": [
            "aws_ec2_transit_gateway.newyork_tgw"
          ]
        }
      ]
    },
    {
      "mode": "managed",
      "type": "aws_ec2_transit_gateway_route_table",
      "name": "tokyo_tgw_rt",
      "provider": "provider[\"registry.terraform.io/hashicorp/aws\"].tokyo",
      "instances": [
        {
          "schema_version": 0,
          "attributes": {
            "arn": "arn:aws:ec2:ap-northeast-1:495599735872:transit-gateway-route-table/tgw-rtb-099e8ed5dfb7b5075",
            "default_association_route_table": false,
            "default_propagation_route_table": false,
            "id": "tgw-rtb-099e8ed5dfb7b5075",
            "tags": {
              "Name": "tokyo-tgw-rt"
            },
            "tags_all": {
              "Name": "tokyo-tgw-rt"
            },
            "transit_gateway_id": "tgw-097ce6a1ef0e73aaf"
          },
          "sensitive_attributes": [],
          "private": "bnVsbA==",
          "dependencies": [
            "aws_ec2_transit_gateway.tokyo_tgw"
          ]
        }
      ]
    },
    {
      "mode": "managed",
      "type": "aws_ec2_transit_gateway_route_table_association",
      "name": "newyork_tgw_assoc",
      "provider": "provider[\"registry.terraform.io/hashicorp/aws\"].new-york",
      "instances": [
        {
          "schema_version": 0,
          "attributes": {
            "id": "tgw-rtb-09753ac26fc1e472e_tgw-attach-0e22c4c35787ddd73",
            "replace_existing_association": false,
            "resource_id": "vpc-043018aec8e4118bc",
            "resource_type": "vpc",
            "transit_gateway_attachment_id": "tgw-attach-0e22c4c35787ddd73",
            "transit_gateway_route_table_id": "tgw-rtb-09753ac26fc1e472e"
          },
          "sensitive_attributes": [],
          "private": "bnVsbA==",
          "dependencies": [
            "aws_ec2_transit_gateway.newyork_tgw",
            "aws_ec2_transit_gateway_route_table.newyork_tgw_rt",
            "aws_ec2_transit_gateway_vpc_attachment.newyork_tgw_attachment",
            "aws_subnet.newyork-private-subnet-1a",
            "aws_subnet.newyork-private-subnet-1b",
            "aws_vpc.newyork-vpc"
          ]
        }
      ]
    },
    {
      "mode": "managed",
      "type": "aws_ec2_transit_gateway_route_table_association",
      "name": "tokyo_tgw_assoc",
      "provider": "provider[\"registry.terraform.io/hashicorp/aws\"].tokyo",
      "instances": [
        {
          "schema_version": 0,
          "attributes": {
            "id": "tgw-rtb-099e8ed5dfb7b5075_tgw-attach-08ab07bf474baa48c",
            "replace_existing_association": false,
            "resource_id": "vpc-09c8baf5464ff9898",
            "resource_type": "vpc",
            "transit_gateway_attachment_id": "tgw-attach-08ab07bf474baa48c",
            "transit_gateway_route_table_id": "tgw-rtb-099e8ed5dfb7b5075"
          },
          "sensitive_attributes": [],
          "private": "bnVsbA==",
          "dependencies": [
            "aws_ec2_transit_gateway.tokyo_tgw",
            "aws_ec2_transit_gateway_route_table.tokyo_tgw_rt",
            "aws_ec2_transit_gateway_vpc_attachment.tokyo_tgw_attachment",
            "aws_subnet.tokyo-private-subnet-1a",
            "aws_subnet.tokyo-private-subnet-1d",
            "aws_vpc.tokyo-vpc"
          ]
        }
      ]
    },
    {
      "mode": "managed",
      "type": "aws_ec2_transit_gateway_vpc_attachment",
      "name": "newyork_tgw_attachment",
      "provider": "provider[\"registry.terraform.io/hashicorp/aws\"].new-york",
      "instances": [
        {
          "schema_version": 0,
          "attributes": {
            "appliance_mode_support": "disable",
            "dns_support": "enable",
            "id": "tgw-attach-0e22c4c35787ddd73",
            "ipv6_support": "disable",
            "security_group_referencing_support": "enable",
            "subnet_ids": [
              "subnet-005266d8e182a6207",
              "subnet-053cc63fe381e1bca"
            ],
            "tags": {
              "Name": "newyork-tgw-attachment"
            },
            "tags_all": {
              "Name": "newyork-tgw-attachment"
            },
            "transit_gateway_default_route_table_association": false,
            "transit_gateway_default_route_table_propagation": false,
            "transit_gateway_id": "tgw-041902de3c055a5c7",
            "vpc_id": "vpc-043018aec8e4118bc",
            "vpc_owner_id": "495599735872"
          },
          "sensitive_attributes": [],
          "private": "bnVsbA==",
          "dependencies": [
            "aws_ec2_transit_gateway.newyork_tgw",
            "aws_subnet.newyork-private-subnet-1a",
            "aws_subnet.newyork-private-subnet-1b",
            "aws_vpc.newyork-vpc"
          ],
          "create_before_destroy": true
        }
      ]
    },
    {
      "mode": "managed",
      "type": "aws_ec2_transit_gateway_vpc_attachment",
      "name": "tokyo_tgw_attachment",
      "provider": "provider[\"registry.terraform.io/hashicorp/aws\"].tokyo",
      "instances": [
        {
          "schema_version": 0,
          "attributes": {
            "appliance_mode_support": "disable",
            "dns_support": "enable",
            "id": "tgw-attach-08ab07bf474baa48c",
            "ipv6_support": "disable",
            "security_group_referencing_support": "enable",
            "subnet_ids": [
              "subnet-00a42670d11042672",
              "subnet-0d5fe9adb140668bb"
            ],
            "tags": {
              "Name": "tokyo-tgw-attachment"
            },
            "tags_all": {
              "Name": "tokyo-tgw-attachment"
            },
            "transit_gateway_default_route_table_association": false,
            "transit_gateway_default_route_table_propagation": false,
            "transit_gateway_id": "tgw-097ce6a1ef0e73aaf",
            "vpc_id": "vpc-09c8baf5464ff9898",
            "vpc_owner_id": "495599735872"
          },
          "sensitive_attributes": [],
          "private": "bnVsbA==",
          "dependencies": [
            "aws_ec2_transit_gateway.tokyo_tgw",
            "aws_subnet.tokyo-private-subnet-1a",
            "aws_subnet.tokyo-private-subnet-1d",
            "aws_vpc.tokyo-vpc"
          ],
          "create_before_destroy": true
        }
      ]
    },
    {
      "mode": "managed",
      "type": "aws_eip",
      "name": "australia-nat",
      "provider": "provider[\"registry.terraform.io/hashicorp/aws\"].australia",
      "instances": [
        {
          "schema_version": 0,
          "attributes": {
            "address": null,
            "allocation_id": "eipalloc-0850b33980de61cc6",
            "arn": "arn:aws:ec2:ap-southeast-2:495599735872:elastic-ip/eipalloc-0850b33980de61cc6",
            "associate_with_private_ip": null,
            "association_id": "",
            "carrier_ip": "",
            "customer_owned_ip": "",
            "customer_owned_ipv4_pool": "",
            "domain": "vpc",
            "id": "eipalloc-0850b33980de61cc6",
            "instance": "",
            "ipam_pool_id": null,
            "network_border_group": "ap-southeast-2",
            "network_interface": "",
            "private_dns": null,
            "private_ip": "",
            "ptr_record": "",
            "public_dns": "ec2-54-79-158-132.ap-southeast-2.compute.amazonaws.com",
            "public_ip": "54.79.158.132",
            "public_ipv4_pool": "amazon",
            "tags": {
              "Name": "australia-nat"
            },
            "tags_all": {
              "Name": "australia-nat"
            },
            "timeouts": null,
            "vpc": true
          },
          "sensitive_attributes": [],
          "private": "eyJlMmJmYjczMC1lY2FhLTExZTYtOGY4OC0zNDM2M2JjN2M0YzAiOnsiZGVsZXRlIjoxODAwMDAwMDAwMDAsInJlYWQiOjkwMDAwMDAwMDAwMCwidXBkYXRlIjozMDAwMDAwMDAwMDB9fQ=="
        }
      ]
    },
    {
      "mode": "managed",
      "type": "aws_eip",
      "name": "california-nat",
      "provider": "provider[\"registry.terraform.io/hashicorp/aws\"].california",
      "instances": [
        {
          "schema_version": 0,
          "attributes": {
            "address": null,
            "allocation_id": "eipalloc-0cd5b73aa27902415",
            "arn": "arn:aws:ec2:us-west-1:495599735872:elastic-ip/eipalloc-0cd5b73aa27902415",
            "associate_with_private_ip": null,
            "association_id": "",
            "carrier_ip": "",
            "customer_owned_ip": "",
            "customer_owned_ipv4_pool": "",
            "domain": "vpc",
            "id": "eipalloc-0cd5b73aa27902415",
            "instance": "",
            "ipam_pool_id": null,
            "network_border_group": "us-west-1",
            "network_interface": "",
            "private_dns": null,
            "private_ip": "",
            "ptr_record": "",
            "public_dns": "ec2-54-177-74-30.us-west-1.compute.amazonaws.com",
            "public_ip": "54.177.74.30",
            "public_ipv4_pool": "amazon",
            "tags": {
              "Name": "california-nat"
            },
            "tags_all": {
              "Name": "california-nat"
            },
            "timeouts": null,
            "vpc": true
          },
          "sensitive_attributes": [],
          "private": "eyJlMmJmYjczMC1lY2FhLTExZTYtOGY4OC0zNDM2M2JjN2M0YzAiOnsiZGVsZXRlIjoxODAwMDAwMDAwMDAsInJlYWQiOjkwMDAwMDAwMDAwMCwidXBkYXRlIjozMDAwMDAwMDAwMDB9fQ=="
        }
      ]
    },
    {
      "mode": "managed",
      "type": "aws_eip",
      "name": "hongkong-nat",
      "provider": "provider[\"registry.terraform.io/hashicorp/aws\"].hong-kong",
      "instances": [
        {
          "schema_version": 0,
          "attributes": {
            "address": null,
            "allocation_id": "eipalloc-092bada2c08bc8dd9",
            "arn": "arn:aws:ec2:ap-east-1:495599735872:elastic-ip/eipalloc-092bada2c08bc8dd9",
            "associate_with_private_ip": null,
            "association_id": "",
            "carrier_ip": "",
            "customer_owned_ip": "",
            "customer_owned_ipv4_pool": "",
            "domain": "vpc",
            "id": "eipalloc-092bada2c08bc8dd9",
            "instance": "",
            "ipam_pool_id": null,
            "network_border_group": "ap-east-1",
            "network_interface": "",
            "private_dns": null,
            "private_ip": "",
            "ptr_record": "",
            "public_dns": "ec2-43-199-192-226.ap-east-1.compute.amazonaws.com",
            "public_ip": "43.199.192.226",
            "public_ipv4_pool": "amazon",
            "tags": {
              "Name": "hongkong-nat"
            },
            "tags_all": {
              "Name": "hongkong-nat"
            },
            "timeouts": null,
            "vpc": true
          },
          "sensitive_attributes": [],
          "private": "eyJlMmJmYjczMC1lY2FhLTExZTYtOGY4OC0zNDM2M2JjN2M0YzAiOnsiZGVsZXRlIjoxODAwMDAwMDAwMDAsInJlYWQiOjkwMDAwMDAwMDAwMCwidXBkYXRlIjozMDAwMDAwMDAwMDB9fQ=="
        }
      ]
    },
    {
      "mode": "managed",
      "type": "aws_eip",
      "name": "london-nat",
      "provider": "provider[\"registry.terraform.io/hashicorp/aws\"].london",
      "instances": [
        {
          "schema_version": 0,
          "attributes": {
            "address": null,
            "allocation_id": "eipalloc-0674846489922131b",
            "arn": "arn:aws:ec2:eu-west-2:495599735872:elastic-ip/eipalloc-0674846489922131b",
            "associate_with_private_ip": null,
            "association_id": "",
            "carrier_ip": "",
            "customer_owned_ip": "",
            "customer_owned_ipv4_pool": "",
            "domain": "vpc",
            "id": "eipalloc-0674846489922131b",
            "instance": "",
            "ipam_pool_id": null,
            "network_border_group": "eu-west-2",
            "network_interface": "",
            "private_dns": null,
            "private_ip": "",
            "ptr_record": "",
            "public_dns": "ec2-51-24-43-180.eu-west-2.compute.amazonaws.com",
            "public_ip": "51.24.43.180",
            "public_ipv4_pool": "amazon",
            "tags": {
              "Name": "london-nat"
            },
            "tags_all": {
              "Name": "london-nat"
            },
            "timeouts": null,
            "vpc": true
          },
          "sensitive_attributes": [],
          "private": "eyJlMmJmYjczMC1lY2FhLTExZTYtOGY4OC0zNDM2M2JjN2M0YzAiOnsiZGVsZXRlIjoxODAwMDAwMDAwMDAsInJlYWQiOjkwMDAwMDAwMDAwMCwidXBkYXRlIjozMDAwMDAwMDAwMDB9fQ=="
        }
      ]
    },
    {
      "mode": "managed",
      "type": "aws_eip",
      "name": "newyork-nat",
      "provider": "provider[\"registry.terraform.io/hashicorp/aws\"].new-york",
      "instances": [
        {
          "schema_version": 0,
          "attributes": {
            "address": null,
            "allocation_id": "eipalloc-0e0f4b2b9c022f67a",
            "arn": "arn:aws:ec2:us-east-1:495599735872:elastic-ip/eipalloc-0e0f4b2b9c022f67a",
            "associate_with_private_ip": null,
            "association_id": "",
            "carrier_ip": "",
            "customer_owned_ip": "",
            "customer_owned_ipv4_pool": "",
            "domain": "vpc",
            "id": "eipalloc-0e0f4b2b9c022f67a",
            "instance": "",
            "ipam_pool_id": null,
            "network_border_group": "us-east-1",
            "network_interface": "",
            "private_dns": null,
            "private_ip": "",
            "ptr_record": "",
            "public_dns": "ec2-3-218-101-222.compute-1.amazonaws.com",
            "public_ip": "3.218.101.222",
            "public_ipv4_pool": "amazon",
            "tags": {
              "Name": "newyork-nat"
            },
            "tags_all": {
              "Name": "newyork-nat"
            },
            "timeouts": null,
            "vpc": true
          },
          "sensitive_attributes": [],
          "private": "eyJlMmJmYjczMC1lY2FhLTExZTYtOGY4OC0zNDM2M2JjN2M0YzAiOnsiZGVsZXRlIjoxODAwMDAwMDAwMDAsInJlYWQiOjkwMDAwMDAwMDAwMCwidXBkYXRlIjozMDAwMDAwMDAwMDB9fQ=="
        }
      ]
    },
    {
      "mode": "managed",
      "type": "aws_eip",
      "name": "saopaulo-nat",
      "provider": "provider[\"registry.terraform.io/hashicorp/aws\"].sao-paulo",
      "instances": [
        {
          "schema_version": 0,
          "attributes": {
            "address": null,
            "allocation_id": "eipalloc-0037b6d6f5b0653d4",
            "arn": "arn:aws:ec2:sa-east-1:495599735872:elastic-ip/eipalloc-0037b6d6f5b0653d4",
            "associate_with_private_ip": null,
            "association_id": "",
            "carrier_ip": "",
            "customer_owned_ip": "",
            "customer_owned_ipv4_pool": "",
            "domain": "vpc",
            "id": "eipalloc-0037b6d6f5b0653d4",
            "instance": "",
            "ipam_pool_id": null,
            "network_border_group": "sa-east-1",
            "network_interface": "",
            "private_dns": null,
            "private_ip": "",
            "ptr_record": "",
            "public_dns": "ec2-177-71-241-154.sa-east-1.compute.amazonaws.com",
            "public_ip": "177.71.241.154",
            "public_ipv4_pool": "amazon",
            "tags": {
              "Name": "saopaulo-nat"
            },
            "tags_all": {
              "Name": "saopaulo-nat"
            },
            "timeouts": null,
            "vpc": true
          },
          "sensitive_attributes": [],
          "private": "eyJlMmJmYjczMC1lY2FhLTExZTYtOGY4OC0zNDM2M2JjN2M0YzAiOnsiZGVsZXRlIjoxODAwMDAwMDAwMDAsInJlYWQiOjkwMDAwMDAwMDAwMCwidXBkYXRlIjozMDAwMDAwMDAwMDB9fQ=="
        }
      ]
    },
    {
      "mode": "managed",
      "type": "aws_eip",
      "name": "tokyo-nat",
      "provider": "provider[\"registry.terraform.io/hashicorp/aws\"].tokyo",
      "instances": [
        {
          "schema_version": 0,
          "attributes": {
            "address": null,
            "allocation_id": "eipalloc-08fa09d26cf4a0fb0",
            "arn": "arn:aws:ec2:ap-northeast-1:495599735872:elastic-ip/eipalloc-08fa09d26cf4a0fb0",
            "associate_with_private_ip": null,
            "association_id": "",
            "carrier_ip": "",
            "customer_owned_ip": "",
            "customer_owned_ipv4_pool": "",
            "domain": "vpc",
            "id": "eipalloc-08fa09d26cf4a0fb0",
            "instance": "",
            "ipam_pool_id": null,
            "network_border_group": "ap-northeast-1",
            "network_interface": "",
            "private_dns": null,
            "private_ip": "",
            "ptr_record": "",
            "public_dns": "ec2-18-176-108-19.ap-northeast-1.compute.amazonaws.com",
            "public_ip": "18.176.108.19",
            "public_ipv4_pool": "amazon",
            "tags": {
              "Name": "tokyo-nat"
            },
            "tags_all": {
              "Name": "tokyo-nat"
            },
            "timeouts": null,
            "vpc": true
          },
          "sensitive_attributes": [],
          "private": "eyJlMmJmYjczMC1lY2FhLTExZTYtOGY4OC0zNDM2M2JjN2M0YzAiOnsiZGVsZXRlIjoxODAwMDAwMDAwMDAsInJlYWQiOjkwMDAwMDAwMDAwMCwidXBkYXRlIjozMDAwMDAwMDAwMDB9fQ=="
        }
      ]
    },
    {
      "mode": "managed",
      "type": "aws_eip",
      "name": "tokyotest-nat",
      "provider": "provider[\"registry.terraform.io/hashicorp/aws\"].tokyo-testb",
      "instances": [
        {
          "schema_version": 0,
          "attributes": {
            "address": null,
            "allocation_id": "eipalloc-01ef45d5325681d5e",
            "arn": "arn:aws:ec2:ap-northeast-1:495599735872:elastic-ip/eipalloc-01ef45d5325681d5e",
            "associate_with_private_ip": null,
            "association_id": "",
            "carrier_ip": "",
            "customer_owned_ip": "",
            "customer_owned_ipv4_pool": "",
            "domain": "vpc",
            "id": "eipalloc-01ef45d5325681d5e",
            "instance": "",
            "ipam_pool_id": null,
            "network_border_group": "ap-northeast-1",
            "network_interface": "",
            "private_dns": null,
            "private_ip": "",
            "ptr_record": "",
            "public_dns": "ec2-13-114-69-96.ap-northeast-1.compute.amazonaws.com",
            "public_ip": "13.114.69.96",
            "public_ipv4_pool": "amazon",
            "tags": {
              "Name": "tokyotest-nat"
            },
            "tags_all": {
              "Name": "tokyotest-nat"
            },
            "timeouts": null,
            "vpc": true
          },
          "sensitive_attributes": [],
          "private": "eyJlMmJmYjczMC1lY2FhLTExZTYtOGY4OC0zNDM2M2JjN2M0YzAiOnsiZGVsZXRlIjoxODAwMDAwMDAwMDAsInJlYWQiOjkwMDAwMDAwMDAwMCwidXBkYXRlIjozMDAwMDAwMDAwMDB9fQ=="
        }
      ]
    },
    {
      "mode": "managed",
      "type": "aws_internet_gateway",
      "name": "australia-igw",
      "provider": "provider[\"registry.terraform.io/hashicorp/aws\"].australia",
      "instances": [
        {
          "schema_version": 0,
          "attributes": {
            "arn": "arn:aws:ec2:ap-southeast-2:495599735872:internet-gateway/igw-00b08ecaf65acd920",
            "id": "igw-00b08ecaf65acd920",
            "owner_id": "495599735872",
            "tags": {
              "Name": "PROD-Australia-igw",
              "Owner": "MATTRESS AVENGERS",
              "Service": "Armageddon Phase 1"
            },
            "tags_all": {
              "Name": "PROD-Australia-igw",
              "Owner": "MATTRESS AVENGERS",
              "Service": "Armageddon Phase 1"
            },
            "timeouts": null,
            "vpc_id": "vpc-077b1fc5de17d127f"
          },
          "sensitive_attributes": [],
          "private": "eyJlMmJmYjczMC1lY2FhLTExZTYtOGY4OC0zNDM2M2JjN2M0YzAiOnsiY3JlYXRlIjoxMjAwMDAwMDAwMDAwLCJkZWxldGUiOjEyMDAwMDAwMDAwMDAsInVwZGF0ZSI6MTIwMDAwMDAwMDAwMH19",
          "dependencies": [
            "aws_vpc.australia-vpc"
          ]
        }
      ]
    },
    {
      "mode": "managed",
      "type": "aws_internet_gateway",
      "name": "california-igw",
      "provider": "provider[\"registry.terraform.io/hashicorp/aws\"].california",
      "instances": [
        {
          "schema_version": 0,
          "attributes": {
            "arn": "arn:aws:ec2:us-west-1:495599735872:internet-gateway/igw-0b7f1c432c38733f2",
            "id": "igw-0b7f1c432c38733f2",
            "owner_id": "495599735872",
            "tags": {
              "Name": "PROD-Califonia-igw",
              "Owner": "MATTRESS AVENGERS",
              "Service": "Armageddon Phase 1"
            },
            "tags_all": {
              "Name": "PROD-Califonia-igw",
              "Owner": "MATTRESS AVENGERS",
              "Service": "Armageddon Phase 1"
            },
            "timeouts": null,
            "vpc_id": "vpc-091d5396d623a34cb"
          },
          "sensitive_attributes": [],
          "private": "eyJlMmJmYjczMC1lY2FhLTExZTYtOGY4OC0zNDM2M2JjN2M0YzAiOnsiY3JlYXRlIjoxMjAwMDAwMDAwMDAwLCJkZWxldGUiOjEyMDAwMDAwMDAwMDAsInVwZGF0ZSI6MTIwMDAwMDAwMDAwMH19",
          "dependencies": [
            "aws_vpc.california-vpc"
          ]
        }
      ]
    },
    {
      "mode": "managed",
      "type": "aws_internet_gateway",
      "name": "hongkong-igw",
      "provider": "provider[\"registry.terraform.io/hashicorp/aws\"].hong-kong",
      "instances": [
        {
          "schema_version": 0,
          "attributes": {
            "arn": "arn:aws:ec2:ap-east-1:495599735872:internet-gateway/igw-0af0fcee53902acb3",
            "id": "igw-0af0fcee53902acb3",
            "owner_id": "495599735872",
            "tags": {
              "Name": "PROD-Hongkong-igw",
              "Owner": "MATTRESS AVENGERS",
              "Service": "Armageddon Phase 1"
            },
            "tags_all": {
              "Name": "PROD-Hongkong-igw",
              "Owner": "MATTRESS AVENGERS",
              "Service": "Armageddon Phase 1"
            },
            "timeouts": null,
            "vpc_id": "vpc-0fcd95b3b199a6881"
          },
          "sensitive_attributes": [],
          "private": "eyJlMmJmYjczMC1lY2FhLTExZTYtOGY4OC0zNDM2M2JjN2M0YzAiOnsiY3JlYXRlIjoxMjAwMDAwMDAwMDAwLCJkZWxldGUiOjEyMDAwMDAwMDAwMDAsInVwZGF0ZSI6MTIwMDAwMDAwMDAwMH19",
          "dependencies": [
            "aws_vpc.hongkong-vpc"
          ]
        }
      ]
    },
    {
      "mode": "managed",
      "type": "aws_internet_gateway",
      "name": "london-igw",
      "provider": "provider[\"registry.terraform.io/hashicorp/aws\"].london",
      "instances": [
        {
          "schema_version": 0,
          "attributes": {
            "arn": "arn:aws:ec2:eu-west-2:495599735872:internet-gateway/igw-081ddfa768f5f11a9",
            "id": "igw-081ddfa768f5f11a9",
            "owner_id": "495599735872",
            "tags": {
              "Name": "PROD-London-igw",
              "Owner": "MATTRESS AVENGERS",
              "Service": "Armageddon Phase 1"
            },
            "tags_all": {
              "Name": "PROD-London-igw",
              "Owner": "MATTRESS AVENGERS",
              "Service": "Armageddon Phase 1"
            },
            "timeouts": null,
            "vpc_id": "vpc-02c4bb68363a5ef8c"
          },
          "sensitive_attributes": [],
          "private": "eyJlMmJmYjczMC1lY2FhLTExZTYtOGY4OC0zNDM2M2JjN2M0YzAiOnsiY3JlYXRlIjoxMjAwMDAwMDAwMDAwLCJkZWxldGUiOjEyMDAwMDAwMDAwMDAsInVwZGF0ZSI6MTIwMDAwMDAwMDAwMH19",
          "dependencies": [
            "aws_vpc.london-vpc"
          ]
        }
      ]
    },
    {
      "mode": "managed",
      "type": "aws_internet_gateway",
      "name": "newyork-igw",
      "provider": "provider[\"registry.terraform.io/hashicorp/aws\"].new-york",
      "instances": [
        {
          "schema_version": 0,
          "attributes": {
            "arn": "arn:aws:ec2:us-east-1:495599735872:internet-gateway/igw-0a925def4cb3bea62",
            "id": "igw-0a925def4cb3bea62",
            "owner_id": "495599735872",
            "tags": {
              "Name": "PROD-New York-igw",
              "Owner": "MATTRESS AVENGERS",
              "Service": "Armageddon Phase 1"
            },
            "tags_all": {
              "Name": "PROD-New York-igw",
              "Owner": "MATTRESS AVENGERS",
              "Service": "Armageddon Phase 1"
            },
            "timeouts": null,
            "vpc_id": "vpc-043018aec8e4118bc"
          },
          "sensitive_attributes": [],
          "private": "eyJlMmJmYjczMC1lY2FhLTExZTYtOGY4OC0zNDM2M2JjN2M0YzAiOnsiY3JlYXRlIjoxMjAwMDAwMDAwMDAwLCJkZWxldGUiOjEyMDAwMDAwMDAwMDAsInVwZGF0ZSI6MTIwMDAwMDAwMDAwMH19",
          "dependencies": [
            "aws_vpc.newyork-vpc"
          ]
        }
      ]
    },
    {
      "mode": "managed",
      "type": "aws_internet_gateway",
      "name": "saopaulo-igw",
      "provider": "provider[\"registry.terraform.io/hashicorp/aws\"].sao-paulo",
      "instances": [
        {
          "schema_version": 0,
          "attributes": {
            "arn": "arn:aws:ec2:sa-east-1:495599735872:internet-gateway/igw-0bd5add686ef353a2",
            "id": "igw-0bd5add686ef353a2",
            "owner_id": "495599735872",
            "tags": {
              "Name": "PROD-Saup-Paulo-igw",
              "Owner": "MATTRESS AVENGERS",
              "Service": "Armageddon Phase 1"
            },
            "tags_all": {
              "Name": "PROD-Saup-Paulo-igw",
              "Owner": "MATTRESS AVENGERS",
              "Service": "Armageddon Phase 1"
            },
            "timeouts": null,
            "vpc_id": "vpc-02bbc0a1d95f3b24d"
          },
          "sensitive_attributes": [],
          "private": "eyJlMmJmYjczMC1lY2FhLTExZTYtOGY4OC0zNDM2M2JjN2M0YzAiOnsiY3JlYXRlIjoxMjAwMDAwMDAwMDAwLCJkZWxldGUiOjEyMDAwMDAwMDAwMDAsInVwZGF0ZSI6MTIwMDAwMDAwMDAwMH19",
          "dependencies": [
            "aws_vpc.saopaulo-vpc"
          ]
        }
      ]
    },
    {
      "mode": "managed",
      "type": "aws_internet_gateway",
      "name": "tokyo-igw",
      "provider": "provider[\"registry.terraform.io/hashicorp/aws\"].tokyo",
      "instances": [
        {
          "schema_version": 0,
          "attributes": {
            "arn": "arn:aws:ec2:ap-northeast-1:495599735872:internet-gateway/igw-086784023c82359f7",
            "id": "igw-086784023c82359f7",
            "owner_id": "495599735872",
            "tags": {
              "Name": "PROD-Tokyo-igw",
              "Owner": "MATTRESS AVENGERS",
              "Service": "Armageddon Phase 1"
            },
            "tags_all": {
              "Name": "PROD-Tokyo-igw",
              "Owner": "MATTRESS AVENGERS",
              "Service": "Armageddon Phase 1"
            },
            "timeouts": null,
            "vpc_id": "vpc-09c8baf5464ff9898"
          },
          "sensitive_attributes": [],
          "private": "eyJlMmJmYjczMC1lY2FhLTExZTYtOGY4OC0zNDM2M2JjN2M0YzAiOnsiY3JlYXRlIjoxMjAwMDAwMDAwMDAwLCJkZWxldGUiOjEyMDAwMDAwMDAwMDAsInVwZGF0ZSI6MTIwMDAwMDAwMDAwMH19",
          "dependencies": [
            "aws_vpc.tokyo-vpc"
          ]
        }
      ]
    },
    {
      "mode": "managed",
      "type": "aws_internet_gateway",
      "name": "tokyotest-igw",
      "provider": "provider[\"registry.terraform.io/hashicorp/aws\"].tokyo-testb",
      "instances": [
        {
          "schema_version": 0,
          "attributes": {
            "arn": "arn:aws:ec2:ap-northeast-1:495599735872:internet-gateway/igw-0106d885cd0b641b9",
            "id": "igw-0106d885cd0b641b9",
            "owner_id": "495599735872",
            "tags": {
              "Name": "TokyoTest_IG",
              "Owner": "MATTRESS AVENGERS",
              "Service": "Armageddon Phase 1"
            },
            "tags_all": {
              "Name": "TokyoTest_IG",
              "Owner": "MATTRESS AVENGERS",
              "Service": "Armageddon Phase 1"
            },
            "timeouts": null,
            "vpc_id": "vpc-0962912c1c97e3d2d"
          },
          "sensitive_attributes": [],
          "private": "eyJlMmJmYjczMC1lY2FhLTExZTYtOGY4OC0zNDM2M2JjN2M0YzAiOnsiY3JlYXRlIjoxMjAwMDAwMDAwMDAwLCJkZWxldGUiOjEyMDAwMDAwMDAwMDAsInVwZGF0ZSI6MTIwMDAwMDAwMDAwMH19",
          "dependencies": [
            "aws_vpc.tokyotest-vpc"
          ]
        }
      ]
    },
    {
      "mode": "managed",
      "type": "aws_key_pair",
      "name": "australia-key-pair",
      "provider": "provider[\"registry.terraform.io/hashicorp/aws\"].australia",
      "instances": [
        {
          "schema_version": 1,
          "attributes": {
            "arn": "arn:aws:ec2:ap-southeast-2:495599735872:key-pair/australia-key-pair",
            "fingerprint": "e4:9f:14:f0:57:f2:9c:01:84:ae:46:fe:ff:01:49:61",
            "id": "australia-key-pair",
            "key_name": "australia-key-pair",
            "key_name_prefix": "",
            "key_pair_id": "key-0cd39119b8dd2d7ce",
            "key_type": "rsa",
            "public_key": "ssh-rsa AAAAB3NzaC1yc2EAAAADAQABAAACAQCbE9F238My3zGImed7n5Vurx1rPt3W2q8IleBco4MzekXlj6q5XlHg2Vm1bD2jokltPrVrhKqIpW3qOP+zB8GU5LRIUl1l/Dq0xRpMkiwjrba23JgNZ7GLftEfzjzO0aT4nmnXY2M2Dk2Eg89A97MzCVBFTss5utzazFwO0GplQ504+cM9rAdMgvp7n+H1IxodlvyK2LVvsKD+Td7ACSU4JwbL5zeEcjhys7xgsppNKpvVFBLej3vlxQwcHehkdcKldnrNrq9ZWhcK/3TyhOi3m+oofjajECkJVxi4wr2Q7SQkf9JzSaZErcyAQEZPcuocshOjNUwA9xJ+K1LviXNj2KqAM6wcdQnsX4CGjAoo6hMNbc1EzBhH5RDJ4N81KV0Fdy+14ergaAU60n7hWx+7kZq7JmFM/DoD1hXXRn19/M5mdN0nQqfKbQ1K73PGPT/LspnU6e63zqk1b71XQBLAE5+phWjzkpbCXcVxL48pxbZvNcYBwtEFdiObvVnYaIxAU4pJNhvWjFlow7/DMZHMgJvxf0dBeOUGDGFiHIJwJfY73x7UcmWxDLzS36KNTi6Qzo4zuApTKfNiKx9TylMihAPctf4tsk+Qh6/YQBhKOk1dYJ5VX+4QWjvRybElQ8Au91J+lmGe/cZZDKrNMc4u6q0WyuwaXS8hnHuzIA+S4w== graph@DESKTOP-7AN17IG",
            "tags": null,
            "tags_all": {}
          },
          "sensitive_attributes": [],
          "private": "eyJzY2hlbWFfdmVyc2lvbiI6IjEifQ=="
        }
      ]
    },
    {
      "mode": "managed",
      "type": "aws_key_pair",
      "name": "california-key-pair",
      "provider": "provider[\"registry.terraform.io/hashicorp/aws\"].california",
      "instances": [
        {
          "schema_version": 1,
          "attributes": {
            "arn": "arn:aws:ec2:us-west-1:495599735872:key-pair/california-key-pair",
            "fingerprint": "e4:9f:14:f0:57:f2:9c:01:84:ae:46:fe:ff:01:49:61",
            "id": "california-key-pair",
            "key_name": "california-key-pair",
            "key_name_prefix": "",
            "key_pair_id": "key-0ac29302be950d23d",
            "key_type": "rsa",
            "public_key": "ssh-rsa AAAAB3NzaC1yc2EAAAADAQABAAACAQCbE9F238My3zGImed7n5Vurx1rPt3W2q8IleBco4MzekXlj6q5XlHg2Vm1bD2jokltPrVrhKqIpW3qOP+zB8GU5LRIUl1l/Dq0xRpMkiwjrba23JgNZ7GLftEfzjzO0aT4nmnXY2M2Dk2Eg89A97MzCVBFTss5utzazFwO0GplQ504+cM9rAdMgvp7n+H1IxodlvyK2LVvsKD+Td7ACSU4JwbL5zeEcjhys7xgsppNKpvVFBLej3vlxQwcHehkdcKldnrNrq9ZWhcK/3TyhOi3m+oofjajECkJVxi4wr2Q7SQkf9JzSaZErcyAQEZPcuocshOjNUwA9xJ+K1LviXNj2KqAM6wcdQnsX4CGjAoo6hMNbc1EzBhH5RDJ4N81KV0Fdy+14ergaAU60n7hWx+7kZq7JmFM/DoD1hXXRn19/M5mdN0nQqfKbQ1K73PGPT/LspnU6e63zqk1b71XQBLAE5+phWjzkpbCXcVxL48pxbZvNcYBwtEFdiObvVnYaIxAU4pJNhvWjFlow7/DMZHMgJvxf0dBeOUGDGFiHIJwJfY73x7UcmWxDLzS36KNTi6Qzo4zuApTKfNiKx9TylMihAPctf4tsk+Qh6/YQBhKOk1dYJ5VX+4QWjvRybElQ8Au91J+lmGe/cZZDKrNMc4u6q0WyuwaXS8hnHuzIA+S4w== graph@DESKTOP-7AN17IG",
            "tags": null,
            "tags_all": {}
          },
          "sensitive_attributes": [],
          "private": "eyJzY2hlbWFfdmVyc2lvbiI6IjEifQ=="
        }
      ]
    },
    {
      "mode": "managed",
      "type": "aws_key_pair",
      "name": "hongkong-key-pair",
      "provider": "provider[\"registry.terraform.io/hashicorp/aws\"].hong-kong",
      "instances": [
        {
          "schema_version": 1,
          "attributes": {
            "arn": "arn:aws:ec2:ap-east-1:495599735872:key-pair/hongkong-key-pair",
            "fingerprint": "e4:9f:14:f0:57:f2:9c:01:84:ae:46:fe:ff:01:49:61",
            "id": "hongkong-key-pair",
            "key_name": "hongkong-key-pair",
            "key_name_prefix": "",
            "key_pair_id": "key-0482c7335260c62fc",
            "key_type": "rsa",
            "public_key": "ssh-rsa AAAAB3NzaC1yc2EAAAADAQABAAACAQCbE9F238My3zGImed7n5Vurx1rPt3W2q8IleBco4MzekXlj6q5XlHg2Vm1bD2jokltPrVrhKqIpW3qOP+zB8GU5LRIUl1l/Dq0xRpMkiwjrba23JgNZ7GLftEfzjzO0aT4nmnXY2M2Dk2Eg89A97MzCVBFTss5utzazFwO0GplQ504+cM9rAdMgvp7n+H1IxodlvyK2LVvsKD+Td7ACSU4JwbL5zeEcjhys7xgsppNKpvVFBLej3vlxQwcHehkdcKldnrNrq9ZWhcK/3TyhOi3m+oofjajECkJVxi4wr2Q7SQkf9JzSaZErcyAQEZPcuocshOjNUwA9xJ+K1LviXNj2KqAM6wcdQnsX4CGjAoo6hMNbc1EzBhH5RDJ4N81KV0Fdy+14ergaAU60n7hWx+7kZq7JmFM/DoD1hXXRn19/M5mdN0nQqfKbQ1K73PGPT/LspnU6e63zqk1b71XQBLAE5+phWjzkpbCXcVxL48pxbZvNcYBwtEFdiObvVnYaIxAU4pJNhvWjFlow7/DMZHMgJvxf0dBeOUGDGFiHIJwJfY73x7UcmWxDLzS36KNTi6Qzo4zuApTKfNiKx9TylMihAPctf4tsk+Qh6/YQBhKOk1dYJ5VX+4QWjvRybElQ8Au91J+lmGe/cZZDKrNMc4u6q0WyuwaXS8hnHuzIA+S4w== graph@DESKTOP-7AN17IG",
            "tags": null,
            "tags_all": {}
          },
          "sensitive_attributes": [],
          "private": "eyJzY2hlbWFfdmVyc2lvbiI6IjEifQ=="
        }
      ]
    },
    {
      "mode": "managed",
      "type": "aws_key_pair",
      "name": "london-key-pair",
      "provider": "provider[\"registry.terraform.io/hashicorp/aws\"].london",
      "instances": [
        {
          "schema_version": 1,
          "attributes": {
            "arn": "arn:aws:ec2:eu-west-2:495599735872:key-pair/london-key-pair",
            "fingerprint": "e4:9f:14:f0:57:f2:9c:01:84:ae:46:fe:ff:01:49:61",
            "id": "london-key-pair",
            "key_name": "london-key-pair",
            "key_name_prefix": "",
            "key_pair_id": "key-017cd59d2046e5068",
            "key_type": "rsa",
            "public_key": "ssh-rsa AAAAB3NzaC1yc2EAAAADAQABAAACAQCbE9F238My3zGImed7n5Vurx1rPt3W2q8IleBco4MzekXlj6q5XlHg2Vm1bD2jokltPrVrhKqIpW3qOP+zB8GU5LRIUl1l/Dq0xRpMkiwjrba23JgNZ7GLftEfzjzO0aT4nmnXY2M2Dk2Eg89A97MzCVBFTss5utzazFwO0GplQ504+cM9rAdMgvp7n+H1IxodlvyK2LVvsKD+Td7ACSU4JwbL5zeEcjhys7xgsppNKpvVFBLej3vlxQwcHehkdcKldnrNrq9ZWhcK/3TyhOi3m+oofjajECkJVxi4wr2Q7SQkf9JzSaZErcyAQEZPcuocshOjNUwA9xJ+K1LviXNj2KqAM6wcdQnsX4CGjAoo6hMNbc1EzBhH5RDJ4N81KV0Fdy+14ergaAU60n7hWx+7kZq7JmFM/DoD1hXXRn19/M5mdN0nQqfKbQ1K73PGPT/LspnU6e63zqk1b71XQBLAE5+phWjzkpbCXcVxL48pxbZvNcYBwtEFdiObvVnYaIxAU4pJNhvWjFlow7/DMZHMgJvxf0dBeOUGDGFiHIJwJfY73x7UcmWxDLzS36KNTi6Qzo4zuApTKfNiKx9TylMihAPctf4tsk+Qh6/YQBhKOk1dYJ5VX+4QWjvRybElQ8Au91J+lmGe/cZZDKrNMc4u6q0WyuwaXS8hnHuzIA+S4w== graph@DESKTOP-7AN17IG",
            "tags": null,
            "tags_all": {}
          },
          "sensitive_attributes": [],
          "private": "eyJzY2hlbWFfdmVyc2lvbiI6IjEifQ=="
        }
      ]
    },
    {
      "mode": "managed",
      "type": "aws_key_pair",
      "name": "newyork-key-pair",
      "provider": "provider[\"registry.terraform.io/hashicorp/aws\"].new-york",
      "instances": [
        {
          "schema_version": 1,
          "attributes": {
            "arn": "arn:aws:ec2:us-east-1:495599735872:key-pair/newyork-key-pair",
            "fingerprint": "e4:9f:14:f0:57:f2:9c:01:84:ae:46:fe:ff:01:49:61",
            "id": "newyork-key-pair",
            "key_name": "newyork-key-pair",
            "key_name_prefix": "",
            "key_pair_id": "key-07570989bc1f6b5b3",
            "key_type": "rsa",
            "public_key": "ssh-rsa AAAAB3NzaC1yc2EAAAADAQABAAACAQCbE9F238My3zGImed7n5Vurx1rPt3W2q8IleBco4MzekXlj6q5XlHg2Vm1bD2jokltPrVrhKqIpW3qOP+zB8GU5LRIUl1l/Dq0xRpMkiwjrba23JgNZ7GLftEfzjzO0aT4nmnXY2M2Dk2Eg89A97MzCVBFTss5utzazFwO0GplQ504+cM9rAdMgvp7n+H1IxodlvyK2LVvsKD+Td7ACSU4JwbL5zeEcjhys7xgsppNKpvVFBLej3vlxQwcHehkdcKldnrNrq9ZWhcK/3TyhOi3m+oofjajECkJVxi4wr2Q7SQkf9JzSaZErcyAQEZPcuocshOjNUwA9xJ+K1LviXNj2KqAM6wcdQnsX4CGjAoo6hMNbc1EzBhH5RDJ4N81KV0Fdy+14ergaAU60n7hWx+7kZq7JmFM/DoD1hXXRn19/M5mdN0nQqfKbQ1K73PGPT/LspnU6e63zqk1b71XQBLAE5+phWjzkpbCXcVxL48pxbZvNcYBwtEFdiObvVnYaIxAU4pJNhvWjFlow7/DMZHMgJvxf0dBeOUGDGFiHIJwJfY73x7UcmWxDLzS36KNTi6Qzo4zuApTKfNiKx9TylMihAPctf4tsk+Qh6/YQBhKOk1dYJ5VX+4QWjvRybElQ8Au91J+lmGe/cZZDKrNMc4u6q0WyuwaXS8hnHuzIA+S4w== graph@DESKTOP-7AN17IG",
            "tags": null,
            "tags_all": {}
          },
          "sensitive_attributes": [],
          "private": "eyJzY2hlbWFfdmVyc2lvbiI6IjEifQ=="
        }
      ]
    },
    {
      "mode": "managed",
      "type": "aws_key_pair",
      "name": "saopaulo-key-pair",
      "provider": "provider[\"registry.terraform.io/hashicorp/aws\"].sao-paulo",
      "instances": [
        {
          "schema_version": 1,
          "attributes": {
            "arn": "arn:aws:ec2:sa-east-1:495599735872:key-pair/saopaulo-key-pair",
            "fingerprint": "e4:9f:14:f0:57:f2:9c:01:84:ae:46:fe:ff:01:49:61",
            "id": "saopaulo-key-pair",
            "key_name": "saopaulo-key-pair",
            "key_name_prefix": "",
            "key_pair_id": "key-081a11c312e6f3b96",
            "key_type": "rsa",
            "public_key": "ssh-rsa AAAAB3NzaC1yc2EAAAADAQABAAACAQCbE9F238My3zGImed7n5Vurx1rPt3W2q8IleBco4MzekXlj6q5XlHg2Vm1bD2jokltPrVrhKqIpW3qOP+zB8GU5LRIUl1l/Dq0xRpMkiwjrba23JgNZ7GLftEfzjzO0aT4nmnXY2M2Dk2Eg89A97MzCVBFTss5utzazFwO0GplQ504+cM9rAdMgvp7n+H1IxodlvyK2LVvsKD+Td7ACSU4JwbL5zeEcjhys7xgsppNKpvVFBLej3vlxQwcHehkdcKldnrNrq9ZWhcK/3TyhOi3m+oofjajECkJVxi4wr2Q7SQkf9JzSaZErcyAQEZPcuocshOjNUwA9xJ+K1LviXNj2KqAM6wcdQnsX4CGjAoo6hMNbc1EzBhH5RDJ4N81KV0Fdy+14ergaAU60n7hWx+7kZq7JmFM/DoD1hXXRn19/M5mdN0nQqfKbQ1K73PGPT/LspnU6e63zqk1b71XQBLAE5+phWjzkpbCXcVxL48pxbZvNcYBwtEFdiObvVnYaIxAU4pJNhvWjFlow7/DMZHMgJvxf0dBeOUGDGFiHIJwJfY73x7UcmWxDLzS36KNTi6Qzo4zuApTKfNiKx9TylMihAPctf4tsk+Qh6/YQBhKOk1dYJ5VX+4QWjvRybElQ8Au91J+lmGe/cZZDKrNMc4u6q0WyuwaXS8hnHuzIA+S4w== graph@DESKTOP-7AN17IG",
            "tags": null,
            "tags_all": {}
          },
          "sensitive_attributes": [],
          "private": "eyJzY2hlbWFfdmVyc2lvbiI6IjEifQ=="
        }
      ]
    },
    {
      "mode": "managed",
      "type": "aws_key_pair",
      "name": "tokyo-key-pair",
      "provider": "provider[\"registry.terraform.io/hashicorp/aws\"].tokyo",
      "instances": [
        {
          "schema_version": 1,
          "attributes": {
            "arn": "arn:aws:ec2:ap-northeast-1:495599735872:key-pair/tokyo-key-pair",
            "fingerprint": "e4:9f:14:f0:57:f2:9c:01:84:ae:46:fe:ff:01:49:61",
            "id": "tokyo-key-pair",
            "key_name": "tokyo-key-pair",
            "key_name_prefix": "",
            "key_pair_id": "key-0ee31e67185283baa",
            "key_type": "rsa",
            "public_key": "ssh-rsa AAAAB3NzaC1yc2EAAAADAQABAAACAQCbE9F238My3zGImed7n5Vurx1rPt3W2q8IleBco4MzekXlj6q5XlHg2Vm1bD2jokltPrVrhKqIpW3qOP+zB8GU5LRIUl1l/Dq0xRpMkiwjrba23JgNZ7GLftEfzjzO0aT4nmnXY2M2Dk2Eg89A97MzCVBFTss5utzazFwO0GplQ504+cM9rAdMgvp7n+H1IxodlvyK2LVvsKD+Td7ACSU4JwbL5zeEcjhys7xgsppNKpvVFBLej3vlxQwcHehkdcKldnrNrq9ZWhcK/3TyhOi3m+oofjajECkJVxi4wr2Q7SQkf9JzSaZErcyAQEZPcuocshOjNUwA9xJ+K1LviXNj2KqAM6wcdQnsX4CGjAoo6hMNbc1EzBhH5RDJ4N81KV0Fdy+14ergaAU60n7hWx+7kZq7JmFM/DoD1hXXRn19/M5mdN0nQqfKbQ1K73PGPT/LspnU6e63zqk1b71XQBLAE5+phWjzkpbCXcVxL48pxbZvNcYBwtEFdiObvVnYaIxAU4pJNhvWjFlow7/DMZHMgJvxf0dBeOUGDGFiHIJwJfY73x7UcmWxDLzS36KNTi6Qzo4zuApTKfNiKx9TylMihAPctf4tsk+Qh6/YQBhKOk1dYJ5VX+4QWjvRybElQ8Au91J+lmGe/cZZDKrNMc4u6q0WyuwaXS8hnHuzIA+S4w== graph@DESKTOP-7AN17IG",
            "tags": null,
            "tags_all": {}
          },
          "sensitive_attributes": [],
          "private": "eyJzY2hlbWFfdmVyc2lvbiI6IjEifQ=="
        }
      ]
    },
    {
      "mode": "managed",
      "type": "aws_launch_template",
      "name": "australia-LT",
      "provider": "provider[\"registry.terraform.io/hashicorp/aws\"].australia",
      "instances": [
        {
          "schema_version": 0,
          "attributes": {
            "arn": "arn:aws:ec2:ap-southeast-2:495599735872:launch-template/lt-0f3f7db0815216594",
            "block_device_mappings": [],
            "capacity_reservation_specification": [],
            "cpu_options": [],
            "credit_specification": [],
            "default_version": 1,
            "description": "",
            "disable_api_stop": false,
            "disable_api_termination": false,
            "ebs_optimized": "",
            "elastic_gpu_specifications": [],
            "elastic_inference_accelerator": [],
            "enclave_options": [],
            "hibernation_options": [],
            "iam_instance_profile": [],
            "id": "lt-0f3f7db0815216594",
            "image_id": "ami-0d6560f3176dc9ec0",
            "instance_initiated_shutdown_behavior": "",
            "instance_market_options": [],
            "instance_requirements": [],
            "instance_type": "t2.micro",
            "kernel_id": "",
            "key_name": "australia-key-pair",
            "latest_version": 1,
            "license_specification": [],
            "maintenance_options": [],
            "metadata_options": [],
            "monitoring": [],
            "name": "australia-LT20241214040032285300000003",
            "name_prefix": "australia-LT",
            "network_interfaces": [],
            "placement": [],
            "private_dns_name_options": [],
            "ram_disk_id": "",
            "security_group_names": null,
            "tag_specifications": [
              {
                "resource_type": "instance",
                "tags": {
                  "Name": "australia-LT",
                  "Owner": "MATTRESS AVENGERS",
                  "Service": "Armageddon Phase 1"
                }
              }
            ],
            "tags": null,
            "tags_all": {},
            "update_default_version": null,
            "user_data": "IyEvYmluL2Jhc2gKeXVtIHVwZGF0ZSAteQp5dW0gaW5zdGFsbCAteSBodHRwZApzeXN0ZW1jdGwgc3RhcnQgaHR0cGQKc3lzdGVtY3RsIGVuYWJsZSBodHRwZAoKIyBHZXQgdGhlIElNRFN2MiB0b2tlbgpUT0tFTj0kKGN1cmwgLVggUFVUICJodHRwOi8vMTY5LjI1NC4xNjkuMjU0L2xhdGVzdC9hcGkvdG9rZW4iIC1IICJYLWF3cy1lYzItbWV0YWRhdGEtdG9rZW4tdHRsLXNlY29uZHM6IDIxNjAwIikKCiMgQmFja2dyb3VuZCB0aGUgY3VybCByZXF1ZXN0cwpjdXJsIC1IICJYLWF3cy1lYzItbWV0YWRhdGEtdG9rZW46ICRUT0tFTiIgLXMgaHR0cDovLzE2OS4yNTQuMTY5LjI1NC9sYXRlc3QvbWV0YS1kYXRhL2xvY2FsLWlwdjQgJj4gL3RtcC9sb2NhbF9pcHY0ICYKY3VybCAtSCAiWC1hd3MtZWMyLW1ldGFkYXRhLXRva2VuOiAkVE9LRU4iIC1zIGh0dHA6Ly8xNjkuMjU0LjE2OS4yNTQvbGF0ZXN0L21ldGEtZGF0YS9wbGFjZW1lbnQvYXZhaWxhYmlsaXR5LXpvbmUgJj4gL3RtcC9heiAmCmN1cmwgLUggIlgtYXdzLWVjMi1tZXRhZGF0YS10b2tlbjogJFRPS0VOIiAtcyBodHRwOi8vMTY5LjI1NC4xNjkuMjU0L2xhdGVzdC9tZXRhLWRhdGEvbmV0d29yay9pbnRlcmZhY2VzL21hY3MvICY+IC90bXAvbWFjaWQgJgp3YWl0CgptYWNpZD0kKGNhdCAvdG1wL21hY2lkKQpsb2NhbF9pcHY0PSQoY2F0IC90bXAvbG9jYWxfaXB2NCkKYXo9JChjYXQgL3RtcC9heikKdnBjPSQoY3VybCAtSCAiWC1hd3MtZWMyLW1ldGFkYXRhLXRva2VuOiAkVE9LRU4iIC1zIGh0dHA6Ly8xNjkuMjU0LjE2OS4yNTQvbGF0ZXN0L21ldGEtZGF0YS9uZXR3b3JrL2ludGVyZmFjZXMvbWFjcy8kbWFjaWQvdnBjLWlkKQoKIyBDcmVhdGUgSFRNTCBmaWxlCmNhdCA8PC1IVE1MID4gL3Zhci93d3cvaHRtbC9pbmRleC5odG1sCjwhZG9jdHlwZSBodG1sPgo8aHRtbCBsYW5nPSJlbiIgY2xhc3M9ImgtMTAwIj4KPGhlYWQ+Cjx0aXRsZT5DYXNleSBNb3JyaXMgLSBDbGFzcyA2PC90aXRsZT4KPC9oZWFkPgo8Ym9keT4KPGRpdj4KPGgxPk1hdHRyZXNzIEF2ZW5nZXJzIEFybWFnZWRkb248L2gxPgo8aDE+Q2hhaW5zIEJyb2tlbiBpbiBBdXN0cmFsaWE8L2gxPgo8cD48Yj5JbnN0YW5jZSBOYW1lOjwvYj4gJChob3N0bmFtZSAtZikgPC9wPgo8cD48Yj5JbnN0YW5jZSBQcml2YXRlIElwIEFkZHJlc3M6IDwvYj4gJGxvY2FsX2lwdjQ8L3A+CjxwPjxiPkF2YWlsYWJpbGl0eSBab25lOiA8L2I+ICRhejwvcD4KPHA+PGI+VmlydHVhbCBQcml2YXRlIENsb3VkIChWUEMpOjwvYj4gJHZwYzwvcD4KPC9kaXY+CjwvYm9keT4KPC9odG1sPgpIVE1MCgojIENsZWFuIHVwIHRoZSB0ZW1wIGZpbGVzCnJtIC1mIC90bXAvbG9jYWxfaXB2NCAvdG1wL2F6IC90bXAvbWFjaWQK",
            "vpc_security_group_ids": [
              "sg-04e3ba8b10a97e402"
            ]
          },
          "sensitive_attributes": [],
          "private": "bnVsbA==",
          "dependencies": [
            "aws_security_group.australia-SG01-ASG01",
            "aws_vpc.australia-vpc",
            "data.aws_ami.australia-ami"
          ],
          "create_before_destroy": true
        }
      ]
    },
    {
      "mode": "managed",
      "type": "aws_launch_template",
      "name": "california-LT",
      "provider": "provider[\"registry.terraform.io/hashicorp/aws\"].california",
      "instances": [
        {
          "schema_version": 0,
          "attributes": {
            "arn": "arn:aws:ec2:us-west-1:495599735872:launch-template/lt-0ce71c3a17af5700a",
            "block_device_mappings": [],
            "capacity_reservation_specification": [],
            "cpu_options": [],
            "credit_specification": [],
            "default_version": 1,
            "description": "",
            "disable_api_stop": false,
            "disable_api_termination": false,
            "ebs_optimized": "",
            "elastic_gpu_specifications": [],
            "elastic_inference_accelerator": [],
            "enclave_options": [],
            "hibernation_options": [],
            "iam_instance_profile": [],
            "id": "lt-0ce71c3a17af5700a",
            "image_id": "ami-0aa117785d1c1bfe5",
            "instance_initiated_shutdown_behavior": "",
            "instance_market_options": [],
            "instance_requirements": [],
            "instance_type": "t2.micro",
            "kernel_id": "",
            "key_name": "california-key-pair",
            "latest_version": 1,
            "license_specification": [],
            "maintenance_options": [],
            "metadata_options": [],
            "monitoring": [],
            "name": "california-LT20241214035837640600000003",
            "name_prefix": "california-LT",
            "network_interfaces": [],
            "placement": [],
            "private_dns_name_options": [],
            "ram_disk_id": "",
            "security_group_names": null,
            "tag_specifications": [
              {
                "resource_type": "instance",
                "tags": {
                  "Name": "california-LT",
                  "Owner": "MATTRESS AVENGERS",
                  "Service": "Armageddon Phase 1"
                }
              }
            ],
            "tags": null,
            "tags_all": {},
            "update_default_version": null,
            "user_data": "IyEvYmluL2Jhc2gKeXVtIHVwZGF0ZSAteQp5dW0gaW5zdGFsbCAteSBodHRwZApzeXN0ZW1jdGwgc3RhcnQgaHR0cGQKc3lzdGVtY3RsIGVuYWJsZSBodHRwZAoKIyBHZXQgdGhlIElNRFN2MiB0b2tlbgpUT0tFTj0kKGN1cmwgLVggUFVUICJodHRwOi8vMTY5LjI1NC4xNjkuMjU0L2xhdGVzdC9hcGkvdG9rZW4iIC1IICJYLWF3cy1lYzItbWV0YWRhdGEtdG9rZW4tdHRsLXNlY29uZHM6IDIxNjAwIikKCiMgQmFja2dyb3VuZCB0aGUgY3VybCByZXF1ZXN0cwpjdXJsIC1IICJYLWF3cy1lYzItbWV0YWRhdGEtdG9rZW46ICRUT0tFTiIgLXMgaHR0cDovLzE2OS4yNTQuMTY5LjI1NC9sYXRlc3QvbWV0YS1kYXRhL2xvY2FsLWlwdjQgJj4gL3RtcC9sb2NhbF9pcHY0ICYKY3VybCAtSCAiWC1hd3MtZWMyLW1ldGFkYXRhLXRva2VuOiAkVE9LRU4iIC1zIGh0dHA6Ly8xNjkuMjU0LjE2OS4yNTQvbGF0ZXN0L21ldGEtZGF0YS9wbGFjZW1lbnQvYXZhaWxhYmlsaXR5LXpvbmUgJj4gL3RtcC9heiAmCmN1cmwgLUggIlgtYXdzLWVjMi1tZXRhZGF0YS10b2tlbjogJFRPS0VOIiAtcyBodHRwOi8vMTY5LjI1NC4xNjkuMjU0L2xhdGVzdC9tZXRhLWRhdGEvbmV0d29yay9pbnRlcmZhY2VzL21hY3MvICY+IC90bXAvbWFjaWQgJgp3YWl0CgptYWNpZD0kKGNhdCAvdG1wL21hY2lkKQpsb2NhbF9pcHY0PSQoY2F0IC90bXAvbG9jYWxfaXB2NCkKYXo9JChjYXQgL3RtcC9heikKdnBjPSQoY3VybCAtSCAiWC1hd3MtZWMyLW1ldGFkYXRhLXRva2VuOiAkVE9LRU4iIC1zIGh0dHA6Ly8xNjkuMjU0LjE2OS4yNTQvbGF0ZXN0L21ldGEtZGF0YS9uZXR3b3JrL2ludGVyZmFjZXMvbWFjcy8kbWFjaWQvdnBjLWlkKQoKIyBDcmVhdGUgSFRNTCBmaWxlCmNhdCA8PC1IVE1MID4gL3Zhci93d3cvaHRtbC9pbmRleC5odG1sCjwhZG9jdHlwZSBodG1sPgo8aHRtbCBsYW5nPSJlbiIgY2xhc3M9ImgtMTAwIj4KPGhlYWQ+Cjx0aXRsZT5DYXNleSBNb3JyaXMgLSBDbGFzcyA2PC90aXRsZT4KPC9oZWFkPgo8Ym9keT4KPGRpdj4KPGgxPk1hdHRyZXNzIEF2ZW5nZXJzIEFybWFnZWRkb248L2gxPgo8aDE+Q2hhaW5zIEJyb2tlbiBpbiBDYWxpZm9ybmlhPC9oMT4KPHA+PGI+SW5zdGFuY2UgTmFtZTo8L2I+ICQoaG9zdG5hbWUgLWYpIDwvcD4KPHA+PGI+SW5zdGFuY2UgUHJpdmF0ZSBJcCBBZGRyZXNzOiA8L2I+ICRsb2NhbF9pcHY0PC9wPgo8cD48Yj5BdmFpbGFiaWxpdHkgWm9uZTogPC9iPiAkYXo8L3A+CjxwPjxiPlZpcnR1YWwgUHJpdmF0ZSBDbG91ZCAoVlBDKTo8L2I+ICR2cGM8L3A+CjwvZGl2Pgo8L2JvZHk+CjwvaHRtbD4KSFRNTAoKIyBDbGVhbiB1cCB0aGUgdGVtcCBmaWxlcwpybSAtZiAvdG1wL2xvY2FsX2lwdjQgL3RtcC9heiAvdG1wL21hY2lkCg==",
            "vpc_security_group_ids": [
              "sg-0e8a9de62a03518e0"
            ]
          },
          "sensitive_attributes": [],
          "private": "bnVsbA==",
          "dependencies": [
            "aws_security_group.california-SG01-ASG01",
            "aws_vpc.california-vpc",
            "data.aws_ami.california-ami"
          ],
          "create_before_destroy": true
        }
      ]
    },
    {
      "mode": "managed",
      "type": "aws_launch_template",
      "name": "hongkong-LT",
      "provider": "provider[\"registry.terraform.io/hashicorp/aws\"].hong-kong",
      "instances": [
        {
          "schema_version": 0,
          "attributes": {
            "arn": "arn:aws:ec2:ap-east-1:495599735872:launch-template/lt-0715f22611843e1e7",
            "block_device_mappings": [],
            "capacity_reservation_specification": [],
            "cpu_options": [],
            "credit_specification": [],
            "default_version": 1,
            "description": "",
            "disable_api_stop": false,
            "disable_api_termination": false,
            "ebs_optimized": "",
            "elastic_gpu_specifications": [],
            "elastic_inference_accelerator": [],
            "enclave_options": [],
            "hibernation_options": [],
            "iam_instance_profile": [],
            "id": "lt-0715f22611843e1e7",
            "image_id": "ami-0a7ea1800b4d7a034",
            "instance_initiated_shutdown_behavior": "",
            "instance_market_options": [],
            "instance_requirements": [],
            "instance_type": "t3.micro",
            "kernel_id": "",
            "key_name": "hongkong-key-pair",
            "latest_version": 1,
            "license_specification": [],
            "maintenance_options": [],
            "metadata_options": [],
            "monitoring": [],
            "name": "hongkong-LT20241214035859640900000003",
            "name_prefix": "hongkong-LT",
            "network_interfaces": [],
            "placement": [],
            "private_dns_name_options": [],
            "ram_disk_id": "",
            "security_group_names": null,
            "tag_specifications": [
              {
                "resource_type": "instance",
                "tags": {
                  "Name": "hongkong-LT",
                  "Owner": "MATTRESS AVENGERS",
                  "Service": "Armageddon Phase 1"
                }
              }
            ],
            "tags": null,
            "tags_all": {},
            "update_default_version": null,
            "user_data": "IyEvYmluL2Jhc2gKeXVtIHVwZGF0ZSAteQp5dW0gaW5zdGFsbCAteSBodHRwZApzeXN0ZW1jdGwgc3RhcnQgaHR0cGQKc3lzdGVtY3RsIGVuYWJsZSBodHRwZAoKIyBHZXQgdGhlIElNRFN2MiB0b2tlbgpUT0tFTj0kKGN1cmwgLVggUFVUICJodHRwOi8vMTY5LjI1NC4xNjkuMjU0L2xhdGVzdC9hcGkvdG9rZW4iIC1IICJYLWF3cy1lYzItbWV0YWRhdGEtdG9rZW4tdHRsLXNlY29uZHM6IDIxNjAwIikKCiMgQmFja2dyb3VuZCB0aGUgY3VybCByZXF1ZXN0cwpjdXJsIC1IICJYLWF3cy1lYzItbWV0YWRhdGEtdG9rZW46ICRUT0tFTiIgLXMgaHR0cDovLzE2OS4yNTQuMTY5LjI1NC9sYXRlc3QvbWV0YS1kYXRhL2xvY2FsLWlwdjQgJj4gL3RtcC9sb2NhbF9pcHY0ICYKY3VybCAtSCAiWC1hd3MtZWMyLW1ldGFkYXRhLXRva2VuOiAkVE9LRU4iIC1zIGh0dHA6Ly8xNjkuMjU0LjE2OS4yNTQvbGF0ZXN0L21ldGEtZGF0YS9wbGFjZW1lbnQvYXZhaWxhYmlsaXR5LXpvbmUgJj4gL3RtcC9heiAmCmN1cmwgLUggIlgtYXdzLWVjMi1tZXRhZGF0YS10b2tlbjogJFRPS0VOIiAtcyBodHRwOi8vMTY5LjI1NC4xNjkuMjU0L2xhdGVzdC9tZXRhLWRhdGEvbmV0d29yay9pbnRlcmZhY2VzL21hY3MvICY+IC90bXAvbWFjaWQgJgp3YWl0CgptYWNpZD0kKGNhdCAvdG1wL21hY2lkKQpsb2NhbF9pcHY0PSQoY2F0IC90bXAvbG9jYWxfaXB2NCkKYXo9JChjYXQgL3RtcC9heikKdnBjPSQoY3VybCAtSCAiWC1hd3MtZWMyLW1ldGFkYXRhLXRva2VuOiAkVE9LRU4iIC1zIGh0dHA6Ly8xNjkuMjU0LjE2OS4yNTQvbGF0ZXN0L21ldGEtZGF0YS9uZXR3b3JrL2ludGVyZmFjZXMvbWFjcy8kbWFjaWQvdnBjLWlkKQoKIyBDcmVhdGUgSFRNTCBmaWxlCmNhdCA8PC1IVE1MID4gL3Zhci93d3cvaHRtbC9pbmRleC5odG1sCjwhZG9jdHlwZSBodG1sPgo8aHRtbCBsYW5nPSJlbiIgY2xhc3M9ImgtMTAwIj4KPGhlYWQ+Cjx0aXRsZT5DYXNleSBNb3JyaXMgLSBDbGFzcyA2PC90aXRsZT4KPC9oZWFkPgo8Ym9keT4KPGRpdj4KPGgxPk1hdHRyZXNzIEF2ZW5nZXJzIEFybWFnZWRkb248L2gxPgo8aDE+Q2hhaW5zIEJyb2tlbiBpbiBIb25nIEtvbmc8L2gxPgo8cD48Yj5JbnN0YW5jZSBOYW1lOjwvYj4gJChob3N0bmFtZSAtZikgPC9wPgo8cD48Yj5JbnN0YW5jZSBQcml2YXRlIElwIEFkZHJlc3M6IDwvYj4gJGxvY2FsX2lwdjQ8L3A+CjxwPjxiPkF2YWlsYWJpbGl0eSBab25lOiA8L2I+ICRhejwvcD4KPHA+PGI+VmlydHVhbCBQcml2YXRlIENsb3VkIChWUEMpOjwvYj4gJHZwYzwvcD4KPC9kaXY+CjwvYm9keT4KPC9odG1sPgpIVE1MCgojIENsZWFuIHVwIHRoZSB0ZW1wIGZpbGVzCnJtIC1mIC90bXAvbG9jYWxfaXB2NCAvdG1wL2F6IC90bXAvbWFjaWQK",
            "vpc_security_group_ids": [
              "sg-07fc45e6cdff7fe04"
            ]
          },
          "sensitive_attributes": [],
          "private": "bnVsbA==",
          "dependencies": [
            "aws_security_group.hongkong-SG01-ASG01",
            "aws_vpc.hongkong-vpc",
            "data.aws_ami.hongkong-ami"
          ],
          "create_before_destroy": true
        }
      ]
    },
    {
      "mode": "managed",
      "type": "aws_launch_template",
      "name": "london-LT",
      "provider": "provider[\"registry.terraform.io/hashicorp/aws\"].london",
      "instances": [
        {
          "schema_version": 0,
          "attributes": {
            "arn": "arn:aws:ec2:eu-west-2:495599735872:launch-template/lt-01d56cfc70ccd50ac",
            "block_device_mappings": [],
            "capacity_reservation_specification": [],
            "cpu_options": [],
            "credit_specification": [],
            "default_version": 1,
            "description": "",
            "disable_api_stop": false,
            "disable_api_termination": false,
            "ebs_optimized": "",
            "elastic_gpu_specifications": [],
            "elastic_inference_accelerator": [],
            "enclave_options": [],
            "hibernation_options": [],
            "iam_instance_profile": [],
            "id": "lt-01d56cfc70ccd50ac",
            "image_id": "ami-019374baf467d6601",
            "instance_initiated_shutdown_behavior": "",
            "instance_market_options": [],
            "instance_requirements": [],
            "instance_type": "t2.micro",
            "kernel_id": "",
            "key_name": "london-key-pair",
            "latest_version": 1,
            "license_specification": [],
            "maintenance_options": [],
            "metadata_options": [],
            "monitoring": [],
            "name": "london-LT20241214035831596400000003",
            "name_prefix": "london-LT",
            "network_interfaces": [],
            "placement": [],
            "private_dns_name_options": [],
            "ram_disk_id": "",
            "security_group_names": null,
            "tag_specifications": [
              {
                "resource_type": "instance",
                "tags": {
                  "Name": "london-LT",
                  "Owner": "MATTRESS AVENGERS",
                  "Service": "Armageddon Phase 1"
                }
              }
            ],
            "tags": null,
            "tags_all": {},
            "update_default_version": null,
            "user_data": "IyEvYmluL2Jhc2gKeXVtIHVwZGF0ZSAteQp5dW0gaW5zdGFsbCAteSBodHRwZApzeXN0ZW1jdGwgc3RhcnQgaHR0cGQKc3lzdGVtY3RsIGVuYWJsZSBodHRwZAoKIyBHZXQgdGhlIElNRFN2MiB0b2tlbgpUT0tFTj0kKGN1cmwgLVggUFVUICJodHRwOi8vMTY5LjI1NC4xNjkuMjU0L2xhdGVzdC9hcGkvdG9rZW4iIC1IICJYLWF3cy1lYzItbWV0YWRhdGEtdG9rZW4tdHRsLXNlY29uZHM6IDIxNjAwIikKCiMgQmFja2dyb3VuZCB0aGUgY3VybCByZXF1ZXN0cwpjdXJsIC1IICJYLWF3cy1lYzItbWV0YWRhdGEtdG9rZW46ICRUT0tFTiIgLXMgaHR0cDovLzE2OS4yNTQuMTY5LjI1NC9sYXRlc3QvbWV0YS1kYXRhL2xvY2FsLWlwdjQgJj4gL3RtcC9sb2NhbF9pcHY0ICYKY3VybCAtSCAiWC1hd3MtZWMyLW1ldGFkYXRhLXRva2VuOiAkVE9LRU4iIC1zIGh0dHA6Ly8xNjkuMjU0LjE2OS4yNTQvbGF0ZXN0L21ldGEtZGF0YS9wbGFjZW1lbnQvYXZhaWxhYmlsaXR5LXpvbmUgJj4gL3RtcC9heiAmCmN1cmwgLUggIlgtYXdzLWVjMi1tZXRhZGF0YS10b2tlbjogJFRPS0VOIiAtcyBodHRwOi8vMTY5LjI1NC4xNjkuMjU0L2xhdGVzdC9tZXRhLWRhdGEvbmV0d29yay9pbnRlcmZhY2VzL21hY3MvICY+IC90bXAvbWFjaWQgJgp3YWl0CgptYWNpZD0kKGNhdCAvdG1wL21hY2lkKQpsb2NhbF9pcHY0PSQoY2F0IC90bXAvbG9jYWxfaXB2NCkKYXo9JChjYXQgL3RtcC9heikKdnBjPSQoY3VybCAtSCAiWC1hd3MtZWMyLW1ldGFkYXRhLXRva2VuOiAkVE9LRU4iIC1zIGh0dHA6Ly8xNjkuMjU0LjE2OS4yNTQvbGF0ZXN0L21ldGEtZGF0YS9uZXR3b3JrL2ludGVyZmFjZXMvbWFjcy8kbWFjaWQvdnBjLWlkKQoKIyBDcmVhdGUgSFRNTCBmaWxlCmNhdCA8PC1IVE1MID4gL3Zhci93d3cvaHRtbC9pbmRleC5odG1sCjwhZG9jdHlwZSBodG1sPgo8aHRtbCBsYW5nPSJlbiIgY2xhc3M9ImgtMTAwIj4KPGhlYWQ+Cjx0aXRsZT5DYXNleSBNb3JyaXMgLSBDbGFzcyA2PC90aXRsZT4KPC9oZWFkPgo8Ym9keT4KPGRpdj4KPGgxPk1hdHRyZXNzIEF2ZW5nZXJzIEFybWFnZWRkb248L2gxPgo8aDE+Q2hhaW5zIEJyb2tlbiBpbiBMb25kb248L2gxPgo8cD48Yj5JbnN0YW5jZSBOYW1lOjwvYj4gJChob3N0bmFtZSAtZikgPC9wPgo8cD48Yj5JbnN0YW5jZSBQcml2YXRlIElwIEFkZHJlc3M6IDwvYj4gJGxvY2FsX2lwdjQ8L3A+CjxwPjxiPkF2YWlsYWJpbGl0eSBab25lOiA8L2I+ICRhejwvcD4KPHA+PGI+VmlydHVhbCBQcml2YXRlIENsb3VkIChWUEMpOjwvYj4gJHZwYzwvcD4KPC9kaXY+CjwvYm9keT4KPC9odG1sPgpIVE1MCgojIENsZWFuIHVwIHRoZSB0ZW1wIGZpbGVzCnJtIC1mIC90bXAvbG9jYWxfaXB2NCAvdG1wL2F6IC90bXAvbWFjaWQK",
            "vpc_security_group_ids": [
              "sg-09da8daf5c4fc2099"
            ]
          },
          "sensitive_attributes": [],
          "private": "bnVsbA==",
          "dependencies": [
            "aws_security_group.london-SG01-ASG01",
            "aws_vpc.london-vpc",
            "data.aws_ami.london-ami"
          ],
          "create_before_destroy": true
        }
      ]
    },
    {
      "mode": "managed",
      "type": "aws_launch_template",
      "name": "newyork-LT",
      "provider": "provider[\"registry.terraform.io/hashicorp/aws\"].new-york",
      "instances": [
        {
          "schema_version": 0,
          "attributes": {
            "arn": "arn:aws:ec2:us-east-1:495599735872:launch-template/lt-0b10290df955d78d5",
            "block_device_mappings": [],
            "capacity_reservation_specification": [],
            "cpu_options": [],
            "credit_specification": [],
            "default_version": 1,
            "description": "",
            "disable_api_stop": false,
            "disable_api_termination": false,
            "ebs_optimized": "",
            "elastic_gpu_specifications": [],
            "elastic_inference_accelerator": [],
            "enclave_options": [],
            "hibernation_options": [],
            "iam_instance_profile": [],
            "id": "lt-0b10290df955d78d5",
            "image_id": "ami-01816d07b1128cd2d",
            "instance_initiated_shutdown_behavior": "",
            "instance_market_options": [],
            "instance_requirements": [],
            "instance_type": "t2.micro",
            "kernel_id": "",
            "key_name": "newyork-key-pair",
            "latest_version": 1,
            "license_specification": [],
            "maintenance_options": [],
            "metadata_options": [],
            "monitoring": [],
            "name": "newyork-LT20241214035830685100000003",
            "name_prefix": "newyork-LT",
            "network_interfaces": [],
            "placement": [],
            "private_dns_name_options": [],
            "ram_disk_id": "",
            "security_group_names": null,
            "tag_specifications": [
              {
                "resource_type": "instance",
                "tags": {
                  "Name": "newyork-LT",
                  "Owner": "MATTRESS AVENGERS",
                  "Service": "Armageddon Phase 1"
                }
              }
            ],
            "tags": null,
            "tags_all": {},
            "update_default_version": null,
            "user_data": "IyEvYmluL2Jhc2gKeXVtIHVwZGF0ZSAteQp5dW0gaW5zdGFsbCAteSBodHRwZApzeXN0ZW1jdGwgc3RhcnQgaHR0cGQKc3lzdGVtY3RsIGVuYWJsZSBodHRwZAoKIyBHZXQgdGhlIElNRFN2MiB0b2tlbgpUT0tFTj0kKGN1cmwgLVggUFVUICJodHRwOi8vMTY5LjI1NC4xNjkuMjU0L2xhdGVzdC9hcGkvdG9rZW4iIC1IICJYLWF3cy1lYzItbWV0YWRhdGEtdG9rZW4tdHRsLXNlY29uZHM6IDIxNjAwIikKCiMgQmFja2dyb3VuZCB0aGUgY3VybCByZXF1ZXN0cwpjdXJsIC1IICJYLWF3cy1lYzItbWV0YWRhdGEtdG9rZW46ICRUT0tFTiIgLXMgaHR0cDovLzE2OS4yNTQuMTY5LjI1NC9sYXRlc3QvbWV0YS1kYXRhL2xvY2FsLWlwdjQgJj4gL3RtcC9sb2NhbF9pcHY0ICYKY3VybCAtSCAiWC1hd3MtZWMyLW1ldGFkYXRhLXRva2VuOiAkVE9LRU4iIC1zIGh0dHA6Ly8xNjkuMjU0LjE2OS4yNTQvbGF0ZXN0L21ldGEtZGF0YS9wbGFjZW1lbnQvYXZhaWxhYmlsaXR5LXpvbmUgJj4gL3RtcC9heiAmCmN1cmwgLUggIlgtYXdzLWVjMi1tZXRhZGF0YS10b2tlbjogJFRPS0VOIiAtcyBodHRwOi8vMTY5LjI1NC4xNjkuMjU0L2xhdGVzdC9tZXRhLWRhdGEvbmV0d29yay9pbnRlcmZhY2VzL21hY3MvICY+IC90bXAvbWFjaWQgJgp3YWl0CgptYWNpZD0kKGNhdCAvdG1wL21hY2lkKQpsb2NhbF9pcHY0PSQoY2F0IC90bXAvbG9jYWxfaXB2NCkKYXo9JChjYXQgL3RtcC9heikKdnBjPSQoY3VybCAtSCAiWC1hd3MtZWMyLW1ldGFkYXRhLXRva2VuOiAkVE9LRU4iIC1zIGh0dHA6Ly8xNjkuMjU0LjE2OS4yNTQvbGF0ZXN0L21ldGEtZGF0YS9uZXR3b3JrL2ludGVyZmFjZXMvbWFjcy8kbWFjaWQvdnBjLWlkKQoKIyBDcmVhdGUgSFRNTCBmaWxlCmNhdCA8PC1IVE1MID4gL3Zhci93d3cvaHRtbC9pbmRleC5odG1sCjwhZG9jdHlwZSBodG1sPgo8aHRtbCBsYW5nPSJlbiIgY2xhc3M9ImgtMTAwIj4KPGhlYWQ+Cjx0aXRsZT5DYXNleSBNb3JyaXMgLSBDbGFzcyA2PC90aXRsZT4KPC9oZWFkPgo8Ym9keT4KPGRpdj4KPGgxPk1hdHRyZXNzIEF2ZW5nZXJzIEFybWFnZWRkb248L2gxPgo8aDE+Q2hhaW5zIEJyb2tlbiBpbiBOZXcgWW9yazwvaDE+CjxwPjxiPkluc3RhbmNlIE5hbWU6PC9iPiAkKGhvc3RuYW1lIC1mKSA8L3A+CjxwPjxiPkluc3RhbmNlIFByaXZhdGUgSXAgQWRkcmVzczogPC9iPiAkbG9jYWxfaXB2NDwvcD4KPHA+PGI+QXZhaWxhYmlsaXR5IFpvbmU6IDwvYj4gJGF6PC9wPgo8cD48Yj5WaXJ0dWFsIFByaXZhdGUgQ2xvdWQgKFZQQyk6PC9iPiAkdnBjPC9wPgo8L2Rpdj4KPC9ib2R5Pgo8L2h0bWw+CkhUTUwKCiMgQ2xlYW4gdXAgdGhlIHRlbXAgZmlsZXMKcm0gLWYgL3RtcC9sb2NhbF9pcHY0IC90bXAvYXogL3RtcC9tYWNpZAo=",
            "vpc_security_group_ids": [
              "sg-0388db5e0687172f0"
            ]
          },
          "sensitive_attributes": [],
          "private": "bnVsbA==",
          "dependencies": [
            "aws_security_group.newyork-SG01-ASG01",
            "aws_vpc.newyork-vpc",
            "data.aws_ami.newyork-ami"
          ],
          "create_before_destroy": true
        }
      ]
    },
    {
      "mode": "managed",
      "type": "aws_launch_template",
      "name": "saopaulo-LT",
      "provider": "provider[\"registry.terraform.io/hashicorp/aws\"].sao-paulo",
      "instances": [
        {
          "schema_version": 0,
          "attributes": {
            "arn": "arn:aws:ec2:sa-east-1:495599735872:launch-template/lt-0457744220ff643ad",
            "block_device_mappings": [],
            "capacity_reservation_specification": [],
            "cpu_options": [],
            "credit_specification": [],
            "default_version": 1,
            "description": "",
            "disable_api_stop": false,
            "disable_api_termination": false,
            "ebs_optimized": "",
            "elastic_gpu_specifications": [],
            "elastic_inference_accelerator": [],
            "enclave_options": [],
            "hibernation_options": [],
            "iam_instance_profile": [],
            "id": "lt-0457744220ff643ad",
            "image_id": "ami-03c4a8310002221c7",
            "instance_initiated_shutdown_behavior": "",
            "instance_market_options": [],
            "instance_requirements": [],
            "instance_type": "t2.micro",
            "kernel_id": "",
            "key_name": "saopaulo-key-pair",
            "latest_version": 1,
            "license_specification": [],
            "maintenance_options": [],
            "metadata_options": [],
            "monitoring": [],
            "name": "saopaulo-LT20241214035906475600000003",
            "name_prefix": "saopaulo-LT",
            "network_interfaces": [],
            "placement": [],
            "private_dns_name_options": [],
            "ram_disk_id": "",
            "security_group_names": null,
            "tag_specifications": [
              {
                "resource_type": "instance",
                "tags": {
                  "Name": "saopaulo-LT",
                  "Owner": "MATTRESS AVENGERS",
                  "Service": "Armageddon Phase 1"
                }
              }
            ],
            "tags": null,
            "tags_all": {},
            "update_default_version": null,
            "user_data": "IyEvYmluL2Jhc2gKeXVtIHVwZGF0ZSAteQp5dW0gaW5zdGFsbCAteSBodHRwZApzeXN0ZW1jdGwgc3RhcnQgaHR0cGQKc3lzdGVtY3RsIGVuYWJsZSBodHRwZAoKIyBHZXQgdGhlIElNRFN2MiB0b2tlbgpUT0tFTj0kKGN1cmwgLVggUFVUICJodHRwOi8vMTY5LjI1NC4xNjkuMjU0L2xhdGVzdC9hcGkvdG9rZW4iIC1IICJYLWF3cy1lYzItbWV0YWRhdGEtdG9rZW4tdHRsLXNlY29uZHM6IDIxNjAwIikKCiMgQmFja2dyb3VuZCB0aGUgY3VybCByZXF1ZXN0cwpjdXJsIC1IICJYLWF3cy1lYzItbWV0YWRhdGEtdG9rZW46ICRUT0tFTiIgLXMgaHR0cDovLzE2OS4yNTQuMTY5LjI1NC9sYXRlc3QvbWV0YS1kYXRhL2xvY2FsLWlwdjQgJj4gL3RtcC9sb2NhbF9pcHY0ICYKY3VybCAtSCAiWC1hd3MtZWMyLW1ldGFkYXRhLXRva2VuOiAkVE9LRU4iIC1zIGh0dHA6Ly8xNjkuMjU0LjE2OS4yNTQvbGF0ZXN0L21ldGEtZGF0YS9wbGFjZW1lbnQvYXZhaWxhYmlsaXR5LXpvbmUgJj4gL3RtcC9heiAmCmN1cmwgLUggIlgtYXdzLWVjMi1tZXRhZGF0YS10b2tlbjogJFRPS0VOIiAtcyBodHRwOi8vMTY5LjI1NC4xNjkuMjU0L2xhdGVzdC9tZXRhLWRhdGEvbmV0d29yay9pbnRlcmZhY2VzL21hY3MvICY+IC90bXAvbWFjaWQgJgp3YWl0CgptYWNpZD0kKGNhdCAvdG1wL21hY2lkKQpsb2NhbF9pcHY0PSQoY2F0IC90bXAvbG9jYWxfaXB2NCkKYXo9JChjYXQgL3RtcC9heikKdnBjPSQoY3VybCAtSCAiWC1hd3MtZWMyLW1ldGFkYXRhLXRva2VuOiAkVE9LRU4iIC1zIGh0dHA6Ly8xNjkuMjU0LjE2OS4yNTQvbGF0ZXN0L21ldGEtZGF0YS9uZXR3b3JrL2ludGVyZmFjZXMvbWFjcy8kbWFjaWQvdnBjLWlkKQoKIyBDcmVhdGUgSFRNTCBmaWxlCmNhdCA8PC1IVE1MID4gL3Zhci93d3cvaHRtbC9pbmRleC5odG1sCjwhZG9jdHlwZSBodG1sPgo8aHRtbCBsYW5nPSJlbiIgY2xhc3M9ImgtMTAwIj4KPGhlYWQ+Cjx0aXRsZT5DYXNleSBNb3JyaXMgLSBDbGFzcyA2PC90aXRsZT4KPC9oZWFkPgo8Ym9keT4KPGRpdj4KPGgxPk1hdHRyZXNzIEF2ZW5nZXJzIEFybWFnZWRkb248L2gxPgo8aDE+Q2hhaW5zIEJyb2tlbiBpbiBTYW8gUGF1bG88L2gxPgo8cD48Yj5JbnN0YW5jZSBOYW1lOjwvYj4gJChob3N0bmFtZSAtZikgPC9wPgo8cD48Yj5JbnN0YW5jZSBQcml2YXRlIElwIEFkZHJlc3M6IDwvYj4gJGxvY2FsX2lwdjQ8L3A+CjxwPjxiPkF2YWlsYWJpbGl0eSBab25lOiA8L2I+ICRhejwvcD4KPHA+PGI+VmlydHVhbCBQcml2YXRlIENsb3VkIChWUEMpOjwvYj4gJHZwYzwvcD4KPC9kaXY+CjwvYm9keT4KPC9odG1sPgpIVE1MCgojIENsZWFuIHVwIHRoZSB0ZW1wIGZpbGVzCnJtIC1mIC90bXAvbG9jYWxfaXB2NCAvdG1wL2F6IC90bXAvbWFjaWQK",
            "vpc_security_group_ids": [
              "sg-036c4354fb713065a"
            ]
          },
          "sensitive_attributes": [],
          "private": "bnVsbA==",
          "dependencies": [
            "aws_security_group.saopaulo-SG01-ASG01",
            "aws_vpc.saopaulo-vpc",
            "data.aws_ami.saopaulo-ami"
          ],
          "create_before_destroy": true
        }
      ]
    },
    {
      "mode": "managed",
      "type": "aws_launch_template",
      "name": "tokyo-LT",
      "provider": "provider[\"registry.terraform.io/hashicorp/aws\"].tokyo",
      "instances": [
        {
          "schema_version": 0,
          "attributes": {
            "arn": "arn:aws:ec2:ap-northeast-1:495599735872:launch-template/lt-071989598fa823ae2",
            "block_device_mappings": [],
            "capacity_reservation_specification": [],
            "cpu_options": [],
            "credit_specification": [],
            "default_version": 1,
            "description": "",
            "disable_api_stop": false,
            "disable_api_termination": false,
            "ebs_optimized": "",
            "elastic_gpu_specifications": [],
            "elastic_inference_accelerator": [],
            "enclave_options": [],
            "hibernation_options": [],
            "iam_instance_profile": [],
            "id": "lt-071989598fa823ae2",
            "image_id": "ami-0ab02459752898a60",
            "instance_initiated_shutdown_behavior": "",
            "instance_market_options": [],
            "instance_requirements": [],
            "instance_type": "t2.micro",
            "kernel_id": "",
            "key_name": "tokyo-key-pair",
            "latest_version": 1,
            "license_specification": [],
            "maintenance_options": [],
            "metadata_options": [],
            "monitoring": [],
            "name": "tokyo-LT20241214040017075900000002",
            "name_prefix": "tokyo-LT",
            "network_interfaces": [],
            "placement": [],
            "private_dns_name_options": [],
            "ram_disk_id": "",
            "security_group_names": null,
            "tag_specifications": [
              {
                "resource_type": "instance",
                "tags": {
                  "Name": "tokyo-LT",
                  "Owner": "MATTRESS AVENGERS",
                  "Service": "Armageddon Phase 1"
                }
              }
            ],
            "tags": null,
            "tags_all": {},
            "update_default_version": null,
            "user_data": "IyEvYmluL2Jhc2gKeXVtIHVwZGF0ZSAteQp5dW0gaW5zdGFsbCAteSBodHRwZApzeXN0ZW1jdGwgc3RhcnQgaHR0cGQKc3lzdGVtY3RsIGVuYWJsZSBodHRwZAoKIyBHZXQgdGhlIElNRFN2MiB0b2tlbgpUT0tFTj0kKGN1cmwgLVggUFVUICJodHRwOi8vMTY5LjI1NC4xNjkuMjU0L2xhdGVzdC9hcGkvdG9rZW4iIC1IICJYLWF3cy1lYzItbWV0YWRhdGEtdG9rZW4tdHRsLXNlY29uZHM6IDIxNjAwIikKCiMgQmFja2dyb3VuZCB0aGUgY3VybCByZXF1ZXN0cwpjdXJsIC1IICJYLWF3cy1lYzItbWV0YWRhdGEtdG9rZW46ICRUT0tFTiIgLXMgaHR0cDovLzE2OS4yNTQuMTY5LjI1NC9sYXRlc3QvbWV0YS1kYXRhL2xvY2FsLWlwdjQgJj4gL3RtcC9sb2NhbF9pcHY0ICYKY3VybCAtSCAiWC1hd3MtZWMyLW1ldGFkYXRhLXRva2VuOiAkVE9LRU4iIC1zIGh0dHA6Ly8xNjkuMjU0LjE2OS4yNTQvbGF0ZXN0L21ldGEtZGF0YS9wbGFjZW1lbnQvYXZhaWxhYmlsaXR5LXpvbmUgJj4gL3RtcC9heiAmCmN1cmwgLUggIlgtYXdzLWVjMi1tZXRhZGF0YS10b2tlbjogJFRPS0VOIiAtcyBodHRwOi8vMTY5LjI1NC4xNjkuMjU0L2xhdGVzdC9tZXRhLWRhdGEvbmV0d29yay9pbnRlcmZhY2VzL21hY3MvICY+IC90bXAvbWFjaWQgJgp3YWl0CgptYWNpZD0kKGNhdCAvdG1wL21hY2lkKQpsb2NhbF9pcHY0PSQoY2F0IC90bXAvbG9jYWxfaXB2NCkKYXo9JChjYXQgL3RtcC9heikKdnBjPSQoY3VybCAtSCAiWC1hd3MtZWMyLW1ldGFkYXRhLXRva2VuOiAkVE9LRU4iIC1zIGh0dHA6Ly8xNjkuMjU0LjE2OS4yNTQvbGF0ZXN0L21ldGEtZGF0YS9uZXR3b3JrL2ludGVyZmFjZXMvbWFjcy8kbWFjaWQvdnBjLWlkKQoKIyBDcmVhdGUgSFRNTCBmaWxlCmNhdCA8PC1IVE1MID4gL3Zhci93d3cvaHRtbC9pbmRleC5odG1sCjwhZG9jdHlwZSBodG1sPgo8aHRtbCBsYW5nPSJlbiIgY2xhc3M9ImgtMTAwIj4KPGhlYWQ+Cjx0aXRsZT5DYXNleSBNb3JyaXMgLSBDbGFzcyA2PC90aXRsZT4KPC9oZWFkPgo8Ym9keT4KPGRpdj4KPGgxPk1hdHRyZXNzIEF2ZW5nZXJzIEFybWFnZWRkb248L2gxPgo8aDE+Q2hhaW5zIEJyb2tlbiBpbiBUb2t5bzwvaDE+CjxwPjxiPkluc3RhbmNlIE5hbWU6PC9iPiAkKGhvc3RuYW1lIC1mKSA8L3A+CjxwPjxiPkluc3RhbmNlIFByaXZhdGUgSXAgQWRkcmVzczogPC9iPiAkbG9jYWxfaXB2NDwvcD4KPHA+PGI+QXZhaWxhYmlsaXR5IFpvbmU6IDwvYj4gJGF6PC9wPgo8cD48Yj5WaXJ0dWFsIFByaXZhdGUgQ2xvdWQgKFZQQyk6PC9iPiAkdnBjPC9wPgo8L2Rpdj4KPC9ib2R5Pgo8L2h0bWw+CkhUTUwKCiMgQ2xlYW4gdXAgdGhlIHRlbXAgZmlsZXMKcm0gLWYgL3RtcC9sb2NhbF9pcHY0IC90bXAvYXogL3RtcC9tYWNpZAo=",
            "vpc_security_group_ids": [
              "sg-0ede827c671612e51"
            ]
          },
          "sensitive_attributes": [],
          "private": "bnVsbA==",
          "dependencies": [
            "aws_security_group.tokyo-SG01-ASG01",
            "aws_vpc.tokyo-vpc",
            "data.aws_ami.tokyo-ami"
          ],
          "create_before_destroy": true
        }
      ]
    },
    {
      "mode": "managed",
      "type": "aws_lb",
      "name": "australia_alb",
      "provider": "provider[\"registry.terraform.io/hashicorp/aws\"].australia",
      "instances": [
        {
          "schema_version": 0,
          "attributes": {
            "access_logs": [
              {
                "bucket": "",
                "enabled": false,
                "prefix": ""
              }
            ],
            "arn": "arn:aws:elasticloadbalancing:ap-southeast-2:495599735872:loadbalancer/app/australia-load-balancer/0c908b26b36499f6",
            "arn_suffix": "app/australia-load-balancer/0c908b26b36499f6",
            "client_keep_alive": 3600,
            "connection_logs": [
              {
                "bucket": "",
                "enabled": false,
                "prefix": ""
              }
            ],
            "customer_owned_ipv4_pool": "",
            "desync_mitigation_mode": "defensive",
            "dns_name": "australia-load-balancer-262987975.ap-southeast-2.elb.amazonaws.com",
            "dns_record_client_routing_policy": null,
            "drop_invalid_header_fields": false,
            "enable_cross_zone_load_balancing": true,
            "enable_deletion_protection": false,
            "enable_http2": true,
            "enable_tls_version_and_cipher_suite_headers": false,
            "enable_waf_fail_open": false,
            "enable_xff_client_port": false,
            "enable_zonal_shift": false,
            "enforce_security_group_inbound_rules_on_private_link_traffic": "",
            "id": "arn:aws:elasticloadbalancing:ap-southeast-2:495599735872:loadbalancer/app/australia-load-balancer/0c908b26b36499f6",
            "idle_timeout": 60,
            "internal": false,
            "ip_address_type": "ipv4",
            "load_balancer_type": "application",
            "name": "australia-load-balancer",
            "name_prefix": "",
            "preserve_host_header": false,
            "security_groups": [
              "sg-03c9e4bc86f7b1833"
            ],
            "subnet_mapping": [
              {
                "allocation_id": "",
                "ipv6_address": "",
                "outpost_id": "",
                "private_ipv4_address": "",
                "subnet_id": "subnet-0bcfd3310b2c6df89"
              },
              {
                "allocation_id": "",
                "ipv6_address": "",
                "outpost_id": "",
                "private_ipv4_address": "",
                "subnet_id": "subnet-0eadf406941c5ce96"
              }
            ],
            "subnets": [
              "subnet-0bcfd3310b2c6df89",
              "subnet-0eadf406941c5ce96"
            ],
            "tags": {
              "Name": "AustraliaLoadBalancer",
              "Owner": "MATTRESS AVENGERS",
              "Project": "Web Service",
              "Service": "Armageddon Phase 1"
            },
            "tags_all": {
              "Name": "AustraliaLoadBalancer",
              "Owner": "MATTRESS AVENGERS",
              "Project": "Web Service",
              "Service": "Armageddon Phase 1"
            },
            "timeouts": null,
            "vpc_id": "vpc-077b1fc5de17d127f",
            "xff_header_processing_mode": "append",
            "zone_id": "Z1GM3OXH4ZPM65"
          },
          "sensitive_attributes": [],
          "private": "eyJlMmJmYjczMC1lY2FhLTExZTYtOGY4OC0zNDM2M2JjN2M0YzAiOnsiY3JlYXRlIjo2MDAwMDAwMDAwMDAsImRlbGV0ZSI6NjAwMDAwMDAwMDAwLCJ1cGRhdGUiOjYwMDAwMDAwMDAwMH19",
          "dependencies": [
            "aws_security_group.australia-SG02-LB01",
            "aws_subnet.australia-public-subnet-2a",
            "aws_subnet.australia-public-subnet-2b",
            "aws_vpc.australia-vpc"
          ]
        }
      ]
    },
    {
      "mode": "managed",
      "type": "aws_lb",
      "name": "california_alb",
      "provider": "provider[\"registry.terraform.io/hashicorp/aws\"].california",
      "instances": [
        {
          "schema_version": 0,
          "attributes": {
            "access_logs": [
              {
                "bucket": "",
                "enabled": false,
                "prefix": ""
              }
            ],
            "arn": "arn:aws:elasticloadbalancing:us-west-1:495599735872:loadbalancer/app/california-load-balancer/7b9432c4c66fd756",
            "arn_suffix": "app/california-load-balancer/7b9432c4c66fd756",
            "client_keep_alive": 3600,
            "connection_logs": [
              {
                "bucket": "",
                "enabled": false,
                "prefix": ""
              }
            ],
            "customer_owned_ipv4_pool": "",
            "desync_mitigation_mode": "defensive",
            "dns_name": "california-load-balancer-2092907501.us-west-1.elb.amazonaws.com",
            "dns_record_client_routing_policy": null,
            "drop_invalid_header_fields": false,
            "enable_cross_zone_load_balancing": true,
            "enable_deletion_protection": false,
            "enable_http2": true,
            "enable_tls_version_and_cipher_suite_headers": false,
            "enable_waf_fail_open": false,
            "enable_xff_client_port": false,
            "enable_zonal_shift": false,
            "enforce_security_group_inbound_rules_on_private_link_traffic": "",
            "id": "arn:aws:elasticloadbalancing:us-west-1:495599735872:loadbalancer/app/california-load-balancer/7b9432c4c66fd756",
            "idle_timeout": 60,
            "internal": false,
            "ip_address_type": "ipv4",
            "load_balancer_type": "application",
            "name": "california-load-balancer",
            "name_prefix": "",
            "preserve_host_header": false,
            "security_groups": [
              "sg-071a9e02f84295278"
            ],
            "subnet_mapping": [
              {
                "allocation_id": "",
                "ipv6_address": "",
                "outpost_id": "",
                "private_ipv4_address": "",
                "subnet_id": "subnet-030718b576c868742"
              },
              {
                "allocation_id": "",
                "ipv6_address": "",
                "outpost_id": "",
                "private_ipv4_address": "",
                "subnet_id": "subnet-0be73428c9677c688"
              }
            ],
            "subnets": [
              "subnet-030718b576c868742",
              "subnet-0be73428c9677c688"
            ],
            "tags": {
              "Name": "CaliforniaLoadBalancer",
              "Owner": "MATTRESS AVENGERS",
              "Project": "Web Service",
              "Service": "Armageddon Phase 1"
            },
            "tags_all": {
              "Name": "CaliforniaLoadBalancer",
              "Owner": "MATTRESS AVENGERS",
              "Project": "Web Service",
              "Service": "Armageddon Phase 1"
            },
            "timeouts": null,
            "vpc_id": "vpc-091d5396d623a34cb",
            "xff_header_processing_mode": "append",
            "zone_id": "Z368ELLRRE2KJ0"
          },
          "sensitive_attributes": [],
          "private": "eyJlMmJmYjczMC1lY2FhLTExZTYtOGY4OC0zNDM2M2JjN2M0YzAiOnsiY3JlYXRlIjo2MDAwMDAwMDAwMDAsImRlbGV0ZSI6NjAwMDAwMDAwMDAwLCJ1cGRhdGUiOjYwMDAwMDAwMDAwMH19",
          "dependencies": [
            "aws_security_group.california-SG02-LB01",
            "aws_subnet.california-public-subnet-1b",
            "aws_subnet.california-public-subnet-1c",
            "aws_vpc.california-vpc"
          ]
        }
      ]
    },
    {
      "mode": "managed",
      "type": "aws_lb",
      "name": "hongkong_alb",
      "provider": "provider[\"registry.terraform.io/hashicorp/aws\"].hong-kong",
      "instances": [
        {
          "schema_version": 0,
          "attributes": {
            "access_logs": [
              {
                "bucket": "",
                "enabled": false,
                "prefix": ""
              }
            ],
            "arn": "arn:aws:elasticloadbalancing:ap-east-1:495599735872:loadbalancer/app/hongkong-load-balancer/a6b88b4808d280f3",
            "arn_suffix": "app/hongkong-load-balancer/a6b88b4808d280f3",
            "client_keep_alive": 3600,
            "connection_logs": [
              {
                "bucket": "",
                "enabled": false,
                "prefix": ""
              }
            ],
            "customer_owned_ipv4_pool": "",
            "desync_mitigation_mode": "defensive",
            "dns_name": "hongkong-load-balancer-817863798.ap-east-1.elb.amazonaws.com",
            "dns_record_client_routing_policy": null,
            "drop_invalid_header_fields": false,
            "enable_cross_zone_load_balancing": true,
            "enable_deletion_protection": false,
            "enable_http2": true,
            "enable_tls_version_and_cipher_suite_headers": false,
            "enable_waf_fail_open": false,
            "enable_xff_client_port": false,
            "enable_zonal_shift": false,
            "enforce_security_group_inbound_rules_on_private_link_traffic": "",
            "id": "arn:aws:elasticloadbalancing:ap-east-1:495599735872:loadbalancer/app/hongkong-load-balancer/a6b88b4808d280f3",
            "idle_timeout": 60,
            "internal": false,
            "ip_address_type": "ipv4",
            "load_balancer_type": "application",
            "name": "hongkong-load-balancer",
            "name_prefix": "",
            "preserve_host_header": false,
            "security_groups": [
              "sg-00f9caa995810019f"
            ],
            "subnet_mapping": [
              {
                "allocation_id": "",
                "ipv6_address": "",
                "outpost_id": "",
                "private_ipv4_address": "",
                "subnet_id": "subnet-00ec8807a70fa9b45"
              },
              {
                "allocation_id": "",
                "ipv6_address": "",
                "outpost_id": "",
                "private_ipv4_address": "",
                "subnet_id": "subnet-0fc5b356ac5f0bb77"
              }
            ],
            "subnets": [
              "subnet-00ec8807a70fa9b45",
              "subnet-0fc5b356ac5f0bb77"
            ],
            "tags": {
              "Name": "HongKongLoadBalancer",
              "Owner": "MATTRESS AVENGERS",
              "Project": "Web Service",
              "Service": "Armageddon Phase 1"
            },
            "tags_all": {
              "Name": "HongKongLoadBalancer",
              "Owner": "MATTRESS AVENGERS",
              "Project": "Web Service",
              "Service": "Armageddon Phase 1"
            },
            "timeouts": null,
            "vpc_id": "vpc-0fcd95b3b199a6881",
            "xff_header_processing_mode": "append",
            "zone_id": "Z3DQVH9N71FHZ0"
          },
          "sensitive_attributes": [],
          "private": "eyJlMmJmYjczMC1lY2FhLTExZTYtOGY4OC0zNDM2M2JjN2M0YzAiOnsiY3JlYXRlIjo2MDAwMDAwMDAwMDAsImRlbGV0ZSI6NjAwMDAwMDAwMDAwLCJ1cGRhdGUiOjYwMDAwMDAwMDAwMH19",
          "dependencies": [
            "aws_security_group.hongkong-SG02-LB01",
            "aws_subnet.hongkong-public-subnet-1a",
            "aws_subnet.hongkong-public-subnet-1b",
            "aws_vpc.hongkong-vpc"
          ]
        }
      ]
    },
    {
      "mode": "managed",
      "type": "aws_lb",
      "name": "london_alb",
      "provider": "provider[\"registry.terraform.io/hashicorp/aws\"].london",
      "instances": [
        {
          "schema_version": 0,
          "attributes": {
            "access_logs": [
              {
                "bucket": "",
                "enabled": false,
                "prefix": ""
              }
            ],
            "arn": "arn:aws:elasticloadbalancing:eu-west-2:495599735872:loadbalancer/app/london-load-balancer/361accbb3a31b478",
            "arn_suffix": "app/london-load-balancer/361accbb3a31b478",
            "client_keep_alive": 3600,
            "connection_logs": [
              {
                "bucket": "",
                "enabled": false,
                "prefix": ""
              }
            ],
            "customer_owned_ipv4_pool": "",
            "desync_mitigation_mode": "defensive",
            "dns_name": "london-load-balancer-366636843.eu-west-2.elb.amazonaws.com",
            "dns_record_client_routing_policy": null,
            "drop_invalid_header_fields": false,
            "enable_cross_zone_load_balancing": true,
            "enable_deletion_protection": false,
            "enable_http2": true,
            "enable_tls_version_and_cipher_suite_headers": false,
            "enable_waf_fail_open": false,
            "enable_xff_client_port": false,
            "enable_zonal_shift": false,
            "enforce_security_group_inbound_rules_on_private_link_traffic": "",
            "id": "arn:aws:elasticloadbalancing:eu-west-2:495599735872:loadbalancer/app/london-load-balancer/361accbb3a31b478",
            "idle_timeout": 60,
            "internal": false,
            "ip_address_type": "ipv4",
            "load_balancer_type": "application",
            "name": "london-load-balancer",
            "name_prefix": "",
            "preserve_host_header": false,
            "security_groups": [
              "sg-0de31ecf93121cdad"
            ],
            "subnet_mapping": [
              {
                "allocation_id": "",
                "ipv6_address": "",
                "outpost_id": "",
                "private_ipv4_address": "",
                "subnet_id": "subnet-0188e77a89b983b4e"
              },
              {
                "allocation_id": "",
                "ipv6_address": "",
                "outpost_id": "",
                "private_ipv4_address": "",
                "subnet_id": "subnet-0e80daa78bf7f2752"
              }
            ],
            "subnets": [
              "subnet-0188e77a89b983b4e",
              "subnet-0e80daa78bf7f2752"
            ],
            "tags": {
              "Name": "LondonLoadBalancer",
              "Owner": "MATTRESS AVENGERS",
              "Project": "Web Service",
              "Service": "Armageddon Phase 1"
            },
            "tags_all": {
              "Name": "LondonLoadBalancer",
              "Owner": "MATTRESS AVENGERS",
              "Project": "Web Service",
              "Service": "Armageddon Phase 1"
            },
            "timeouts": null,
            "vpc_id": "vpc-02c4bb68363a5ef8c",
            "xff_header_processing_mode": "append",
            "zone_id": "ZHURV8PSTC4K8"
          },
          "sensitive_attributes": [],
          "private": "eyJlMmJmYjczMC1lY2FhLTExZTYtOGY4OC0zNDM2M2JjN2M0YzAiOnsiY3JlYXRlIjo2MDAwMDAwMDAwMDAsImRlbGV0ZSI6NjAwMDAwMDAwMDAwLCJ1cGRhdGUiOjYwMDAwMDAwMDAwMH19",
          "dependencies": [
            "aws_security_group.london-SG02-LB01",
            "aws_subnet.london-public-subnet-2a",
            "aws_subnet.london-public-subnet-2b",
            "aws_vpc.london-vpc"
          ]
        }
      ]
    },
    {
      "mode": "managed",
      "type": "aws_lb",
      "name": "newyork_alb",
      "provider": "provider[\"registry.terraform.io/hashicorp/aws\"].new-york",
      "instances": [
        {
          "schema_version": 0,
          "attributes": {
            "access_logs": [
              {
                "bucket": "",
                "enabled": false,
                "prefix": ""
              }
            ],
            "arn": "arn:aws:elasticloadbalancing:us-east-1:495599735872:loadbalancer/app/newyork-load-balancer/a105abdc7cd07452",
            "arn_suffix": "app/newyork-load-balancer/a105abdc7cd07452",
            "client_keep_alive": 3600,
            "connection_logs": [
              {
                "bucket": "",
                "enabled": false,
                "prefix": ""
              }
            ],
            "customer_owned_ipv4_pool": "",
            "desync_mitigation_mode": "defensive",
            "dns_name": "newyork-load-balancer-2101426437.us-east-1.elb.amazonaws.com",
            "dns_record_client_routing_policy": null,
            "drop_invalid_header_fields": false,
            "enable_cross_zone_load_balancing": true,
            "enable_deletion_protection": false,
            "enable_http2": true,
            "enable_tls_version_and_cipher_suite_headers": false,
            "enable_waf_fail_open": false,
            "enable_xff_client_port": false,
            "enable_zonal_shift": false,
            "enforce_security_group_inbound_rules_on_private_link_traffic": "",
            "id": "arn:aws:elasticloadbalancing:us-east-1:495599735872:loadbalancer/app/newyork-load-balancer/a105abdc7cd07452",
            "idle_timeout": 60,
            "internal": false,
            "ip_address_type": "ipv4",
            "load_balancer_type": "application",
            "name": "newyork-load-balancer",
            "name_prefix": "",
            "preserve_host_header": false,
            "security_groups": [
              "sg-04688c1b87f228529"
            ],
            "subnet_mapping": [
              {
                "allocation_id": "",
                "ipv6_address": "",
                "outpost_id": "",
                "private_ipv4_address": "",
                "subnet_id": "subnet-010fe3f45b0a0a29f"
              },
              {
                "allocation_id": "",
                "ipv6_address": "",
                "outpost_id": "",
                "private_ipv4_address": "",
                "subnet_id": "subnet-047ae008fdb591faf"
              }
            ],
            "subnets": [
              "subnet-010fe3f45b0a0a29f",
              "subnet-047ae008fdb591faf"
            ],
            "tags": {
              "Name": "NewYorkLoadBalancer",
              "Owner": "MATTRESS AVENGERS",
              "Project": "Web Service",
              "Service": "Armageddon Phase 1"
            },
            "tags_all": {
              "Name": "NewYorkLoadBalancer",
              "Owner": "MATTRESS AVENGERS",
              "Project": "Web Service",
              "Service": "Armageddon Phase 1"
            },
            "timeouts": null,
            "vpc_id": "vpc-043018aec8e4118bc",
            "xff_header_processing_mode": "append",
            "zone_id": "Z35SXDOTRQ7X7K"
          },
          "sensitive_attributes": [],
          "private": "eyJlMmJmYjczMC1lY2FhLTExZTYtOGY4OC0zNDM2M2JjN2M0YzAiOnsiY3JlYXRlIjo2MDAwMDAwMDAwMDAsImRlbGV0ZSI6NjAwMDAwMDAwMDAwLCJ1cGRhdGUiOjYwMDAwMDAwMDAwMH19",
          "dependencies": [
            "aws_security_group.newyork-SG02-LB01",
            "aws_subnet.newyork-public-subnet-1a",
            "aws_subnet.newyork-public-subnet-1b",
            "aws_vpc.newyork-vpc"
          ]
        }
      ]
    },
    {
      "mode": "managed",
      "type": "aws_lb",
      "name": "saopaulo_alb",
      "provider": "provider[\"registry.terraform.io/hashicorp/aws\"].sao-paulo",
      "instances": [
        {
          "schema_version": 0,
          "attributes": {
            "access_logs": [
              {
                "bucket": "",
                "enabled": false,
                "prefix": ""
              }
            ],
            "arn": "arn:aws:elasticloadbalancing:sa-east-1:495599735872:loadbalancer/app/saopaulo-load-balancer/53b4f09621b7ada0",
            "arn_suffix": "app/saopaulo-load-balancer/53b4f09621b7ada0",
            "client_keep_alive": 3600,
            "connection_logs": [
              {
                "bucket": "",
                "enabled": false,
                "prefix": ""
              }
            ],
            "customer_owned_ipv4_pool": "",
            "desync_mitigation_mode": "defensive",
            "dns_name": "saopaulo-load-balancer-956394540.sa-east-1.elb.amazonaws.com",
            "dns_record_client_routing_policy": null,
            "drop_invalid_header_fields": false,
            "enable_cross_zone_load_balancing": true,
            "enable_deletion_protection": false,
            "enable_http2": true,
            "enable_tls_version_and_cipher_suite_headers": false,
            "enable_waf_fail_open": false,
            "enable_xff_client_port": false,
            "enable_zonal_shift": false,
            "enforce_security_group_inbound_rules_on_private_link_traffic": "",
            "id": "arn:aws:elasticloadbalancing:sa-east-1:495599735872:loadbalancer/app/saopaulo-load-balancer/53b4f09621b7ada0",
            "idle_timeout": 60,
            "internal": false,
            "ip_address_type": "ipv4",
            "load_balancer_type": "application",
            "name": "saopaulo-load-balancer",
            "name_prefix": "",
            "preserve_host_header": false,
            "security_groups": [
              "sg-0d398289764445259"
            ],
            "subnet_mapping": [
              {
                "allocation_id": "",
                "ipv6_address": "",
                "outpost_id": "",
                "private_ipv4_address": "",
                "subnet_id": "subnet-07a7dd6a6528b9205"
              },
              {
                "allocation_id": "",
                "ipv6_address": "",
                "outpost_id": "",
                "private_ipv4_address": "",
                "subnet_id": "subnet-0b55cd8c609ad7066"
              }
            ],
            "subnets": [
              "subnet-07a7dd6a6528b9205",
              "subnet-0b55cd8c609ad7066"
            ],
            "tags": {
              "Name": "SaoPauloLoadBalancer",
              "Owner": "MATTRESS AVENGERS",
              "Project": "Web Service",
              "Service": "Armageddon Phase 1"
            },
            "tags_all": {
              "Name": "SaoPauloLoadBalancer",
              "Owner": "MATTRESS AVENGERS",
              "Project": "Web Service",
              "Service": "Armageddon Phase 1"
            },
            "timeouts": null,
            "vpc_id": "vpc-02bbc0a1d95f3b24d",
            "xff_header_processing_mode": "append",
            "zone_id": "Z2P70J7HTTTPLU"
          },
          "sensitive_attributes": [],
          "private": "eyJlMmJmYjczMC1lY2FhLTExZTYtOGY4OC0zNDM2M2JjN2M0YzAiOnsiY3JlYXRlIjo2MDAwMDAwMDAwMDAsImRlbGV0ZSI6NjAwMDAwMDAwMDAwLCJ1cGRhdGUiOjYwMDAwMDAwMDAwMH19",
          "dependencies": [
            "aws_security_group.saopaulo-SG02-LB01",
            "aws_subnet.saopaulo-public-subnet-1a",
            "aws_subnet.saopaulo-public-subnet-1c",
            "aws_vpc.saopaulo-vpc"
          ]
        }
      ]
    },
    {
      "mode": "managed",
      "type": "aws_lb",
      "name": "tokyo_alb",
      "provider": "provider[\"registry.terraform.io/hashicorp/aws\"].tokyo",
      "instances": [
        {
          "schema_version": 0,
          "attributes": {
            "access_logs": [
              {
                "bucket": "",
                "enabled": false,
                "prefix": ""
              }
            ],
            "arn": "arn:aws:elasticloadbalancing:ap-northeast-1:495599735872:loadbalancer/app/tokyo-load-balancer/a992893d2ea8fc26",
            "arn_suffix": "app/tokyo-load-balancer/a992893d2ea8fc26",
            "client_keep_alive": 3600,
            "connection_logs": [
              {
                "bucket": "",
                "enabled": false,
                "prefix": ""
              }
            ],
            "customer_owned_ipv4_pool": "",
            "desync_mitigation_mode": "defensive",
            "dns_name": "tokyo-load-balancer-240959748.ap-northeast-1.elb.amazonaws.com",
            "dns_record_client_routing_policy": null,
            "drop_invalid_header_fields": false,
            "enable_cross_zone_load_balancing": true,
            "enable_deletion_protection": false,
            "enable_http2": true,
            "enable_tls_version_and_cipher_suite_headers": false,
            "enable_waf_fail_open": false,
            "enable_xff_client_port": false,
            "enable_zonal_shift": false,
            "enforce_security_group_inbound_rules_on_private_link_traffic": "",
            "id": "arn:aws:elasticloadbalancing:ap-northeast-1:495599735872:loadbalancer/app/tokyo-load-balancer/a992893d2ea8fc26",
            "idle_timeout": 60,
            "internal": false,
            "ip_address_type": "ipv4",
            "load_balancer_type": "application",
            "name": "tokyo-load-balancer",
            "name_prefix": "",
            "preserve_host_header": false,
            "security_groups": [
              "sg-0ef06fbe26e130c5a"
            ],
            "subnet_mapping": [
              {
                "allocation_id": "",
                "ipv6_address": "",
                "outpost_id": "",
                "private_ipv4_address": "",
                "subnet_id": "subnet-04c8f18fb540bebbb"
              },
              {
                "allocation_id": "",
                "ipv6_address": "",
                "outpost_id": "",
                "private_ipv4_address": "",
                "subnet_id": "subnet-0c3f6b255010cca3a"
              }
            ],
            "subnets": [
              "subnet-04c8f18fb540bebbb",
              "subnet-0c3f6b255010cca3a"
            ],
            "tags": {
              "Name": "TokyoLoadBalancer",
              "Owner": "MATTRESS AVENGERS",
              "Project": "Web Service",
              "Service": "Armageddon Phase 1"
            },
            "tags_all": {
              "Name": "TokyoLoadBalancer",
              "Owner": "MATTRESS AVENGERS",
              "Project": "Web Service",
              "Service": "Armageddon Phase 1"
            },
            "timeouts": null,
            "vpc_id": "vpc-09c8baf5464ff9898",
            "xff_header_processing_mode": "append",
            "zone_id": "Z14GRHDCWA56QT"
          },
          "sensitive_attributes": [],
          "private": "eyJlMmJmYjczMC1lY2FhLTExZTYtOGY4OC0zNDM2M2JjN2M0YzAiOnsiY3JlYXRlIjo2MDAwMDAwMDAwMDAsImRlbGV0ZSI6NjAwMDAwMDAwMDAwLCJ1cGRhdGUiOjYwMDAwMDAwMDAwMH19",
          "dependencies": [
            "aws_security_group.tokyo-SG02-LB01",
            "aws_subnet.tokyo-public-subnet-1a",
            "aws_subnet.tokyo-public-subnet-1d",
            "aws_vpc.tokyo-vpc"
          ]
        }
      ]
    },
    {
      "mode": "managed",
      "type": "aws_lb_listener",
      "name": "australia-http",
      "provider": "provider[\"registry.terraform.io/hashicorp/aws\"].australia",
      "instances": [
        {
          "schema_version": 0,
          "attributes": {
            "alpn_policy": null,
            "arn": "arn:aws:elasticloadbalancing:ap-southeast-2:495599735872:listener/app/australia-load-balancer/0c908b26b36499f6/18dbc354de9ca019",
            "certificate_arn": null,
            "default_action": [
              {
                "authenticate_cognito": [],
                "authenticate_oidc": [],
                "fixed_response": [],
                "forward": [],
                "order": 1,
                "redirect": [],
                "target_group_arn": "arn:aws:elasticloadbalancing:ap-southeast-2:495599735872:targetgroup/australia-target-group/e0ae8c08ab7ca16b",
                "type": "forward"
              }
            ],
            "id": "arn:aws:elasticloadbalancing:ap-southeast-2:495599735872:listener/app/australia-load-balancer/0c908b26b36499f6/18dbc354de9ca019",
            "load_balancer_arn": "arn:aws:elasticloadbalancing:ap-southeast-2:495599735872:loadbalancer/app/australia-load-balancer/0c908b26b36499f6",
            "mutual_authentication": [],
            "port": 80,
            "protocol": "HTTP",
            "ssl_policy": "",
            "tags": null,
            "tags_all": {},
            "tcp_idle_timeout_seconds": null,
            "timeouts": null
          },
          "sensitive_attributes": [],
          "private": "eyJlMmJmYjczMC1lY2FhLTExZTYtOGY4OC0zNDM2M2JjN2M0YzAiOnsiY3JlYXRlIjozMDAwMDAwMDAwMDAsInVwZGF0ZSI6MzAwMDAwMDAwMDAwfX0=",
          "dependencies": [
            "aws_lb.australia_alb",
            "aws_lb_target_group.australia_tg",
            "aws_security_group.australia-SG02-LB01",
            "aws_subnet.australia-public-subnet-2a",
            "aws_subnet.australia-public-subnet-2b",
            "aws_vpc.australia-vpc"
          ]
        }
      ]
    },
    {
      "mode": "managed",
      "type": "aws_lb_listener",
      "name": "california-http",
      "provider": "provider[\"registry.terraform.io/hashicorp/aws\"].california",
      "instances": [
        {
          "schema_version": 0,
          "attributes": {
            "alpn_policy": null,
            "arn": "arn:aws:elasticloadbalancing:us-west-1:495599735872:listener/app/california-load-balancer/7b9432c4c66fd756/3d2d25993ad22cde",
            "certificate_arn": null,
            "default_action": [
              {
                "authenticate_cognito": [],
                "authenticate_oidc": [],
                "fixed_response": [],
                "forward": [],
                "order": 1,
                "redirect": [],
                "target_group_arn": "arn:aws:elasticloadbalancing:us-west-1:495599735872:targetgroup/california-target-group/9d51963ff4fa4ad4",
                "type": "forward"
              }
            ],
            "id": "arn:aws:elasticloadbalancing:us-west-1:495599735872:listener/app/california-load-balancer/7b9432c4c66fd756/3d2d25993ad22cde",
            "load_balancer_arn": "arn:aws:elasticloadbalancing:us-west-1:495599735872:loadbalancer/app/california-load-balancer/7b9432c4c66fd756",
            "mutual_authentication": [],
            "port": 80,
            "protocol": "HTTP",
            "ssl_policy": "",
            "tags": null,
            "tags_all": {},
            "tcp_idle_timeout_seconds": null,
            "timeouts": null
          },
          "sensitive_attributes": [],
          "private": "eyJlMmJmYjczMC1lY2FhLTExZTYtOGY4OC0zNDM2M2JjN2M0YzAiOnsiY3JlYXRlIjozMDAwMDAwMDAwMDAsInVwZGF0ZSI6MzAwMDAwMDAwMDAwfX0=",
          "dependencies": [
            "aws_lb.california_alb",
            "aws_lb_target_group.california_tg",
            "aws_security_group.california-SG02-LB01",
            "aws_subnet.california-public-subnet-1b",
            "aws_subnet.california-public-subnet-1c",
            "aws_vpc.california-vpc"
          ]
        }
      ]
    },
    {
      "mode": "managed",
      "type": "aws_lb_listener",
      "name": "hongkong-http",
      "provider": "provider[\"registry.terraform.io/hashicorp/aws\"].hong-kong",
      "instances": [
        {
          "schema_version": 0,
          "attributes": {
            "alpn_policy": null,
            "arn": "arn:aws:elasticloadbalancing:ap-east-1:495599735872:listener/app/hongkong-load-balancer/a6b88b4808d280f3/2ee17a121a4f4440",
            "certificate_arn": null,
            "default_action": [
              {
                "authenticate_cognito": [],
                "authenticate_oidc": [],
                "fixed_response": [],
                "forward": [],
                "order": 1,
                "redirect": [],
                "target_group_arn": "arn:aws:elasticloadbalancing:ap-east-1:495599735872:targetgroup/hongkong-target-group/db18464e05ac31b5",
                "type": "forward"
              }
            ],
            "id": "arn:aws:elasticloadbalancing:ap-east-1:495599735872:listener/app/hongkong-load-balancer/a6b88b4808d280f3/2ee17a121a4f4440",
            "load_balancer_arn": "arn:aws:elasticloadbalancing:ap-east-1:495599735872:loadbalancer/app/hongkong-load-balancer/a6b88b4808d280f3",
            "mutual_authentication": [],
            "port": 80,
            "protocol": "HTTP",
            "ssl_policy": "",
            "tags": null,
            "tags_all": {},
            "tcp_idle_timeout_seconds": null,
            "timeouts": null
          },
          "sensitive_attributes": [],
          "private": "eyJlMmJmYjczMC1lY2FhLTExZTYtOGY4OC0zNDM2M2JjN2M0YzAiOnsiY3JlYXRlIjozMDAwMDAwMDAwMDAsInVwZGF0ZSI6MzAwMDAwMDAwMDAwfX0=",
          "dependencies": [
            "aws_lb.hongkong_alb",
            "aws_lb_target_group.hongkong_tg",
            "aws_security_group.hongkong-SG02-LB01",
            "aws_subnet.hongkong-public-subnet-1a",
            "aws_subnet.hongkong-public-subnet-1b",
            "aws_vpc.hongkong-vpc"
          ]
        }
      ]
    },
    {
      "mode": "managed",
      "type": "aws_lb_listener",
      "name": "london-http",
      "provider": "provider[\"registry.terraform.io/hashicorp/aws\"].london",
      "instances": [
        {
          "schema_version": 0,
          "attributes": {
            "alpn_policy": null,
            "arn": "arn:aws:elasticloadbalancing:eu-west-2:495599735872:listener/app/london-load-balancer/361accbb3a31b478/8d32704bb999ca51",
            "certificate_arn": null,
            "default_action": [
              {
                "authenticate_cognito": [],
                "authenticate_oidc": [],
                "fixed_response": [],
                "forward": [],
                "order": 1,
                "redirect": [],
                "target_group_arn": "arn:aws:elasticloadbalancing:eu-west-2:495599735872:targetgroup/london-target-group/9be3e13bf893619f",
                "type": "forward"
              }
            ],
            "id": "arn:aws:elasticloadbalancing:eu-west-2:495599735872:listener/app/london-load-balancer/361accbb3a31b478/8d32704bb999ca51",
            "load_balancer_arn": "arn:aws:elasticloadbalancing:eu-west-2:495599735872:loadbalancer/app/london-load-balancer/361accbb3a31b478",
            "mutual_authentication": [],
            "port": 80,
            "protocol": "HTTP",
            "ssl_policy": "",
            "tags": null,
            "tags_all": {},
            "tcp_idle_timeout_seconds": null,
            "timeouts": null
          },
          "sensitive_attributes": [],
          "private": "eyJlMmJmYjczMC1lY2FhLTExZTYtOGY4OC0zNDM2M2JjN2M0YzAiOnsiY3JlYXRlIjozMDAwMDAwMDAwMDAsInVwZGF0ZSI6MzAwMDAwMDAwMDAwfX0=",
          "dependencies": [
            "aws_lb.london_alb",
            "aws_lb_target_group.london_tg",
            "aws_security_group.london-SG02-LB01",
            "aws_subnet.london-public-subnet-2a",
            "aws_subnet.london-public-subnet-2b",
            "aws_vpc.london-vpc"
          ]
        }
      ]
    },
    {
      "mode": "managed",
      "type": "aws_lb_listener",
      "name": "newyork-http",
      "provider": "provider[\"registry.terraform.io/hashicorp/aws\"].new-york",
      "instances": [
        {
          "schema_version": 0,
          "attributes": {
            "alpn_policy": null,
            "arn": "arn:aws:elasticloadbalancing:us-east-1:495599735872:listener/app/newyork-load-balancer/a105abdc7cd07452/7d87908611ec1593",
            "certificate_arn": null,
            "default_action": [
              {
                "authenticate_cognito": [],
                "authenticate_oidc": [],
                "fixed_response": [],
                "forward": [],
                "order": 1,
                "redirect": [],
                "target_group_arn": "arn:aws:elasticloadbalancing:us-east-1:495599735872:targetgroup/newyork-target-group/57ed6f165e298af7",
                "type": "forward"
              }
            ],
            "id": "arn:aws:elasticloadbalancing:us-east-1:495599735872:listener/app/newyork-load-balancer/a105abdc7cd07452/7d87908611ec1593",
            "load_balancer_arn": "arn:aws:elasticloadbalancing:us-east-1:495599735872:loadbalancer/app/newyork-load-balancer/a105abdc7cd07452",
            "mutual_authentication": [],
            "port": 80,
            "protocol": "HTTP",
            "ssl_policy": "",
            "tags": null,
            "tags_all": {},
            "tcp_idle_timeout_seconds": null,
            "timeouts": null
          },
          "sensitive_attributes": [],
          "private": "eyJlMmJmYjczMC1lY2FhLTExZTYtOGY4OC0zNDM2M2JjN2M0YzAiOnsiY3JlYXRlIjozMDAwMDAwMDAwMDAsInVwZGF0ZSI6MzAwMDAwMDAwMDAwfX0=",
          "dependencies": [
            "aws_lb.newyork_alb",
            "aws_lb_target_group.newyork_tg",
            "aws_security_group.newyork-SG02-LB01",
            "aws_subnet.newyork-public-subnet-1a",
            "aws_subnet.newyork-public-subnet-1b",
            "aws_vpc.newyork-vpc"
          ]
        }
      ]
    },
    {
      "mode": "managed",
      "type": "aws_lb_listener",
      "name": "saopaulo-http",
      "provider": "provider[\"registry.terraform.io/hashicorp/aws\"].sao-paulo",
      "instances": [
        {
          "schema_version": 0,
          "attributes": {
            "alpn_policy": null,
            "arn": "arn:aws:elasticloadbalancing:sa-east-1:495599735872:listener/app/saopaulo-load-balancer/53b4f09621b7ada0/22632ca4d3b6e09f",
            "certificate_arn": null,
            "default_action": [
              {
                "authenticate_cognito": [],
                "authenticate_oidc": [],
                "fixed_response": [],
                "forward": [],
                "order": 1,
                "redirect": [],
                "target_group_arn": "arn:aws:elasticloadbalancing:sa-east-1:495599735872:targetgroup/saopaulo-target-group/4447bcf41497cdec",
                "type": "forward"
              }
            ],
            "id": "arn:aws:elasticloadbalancing:sa-east-1:495599735872:listener/app/saopaulo-load-balancer/53b4f09621b7ada0/22632ca4d3b6e09f",
            "load_balancer_arn": "arn:aws:elasticloadbalancing:sa-east-1:495599735872:loadbalancer/app/saopaulo-load-balancer/53b4f09621b7ada0",
            "mutual_authentication": [],
            "port": 80,
            "protocol": "HTTP",
            "ssl_policy": "",
            "tags": null,
            "tags_all": {},
            "tcp_idle_timeout_seconds": null,
            "timeouts": null
          },
          "sensitive_attributes": [],
          "private": "eyJlMmJmYjczMC1lY2FhLTExZTYtOGY4OC0zNDM2M2JjN2M0YzAiOnsiY3JlYXRlIjozMDAwMDAwMDAwMDAsInVwZGF0ZSI6MzAwMDAwMDAwMDAwfX0=",
          "dependencies": [
            "aws_lb.saopaulo_alb",
            "aws_lb_target_group.saopaulo_tg",
            "aws_security_group.saopaulo-SG02-LB01",
            "aws_subnet.saopaulo-public-subnet-1a",
            "aws_subnet.saopaulo-public-subnet-1c",
            "aws_vpc.saopaulo-vpc"
          ]
        }
      ]
    },
    {
      "mode": "managed",
      "type": "aws_lb_listener",
      "name": "tokyo-http",
      "provider": "provider[\"registry.terraform.io/hashicorp/aws\"].tokyo",
      "instances": [
        {
          "schema_version": 0,
          "attributes": {
            "alpn_policy": null,
            "arn": "arn:aws:elasticloadbalancing:ap-northeast-1:495599735872:listener/app/tokyo-load-balancer/a992893d2ea8fc26/bb209a6b93255bab",
            "certificate_arn": null,
            "default_action": [
              {
                "authenticate_cognito": [],
                "authenticate_oidc": [],
                "fixed_response": [],
                "forward": [],
                "order": 1,
                "redirect": [],
                "target_group_arn": "arn:aws:elasticloadbalancing:ap-northeast-1:495599735872:targetgroup/tokyo-target-group/c2afda0a843eb224",
                "type": "forward"
              }
            ],
            "id": "arn:aws:elasticloadbalancing:ap-northeast-1:495599735872:listener/app/tokyo-load-balancer/a992893d2ea8fc26/bb209a6b93255bab",
            "load_balancer_arn": "arn:aws:elasticloadbalancing:ap-northeast-1:495599735872:loadbalancer/app/tokyo-load-balancer/a992893d2ea8fc26",
            "mutual_authentication": [],
            "port": 80,
            "protocol": "HTTP",
            "ssl_policy": "",
            "tags": null,
            "tags_all": {},
            "tcp_idle_timeout_seconds": null,
            "timeouts": null
          },
          "sensitive_attributes": [],
          "private": "eyJlMmJmYjczMC1lY2FhLTExZTYtOGY4OC0zNDM2M2JjN2M0YzAiOnsiY3JlYXRlIjozMDAwMDAwMDAwMDAsInVwZGF0ZSI6MzAwMDAwMDAwMDAwfX0=",
          "dependencies": [
            "aws_lb.tokyo_alb",
            "aws_lb_target_group.tokyo_tg",
            "aws_security_group.tokyo-SG02-LB01",
            "aws_subnet.tokyo-public-subnet-1a",
            "aws_subnet.tokyo-public-subnet-1d",
            "aws_vpc.tokyo-vpc"
          ]
        }
      ]
    },
    {
      "mode": "managed",
      "type": "aws_lb_target_group",
      "name": "australia_tg",
      "provider": "provider[\"registry.terraform.io/hashicorp/aws\"].australia",
      "instances": [
        {
          "schema_version": 0,
          "attributes": {
            "arn": "arn:aws:elasticloadbalancing:ap-southeast-2:495599735872:targetgroup/australia-target-group/e0ae8c08ab7ca16b",
            "arn_suffix": "targetgroup/australia-target-group/e0ae8c08ab7ca16b",
            "connection_termination": null,
            "deregistration_delay": "300",
            "health_check": [
              {
                "enabled": true,
                "healthy_threshold": 5,
                "interval": 30,
                "matcher": "200",
                "path": "/",
                "port": "traffic-port",
                "protocol": "HTTP",
                "timeout": 5,
                "unhealthy_threshold": 2
              }
            ],
            "id": "arn:aws:elasticloadbalancing:ap-southeast-2:495599735872:targetgroup/australia-target-group/e0ae8c08ab7ca16b",
            "ip_address_type": "ipv4",
            "lambda_multi_value_headers_enabled": false,
            "load_balancer_arns": [],
            "load_balancing_algorithm_type": "round_robin",
            "load_balancing_anomaly_mitigation": "off",
            "load_balancing_cross_zone_enabled": "use_load_balancer_configuration",
            "name": "australia-target-group",
            "name_prefix": "",
            "port": 80,
            "preserve_client_ip": null,
            "protocol": "HTTP",
            "protocol_version": "HTTP1",
            "proxy_protocol_v2": false,
            "slow_start": 0,
            "stickiness": [
              {
                "cookie_duration": 86400,
                "cookie_name": "",
                "enabled": false,
                "type": "lb_cookie"
              }
            ],
            "tags": {
              "Name": "AustraliaTargetGroup",
              "Owner": "MATTRESS AVENGERS",
              "Project": "Web Service",
              "Service": "Armageddon Phase 1"
            },
            "tags_all": {
              "Name": "AustraliaTargetGroup",
              "Owner": "MATTRESS AVENGERS",
              "Project": "Web Service",
              "Service": "Armageddon Phase 1"
            },
            "target_failover": [
              {
                "on_deregistration": null,
                "on_unhealthy": null
              }
            ],
            "target_group_health": [
              {
                "dns_failover": [
                  {
                    "minimum_healthy_targets_count": "1",
                    "minimum_healthy_targets_percentage": "off"
                  }
                ],
                "unhealthy_state_routing": [
                  {
                    "minimum_healthy_targets_count": 1,
                    "minimum_healthy_targets_percentage": "off"
                  }
                ]
              }
            ],
            "target_health_state": [
              {
                "enable_unhealthy_connection_termination": null,
                "unhealthy_draining_interval": null
              }
            ],
            "target_type": "instance",
            "vpc_id": "vpc-077b1fc5de17d127f"
          },
          "sensitive_attributes": [],
          "private": "bnVsbA==",
          "dependencies": [
            "aws_vpc.australia-vpc"
          ]
        }
      ]
    },
    {
      "mode": "managed",
      "type": "aws_lb_target_group",
      "name": "california_tg",
      "provider": "provider[\"registry.terraform.io/hashicorp/aws\"].california",
      "instances": [
        {
          "schema_version": 0,
          "attributes": {
            "arn": "arn:aws:elasticloadbalancing:us-west-1:495599735872:targetgroup/california-target-group/9d51963ff4fa4ad4",
            "arn_suffix": "targetgroup/california-target-group/9d51963ff4fa4ad4",
            "connection_termination": null,
            "deregistration_delay": "300",
            "health_check": [
              {
                "enabled": true,
                "healthy_threshold": 5,
                "interval": 30,
                "matcher": "200",
                "path": "/",
                "port": "traffic-port",
                "protocol": "HTTP",
                "timeout": 5,
                "unhealthy_threshold": 2
              }
            ],
            "id": "arn:aws:elasticloadbalancing:us-west-1:495599735872:targetgroup/california-target-group/9d51963ff4fa4ad4",
            "ip_address_type": "ipv4",
            "lambda_multi_value_headers_enabled": false,
            "load_balancer_arns": [],
            "load_balancing_algorithm_type": "round_robin",
            "load_balancing_anomaly_mitigation": "off",
            "load_balancing_cross_zone_enabled": "use_load_balancer_configuration",
            "name": "california-target-group",
            "name_prefix": "",
            "port": 80,
            "preserve_client_ip": null,
            "protocol": "HTTP",
            "protocol_version": "HTTP1",
            "proxy_protocol_v2": false,
            "slow_start": 0,
            "stickiness": [
              {
                "cookie_duration": 86400,
                "cookie_name": "",
                "enabled": false,
                "type": "lb_cookie"
              }
            ],
            "tags": {
              "Name": "CaliforniaTargetGroup",
              "Owner": "MATTRESS AVENGERS",
              "Project": "Web Service",
              "Service": "Armageddon Phase 1"
            },
            "tags_all": {
              "Name": "CaliforniaTargetGroup",
              "Owner": "MATTRESS AVENGERS",
              "Project": "Web Service",
              "Service": "Armageddon Phase 1"
            },
            "target_failover": [
              {
                "on_deregistration": null,
                "on_unhealthy": null
              }
            ],
            "target_group_health": [
              {
                "dns_failover": [
                  {
                    "minimum_healthy_targets_count": "1",
                    "minimum_healthy_targets_percentage": "off"
                  }
                ],
                "unhealthy_state_routing": [
                  {
                    "minimum_healthy_targets_count": 1,
                    "minimum_healthy_targets_percentage": "off"
                  }
                ]
              }
            ],
            "target_health_state": [
              {
                "enable_unhealthy_connection_termination": null,
                "unhealthy_draining_interval": null
              }
            ],
            "target_type": "instance",
            "vpc_id": "vpc-091d5396d623a34cb"
          },
          "sensitive_attributes": [],
          "private": "bnVsbA==",
          "dependencies": [
            "aws_vpc.california-vpc"
          ]
        }
      ]
    },
    {
      "mode": "managed",
      "type": "aws_lb_target_group",
      "name": "hongkong_tg",
      "provider": "provider[\"registry.terraform.io/hashicorp/aws\"].hong-kong",
      "instances": [
        {
          "schema_version": 0,
          "attributes": {
            "arn": "arn:aws:elasticloadbalancing:ap-east-1:495599735872:targetgroup/hongkong-target-group/db18464e05ac31b5",
            "arn_suffix": "targetgroup/hongkong-target-group/db18464e05ac31b5",
            "connection_termination": null,
            "deregistration_delay": "300",
            "health_check": [
              {
                "enabled": true,
                "healthy_threshold": 5,
                "interval": 30,
                "matcher": "200",
                "path": "/",
                "port": "traffic-port",
                "protocol": "HTTP",
                "timeout": 5,
                "unhealthy_threshold": 2
              }
            ],
            "id": "arn:aws:elasticloadbalancing:ap-east-1:495599735872:targetgroup/hongkong-target-group/db18464e05ac31b5",
            "ip_address_type": "ipv4",
            "lambda_multi_value_headers_enabled": false,
            "load_balancer_arns": [],
            "load_balancing_algorithm_type": "round_robin",
            "load_balancing_anomaly_mitigation": "off",
            "load_balancing_cross_zone_enabled": "use_load_balancer_configuration",
            "name": "hongkong-target-group",
            "name_prefix": "",
            "port": 80,
            "preserve_client_ip": null,
            "protocol": "HTTP",
            "protocol_version": "HTTP1",
            "proxy_protocol_v2": false,
            "slow_start": 0,
            "stickiness": [
              {
                "cookie_duration": 86400,
                "cookie_name": "",
                "enabled": false,
                "type": "lb_cookie"
              }
            ],
            "tags": {
              "Name": "HongKongTargetGroup",
              "Owner": "MATTRESS AVENGERS",
              "Project": "Web Service",
              "Service": "Armageddon Phase 1"
            },
            "tags_all": {
              "Name": "HongKongTargetGroup",
              "Owner": "MATTRESS AVENGERS",
              "Project": "Web Service",
              "Service": "Armageddon Phase 1"
            },
            "target_failover": [
              {
                "on_deregistration": null,
                "on_unhealthy": null
              }
            ],
            "target_group_health": [
              {
                "dns_failover": [
                  {
                    "minimum_healthy_targets_count": "1",
                    "minimum_healthy_targets_percentage": "off"
                  }
                ],
                "unhealthy_state_routing": [
                  {
                    "minimum_healthy_targets_count": 1,
                    "minimum_healthy_targets_percentage": "off"
                  }
                ]
              }
            ],
            "target_health_state": [
              {
                "enable_unhealthy_connection_termination": null,
                "unhealthy_draining_interval": null
              }
            ],
            "target_type": "instance",
            "vpc_id": "vpc-0fcd95b3b199a6881"
          },
          "sensitive_attributes": [],
          "private": "bnVsbA==",
          "dependencies": [
            "aws_vpc.hongkong-vpc"
          ]
        }
      ]
    },
    {
      "mode": "managed",
      "type": "aws_lb_target_group",
      "name": "london_tg",
      "provider": "provider[\"registry.terraform.io/hashicorp/aws\"].london",
      "instances": [
        {
          "schema_version": 0,
          "attributes": {
            "arn": "arn:aws:elasticloadbalancing:eu-west-2:495599735872:targetgroup/london-target-group/9be3e13bf893619f",
            "arn_suffix": "targetgroup/london-target-group/9be3e13bf893619f",
            "connection_termination": null,
            "deregistration_delay": "300",
            "health_check": [
              {
                "enabled": true,
                "healthy_threshold": 5,
                "interval": 30,
                "matcher": "200",
                "path": "/",
                "port": "traffic-port",
                "protocol": "HTTP",
                "timeout": 5,
                "unhealthy_threshold": 2
              }
            ],
            "id": "arn:aws:elasticloadbalancing:eu-west-2:495599735872:targetgroup/london-target-group/9be3e13bf893619f",
            "ip_address_type": "ipv4",
            "lambda_multi_value_headers_enabled": false,
            "load_balancer_arns": [],
            "load_balancing_algorithm_type": "round_robin",
            "load_balancing_anomaly_mitigation": "off",
            "load_balancing_cross_zone_enabled": "use_load_balancer_configuration",
            "name": "london-target-group",
            "name_prefix": "",
            "port": 80,
            "preserve_client_ip": null,
            "protocol": "HTTP",
            "protocol_version": "HTTP1",
            "proxy_protocol_v2": false,
            "slow_start": 0,
            "stickiness": [
              {
                "cookie_duration": 86400,
                "cookie_name": "",
                "enabled": false,
                "type": "lb_cookie"
              }
            ],
            "tags": {
              "Name": "LondonTargetGroup",
              "Owner": "MATTRESS AVENGERS",
              "Project": "Web Service",
              "Service": "Armageddon Phase 1"
            },
            "tags_all": {
              "Name": "LondonTargetGroup",
              "Owner": "MATTRESS AVENGERS",
              "Project": "Web Service",
              "Service": "Armageddon Phase 1"
            },
            "target_failover": [
              {
                "on_deregistration": null,
                "on_unhealthy": null
              }
            ],
            "target_group_health": [
              {
                "dns_failover": [
                  {
                    "minimum_healthy_targets_count": "1",
                    "minimum_healthy_targets_percentage": "off"
                  }
                ],
                "unhealthy_state_routing": [
                  {
                    "minimum_healthy_targets_count": 1,
                    "minimum_healthy_targets_percentage": "off"
                  }
                ]
              }
            ],
            "target_health_state": [
              {
                "enable_unhealthy_connection_termination": null,
                "unhealthy_draining_interval": null
              }
            ],
            "target_type": "instance",
            "vpc_id": "vpc-02c4bb68363a5ef8c"
          },
          "sensitive_attributes": [],
          "private": "bnVsbA==",
          "dependencies": [
            "aws_vpc.london-vpc"
          ]
        }
      ]
    },
    {
      "mode": "managed",
      "type": "aws_lb_target_group",
      "name": "newyork_tg",
      "provider": "provider[\"registry.terraform.io/hashicorp/aws\"].new-york",
      "instances": [
        {
          "schema_version": 0,
          "attributes": {
            "arn": "arn:aws:elasticloadbalancing:us-east-1:495599735872:targetgroup/newyork-target-group/57ed6f165e298af7",
            "arn_suffix": "targetgroup/newyork-target-group/57ed6f165e298af7",
            "connection_termination": null,
            "deregistration_delay": "300",
            "health_check": [
              {
                "enabled": true,
                "healthy_threshold": 5,
                "interval": 30,
                "matcher": "200",
                "path": "/",
                "port": "traffic-port",
                "protocol": "HTTP",
                "timeout": 5,
                "unhealthy_threshold": 2
              }
            ],
            "id": "arn:aws:elasticloadbalancing:us-east-1:495599735872:targetgroup/newyork-target-group/57ed6f165e298af7",
            "ip_address_type": "ipv4",
            "lambda_multi_value_headers_enabled": false,
            "load_balancer_arns": [],
            "load_balancing_algorithm_type": "round_robin",
            "load_balancing_anomaly_mitigation": "off",
            "load_balancing_cross_zone_enabled": "use_load_balancer_configuration",
            "name": "newyork-target-group",
            "name_prefix": "",
            "port": 80,
            "preserve_client_ip": null,
            "protocol": "HTTP",
            "protocol_version": "HTTP1",
            "proxy_protocol_v2": false,
            "slow_start": 0,
            "stickiness": [
              {
                "cookie_duration": 86400,
                "cookie_name": "",
                "enabled": false,
                "type": "lb_cookie"
              }
            ],
            "tags": {
              "Name": "NewYorkTargetGroup",
              "Owner": "MATTRESS AVENGERS",
              "Project": "Web Service",
              "Service": "Armageddon Phase 1"
            },
            "tags_all": {
              "Name": "NewYorkTargetGroup",
              "Owner": "MATTRESS AVENGERS",
              "Project": "Web Service",
              "Service": "Armageddon Phase 1"
            },
            "target_failover": [
              {
                "on_deregistration": null,
                "on_unhealthy": null
              }
            ],
            "target_group_health": [
              {
                "dns_failover": [
                  {
                    "minimum_healthy_targets_count": "1",
                    "minimum_healthy_targets_percentage": "off"
                  }
                ],
                "unhealthy_state_routing": [
                  {
                    "minimum_healthy_targets_count": 1,
                    "minimum_healthy_targets_percentage": "off"
                  }
                ]
              }
            ],
            "target_health_state": [
              {
                "enable_unhealthy_connection_termination": null,
                "unhealthy_draining_interval": null
              }
            ],
            "target_type": "instance",
            "vpc_id": "vpc-043018aec8e4118bc"
          },
          "sensitive_attributes": [],
          "private": "bnVsbA==",
          "dependencies": [
            "aws_vpc.newyork-vpc"
          ]
        }
      ]
    },
    {
      "mode": "managed",
      "type": "aws_lb_target_group",
      "name": "saopaulo_tg",
      "provider": "provider[\"registry.terraform.io/hashicorp/aws\"].sao-paulo",
      "instances": [
        {
          "schema_version": 0,
          "attributes": {
            "arn": "arn:aws:elasticloadbalancing:sa-east-1:495599735872:targetgroup/saopaulo-target-group/4447bcf41497cdec",
            "arn_suffix": "targetgroup/saopaulo-target-group/4447bcf41497cdec",
            "connection_termination": null,
            "deregistration_delay": "300",
            "health_check": [
              {
                "enabled": true,
                "healthy_threshold": 5,
                "interval": 30,
                "matcher": "200",
                "path": "/",
                "port": "traffic-port",
                "protocol": "HTTP",
                "timeout": 5,
                "unhealthy_threshold": 2
              }
            ],
            "id": "arn:aws:elasticloadbalancing:sa-east-1:495599735872:targetgroup/saopaulo-target-group/4447bcf41497cdec",
            "ip_address_type": "ipv4",
            "lambda_multi_value_headers_enabled": false,
            "load_balancer_arns": [],
            "load_balancing_algorithm_type": "round_robin",
            "load_balancing_anomaly_mitigation": "off",
            "load_balancing_cross_zone_enabled": "use_load_balancer_configuration",
            "name": "saopaulo-target-group",
            "name_prefix": "",
            "port": 80,
            "preserve_client_ip": null,
            "protocol": "HTTP",
            "protocol_version": "HTTP1",
            "proxy_protocol_v2": false,
            "slow_start": 0,
            "stickiness": [
              {
                "cookie_duration": 86400,
                "cookie_name": "",
                "enabled": false,
                "type": "lb_cookie"
              }
            ],
            "tags": {
              "Name": "SaoPauloTargetGroup",
              "Owner": "MATTRESS AVENGERS",
              "Project": "Web Service",
              "Service": "Armageddon Phase 1"
            },
            "tags_all": {
              "Name": "SaoPauloTargetGroup",
              "Owner": "MATTRESS AVENGERS",
              "Project": "Web Service",
              "Service": "Armageddon Phase 1"
            },
            "target_failover": [
              {
                "on_deregistration": null,
                "on_unhealthy": null
              }
            ],
            "target_group_health": [
              {
                "dns_failover": [
                  {
                    "minimum_healthy_targets_count": "1",
                    "minimum_healthy_targets_percentage": "off"
                  }
                ],
                "unhealthy_state_routing": [
                  {
                    "minimum_healthy_targets_count": 1,
                    "minimum_healthy_targets_percentage": "off"
                  }
                ]
              }
            ],
            "target_health_state": [
              {
                "enable_unhealthy_connection_termination": null,
                "unhealthy_draining_interval": null
              }
            ],
            "target_type": "instance",
            "vpc_id": "vpc-02bbc0a1d95f3b24d"
          },
          "sensitive_attributes": [],
          "private": "bnVsbA==",
          "dependencies": [
            "aws_vpc.saopaulo-vpc"
          ]
        }
      ]
    },
    {
      "mode": "managed",
      "type": "aws_lb_target_group",
      "name": "tokyo_tg",
      "provider": "provider[\"registry.terraform.io/hashicorp/aws\"].tokyo",
      "instances": [
        {
          "schema_version": 0,
          "attributes": {
            "arn": "arn:aws:elasticloadbalancing:ap-northeast-1:495599735872:targetgroup/tokyo-target-group/c2afda0a843eb224",
            "arn_suffix": "targetgroup/tokyo-target-group/c2afda0a843eb224",
            "connection_termination": null,
            "deregistration_delay": "300",
            "health_check": [
              {
                "enabled": true,
                "healthy_threshold": 5,
                "interval": 30,
                "matcher": "200",
                "path": "/",
                "port": "traffic-port",
                "protocol": "HTTP",
                "timeout": 5,
                "unhealthy_threshold": 2
              }
            ],
            "id": "arn:aws:elasticloadbalancing:ap-northeast-1:495599735872:targetgroup/tokyo-target-group/c2afda0a843eb224",
            "ip_address_type": "ipv4",
            "lambda_multi_value_headers_enabled": false,
            "load_balancer_arns": [],
            "load_balancing_algorithm_type": "round_robin",
            "load_balancing_anomaly_mitigation": "off",
            "load_balancing_cross_zone_enabled": "use_load_balancer_configuration",
            "name": "tokyo-target-group",
            "name_prefix": "",
            "port": 80,
            "preserve_client_ip": null,
            "protocol": "HTTP",
            "protocol_version": "HTTP1",
            "proxy_protocol_v2": false,
            "slow_start": 0,
            "stickiness": [
              {
                "cookie_duration": 86400,
                "cookie_name": "",
                "enabled": false,
                "type": "lb_cookie"
              }
            ],
            "tags": {
              "Name": "TokyoTargetGroup",
              "Owner": "MATTRESS AVENGERS",
              "Project": "Web Service",
              "Service": "Armageddon Phase 1"
            },
            "tags_all": {
              "Name": "TokyoTargetGroup",
              "Owner": "MATTRESS AVENGERS",
              "Project": "Web Service",
              "Service": "Armageddon Phase 1"
            },
            "target_failover": [
              {
                "on_deregistration": null,
                "on_unhealthy": null
              }
            ],
            "target_group_health": [
              {
                "dns_failover": [
                  {
                    "minimum_healthy_targets_count": "1",
                    "minimum_healthy_targets_percentage": "off"
                  }
                ],
                "unhealthy_state_routing": [
                  {
                    "minimum_healthy_targets_count": 1,
                    "minimum_healthy_targets_percentage": "off"
                  }
                ]
              }
            ],
            "target_health_state": [
              {
                "enable_unhealthy_connection_termination": null,
                "unhealthy_draining_interval": null
              }
            ],
            "target_type": "instance",
            "vpc_id": "vpc-09c8baf5464ff9898"
          },
          "sensitive_attributes": [],
          "private": "bnVsbA==",
          "dependencies": [
            "aws_vpc.tokyo-vpc"
          ]
        }
      ]
    },
    {
      "mode": "managed",
      "type": "aws_lb_target_group",
      "name": "tokyotesta_tg",
      "provider": "provider[\"registry.terraform.io/hashicorp/aws\"].tokyo-testb",
      "instances": [
        {
          "schema_version": 0,
          "attributes": {
            "arn": "arn:aws:elasticloadbalancing:ap-northeast-1:495599735872:targetgroup/tokyotesta-target-group/43b5439448fbc210",
            "arn_suffix": "targetgroup/tokyotesta-target-group/43b5439448fbc210",
            "connection_termination": null,
            "deregistration_delay": "300",
            "health_check": [
              {
                "enabled": true,
                "healthy_threshold": 5,
                "interval": 30,
                "matcher": "200",
                "path": "/",
                "port": "traffic-port",
                "protocol": "HTTP",
                "timeout": 5,
                "unhealthy_threshold": 2
              }
            ],
            "id": "arn:aws:elasticloadbalancing:ap-northeast-1:495599735872:targetgroup/tokyotesta-target-group/43b5439448fbc210",
            "ip_address_type": "ipv4",
            "lambda_multi_value_headers_enabled": false,
            "load_balancer_arns": [],
            "load_balancing_algorithm_type": "round_robin",
            "load_balancing_anomaly_mitigation": "off",
            "load_balancing_cross_zone_enabled": "use_load_balancer_configuration",
            "name": "tokyotesta-target-group",
            "name_prefix": "",
            "port": 80,
            "preserve_client_ip": null,
            "protocol": "HTTP",
            "protocol_version": "HTTP1",
            "proxy_protocol_v2": false,
            "slow_start": 0,
            "stickiness": [
              {
                "cookie_duration": 86400,
                "cookie_name": "",
                "enabled": false,
                "type": "lb_cookie"
              }
            ],
            "tags": {
              "Name": "TokyoTestTargetGroup",
              "Owner": "MATTRESS AVENGERS",
              "Project": "Web Service",
              "Service": "Armageddon Phase 1"
            },
            "tags_all": {
              "Name": "TokyoTestTargetGroup",
              "Owner": "MATTRESS AVENGERS",
              "Project": "Web Service",
              "Service": "Armageddon Phase 1"
            },
            "target_failover": [
              {
                "on_deregistration": null,
                "on_unhealthy": null
              }
            ],
            "target_group_health": [
              {
                "dns_failover": [
                  {
                    "minimum_healthy_targets_count": "1",
                    "minimum_healthy_targets_percentage": "off"
                  }
                ],
                "unhealthy_state_routing": [
                  {
                    "minimum_healthy_targets_count": 1,
                    "minimum_healthy_targets_percentage": "off"
                  }
                ]
              }
            ],
            "target_health_state": [
              {
                "enable_unhealthy_connection_termination": null,
                "unhealthy_draining_interval": null
              }
            ],
            "target_type": "instance",
            "vpc_id": "vpc-0962912c1c97e3d2d"
          },
          "sensitive_attributes": [],
          "private": "bnVsbA==",
          "dependencies": [
            "aws_vpc.tokyotest-vpc"
          ]
        }
      ]
    },
    {
      "mode": "managed",
      "type": "aws_nat_gateway",
      "name": "australia-nat",
      "provider": "provider[\"registry.terraform.io/hashicorp/aws\"].australia",
      "instances": [
        {
          "schema_version": 0,
          "attributes": {
            "allocation_id": "eipalloc-0850b33980de61cc6",
            "association_id": "eipassoc-0fb5fe385718f6a49",
            "connectivity_type": "public",
            "id": "nat-0e6e9529058bd084b",
            "network_interface_id": "eni-0ba2bbad2eaf8739c",
            "private_ip": "172.22.1.148",
            "public_ip": "54.79.158.132",
            "secondary_allocation_ids": null,
            "secondary_private_ip_address_count": 0,
            "secondary_private_ip_addresses": [],
            "subnet_id": "subnet-0eadf406941c5ce96",
            "tags": {
              "Name": "australia-nat"
            },
            "tags_all": {
              "Name": "australia-nat"
            },
            "timeouts": null
          },
          "sensitive_attributes": [],
          "private": "eyJlMmJmYjczMC1lY2FhLTExZTYtOGY4OC0zNDM2M2JjN2M0YzAiOnsiY3JlYXRlIjo2MDAwMDAwMDAwMDAsImRlbGV0ZSI6MTgwMDAwMDAwMDAwMCwidXBkYXRlIjo2MDAwMDAwMDAwMDB9fQ==",
          "dependencies": [
            "aws_eip.australia-nat",
            "aws_internet_gateway.australia-igw",
            "aws_subnet.australia-public-subnet-2a",
            "aws_vpc.australia-vpc"
          ]
        }
      ]
    },
    {
      "mode": "managed",
      "type": "aws_nat_gateway",
      "name": "california-nat",
      "provider": "provider[\"registry.terraform.io/hashicorp/aws\"].california",
      "instances": [
        {
          "schema_version": 0,
          "attributes": {
            "allocation_id": "eipalloc-0cd5b73aa27902415",
            "association_id": "eipassoc-04e8d6a24ea086c0a",
            "connectivity_type": "public",
            "id": "nat-0b318cc6b43f2b569",
            "network_interface_id": "eni-002c20d1a8a42ff69",
            "private_ip": "172.24.3.100",
            "public_ip": "54.177.74.30",
            "secondary_allocation_ids": null,
            "secondary_private_ip_address_count": 0,
            "secondary_private_ip_addresses": [],
            "subnet_id": "subnet-0be73428c9677c688",
            "tags": {
              "Name": "california-nat"
            },
            "tags_all": {
              "Name": "california-nat"
            },
            "timeouts": null
          },
          "sensitive_attributes": [],
          "private": "eyJlMmJmYjczMC1lY2FhLTExZTYtOGY4OC0zNDM2M2JjN2M0YzAiOnsiY3JlYXRlIjo2MDAwMDAwMDAwMDAsImRlbGV0ZSI6MTgwMDAwMDAwMDAwMCwidXBkYXRlIjo2MDAwMDAwMDAwMDB9fQ==",
          "dependencies": [
            "aws_eip.california-nat",
            "aws_internet_gateway.california-igw",
            "aws_subnet.california-public-subnet-1c",
            "aws_vpc.california-vpc"
          ]
        }
      ]
    },
    {
      "mode": "managed",
      "type": "aws_nat_gateway",
      "name": "hongkong-nat",
      "provider": "provider[\"registry.terraform.io/hashicorp/aws\"].hong-kong",
      "instances": [
        {
          "schema_version": 0,
          "attributes": {
            "allocation_id": "eipalloc-092bada2c08bc8dd9",
            "association_id": "eipassoc-0cc607315c08546cd",
            "connectivity_type": "public",
            "id": "nat-031b07bd5de3e5928",
            "network_interface_id": "eni-071e4620fe9ae18dc",
            "private_ip": "172.23.1.206",
            "public_ip": "43.199.192.226",
            "secondary_allocation_ids": null,
            "secondary_private_ip_address_count": 0,
            "secondary_private_ip_addresses": [],
            "subnet_id": "subnet-00ec8807a70fa9b45",
            "tags": {
              "Name": "hongkong-nat"
            },
            "tags_all": {
              "Name": "hongkong-nat"
            },
            "timeouts": null
          },
          "sensitive_attributes": [],
          "private": "eyJlMmJmYjczMC1lY2FhLTExZTYtOGY4OC0zNDM2M2JjN2M0YzAiOnsiY3JlYXRlIjo2MDAwMDAwMDAwMDAsImRlbGV0ZSI6MTgwMDAwMDAwMDAwMCwidXBkYXRlIjo2MDAwMDAwMDAwMDB9fQ==",
          "dependencies": [
            "aws_eip.hongkong-nat",
            "aws_internet_gateway.hongkong-igw",
            "aws_subnet.hongkong-public-subnet-1a",
            "aws_vpc.hongkong-vpc"
          ]
        }
      ]
    },
    {
      "mode": "managed",
      "type": "aws_nat_gateway",
      "name": "london-nat",
      "provider": "provider[\"registry.terraform.io/hashicorp/aws\"].london",
      "instances": [
        {
          "schema_version": 0,
          "attributes": {
            "allocation_id": "eipalloc-0674846489922131b",
            "association_id": "eipassoc-0df187919ff97e4f6",
            "connectivity_type": "public",
            "id": "nat-0c78b04419c2438f2",
            "network_interface_id": "eni-0ca5ccca9babafdd9",
            "private_ip": "172.20.1.158",
            "public_ip": "51.24.43.180",
            "secondary_allocation_ids": null,
            "secondary_private_ip_address_count": 0,
            "secondary_private_ip_addresses": [],
            "subnet_id": "subnet-0188e77a89b983b4e",
            "tags": {
              "Name": "london_nat"
            },
            "tags_all": {
              "Name": "london_nat"
            },
            "timeouts": null
          },
          "sensitive_attributes": [],
          "private": "eyJlMmJmYjczMC1lY2FhLTExZTYtOGY4OC0zNDM2M2JjN2M0YzAiOnsiY3JlYXRlIjo2MDAwMDAwMDAwMDAsImRlbGV0ZSI6MTgwMDAwMDAwMDAwMCwidXBkYXRlIjo2MDAwMDAwMDAwMDB9fQ==",
          "dependencies": [
            "aws_eip.london-nat",
            "aws_internet_gateway.london-igw",
            "aws_subnet.london-public-subnet-2a",
            "aws_vpc.london-vpc"
          ]
        }
      ]
    },
    {
      "mode": "managed",
      "type": "aws_nat_gateway",
      "name": "newyork-nat",
      "provider": "provider[\"registry.terraform.io/hashicorp/aws\"].new-york",
      "instances": [
        {
          "schema_version": 0,
          "attributes": {
            "allocation_id": "eipalloc-0e0f4b2b9c022f67a",
            "association_id": "eipassoc-0dee8906b21332990",
            "connectivity_type": "public",
            "id": "nat-018d1374a6dfcc805",
            "network_interface_id": "eni-0864dc9f5f400fcff",
            "private_ip": "172.19.1.55",
            "public_ip": "3.218.101.222",
            "secondary_allocation_ids": null,
            "secondary_private_ip_address_count": 0,
            "secondary_private_ip_addresses": [],
            "subnet_id": "subnet-010fe3f45b0a0a29f",
            "tags": {
              "Name": "newyork-nat"
            },
            "tags_all": {
              "Name": "newyork-nat"
            },
            "timeouts": null
          },
          "sensitive_attributes": [],
          "private": "eyJlMmJmYjczMC1lY2FhLTExZTYtOGY4OC0zNDM2M2JjN2M0YzAiOnsiY3JlYXRlIjo2MDAwMDAwMDAwMDAsImRlbGV0ZSI6MTgwMDAwMDAwMDAwMCwidXBkYXRlIjo2MDAwMDAwMDAwMDB9fQ==",
          "dependencies": [
            "aws_eip.newyork-nat",
            "aws_internet_gateway.newyork-igw",
            "aws_subnet.newyork-public-subnet-1a",
            "aws_vpc.newyork-vpc"
          ]
        }
      ]
    },
    {
      "mode": "managed",
      "type": "aws_nat_gateway",
      "name": "saopaulo-nat",
      "provider": "provider[\"registry.terraform.io/hashicorp/aws\"].sao-paulo",
      "instances": [
        {
          "schema_version": 0,
          "attributes": {
            "allocation_id": "eipalloc-0037b6d6f5b0653d4",
            "association_id": "eipassoc-06c1238d699b66495",
            "connectivity_type": "public",
            "id": "nat-0b0fa07214c20dbf3",
            "network_interface_id": "eni-05ae992e4a0d1fc4e",
            "private_ip": "172.21.1.175",
            "public_ip": "177.71.241.154",
            "secondary_allocation_ids": null,
            "secondary_private_ip_address_count": 0,
            "secondary_private_ip_addresses": [],
            "subnet_id": "subnet-0b55cd8c609ad7066",
            "tags": {
              "Name": "saopaulo-nat"
            },
            "tags_all": {
              "Name": "saopaulo-nat"
            },
            "timeouts": null
          },
          "sensitive_attributes": [],
          "private": "eyJlMmJmYjczMC1lY2FhLTExZTYtOGY4OC0zNDM2M2JjN2M0YzAiOnsiY3JlYXRlIjo2MDAwMDAwMDAwMDAsImRlbGV0ZSI6MTgwMDAwMDAwMDAwMCwidXBkYXRlIjo2MDAwMDAwMDAwMDB9fQ==",
          "dependencies": [
            "aws_eip.saopaulo-nat",
            "aws_internet_gateway.saopaulo-igw",
            "aws_subnet.saopaulo-public-subnet-1a",
            "aws_vpc.saopaulo-vpc"
          ]
        }
      ]
    },
    {
      "mode": "managed",
      "type": "aws_nat_gateway",
      "name": "tokyo-nat",
      "provider": "provider[\"registry.terraform.io/hashicorp/aws\"].tokyo",
      "instances": [
        {
          "schema_version": 0,
          "attributes": {
            "allocation_id": "eipalloc-08fa09d26cf4a0fb0",
            "association_id": "eipassoc-06eda76284a81a29c",
            "connectivity_type": "public",
            "id": "nat-0bc7590a5b0b16369",
            "network_interface_id": "eni-0495491215539a14a",
            "private_ip": "172.18.1.193",
            "public_ip": "18.176.108.19",
            "secondary_allocation_ids": null,
            "secondary_private_ip_address_count": 0,
            "secondary_private_ip_addresses": [],
            "subnet_id": "subnet-0c3f6b255010cca3a",
            "tags": {
              "Name": "tokyo-nat"
            },
            "tags_all": {
              "Name": "tokyo-nat"
            },
            "timeouts": null
          },
          "sensitive_attributes": [],
          "private": "eyJlMmJmYjczMC1lY2FhLTExZTYtOGY4OC0zNDM2M2JjN2M0YzAiOnsiY3JlYXRlIjo2MDAwMDAwMDAwMDAsImRlbGV0ZSI6MTgwMDAwMDAwMDAwMCwidXBkYXRlIjo2MDAwMDAwMDAwMDB9fQ==",
          "dependencies": [
            "aws_eip.tokyo-nat",
            "aws_internet_gateway.tokyo-igw",
            "aws_subnet.tokyo-public-subnet-1a",
            "aws_vpc.tokyo-vpc"
          ]
        }
      ]
    },
    {
      "mode": "managed",
      "type": "aws_nat_gateway",
      "name": "tokyotest-nat",
      "provider": "provider[\"registry.terraform.io/hashicorp/aws\"].tokyo-testb",
      "instances": [
        {
          "schema_version": 0,
          "attributes": {
            "allocation_id": "eipalloc-01ef45d5325681d5e",
            "association_id": "eipassoc-0da8917df12cb5a06",
            "connectivity_type": "public",
            "id": "nat-0d36147f06e2b4755",
            "network_interface_id": "eni-0344469c7e48a2dbd",
            "private_ip": "172.26.4.154",
            "public_ip": "13.114.69.96",
            "secondary_allocation_ids": null,
            "secondary_private_ip_address_count": 0,
            "secondary_private_ip_addresses": [],
            "subnet_id": "subnet-017467ef137ddba0b",
            "tags": {
              "Name": "tokyotest-nat"
            },
            "tags_all": {
              "Name": "tokyotest-nat"
            },
            "timeouts": null
          },
          "sensitive_attributes": [],
          "private": "eyJlMmJmYjczMC1lY2FhLTExZTYtOGY4OC0zNDM2M2JjN2M0YzAiOnsiY3JlYXRlIjo2MDAwMDAwMDAwMDAsImRlbGV0ZSI6MTgwMDAwMDAwMDAwMCwidXBkYXRlIjo2MDAwMDAwMDAwMDB9fQ==",
          "dependencies": [
            "aws_eip.tokyotest-nat",
            "aws_internet_gateway.tokyotest-igw",
            "aws_subnet.tokyotest-public-subnet-1d",
            "aws_vpc.tokyotest-vpc"
          ]
        }
      ]
    },
    {
      "mode": "managed",
      "type": "aws_route",
      "name": "newyork_vpc_to_tokyo_route",
      "provider": "provider[\"registry.terraform.io/hashicorp/aws\"].new-york",
      "instances": [
        {
          "schema_version": 0,
          "attributes": {
            "carrier_gateway_id": "",
            "core_network_arn": "",
            "destination_cidr_block": "172.18.0.0/16",
            "destination_ipv6_cidr_block": "",
            "destination_prefix_list_id": "",
            "egress_only_gateway_id": "",
            "gateway_id": "",
            "id": "r-rtb-063d6788e3e2e19303557707546",
            "instance_id": "",
            "instance_owner_id": "",
            "local_gateway_id": "",
            "nat_gateway_id": "",
            "network_interface_id": "",
            "origin": "CreateRoute",
            "route_table_id": "rtb-063d6788e3e2e1930",
            "state": "blackhole",
            "timeouts": null,
            "transit_gateway_id": "tgw-041902de3c055a5c7",
            "vpc_endpoint_id": "",
            "vpc_peering_connection_id": ""
          },
          "sensitive_attributes": [],
          "private": "eyJlMmJmYjczMC1lY2FhLTExZTYtOGY4OC0zNDM2M2JjN2M0YzAiOnsiY3JlYXRlIjozMDAwMDAwMDAwMDAsImRlbGV0ZSI6MzAwMDAwMDAwMDAwLCJ1cGRhdGUiOjEyMDAwMDAwMDAwMH19",
          "dependencies": [
            "aws_ec2_transit_gateway.newyork_tgw",
            "aws_eip.newyork-nat",
            "aws_internet_gateway.newyork-igw",
            "aws_nat_gateway.newyork-nat",
            "aws_route_table.newyork-private",
            "aws_subnet.newyork-public-subnet-1a",
            "aws_vpc.newyork-vpc"
          ]
        }
      ]
    },
    {
      "mode": "managed",
      "type": "aws_route_table",
      "name": "australia-private",
      "provider": "provider[\"registry.terraform.io/hashicorp/aws\"].australia",
      "instances": [
        {
          "schema_version": 0,
          "attributes": {
            "arn": "arn:aws:ec2:ap-southeast-2:495599735872:route-table/rtb-06ec0cc33a318ced7",
            "id": "rtb-06ec0cc33a318ced7",
            "owner_id": "495599735872",
            "propagating_vgws": [],
            "route": [
              {
                "carrier_gateway_id": "",
                "cidr_block": "0.0.0.0/0",
                "core_network_arn": "",
                "destination_prefix_list_id": "",
                "egress_only_gateway_id": "",
                "gateway_id": "",
                "ipv6_cidr_block": "",
                "local_gateway_id": "",
                "nat_gateway_id": "nat-0e6e9529058bd084b",
                "network_interface_id": "",
                "transit_gateway_id": "",
                "vpc_endpoint_id": "",
                "vpc_peering_connection_id": ""
              }
            ],
            "tags": {
              "Name": "PROD-Australia-private-rtb"
            },
            "tags_all": {
              "Name": "PROD-Australia-private-rtb"
            },
            "timeouts": null,
            "vpc_id": "vpc-077b1fc5de17d127f"
          },
          "sensitive_attributes": [],
          "private": "eyJlMmJmYjczMC1lY2FhLTExZTYtOGY4OC0zNDM2M2JjN2M0YzAiOnsiY3JlYXRlIjozMDAwMDAwMDAwMDAsImRlbGV0ZSI6MzAwMDAwMDAwMDAwLCJ1cGRhdGUiOjEyMDAwMDAwMDAwMH19",
          "dependencies": [
            "aws_eip.australia-nat",
            "aws_internet_gateway.australia-igw",
            "aws_nat_gateway.australia-nat",
            "aws_subnet.australia-public-subnet-2a",
            "aws_vpc.australia-vpc"
          ]
        }
      ]
    },
    {
      "mode": "managed",
      "type": "aws_route_table",
      "name": "australia-public",
      "provider": "provider[\"registry.terraform.io/hashicorp/aws\"].australia",
      "instances": [
        {
          "schema_version": 0,
          "attributes": {
            "arn": "arn:aws:ec2:ap-southeast-2:495599735872:route-table/rtb-08eddd4b2a41f4332",
            "id": "rtb-08eddd4b2a41f4332",
            "owner_id": "495599735872",
            "propagating_vgws": [],
            "route": [
              {
                "carrier_gateway_id": "",
                "cidr_block": "0.0.0.0/0",
                "core_network_arn": "",
                "destination_prefix_list_id": "",
                "egress_only_gateway_id": "",
                "gateway_id": "igw-00b08ecaf65acd920",
                "ipv6_cidr_block": "",
                "local_gateway_id": "",
                "nat_gateway_id": "",
                "network_interface_id": "",
                "transit_gateway_id": "",
                "vpc_endpoint_id": "",
                "vpc_peering_connection_id": ""
              }
            ],
            "tags": {
              "Name": "PROD-Australia-public-rtb"
            },
            "tags_all": {
              "Name": "PROD-Australia-public-rtb"
            },
            "timeouts": null,
            "vpc_id": "vpc-077b1fc5de17d127f"
          },
          "sensitive_attributes": [],
          "private": "eyJlMmJmYjczMC1lY2FhLTExZTYtOGY4OC0zNDM2M2JjN2M0YzAiOnsiY3JlYXRlIjozMDAwMDAwMDAwMDAsImRlbGV0ZSI6MzAwMDAwMDAwMDAwLCJ1cGRhdGUiOjEyMDAwMDAwMDAwMH19",
          "dependencies": [
            "aws_internet_gateway.australia-igw",
            "aws_vpc.australia-vpc"
          ]
        }
      ]
    },
    {
      "mode": "managed",
      "type": "aws_route_table",
      "name": "california-private",
      "provider": "provider[\"registry.terraform.io/hashicorp/aws\"].california",
      "instances": [
        {
          "schema_version": 0,
          "attributes": {
            "arn": "arn:aws:ec2:us-west-1:495599735872:route-table/rtb-08889242f85f2edc4",
            "id": "rtb-08889242f85f2edc4",
            "owner_id": "495599735872",
            "propagating_vgws": [],
            "route": [
              {
                "carrier_gateway_id": "",
                "cidr_block": "0.0.0.0/0",
                "core_network_arn": "",
                "destination_prefix_list_id": "",
                "egress_only_gateway_id": "",
                "gateway_id": "",
                "ipv6_cidr_block": "",
                "local_gateway_id": "",
                "nat_gateway_id": "nat-0b318cc6b43f2b569",
                "network_interface_id": "",
                "transit_gateway_id": "",
                "vpc_endpoint_id": "",
                "vpc_peering_connection_id": ""
              }
            ],
            "tags": {
              "Name": "PROD-Califonia-private-rtb"
            },
            "tags_all": {
              "Name": "PROD-Califonia-private-rtb"
            },
            "timeouts": null,
            "vpc_id": "vpc-091d5396d623a34cb"
          },
          "sensitive_attributes": [],
          "private": "eyJlMmJmYjczMC1lY2FhLTExZTYtOGY4OC0zNDM2M2JjN2M0YzAiOnsiY3JlYXRlIjozMDAwMDAwMDAwMDAsImRlbGV0ZSI6MzAwMDAwMDAwMDAwLCJ1cGRhdGUiOjEyMDAwMDAwMDAwMH19",
          "dependencies": [
            "aws_eip.california-nat",
            "aws_internet_gateway.california-igw",
            "aws_nat_gateway.california-nat",
            "aws_subnet.california-public-subnet-1c",
            "aws_vpc.california-vpc"
          ]
        }
      ]
    },
    {
      "mode": "managed",
      "type": "aws_route_table",
      "name": "california-public",
      "provider": "provider[\"registry.terraform.io/hashicorp/aws\"].california",
      "instances": [
        {
          "schema_version": 0,
          "attributes": {
            "arn": "arn:aws:ec2:us-west-1:495599735872:route-table/rtb-088161e7f82d01e63",
            "id": "rtb-088161e7f82d01e63",
            "owner_id": "495599735872",
            "propagating_vgws": [],
            "route": [
              {
                "carrier_gateway_id": "",
                "cidr_block": "0.0.0.0/0",
                "core_network_arn": "",
                "destination_prefix_list_id": "",
                "egress_only_gateway_id": "",
                "gateway_id": "igw-0b7f1c432c38733f2",
                "ipv6_cidr_block": "",
                "local_gateway_id": "",
                "nat_gateway_id": "",
                "network_interface_id": "",
                "transit_gateway_id": "",
                "vpc_endpoint_id": "",
                "vpc_peering_connection_id": ""
              }
            ],
            "tags": {
              "Name": "PROD-Califonia-public-rtb"
            },
            "tags_all": {
              "Name": "PROD-Califonia-public-rtb"
            },
            "timeouts": null,
            "vpc_id": "vpc-091d5396d623a34cb"
          },
          "sensitive_attributes": [],
          "private": "eyJlMmJmYjczMC1lY2FhLTExZTYtOGY4OC0zNDM2M2JjN2M0YzAiOnsiY3JlYXRlIjozMDAwMDAwMDAwMDAsImRlbGV0ZSI6MzAwMDAwMDAwMDAwLCJ1cGRhdGUiOjEyMDAwMDAwMDAwMH19",
          "dependencies": [
            "aws_internet_gateway.california-igw",
            "aws_vpc.california-vpc"
          ]
        }
      ]
    },
    {
      "mode": "managed",
      "type": "aws_route_table",
      "name": "hongkong-private",
      "provider": "provider[\"registry.terraform.io/hashicorp/aws\"].hong-kong",
      "instances": [
        {
          "schema_version": 0,
          "attributes": {
            "arn": "arn:aws:ec2:ap-east-1:495599735872:route-table/rtb-0fa09b763fd7d260c",
            "id": "rtb-0fa09b763fd7d260c",
            "owner_id": "495599735872",
            "propagating_vgws": [],
            "route": [
              {
                "carrier_gateway_id": "",
                "cidr_block": "0.0.0.0/0",
                "core_network_arn": "",
                "destination_prefix_list_id": "",
                "egress_only_gateway_id": "",
                "gateway_id": "",
                "ipv6_cidr_block": "",
                "local_gateway_id": "",
                "nat_gateway_id": "nat-031b07bd5de3e5928",
                "network_interface_id": "",
                "transit_gateway_id": "",
                "vpc_endpoint_id": "",
                "vpc_peering_connection_id": ""
              }
            ],
            "tags": {
              "Name": "PROD-Hongkong-private-rtb"
            },
            "tags_all": {
              "Name": "PROD-Hongkong-private-rtb"
            },
            "timeouts": null,
            "vpc_id": "vpc-0fcd95b3b199a6881"
          },
          "sensitive_attributes": [],
          "private": "eyJlMmJmYjczMC1lY2FhLTExZTYtOGY4OC0zNDM2M2JjN2M0YzAiOnsiY3JlYXRlIjozMDAwMDAwMDAwMDAsImRlbGV0ZSI6MzAwMDAwMDAwMDAwLCJ1cGRhdGUiOjEyMDAwMDAwMDAwMH19",
          "dependencies": [
            "aws_eip.hongkong-nat",
            "aws_internet_gateway.hongkong-igw",
            "aws_nat_gateway.hongkong-nat",
            "aws_subnet.hongkong-public-subnet-1a",
            "aws_vpc.hongkong-vpc"
          ]
        }
      ]
    },
    {
      "mode": "managed",
      "type": "aws_route_table",
      "name": "hongkong-public",
      "provider": "provider[\"registry.terraform.io/hashicorp/aws\"].hong-kong",
      "instances": [
        {
          "schema_version": 0,
          "attributes": {
            "arn": "arn:aws:ec2:ap-east-1:495599735872:route-table/rtb-08e9fdbf59a82052a",
            "id": "rtb-08e9fdbf59a82052a",
            "owner_id": "495599735872",
            "propagating_vgws": [],
            "route": [
              {
                "carrier_gateway_id": "",
                "cidr_block": "0.0.0.0/0",
                "core_network_arn": "",
                "destination_prefix_list_id": "",
                "egress_only_gateway_id": "",
                "gateway_id": "igw-0af0fcee53902acb3",
                "ipv6_cidr_block": "",
                "local_gateway_id": "",
                "nat_gateway_id": "",
                "network_interface_id": "",
                "transit_gateway_id": "",
                "vpc_endpoint_id": "",
                "vpc_peering_connection_id": ""
              }
            ],
            "tags": {
              "Name": "PROD-Hongkong-public-rtb"
            },
            "tags_all": {
              "Name": "PROD-Hongkong-public-rtb"
            },
            "timeouts": null,
            "vpc_id": "vpc-0fcd95b3b199a6881"
          },
          "sensitive_attributes": [],
          "private": "eyJlMmJmYjczMC1lY2FhLTExZTYtOGY4OC0zNDM2M2JjN2M0YzAiOnsiY3JlYXRlIjozMDAwMDAwMDAwMDAsImRlbGV0ZSI6MzAwMDAwMDAwMDAwLCJ1cGRhdGUiOjEyMDAwMDAwMDAwMH19",
          "dependencies": [
            "aws_internet_gateway.hongkong-igw",
            "aws_vpc.hongkong-vpc"
          ]
        }
      ]
    },
    {
      "mode": "managed",
      "type": "aws_route_table",
      "name": "london-private",
      "provider": "provider[\"registry.terraform.io/hashicorp/aws\"].london",
      "instances": [
        {
          "schema_version": 0,
          "attributes": {
            "arn": "arn:aws:ec2:eu-west-2:495599735872:route-table/rtb-0572684b131ed3edf",
            "id": "rtb-0572684b131ed3edf",
            "owner_id": "495599735872",
            "propagating_vgws": [],
            "route": [
              {
                "carrier_gateway_id": "",
                "cidr_block": "0.0.0.0/0",
                "core_network_arn": "",
                "destination_prefix_list_id": "",
                "egress_only_gateway_id": "",
                "gateway_id": "",
                "ipv6_cidr_block": "",
                "local_gateway_id": "",
                "nat_gateway_id": "nat-0c78b04419c2438f2",
                "network_interface_id": "",
                "transit_gateway_id": "",
                "vpc_endpoint_id": "",
                "vpc_peering_connection_id": ""
              }
            ],
            "tags": {
              "Name": "PROD-London-private-rtb"
            },
            "tags_all": {
              "Name": "PROD-London-private-rtb"
            },
            "timeouts": null,
            "vpc_id": "vpc-02c4bb68363a5ef8c"
          },
          "sensitive_attributes": [],
          "private": "eyJlMmJmYjczMC1lY2FhLTExZTYtOGY4OC0zNDM2M2JjN2M0YzAiOnsiY3JlYXRlIjozMDAwMDAwMDAwMDAsImRlbGV0ZSI6MzAwMDAwMDAwMDAwLCJ1cGRhdGUiOjEyMDAwMDAwMDAwMH19",
          "dependencies": [
            "aws_eip.london-nat",
            "aws_internet_gateway.london-igw",
            "aws_nat_gateway.london-nat",
            "aws_subnet.london-public-subnet-2a",
            "aws_vpc.london-vpc"
          ]
        }
      ]
    },
    {
      "mode": "managed",
      "type": "aws_route_table",
      "name": "london-public",
      "provider": "provider[\"registry.terraform.io/hashicorp/aws\"].london",
      "instances": [
        {
          "schema_version": 0,
          "attributes": {
            "arn": "arn:aws:ec2:eu-west-2:495599735872:route-table/rtb-0b8f6c2162874be76",
            "id": "rtb-0b8f6c2162874be76",
            "owner_id": "495599735872",
            "propagating_vgws": [],
            "route": [
              {
                "carrier_gateway_id": "",
                "cidr_block": "0.0.0.0/0",
                "core_network_arn": "",
                "destination_prefix_list_id": "",
                "egress_only_gateway_id": "",
                "gateway_id": "igw-081ddfa768f5f11a9",
                "ipv6_cidr_block": "",
                "local_gateway_id": "",
                "nat_gateway_id": "",
                "network_interface_id": "",
                "transit_gateway_id": "",
                "vpc_endpoint_id": "",
                "vpc_peering_connection_id": ""
              }
            ],
            "tags": {
              "Name": "PROD-London-public-rtb"
            },
            "tags_all": {
              "Name": "PROD-London-public-rtb"
            },
            "timeouts": null,
            "vpc_id": "vpc-02c4bb68363a5ef8c"
          },
          "sensitive_attributes": [],
          "private": "eyJlMmJmYjczMC1lY2FhLTExZTYtOGY4OC0zNDM2M2JjN2M0YzAiOnsiY3JlYXRlIjozMDAwMDAwMDAwMDAsImRlbGV0ZSI6MzAwMDAwMDAwMDAwLCJ1cGRhdGUiOjEyMDAwMDAwMDAwMH19",
          "dependencies": [
            "aws_internet_gateway.london-igw",
            "aws_vpc.london-vpc"
          ]
        }
      ]
    },
    {
      "mode": "managed",
      "type": "aws_route_table",
      "name": "newyork-private",
      "provider": "provider[\"registry.terraform.io/hashicorp/aws\"].new-york",
      "instances": [
        {
          "schema_version": 0,
          "attributes": {
            "arn": "arn:aws:ec2:us-east-1:495599735872:route-table/rtb-063d6788e3e2e1930",
            "id": "rtb-063d6788e3e2e1930",
            "owner_id": "495599735872",
            "propagating_vgws": [],
            "route": [
              {
                "carrier_gateway_id": "",
                "cidr_block": "0.0.0.0/0",
                "core_network_arn": "",
                "destination_prefix_list_id": "",
                "egress_only_gateway_id": "",
                "gateway_id": "",
                "ipv6_cidr_block": "",
                "local_gateway_id": "",
                "nat_gateway_id": "nat-018d1374a6dfcc805",
                "network_interface_id": "",
                "transit_gateway_id": "",
                "vpc_endpoint_id": "",
                "vpc_peering_connection_id": ""
              }
            ],
            "tags": null,
            "tags_all": {},
            "timeouts": null,
            "vpc_id": "vpc-043018aec8e4118bc"
          },
          "sensitive_attributes": [],
          "private": "eyJlMmJmYjczMC1lY2FhLTExZTYtOGY4OC0zNDM2M2JjN2M0YzAiOnsiY3JlYXRlIjozMDAwMDAwMDAwMDAsImRlbGV0ZSI6MzAwMDAwMDAwMDAwLCJ1cGRhdGUiOjEyMDAwMDAwMDAwMH19",
          "dependencies": [
            "aws_eip.newyork-nat",
            "aws_internet_gateway.newyork-igw",
            "aws_nat_gateway.newyork-nat",
            "aws_subnet.newyork-public-subnet-1a",
            "aws_vpc.newyork-vpc"
          ]
        }
      ]
    },
    {
      "mode": "managed",
      "type": "aws_route_table",
      "name": "newyork-public",
      "provider": "provider[\"registry.terraform.io/hashicorp/aws\"].new-york",
      "instances": [
        {
          "schema_version": 0,
          "attributes": {
            "arn": "arn:aws:ec2:us-east-1:495599735872:route-table/rtb-0e3e341b2addb32fe",
            "id": "rtb-0e3e341b2addb32fe",
            "owner_id": "495599735872",
            "propagating_vgws": [],
            "route": [
              {
                "carrier_gateway_id": "",
                "cidr_block": "0.0.0.0/0",
                "core_network_arn": "",
                "destination_prefix_list_id": "",
                "egress_only_gateway_id": "",
                "gateway_id": "igw-0a925def4cb3bea62",
                "ipv6_cidr_block": "",
                "local_gateway_id": "",
                "nat_gateway_id": "",
                "network_interface_id": "",
                "transit_gateway_id": "",
                "vpc_endpoint_id": "",
                "vpc_peering_connection_id": ""
              }
            ],
            "tags": null,
            "tags_all": {},
            "timeouts": null,
            "vpc_id": "vpc-043018aec8e4118bc"
          },
          "sensitive_attributes": [],
          "private": "eyJlMmJmYjczMC1lY2FhLTExZTYtOGY4OC0zNDM2M2JjN2M0YzAiOnsiY3JlYXRlIjozMDAwMDAwMDAwMDAsImRlbGV0ZSI6MzAwMDAwMDAwMDAwLCJ1cGRhdGUiOjEyMDAwMDAwMDAwMH19",
          "dependencies": [
            "aws_internet_gateway.newyork-igw",
            "aws_vpc.newyork-vpc"
          ]
        }
      ]
    },
    {
      "mode": "managed",
      "type": "aws_route_table",
      "name": "saopaulo-private",
      "provider": "provider[\"registry.terraform.io/hashicorp/aws\"].sao-paulo",
      "instances": [
        {
          "schema_version": 0,
          "attributes": {
            "arn": "arn:aws:ec2:sa-east-1:495599735872:route-table/rtb-02cc487fcc0dcebd9",
            "id": "rtb-02cc487fcc0dcebd9",
            "owner_id": "495599735872",
            "propagating_vgws": [],
            "route": [
              {
                "carrier_gateway_id": "",
                "cidr_block": "0.0.0.0/0",
                "core_network_arn": "",
                "destination_prefix_list_id": "",
                "egress_only_gateway_id": "",
                "gateway_id": "",
                "ipv6_cidr_block": "",
                "local_gateway_id": "",
                "nat_gateway_id": "nat-0b0fa07214c20dbf3",
                "network_interface_id": "",
                "transit_gateway_id": "",
                "vpc_endpoint_id": "",
                "vpc_peering_connection_id": ""
              }
            ],
            "tags": {
              "Name": "PROD-Saup-Paulo-private-rtb"
            },
            "tags_all": {
              "Name": "PROD-Saup-Paulo-private-rtb"
            },
            "timeouts": null,
            "vpc_id": "vpc-02bbc0a1d95f3b24d"
          },
          "sensitive_attributes": [],
          "private": "eyJlMmJmYjczMC1lY2FhLTExZTYtOGY4OC0zNDM2M2JjN2M0YzAiOnsiY3JlYXRlIjozMDAwMDAwMDAwMDAsImRlbGV0ZSI6MzAwMDAwMDAwMDAwLCJ1cGRhdGUiOjEyMDAwMDAwMDAwMH19",
          "dependencies": [
            "aws_eip.saopaulo-nat",
            "aws_internet_gateway.saopaulo-igw",
            "aws_nat_gateway.saopaulo-nat",
            "aws_subnet.saopaulo-public-subnet-1a",
            "aws_vpc.saopaulo-vpc"
          ]
        }
      ]
    },
    {
      "mode": "managed",
      "type": "aws_route_table",
      "name": "saopaulo-public",
      "provider": "provider[\"registry.terraform.io/hashicorp/aws\"].sao-paulo",
      "instances": [
        {
          "schema_version": 0,
          "attributes": {
            "arn": "arn:aws:ec2:sa-east-1:495599735872:route-table/rtb-012cbb169f633f209",
            "id": "rtb-012cbb169f633f209",
            "owner_id": "495599735872",
            "propagating_vgws": [],
            "route": [
              {
                "carrier_gateway_id": "",
                "cidr_block": "0.0.0.0/0",
                "core_network_arn": "",
                "destination_prefix_list_id": "",
                "egress_only_gateway_id": "",
                "gateway_id": "igw-0bd5add686ef353a2",
                "ipv6_cidr_block": "",
                "local_gateway_id": "",
                "nat_gateway_id": "",
                "network_interface_id": "",
                "transit_gateway_id": "",
                "vpc_endpoint_id": "",
                "vpc_peering_connection_id": ""
              }
            ],
            "tags": {
              "Name": "PROD-Saup-Paulo-public-rtb"
            },
            "tags_all": {
              "Name": "PROD-Saup-Paulo-public-rtb"
            },
            "timeouts": null,
            "vpc_id": "vpc-02bbc0a1d95f3b24d"
          },
          "sensitive_attributes": [],
          "private": "eyJlMmJmYjczMC1lY2FhLTExZTYtOGY4OC0zNDM2M2JjN2M0YzAiOnsiY3JlYXRlIjozMDAwMDAwMDAwMDAsImRlbGV0ZSI6MzAwMDAwMDAwMDAwLCJ1cGRhdGUiOjEyMDAwMDAwMDAwMH19",
          "dependencies": [
            "aws_internet_gateway.saopaulo-igw",
            "aws_vpc.saopaulo-vpc"
          ]
        }
      ]
    },
    {
      "mode": "managed",
      "type": "aws_route_table",
      "name": "tokyo-private",
      "provider": "provider[\"registry.terraform.io/hashicorp/aws\"].tokyo",
      "instances": [
        {
          "schema_version": 0,
          "attributes": {
            "arn": "arn:aws:ec2:ap-northeast-1:495599735872:route-table/rtb-0d44ca093bb1b0e4f",
            "id": "rtb-0d44ca093bb1b0e4f",
            "owner_id": "495599735872",
            "propagating_vgws": [],
            "route": [
              {
                "carrier_gateway_id": "",
                "cidr_block": "0.0.0.0/0",
                "core_network_arn": "",
                "destination_prefix_list_id": "",
                "egress_only_gateway_id": "",
                "gateway_id": "",
                "ipv6_cidr_block": "",
                "local_gateway_id": "",
                "nat_gateway_id": "nat-0bc7590a5b0b16369",
                "network_interface_id": "",
                "transit_gateway_id": "",
                "vpc_endpoint_id": "",
                "vpc_peering_connection_id": ""
              },
              {
                "carrier_gateway_id": "",
                "cidr_block": "172.19.0.0/16",
                "core_network_arn": "",
                "destination_prefix_list_id": "",
                "egress_only_gateway_id": "",
                "gateway_id": "",
                "ipv6_cidr_block": "",
                "local_gateway_id": "",
                "nat_gateway_id": "",
                "network_interface_id": "",
                "transit_gateway_id": "tgw-097ce6a1ef0e73aaf",
                "vpc_endpoint_id": "",
                "vpc_peering_connection_id": ""
              }
            ],
            "tags": {
              "Name": "PROD-Tokyo-private-rtb"
            },
            "tags_all": {
              "Name": "PROD-Tokyo-private-rtb"
            },
            "timeouts": null,
            "vpc_id": "vpc-09c8baf5464ff9898"
          },
          "sensitive_attributes": [],
          "private": "eyJlMmJmYjczMC1lY2FhLTExZTYtOGY4OC0zNDM2M2JjN2M0YzAiOnsiY3JlYXRlIjozMDAwMDAwMDAwMDAsImRlbGV0ZSI6MzAwMDAwMDAwMDAwLCJ1cGRhdGUiOjEyMDAwMDAwMDAwMH19",
          "dependencies": [
            "aws_ec2_transit_gateway.tokyo_tgw",
            "aws_eip.tokyo-nat",
            "aws_internet_gateway.tokyo-igw",
            "aws_nat_gateway.tokyo-nat",
            "aws_subnet.tokyo-public-subnet-1a",
            "aws_vpc.tokyo-vpc"
          ]
        }
      ]
    },
    {
      "mode": "managed",
      "type": "aws_route_table",
      "name": "tokyo-public",
      "provider": "provider[\"registry.terraform.io/hashicorp/aws\"].tokyo",
      "instances": [
        {
          "schema_version": 0,
          "attributes": {
            "arn": "arn:aws:ec2:ap-northeast-1:495599735872:route-table/rtb-05b1edb8c1f994dd2",
            "id": "rtb-05b1edb8c1f994dd2",
            "owner_id": "495599735872",
            "propagating_vgws": [],
            "route": [
              {
                "carrier_gateway_id": "",
                "cidr_block": "0.0.0.0/0",
                "core_network_arn": "",
                "destination_prefix_list_id": "",
                "egress_only_gateway_id": "",
                "gateway_id": "igw-086784023c82359f7",
                "ipv6_cidr_block": "",
                "local_gateway_id": "",
                "nat_gateway_id": "",
                "network_interface_id": "",
                "transit_gateway_id": "",
                "vpc_endpoint_id": "",
                "vpc_peering_connection_id": ""
              },
              {
                "carrier_gateway_id": "",
                "cidr_block": "172.19.0.0/16",
                "core_network_arn": "",
                "destination_prefix_list_id": "",
                "egress_only_gateway_id": "",
                "gateway_id": "",
                "ipv6_cidr_block": "",
                "local_gateway_id": "",
                "nat_gateway_id": "",
                "network_interface_id": "",
                "transit_gateway_id": "tgw-097ce6a1ef0e73aaf",
                "vpc_endpoint_id": "",
                "vpc_peering_connection_id": ""
              }
            ],
            "tags": {
              "Name": "PROD-Tokyo-public-rtb"
            },
            "tags_all": {
              "Name": "PROD-Tokyo-public-rtb"
            },
            "timeouts": null,
            "vpc_id": "vpc-09c8baf5464ff9898"
          },
          "sensitive_attributes": [],
          "private": "eyJlMmJmYjczMC1lY2FhLTExZTYtOGY4OC0zNDM2M2JjN2M0YzAiOnsiY3JlYXRlIjozMDAwMDAwMDAwMDAsImRlbGV0ZSI6MzAwMDAwMDAwMDAwLCJ1cGRhdGUiOjEyMDAwMDAwMDAwMH19",
          "dependencies": [
            "aws_ec2_transit_gateway.tokyo_tgw",
            "aws_internet_gateway.tokyo-igw",
            "aws_vpc.tokyo-vpc"
          ]
        }
      ]
    },
    {
      "mode": "managed",
      "type": "aws_route_table",
      "name": "tokyotest-private",
      "provider": "provider[\"registry.terraform.io/hashicorp/aws\"].tokyo-testb",
      "instances": [
        {
          "schema_version": 0,
          "attributes": {
            "arn": "arn:aws:ec2:ap-northeast-1:495599735872:route-table/rtb-00467a4d27247bffc",
            "id": "rtb-00467a4d27247bffc",
            "owner_id": "495599735872",
            "propagating_vgws": [],
            "route": [
              {
                "carrier_gateway_id": "",
                "cidr_block": "0.0.0.0/0",
                "core_network_arn": "",
                "destination_prefix_list_id": "",
                "egress_only_gateway_id": "",
                "gateway_id": "",
                "ipv6_cidr_block": "",
                "local_gateway_id": "",
                "nat_gateway_id": "nat-0d36147f06e2b4755",
                "network_interface_id": "",
                "transit_gateway_id": "",
                "vpc_endpoint_id": "",
                "vpc_peering_connection_id": ""
              }
            ],
            "tags": {
              "Name": "TEST-Tokyo-private-rtb"
            },
            "tags_all": {
              "Name": "TEST-Tokyo-private-rtb"
            },
            "timeouts": null,
            "vpc_id": "vpc-0962912c1c97e3d2d"
          },
          "sensitive_attributes": [],
          "private": "eyJlMmJmYjczMC1lY2FhLTExZTYtOGY4OC0zNDM2M2JjN2M0YzAiOnsiY3JlYXRlIjozMDAwMDAwMDAwMDAsImRlbGV0ZSI6MzAwMDAwMDAwMDAwLCJ1cGRhdGUiOjEyMDAwMDAwMDAwMH19",
          "dependencies": [
            "aws_eip.tokyotest-nat",
            "aws_internet_gateway.tokyotest-igw",
            "aws_nat_gateway.tokyotest-nat",
            "aws_subnet.tokyotest-public-subnet-1d",
            "aws_vpc.tokyotest-vpc"
          ]
        }
      ]
    },
    {
      "mode": "managed",
      "type": "aws_route_table",
      "name": "tokyotest-public",
      "provider": "provider[\"registry.terraform.io/hashicorp/aws\"].tokyo-testb",
      "instances": [
        {
          "schema_version": 0,
          "attributes": {
            "arn": "arn:aws:ec2:ap-northeast-1:495599735872:route-table/rtb-0763d69c5170a3c3a",
            "id": "rtb-0763d69c5170a3c3a",
            "owner_id": "495599735872",
            "propagating_vgws": [],
            "route": [
              {
                "carrier_gateway_id": "",
                "cidr_block": "0.0.0.0/0",
                "core_network_arn": "",
                "destination_prefix_list_id": "",
                "egress_only_gateway_id": "",
                "gateway_id": "igw-0106d885cd0b641b9",
                "ipv6_cidr_block": "",
                "local_gateway_id": "",
                "nat_gateway_id": "",
                "network_interface_id": "",
                "transit_gateway_id": "",
                "vpc_endpoint_id": "",
                "vpc_peering_connection_id": ""
              }
            ],
            "tags": {
              "Name": "TEST-Tokyo-public-rtb"
            },
            "tags_all": {
              "Name": "TEST-Tokyo-public-rtb"
            },
            "timeouts": null,
            "vpc_id": "vpc-0962912c1c97e3d2d"
          },
          "sensitive_attributes": [],
          "private": "eyJlMmJmYjczMC1lY2FhLTExZTYtOGY4OC0zNDM2M2JjN2M0YzAiOnsiY3JlYXRlIjozMDAwMDAwMDAwMDAsImRlbGV0ZSI6MzAwMDAwMDAwMDAwLCJ1cGRhdGUiOjEyMDAwMDAwMDAwMH19",
          "dependencies": [
            "aws_internet_gateway.tokyotest-igw",
            "aws_vpc.tokyotest-vpc"
          ]
        }
      ]
    },
    {
      "mode": "managed",
      "type": "aws_route_table_association",
      "name": "australia-private-a",
      "provider": "provider[\"registry.terraform.io/hashicorp/aws\"].australia",
      "instances": [
        {
          "schema_version": 0,
          "attributes": {
            "gateway_id": "",
            "id": "rtbassoc-014aa55dc551948f1",
            "route_table_id": "rtb-06ec0cc33a318ced7",
            "subnet_id": "subnet-0de5be4adad623ae1",
            "timeouts": null
          },
          "sensitive_attributes": [],
          "private": "eyJlMmJmYjczMC1lY2FhLTExZTYtOGY4OC0zNDM2M2JjN2M0YzAiOnsiY3JlYXRlIjozMDAwMDAwMDAwMDAsImRlbGV0ZSI6MzAwMDAwMDAwMDAwLCJ1cGRhdGUiOjEyMDAwMDAwMDAwMH19",
          "dependencies": [
            "aws_eip.australia-nat",
            "aws_internet_gateway.australia-igw",
            "aws_nat_gateway.australia-nat",
            "aws_route_table.australia-private",
            "aws_subnet.australia-private-subnet-2a",
            "aws_subnet.australia-public-subnet-2a",
            "aws_vpc.australia-vpc"
          ]
        }
      ]
    },
    {
      "mode": "managed",
      "type": "aws_route_table_association",
      "name": "australia-private-b",
      "provider": "provider[\"registry.terraform.io/hashicorp/aws\"].australia",
      "instances": [
        {
          "schema_version": 0,
          "attributes": {
            "gateway_id": "",
            "id": "rtbassoc-014aa55dc551948f1",
            "route_table_id": "rtb-06ec0cc33a318ced7",
            "subnet_id": "subnet-0de5be4adad623ae1",
            "timeouts": null
          },
          "sensitive_attributes": [],
          "private": "eyJlMmJmYjczMC1lY2FhLTExZTYtOGY4OC0zNDM2M2JjN2M0YzAiOnsiY3JlYXRlIjozMDAwMDAwMDAwMDAsImRlbGV0ZSI6MzAwMDAwMDAwMDAwLCJ1cGRhdGUiOjEyMDAwMDAwMDAwMH19",
          "dependencies": [
            "aws_eip.australia-nat",
            "aws_internet_gateway.australia-igw",
            "aws_nat_gateway.australia-nat",
            "aws_route_table.australia-private",
            "aws_subnet.australia-private-subnet-2a",
            "aws_subnet.australia-public-subnet-2a",
            "aws_vpc.australia-vpc"
          ]
        }
      ]
    },
    {
      "mode": "managed",
      "type": "aws_route_table_association",
      "name": "australia-public-a",
      "provider": "provider[\"registry.terraform.io/hashicorp/aws\"].australia",
      "instances": [
        {
          "schema_version": 0,
          "attributes": {
            "gateway_id": "",
            "id": "rtbassoc-010f643b78096def8",
            "route_table_id": "rtb-08eddd4b2a41f4332",
            "subnet_id": "subnet-0eadf406941c5ce96",
            "timeouts": null
          },
          "sensitive_attributes": [],
          "private": "eyJlMmJmYjczMC1lY2FhLTExZTYtOGY4OC0zNDM2M2JjN2M0YzAiOnsiY3JlYXRlIjozMDAwMDAwMDAwMDAsImRlbGV0ZSI6MzAwMDAwMDAwMDAwLCJ1cGRhdGUiOjEyMDAwMDAwMDAwMH19",
          "dependencies": [
            "aws_internet_gateway.australia-igw",
            "aws_route_table.australia-public",
            "aws_subnet.australia-public-subnet-2a",
            "aws_vpc.australia-vpc"
          ]
        }
      ]
    },
    {
      "mode": "managed",
      "type": "aws_route_table_association",
      "name": "australia-public-b",
      "provider": "provider[\"registry.terraform.io/hashicorp/aws\"].australia",
      "instances": [
        {
          "schema_version": 0,
          "attributes": {
            "gateway_id": "",
            "id": "rtbassoc-06bec737630d7d915",
            "route_table_id": "rtb-08eddd4b2a41f4332",
            "subnet_id": "subnet-0bcfd3310b2c6df89",
            "timeouts": null
          },
          "sensitive_attributes": [],
          "private": "eyJlMmJmYjczMC1lY2FhLTExZTYtOGY4OC0zNDM2M2JjN2M0YzAiOnsiY3JlYXRlIjozMDAwMDAwMDAwMDAsImRlbGV0ZSI6MzAwMDAwMDAwMDAwLCJ1cGRhdGUiOjEyMDAwMDAwMDAwMH19",
          "dependencies": [
            "aws_internet_gateway.australia-igw",
            "aws_route_table.australia-public",
            "aws_subnet.australia-public-subnet-2b",
            "aws_vpc.australia-vpc"
          ]
        }
      ]
    },
    {
      "mode": "managed",
      "type": "aws_route_table_association",
      "name": "california-private-b",
      "provider": "provider[\"registry.terraform.io/hashicorp/aws\"].california",
      "instances": [
        {
          "schema_version": 0,
          "attributes": {
            "gateway_id": "",
            "id": "rtbassoc-061da47bbc202b868",
            "route_table_id": "rtb-08889242f85f2edc4",
            "subnet_id": "subnet-0316ca7e59048141c",
            "timeouts": null
          },
          "sensitive_attributes": [],
          "private": "eyJlMmJmYjczMC1lY2FhLTExZTYtOGY4OC0zNDM2M2JjN2M0YzAiOnsiY3JlYXRlIjozMDAwMDAwMDAwMDAsImRlbGV0ZSI6MzAwMDAwMDAwMDAwLCJ1cGRhdGUiOjEyMDAwMDAwMDAwMH19",
          "dependencies": [
            "aws_eip.california-nat",
            "aws_internet_gateway.california-igw",
            "aws_nat_gateway.california-nat",
            "aws_route_table.california-private",
            "aws_subnet.california-private-subnet-1b",
            "aws_subnet.california-public-subnet-1c",
            "aws_vpc.california-vpc"
          ]
        }
      ]
    },
    {
      "mode": "managed",
      "type": "aws_route_table_association",
      "name": "california-private-c",
      "provider": "provider[\"registry.terraform.io/hashicorp/aws\"].california",
      "instances": [
        {
          "schema_version": 0,
          "attributes": {
            "gateway_id": "",
            "id": "rtbassoc-0adb49aca910eabc8",
            "route_table_id": "rtb-08889242f85f2edc4",
            "subnet_id": "subnet-0fe5804992befec55",
            "timeouts": null
          },
          "sensitive_attributes": [],
          "private": "eyJlMmJmYjczMC1lY2FhLTExZTYtOGY4OC0zNDM2M2JjN2M0YzAiOnsiY3JlYXRlIjozMDAwMDAwMDAwMDAsImRlbGV0ZSI6MzAwMDAwMDAwMDAwLCJ1cGRhdGUiOjEyMDAwMDAwMDAwMH19",
          "dependencies": [
            "aws_eip.california-nat",
            "aws_internet_gateway.california-igw",
            "aws_nat_gateway.california-nat",
            "aws_route_table.california-private",
            "aws_subnet.california-private-subnet-1c",
            "aws_subnet.california-public-subnet-1c",
            "aws_vpc.california-vpc"
          ]
        }
      ]
    },
    {
      "mode": "managed",
      "type": "aws_route_table_association",
      "name": "california-public-b",
      "provider": "provider[\"registry.terraform.io/hashicorp/aws\"].california",
      "instances": [
        {
          "schema_version": 0,
          "attributes": {
            "gateway_id": "",
            "id": "rtbassoc-0c009f894d3a8cc08",
            "route_table_id": "rtb-088161e7f82d01e63",
            "subnet_id": "subnet-030718b576c868742",
            "timeouts": null
          },
          "sensitive_attributes": [],
          "private": "eyJlMmJmYjczMC1lY2FhLTExZTYtOGY4OC0zNDM2M2JjN2M0YzAiOnsiY3JlYXRlIjozMDAwMDAwMDAwMDAsImRlbGV0ZSI6MzAwMDAwMDAwMDAwLCJ1cGRhdGUiOjEyMDAwMDAwMDAwMH19",
          "dependencies": [
            "aws_internet_gateway.california-igw",
            "aws_route_table.california-public",
            "aws_subnet.california-public-subnet-1b",
            "aws_vpc.california-vpc"
          ]
        }
      ]
    },
    {
      "mode": "managed",
      "type": "aws_route_table_association",
      "name": "california-public-c",
      "provider": "provider[\"registry.terraform.io/hashicorp/aws\"].california",
      "instances": [
        {
          "schema_version": 0,
          "attributes": {
            "gateway_id": "",
            "id": "rtbassoc-01c1aa3b609b93371",
            "route_table_id": "rtb-088161e7f82d01e63",
            "subnet_id": "subnet-0be73428c9677c688",
            "timeouts": null
          },
          "sensitive_attributes": [],
          "private": "eyJlMmJmYjczMC1lY2FhLTExZTYtOGY4OC0zNDM2M2JjN2M0YzAiOnsiY3JlYXRlIjozMDAwMDAwMDAwMDAsImRlbGV0ZSI6MzAwMDAwMDAwMDAwLCJ1cGRhdGUiOjEyMDAwMDAwMDAwMH19",
          "dependencies": [
            "aws_internet_gateway.california-igw",
            "aws_route_table.california-public",
            "aws_subnet.california-public-subnet-1c",
            "aws_vpc.california-vpc"
          ]
        }
      ]
    },
    {
      "mode": "managed",
      "type": "aws_route_table_association",
      "name": "hong-kong-public-b",
      "provider": "provider[\"registry.terraform.io/hashicorp/aws\"].hong-kong",
      "instances": [
        {
          "schema_version": 0,
          "attributes": {
            "gateway_id": "",
            "id": "rtbassoc-04690128c1bf4bb9f",
            "route_table_id": "rtb-08e9fdbf59a82052a",
            "subnet_id": "subnet-0fc5b356ac5f0bb77",
            "timeouts": null
          },
          "sensitive_attributes": [],
          "private": "eyJlMmJmYjczMC1lY2FhLTExZTYtOGY4OC0zNDM2M2JjN2M0YzAiOnsiY3JlYXRlIjozMDAwMDAwMDAwMDAsImRlbGV0ZSI6MzAwMDAwMDAwMDAwLCJ1cGRhdGUiOjEyMDAwMDAwMDAwMH19",
          "dependencies": [
            "aws_internet_gateway.hongkong-igw",
            "aws_route_table.hongkong-public",
            "aws_subnet.hongkong-public-subnet-1b",
            "aws_vpc.hongkong-vpc"
          ]
        }
      ]
    },
    {
      "mode": "managed",
      "type": "aws_route_table_association",
      "name": "hongkong-private-a",
      "provider": "provider[\"registry.terraform.io/hashicorp/aws\"].hong-kong",
      "instances": [
        {
          "schema_version": 0,
          "attributes": {
            "gateway_id": "",
            "id": "rtbassoc-0bdcf352369b6cf67",
            "route_table_id": "rtb-0fa09b763fd7d260c",
            "subnet_id": "subnet-003784450a3aaf615",
            "timeouts": null
          },
          "sensitive_attributes": [],
          "private": "eyJlMmJmYjczMC1lY2FhLTExZTYtOGY4OC0zNDM2M2JjN2M0YzAiOnsiY3JlYXRlIjozMDAwMDAwMDAwMDAsImRlbGV0ZSI6MzAwMDAwMDAwMDAwLCJ1cGRhdGUiOjEyMDAwMDAwMDAwMH19",
          "dependencies": [
            "aws_eip.hongkong-nat",
            "aws_internet_gateway.hongkong-igw",
            "aws_nat_gateway.hongkong-nat",
            "aws_route_table.hongkong-private",
            "aws_subnet.hongkong-private-subnet-1a",
            "aws_subnet.hongkong-public-subnet-1a",
            "aws_vpc.hongkong-vpc"
          ]
        }
      ]
    },
    {
      "mode": "managed",
      "type": "aws_route_table_association",
      "name": "hongkong-private-b",
      "provider": "provider[\"registry.terraform.io/hashicorp/aws\"].hong-kong",
      "instances": [
        {
          "schema_version": 0,
          "attributes": {
            "gateway_id": "",
            "id": "rtbassoc-09d06e1bcfe1857d9",
            "route_table_id": "rtb-0fa09b763fd7d260c",
            "subnet_id": "subnet-018ae7b26705e415a",
            "timeouts": null
          },
          "sensitive_attributes": [],
          "private": "eyJlMmJmYjczMC1lY2FhLTExZTYtOGY4OC0zNDM2M2JjN2M0YzAiOnsiY3JlYXRlIjozMDAwMDAwMDAwMDAsImRlbGV0ZSI6MzAwMDAwMDAwMDAwLCJ1cGRhdGUiOjEyMDAwMDAwMDAwMH19",
          "dependencies": [
            "aws_eip.hongkong-nat",
            "aws_internet_gateway.hongkong-igw",
            "aws_nat_gateway.hongkong-nat",
            "aws_route_table.hongkong-private",
            "aws_subnet.hongkong-private-subnet-1b",
            "aws_subnet.hongkong-public-subnet-1a",
            "aws_vpc.hongkong-vpc"
          ]
        }
      ]
    },
    {
      "mode": "managed",
      "type": "aws_route_table_association",
      "name": "hongkong-public-a",
      "provider": "provider[\"registry.terraform.io/hashicorp/aws\"].hong-kong",
      "instances": [
        {
          "schema_version": 0,
          "attributes": {
            "gateway_id": "",
            "id": "rtbassoc-0cd8173d34df5173b",
            "route_table_id": "rtb-08e9fdbf59a82052a",
            "subnet_id": "subnet-00ec8807a70fa9b45",
            "timeouts": null
          },
          "sensitive_attributes": [],
          "private": "eyJlMmJmYjczMC1lY2FhLTExZTYtOGY4OC0zNDM2M2JjN2M0YzAiOnsiY3JlYXRlIjozMDAwMDAwMDAwMDAsImRlbGV0ZSI6MzAwMDAwMDAwMDAwLCJ1cGRhdGUiOjEyMDAwMDAwMDAwMH19",
          "dependencies": [
            "aws_internet_gateway.hongkong-igw",
            "aws_route_table.hongkong-public",
            "aws_subnet.hongkong-public-subnet-1a",
            "aws_vpc.hongkong-vpc"
          ]
        }
      ]
    },
    {
      "mode": "managed",
      "type": "aws_route_table_association",
      "name": "london-private-a",
      "provider": "provider[\"registry.terraform.io/hashicorp/aws\"].london",
      "instances": [
        {
          "schema_version": 0,
          "attributes": {
            "gateway_id": "",
            "id": "rtbassoc-06dbea19d510b7384",
            "route_table_id": "rtb-0572684b131ed3edf",
            "subnet_id": "subnet-0091e4a2e01588c37",
            "timeouts": null
          },
          "sensitive_attributes": [],
          "private": "eyJlMmJmYjczMC1lY2FhLTExZTYtOGY4OC0zNDM2M2JjN2M0YzAiOnsiY3JlYXRlIjozMDAwMDAwMDAwMDAsImRlbGV0ZSI6MzAwMDAwMDAwMDAwLCJ1cGRhdGUiOjEyMDAwMDAwMDAwMH19",
          "dependencies": [
            "aws_eip.london-nat",
            "aws_internet_gateway.london-igw",
            "aws_nat_gateway.london-nat",
            "aws_route_table.london-private",
            "aws_subnet.london-private-subnet-2a",
            "aws_subnet.london-public-subnet-2a",
            "aws_vpc.london-vpc"
          ]
        }
      ]
    },
    {
      "mode": "managed",
      "type": "aws_route_table_association",
      "name": "london-private-b",
      "provider": "provider[\"registry.terraform.io/hashicorp/aws\"].london",
      "instances": [
        {
          "schema_version": 0,
          "attributes": {
            "gateway_id": "",
            "id": "rtbassoc-0bd05e1056d5cd1cb",
            "route_table_id": "rtb-0572684b131ed3edf",
            "subnet_id": "subnet-0ad1234bf5dd72289",
            "timeouts": null
          },
          "sensitive_attributes": [],
          "private": "eyJlMmJmYjczMC1lY2FhLTExZTYtOGY4OC0zNDM2M2JjN2M0YzAiOnsiY3JlYXRlIjozMDAwMDAwMDAwMDAsImRlbGV0ZSI6MzAwMDAwMDAwMDAwLCJ1cGRhdGUiOjEyMDAwMDAwMDAwMH19",
          "dependencies": [
            "aws_eip.london-nat",
            "aws_internet_gateway.london-igw",
            "aws_nat_gateway.london-nat",
            "aws_route_table.london-private",
            "aws_subnet.london-private-subnet-2b",
            "aws_subnet.london-public-subnet-2a",
            "aws_vpc.london-vpc"
          ]
        }
      ]
    },
    {
      "mode": "managed",
      "type": "aws_route_table_association",
      "name": "london-public-a",
      "provider": "provider[\"registry.terraform.io/hashicorp/aws\"].london",
      "instances": [
        {
          "schema_version": 0,
          "attributes": {
            "gateway_id": "",
            "id": "rtbassoc-09a4fe016e5ff362d",
            "route_table_id": "rtb-0b8f6c2162874be76",
            "subnet_id": "subnet-0188e77a89b983b4e",
            "timeouts": null
          },
          "sensitive_attributes": [],
          "private": "eyJlMmJmYjczMC1lY2FhLTExZTYtOGY4OC0zNDM2M2JjN2M0YzAiOnsiY3JlYXRlIjozMDAwMDAwMDAwMDAsImRlbGV0ZSI6MzAwMDAwMDAwMDAwLCJ1cGRhdGUiOjEyMDAwMDAwMDAwMH19",
          "dependencies": [
            "aws_internet_gateway.london-igw",
            "aws_route_table.london-public",
            "aws_subnet.london-public-subnet-2a",
            "aws_vpc.london-vpc"
          ]
        }
      ]
    },
    {
      "mode": "managed",
      "type": "aws_route_table_association",
      "name": "london-public-b",
      "provider": "provider[\"registry.terraform.io/hashicorp/aws\"].london",
      "instances": [
        {
          "schema_version": 0,
          "attributes": {
            "gateway_id": "",
            "id": "rtbassoc-09e87d1f92302839e",
            "route_table_id": "rtb-0b8f6c2162874be76",
            "subnet_id": "subnet-0e80daa78bf7f2752",
            "timeouts": null
          },
          "sensitive_attributes": [],
          "private": "eyJlMmJmYjczMC1lY2FhLTExZTYtOGY4OC0zNDM2M2JjN2M0YzAiOnsiY3JlYXRlIjozMDAwMDAwMDAwMDAsImRlbGV0ZSI6MzAwMDAwMDAwMDAwLCJ1cGRhdGUiOjEyMDAwMDAwMDAwMH19",
          "dependencies": [
            "aws_internet_gateway.london-igw",
            "aws_route_table.london-public",
            "aws_subnet.london-public-subnet-2b",
            "aws_vpc.london-vpc"
          ]
        }
      ]
    },
    {
      "mode": "managed",
      "type": "aws_route_table_association",
      "name": "newyork-private-a",
      "provider": "provider[\"registry.terraform.io/hashicorp/aws\"].new-york",
      "instances": [
        {
          "schema_version": 0,
          "attributes": {
            "gateway_id": "",
            "id": "rtbassoc-0696ec9c5139403d3",
            "route_table_id": "rtb-063d6788e3e2e1930",
            "subnet_id": "subnet-005266d8e182a6207",
            "timeouts": null
          },
          "sensitive_attributes": [],
          "private": "eyJlMmJmYjczMC1lY2FhLTExZTYtOGY4OC0zNDM2M2JjN2M0YzAiOnsiY3JlYXRlIjozMDAwMDAwMDAwMDAsImRlbGV0ZSI6MzAwMDAwMDAwMDAwLCJ1cGRhdGUiOjEyMDAwMDAwMDAwMH19",
          "dependencies": [
            "aws_eip.newyork-nat",
            "aws_internet_gateway.newyork-igw",
            "aws_nat_gateway.newyork-nat",
            "aws_route_table.newyork-private",
            "aws_subnet.newyork-private-subnet-1a",
            "aws_subnet.newyork-public-subnet-1a",
            "aws_vpc.newyork-vpc"
          ]
        }
      ]
    },
    {
      "mode": "managed",
      "type": "aws_route_table_association",
      "name": "newyork-private-b",
      "provider": "provider[\"registry.terraform.io/hashicorp/aws\"].new-york",
      "instances": [
        {
          "schema_version": 0,
          "attributes": {
            "gateway_id": "",
            "id": "rtbassoc-0b32fbd613a8317dc",
            "route_table_id": "rtb-063d6788e3e2e1930",
            "subnet_id": "subnet-053cc63fe381e1bca",
            "timeouts": null
          },
          "sensitive_attributes": [],
          "private": "eyJlMmJmYjczMC1lY2FhLTExZTYtOGY4OC0zNDM2M2JjN2M0YzAiOnsiY3JlYXRlIjozMDAwMDAwMDAwMDAsImRlbGV0ZSI6MzAwMDAwMDAwMDAwLCJ1cGRhdGUiOjEyMDAwMDAwMDAwMH19",
          "dependencies": [
            "aws_eip.newyork-nat",
            "aws_internet_gateway.newyork-igw",
            "aws_nat_gateway.newyork-nat",
            "aws_route_table.newyork-private",
            "aws_subnet.newyork-private-subnet-1b",
            "aws_subnet.newyork-public-subnet-1a",
            "aws_vpc.newyork-vpc"
          ]
        }
      ]
    },
    {
      "mode": "managed",
      "type": "aws_route_table_association",
      "name": "newyork-public-a",
      "provider": "provider[\"registry.terraform.io/hashicorp/aws\"].new-york",
      "instances": [
        {
          "schema_version": 0,
          "attributes": {
            "gateway_id": "",
            "id": "rtbassoc-0fac71c20c9c1b8cf",
            "route_table_id": "rtb-0e3e341b2addb32fe",
            "subnet_id": "subnet-010fe3f45b0a0a29f",
            "timeouts": null
          },
          "sensitive_attributes": [],
          "private": "eyJlMmJmYjczMC1lY2FhLTExZTYtOGY4OC0zNDM2M2JjN2M0YzAiOnsiY3JlYXRlIjozMDAwMDAwMDAwMDAsImRlbGV0ZSI6MzAwMDAwMDAwMDAwLCJ1cGRhdGUiOjEyMDAwMDAwMDAwMH19",
          "dependencies": [
            "aws_internet_gateway.newyork-igw",
            "aws_route_table.newyork-public",
            "aws_subnet.newyork-public-subnet-1a",
            "aws_vpc.newyork-vpc"
          ]
        }
      ]
    },
    {
      "mode": "managed",
      "type": "aws_route_table_association",
      "name": "newyork-public-b",
      "provider": "provider[\"registry.terraform.io/hashicorp/aws\"].new-york",
      "instances": [
        {
          "schema_version": 0,
          "attributes": {
            "gateway_id": "",
            "id": "rtbassoc-0d589034f8cb57cfc",
            "route_table_id": "rtb-0e3e341b2addb32fe",
            "subnet_id": "subnet-047ae008fdb591faf",
            "timeouts": null
          },
          "sensitive_attributes": [],
          "private": "eyJlMmJmYjczMC1lY2FhLTExZTYtOGY4OC0zNDM2M2JjN2M0YzAiOnsiY3JlYXRlIjozMDAwMDAwMDAwMDAsImRlbGV0ZSI6MzAwMDAwMDAwMDAwLCJ1cGRhdGUiOjEyMDAwMDAwMDAwMH19",
          "dependencies": [
            "aws_internet_gateway.newyork-igw",
            "aws_route_table.newyork-public",
            "aws_subnet.newyork-public-subnet-1b",
            "aws_vpc.newyork-vpc"
          ]
        }
      ]
    },
    {
      "mode": "managed",
      "type": "aws_route_table_association",
      "name": "sao-paulo-public-c",
      "provider": "provider[\"registry.terraform.io/hashicorp/aws\"].sao-paulo",
      "instances": [
        {
          "schema_version": 0,
          "attributes": {
            "gateway_id": "",
            "id": "rtbassoc-03964d3eda8e4150d",
            "route_table_id": "rtb-012cbb169f633f209",
            "subnet_id": "subnet-07a7dd6a6528b9205",
            "timeouts": null
          },
          "sensitive_attributes": [],
          "private": "eyJlMmJmYjczMC1lY2FhLTExZTYtOGY4OC0zNDM2M2JjN2M0YzAiOnsiY3JlYXRlIjozMDAwMDAwMDAwMDAsImRlbGV0ZSI6MzAwMDAwMDAwMDAwLCJ1cGRhdGUiOjEyMDAwMDAwMDAwMH19",
          "dependencies": [
            "aws_internet_gateway.saopaulo-igw",
            "aws_route_table.saopaulo-public",
            "aws_subnet.saopaulo-public-subnet-1c",
            "aws_vpc.saopaulo-vpc"
          ]
        }
      ]
    },
    {
      "mode": "managed",
      "type": "aws_route_table_association",
      "name": "saopaulo-private-a",
      "provider": "provider[\"registry.terraform.io/hashicorp/aws\"].sao-paulo",
      "instances": [
        {
          "schema_version": 0,
          "attributes": {
            "gateway_id": "",
            "id": "rtbassoc-03faeee5b9b7e9140",
            "route_table_id": "rtb-02cc487fcc0dcebd9",
            "subnet_id": "subnet-021ecec6d9b5aec22",
            "timeouts": null
          },
          "sensitive_attributes": [],
          "private": "eyJlMmJmYjczMC1lY2FhLTExZTYtOGY4OC0zNDM2M2JjN2M0YzAiOnsiY3JlYXRlIjozMDAwMDAwMDAwMDAsImRlbGV0ZSI6MzAwMDAwMDAwMDAwLCJ1cGRhdGUiOjEyMDAwMDAwMDAwMH19",
          "dependencies": [
            "aws_eip.saopaulo-nat",
            "aws_internet_gateway.saopaulo-igw",
            "aws_nat_gateway.saopaulo-nat",
            "aws_route_table.saopaulo-private",
            "aws_subnet.saopaulo-private-subnet-1a",
            "aws_subnet.saopaulo-public-subnet-1a",
            "aws_vpc.saopaulo-vpc"
          ]
        }
      ]
    },
    {
      "mode": "managed",
      "type": "aws_route_table_association",
      "name": "saopaulo-private-c",
      "provider": "provider[\"registry.terraform.io/hashicorp/aws\"].sao-paulo",
      "instances": [
        {
          "schema_version": 0,
          "attributes": {
            "gateway_id": "",
            "id": "rtbassoc-0f639be7041f28c31",
            "route_table_id": "rtb-02cc487fcc0dcebd9",
            "subnet_id": "subnet-0eb535c51019a6c1b",
            "timeouts": null
          },
          "sensitive_attributes": [],
          "private": "eyJlMmJmYjczMC1lY2FhLTExZTYtOGY4OC0zNDM2M2JjN2M0YzAiOnsiY3JlYXRlIjozMDAwMDAwMDAwMDAsImRlbGV0ZSI6MzAwMDAwMDAwMDAwLCJ1cGRhdGUiOjEyMDAwMDAwMDAwMH19",
          "dependencies": [
            "aws_eip.saopaulo-nat",
            "aws_internet_gateway.saopaulo-igw",
            "aws_nat_gateway.saopaulo-nat",
            "aws_route_table.saopaulo-private",
            "aws_subnet.saopaulo-private-subnet-1c",
            "aws_subnet.saopaulo-public-subnet-1a",
            "aws_vpc.saopaulo-vpc"
          ]
        }
      ]
    },
    {
      "mode": "managed",
      "type": "aws_route_table_association",
      "name": "saopaulo-public-a",
      "provider": "provider[\"registry.terraform.io/hashicorp/aws\"].sao-paulo",
      "instances": [
        {
          "schema_version": 0,
          "attributes": {
            "gateway_id": "",
            "id": "rtbassoc-02f687f2726970d3d",
            "route_table_id": "rtb-012cbb169f633f209",
            "subnet_id": "subnet-0b55cd8c609ad7066",
            "timeouts": null
          },
          "sensitive_attributes": [],
          "private": "eyJlMmJmYjczMC1lY2FhLTExZTYtOGY4OC0zNDM2M2JjN2M0YzAiOnsiY3JlYXRlIjozMDAwMDAwMDAwMDAsImRlbGV0ZSI6MzAwMDAwMDAwMDAwLCJ1cGRhdGUiOjEyMDAwMDAwMDAwMH19",
          "dependencies": [
            "aws_internet_gateway.saopaulo-igw",
            "aws_route_table.saopaulo-public",
            "aws_subnet.saopaulo-public-subnet-1a",
            "aws_vpc.saopaulo-vpc"
          ]
        }
      ]
    },
    {
      "mode": "managed",
      "type": "aws_route_table_association",
      "name": "tokyo-private-a",
      "provider": "provider[\"registry.terraform.io/hashicorp/aws\"].tokyo",
      "instances": [
        {
          "schema_version": 0,
          "attributes": {
            "gateway_id": "",
            "id": "rtbassoc-0373c558075572d5b",
            "route_table_id": "rtb-0d44ca093bb1b0e4f",
            "subnet_id": "subnet-00a42670d11042672",
            "timeouts": null
          },
          "sensitive_attributes": [],
          "private": "eyJlMmJmYjczMC1lY2FhLTExZTYtOGY4OC0zNDM2M2JjN2M0YzAiOnsiY3JlYXRlIjozMDAwMDAwMDAwMDAsImRlbGV0ZSI6MzAwMDAwMDAwMDAwLCJ1cGRhdGUiOjEyMDAwMDAwMDAwMH19",
          "dependencies": [
            "aws_ec2_transit_gateway.tokyo_tgw",
            "aws_eip.tokyo-nat",
            "aws_internet_gateway.tokyo-igw",
            "aws_nat_gateway.tokyo-nat",
            "aws_route_table.tokyo-private",
            "aws_subnet.tokyo-private-subnet-1a",
            "aws_subnet.tokyo-public-subnet-1a",
            "aws_vpc.tokyo-vpc"
          ]
        }
      ]
    },
    {
      "mode": "managed",
      "type": "aws_route_table_association",
      "name": "tokyo-private-d",
      "provider": "provider[\"registry.terraform.io/hashicorp/aws\"].tokyo",
      "instances": [
        {
          "schema_version": 0,
          "attributes": {
            "gateway_id": "",
            "id": "rtbassoc-03d96d0054678187c",
            "route_table_id": "rtb-0d44ca093bb1b0e4f",
            "subnet_id": "subnet-0d5fe9adb140668bb",
            "timeouts": null
          },
          "sensitive_attributes": [],
          "private": "eyJlMmJmYjczMC1lY2FhLTExZTYtOGY4OC0zNDM2M2JjN2M0YzAiOnsiY3JlYXRlIjozMDAwMDAwMDAwMDAsImRlbGV0ZSI6MzAwMDAwMDAwMDAwLCJ1cGRhdGUiOjEyMDAwMDAwMDAwMH19",
          "dependencies": [
            "aws_ec2_transit_gateway.tokyo_tgw",
            "aws_eip.tokyo-nat",
            "aws_internet_gateway.tokyo-igw",
            "aws_nat_gateway.tokyo-nat",
            "aws_route_table.tokyo-private",
            "aws_subnet.tokyo-private-subnet-1d",
            "aws_subnet.tokyo-public-subnet-1a",
            "aws_vpc.tokyo-vpc"
          ]
        }
      ]
    },
    {
      "mode": "managed",
      "type": "aws_route_table_association",
      "name": "tokyo-public-a",
      "provider": "provider[\"registry.terraform.io/hashicorp/aws\"].tokyo",
      "instances": [
        {
          "schema_version": 0,
          "attributes": {
            "gateway_id": "",
            "id": "rtbassoc-06e09cff1a0f1b36b",
            "route_table_id": "rtb-05b1edb8c1f994dd2",
            "subnet_id": "subnet-0c3f6b255010cca3a",
            "timeouts": null
          },
          "sensitive_attributes": [],
          "private": "eyJlMmJmYjczMC1lY2FhLTExZTYtOGY4OC0zNDM2M2JjN2M0YzAiOnsiY3JlYXRlIjozMDAwMDAwMDAwMDAsImRlbGV0ZSI6MzAwMDAwMDAwMDAwLCJ1cGRhdGUiOjEyMDAwMDAwMDAwMH19",
          "dependencies": [
            "aws_ec2_transit_gateway.tokyo_tgw",
            "aws_internet_gateway.tokyo-igw",
            "aws_route_table.tokyo-public",
            "aws_subnet.tokyo-public-subnet-1a",
            "aws_vpc.tokyo-vpc"
          ]
        }
      ]
    },
    {
      "mode": "managed",
      "type": "aws_route_table_association",
      "name": "tokyo-public-d",
      "provider": "provider[\"registry.terraform.io/hashicorp/aws\"].tokyo",
      "instances": [
        {
          "schema_version": 0,
          "attributes": {
            "gateway_id": "",
            "id": "rtbassoc-04a2b4198d416a238",
            "route_table_id": "rtb-05b1edb8c1f994dd2",
            "subnet_id": "subnet-04c8f18fb540bebbb",
            "timeouts": null
          },
          "sensitive_attributes": [],
          "private": "eyJlMmJmYjczMC1lY2FhLTExZTYtOGY4OC0zNDM2M2JjN2M0YzAiOnsiY3JlYXRlIjozMDAwMDAwMDAwMDAsImRlbGV0ZSI6MzAwMDAwMDAwMDAwLCJ1cGRhdGUiOjEyMDAwMDAwMDAwMH19",
          "dependencies": [
            "aws_ec2_transit_gateway.tokyo_tgw",
            "aws_internet_gateway.tokyo-igw",
            "aws_route_table.tokyo-public",
            "aws_subnet.tokyo-public-subnet-1d",
            "aws_vpc.tokyo-vpc"
          ]
        }
      ]
    },
    {
      "mode": "managed",
      "type": "aws_route_table_association",
      "name": "tokyotest-private-b",
      "provider": "provider[\"registry.terraform.io/hashicorp/aws\"].tokyo-testb",
      "instances": [
        {
          "schema_version": 0,
          "attributes": {
            "gateway_id": "",
            "id": "rtbassoc-0f4c178f9cbfaf811",
            "route_table_id": "rtb-00467a4d27247bffc",
            "subnet_id": "subnet-01383d7ff6ec15b82",
            "timeouts": null
          },
          "sensitive_attributes": [],
          "private": "eyJlMmJmYjczMC1lY2FhLTExZTYtOGY4OC0zNDM2M2JjN2M0YzAiOnsiY3JlYXRlIjozMDAwMDAwMDAwMDAsImRlbGV0ZSI6MzAwMDAwMDAwMDAwLCJ1cGRhdGUiOjEyMDAwMDAwMDAwMH19",
          "dependencies": [
            "aws_eip.tokyotest-nat",
            "aws_internet_gateway.tokyotest-igw",
            "aws_nat_gateway.tokyotest-nat",
            "aws_route_table.tokyotest-private",
            "aws_subnet.tokyotest-private-subnet-1d",
            "aws_subnet.tokyotest-public-subnet-1d",
            "aws_vpc.tokyotest-vpc"
          ]
        }
      ]
    },
    {
      "mode": "managed",
      "type": "aws_route_table_association",
      "name": "tokyotest-public-a",
      "provider": "provider[\"registry.terraform.io/hashicorp/aws\"].tokyo-testb",
      "instances": [
        {
          "schema_version": 0,
          "attributes": {
            "gateway_id": "",
            "id": "rtbassoc-001acfb5e65265f3c",
            "route_table_id": "rtb-0763d69c5170a3c3a",
            "subnet_id": "subnet-017467ef137ddba0b",
            "timeouts": null
          },
          "sensitive_attributes": [],
          "private": "eyJlMmJmYjczMC1lY2FhLTExZTYtOGY4OC0zNDM2M2JjN2M0YzAiOnsiY3JlYXRlIjozMDAwMDAwMDAwMDAsImRlbGV0ZSI6MzAwMDAwMDAwMDAwLCJ1cGRhdGUiOjEyMDAwMDAwMDAwMH19",
          "dependencies": [
            "aws_internet_gateway.tokyotest-igw",
            "aws_route_table.tokyotest-public",
            "aws_subnet.tokyotest-public-subnet-1d",
            "aws_vpc.tokyotest-vpc"
          ]
        }
      ]
    },
    {
      "mode": "managed",
      "type": "aws_security_group",
      "name": "australia-SG01-ASG01",
      "provider": "provider[\"registry.terraform.io/hashicorp/aws\"].australia",
      "instances": [
        {
          "schema_version": 1,
          "attributes": {
            "arn": "arn:aws:ec2:ap-southeast-2:495599735872:security-group/sg-04e3ba8b10a97e402",
            "description": "australia-SG01-ASG01",
            "egress": [
              {
                "cidr_blocks": [
                  "0.0.0.0/0"
                ],
                "description": "",
                "from_port": 0,
                "ipv6_cidr_blocks": [],
                "prefix_list_ids": [],
                "protocol": "-1",
                "security_groups": [],
                "self": false,
                "to_port": 0
              }
            ],
            "id": "sg-04e3ba8b10a97e402",
            "ingress": [
              {
                "cidr_blocks": [
                  "0.0.0.0/0"
                ],
                "description": "",
                "from_port": 80,
                "ipv6_cidr_blocks": [],
                "prefix_list_ids": [],
                "protocol": "tcp",
                "security_groups": [],
                "self": false,
                "to_port": 80
              }
            ],
            "name": "australia-SG01-ASG01",
            "name_prefix": "",
            "owner_id": "495599735872",
            "revoke_rules_on_delete": false,
            "tags": {
              "Name": "australia-SG01-ASG01",
              "Owner": "MATTRESS AVENGERS",
              "Service": "Armageddon Phase 1"
            },
            "tags_all": {
              "Name": "australia-SG01-ASG01",
              "Owner": "MATTRESS AVENGERS",
              "Service": "Armageddon Phase 1"
            },
            "timeouts": null,
            "vpc_id": "vpc-077b1fc5de17d127f"
          },
          "sensitive_attributes": [],
          "private": "eyJlMmJmYjczMC1lY2FhLTExZTYtOGY4OC0zNDM2M2JjN2M0YzAiOnsiY3JlYXRlIjo2MDAwMDAwMDAwMDAsImRlbGV0ZSI6OTAwMDAwMDAwMDAwfSwic2NoZW1hX3ZlcnNpb24iOiIxIn0=",
          "dependencies": [
            "aws_vpc.australia-vpc"
          ],
          "create_before_destroy": true
        }
      ]
    },
    {
      "mode": "managed",
      "type": "aws_security_group",
      "name": "australia-SG02-LB01",
      "provider": "provider[\"registry.terraform.io/hashicorp/aws\"].australia",
      "instances": [
        {
          "schema_version": 1,
          "attributes": {
            "arn": "arn:aws:ec2:ap-southeast-2:495599735872:security-group/sg-03c9e4bc86f7b1833",
            "description": "australia-SG02-LB01",
            "egress": [
              {
                "cidr_blocks": [
                  "0.0.0.0/0"
                ],
                "description": "",
                "from_port": 0,
                "ipv6_cidr_blocks": [],
                "prefix_list_ids": [],
                "protocol": "-1",
                "security_groups": [],
                "self": false,
                "to_port": 0
              }
            ],
            "id": "sg-03c9e4bc86f7b1833",
            "ingress": [
              {
                "cidr_blocks": [
                  "0.0.0.0/0"
                ],
                "description": "",
                "from_port": 80,
                "ipv6_cidr_blocks": [],
                "prefix_list_ids": [],
                "protocol": "tcp",
                "security_groups": [],
                "self": false,
                "to_port": 80
              }
            ],
            "name": "australia-SG02-LB01",
            "name_prefix": "",
            "owner_id": "495599735872",
            "revoke_rules_on_delete": false,
            "tags": {
              "Name": "australia-SG02-LB01",
              "Owner": "MATTRESS AVENGERS",
              "Service": "Armageddon Phase 1"
            },
            "tags_all": {
              "Name": "australia-SG02-LB01",
              "Owner": "MATTRESS AVENGERS",
              "Service": "Armageddon Phase 1"
            },
            "timeouts": null,
            "vpc_id": "vpc-077b1fc5de17d127f"
          },
          "sensitive_attributes": [],
          "private": "eyJlMmJmYjczMC1lY2FhLTExZTYtOGY4OC0zNDM2M2JjN2M0YzAiOnsiY3JlYXRlIjo2MDAwMDAwMDAwMDAsImRlbGV0ZSI6OTAwMDAwMDAwMDAwfSwic2NoZW1hX3ZlcnNpb24iOiIxIn0=",
          "dependencies": [
            "aws_vpc.australia-vpc"
          ]
        }
      ]
    },
    {
      "mode": "managed",
      "type": "aws_security_group",
      "name": "california-SG01-ASG01",
      "provider": "provider[\"registry.terraform.io/hashicorp/aws\"].california",
      "instances": [
        {
          "schema_version": 1,
          "attributes": {
            "arn": "arn:aws:ec2:us-west-1:495599735872:security-group/sg-0e8a9de62a03518e0",
            "description": "california-SG01-ASG01",
            "egress": [
              {
                "cidr_blocks": [
                  "0.0.0.0/0"
                ],
                "description": "",
                "from_port": 0,
                "ipv6_cidr_blocks": [],
                "prefix_list_ids": [],
                "protocol": "-1",
                "security_groups": [],
                "self": false,
                "to_port": 0
              }
            ],
            "id": "sg-0e8a9de62a03518e0",
            "ingress": [
              {
                "cidr_blocks": [
                  "0.0.0.0/0"
                ],
                "description": "",
                "from_port": 80,
                "ipv6_cidr_blocks": [],
                "prefix_list_ids": [],
                "protocol": "tcp",
                "security_groups": [],
                "self": false,
                "to_port": 80
              }
            ],
            "name": "california-SG01-ASG01",
            "name_prefix": "",
            "owner_id": "495599735872",
            "revoke_rules_on_delete": false,
            "tags": {
              "Name": "california-SG01-ASG01",
              "Owner": "MATTRESS AVENGERS",
              "Service": "Armageddon Phase 1"
            },
            "tags_all": {
              "Name": "california-SG01-ASG01",
              "Owner": "MATTRESS AVENGERS",
              "Service": "Armageddon Phase 1"
            },
            "timeouts": null,
            "vpc_id": "vpc-091d5396d623a34cb"
          },
          "sensitive_attributes": [],
          "private": "eyJlMmJmYjczMC1lY2FhLTExZTYtOGY4OC0zNDM2M2JjN2M0YzAiOnsiY3JlYXRlIjo2MDAwMDAwMDAwMDAsImRlbGV0ZSI6OTAwMDAwMDAwMDAwfSwic2NoZW1hX3ZlcnNpb24iOiIxIn0=",
          "dependencies": [
            "aws_vpc.california-vpc"
          ],
          "create_before_destroy": true
        }
      ]
    },
    {
      "mode": "managed",
      "type": "aws_security_group",
      "name": "california-SG02-LB01",
      "provider": "provider[\"registry.terraform.io/hashicorp/aws\"].california",
      "instances": [
        {
          "schema_version": 1,
          "attributes": {
            "arn": "arn:aws:ec2:us-west-1:495599735872:security-group/sg-071a9e02f84295278",
            "description": "california-SG02-LB01",
            "egress": [
              {
                "cidr_blocks": [
                  "0.0.0.0/0"
                ],
                "description": "",
                "from_port": 0,
                "ipv6_cidr_blocks": [],
                "prefix_list_ids": [],
                "protocol": "-1",
                "security_groups": [],
                "self": false,
                "to_port": 0
              }
            ],
            "id": "sg-071a9e02f84295278",
            "ingress": [
              {
                "cidr_blocks": [
                  "0.0.0.0/0"
                ],
                "description": "",
                "from_port": 80,
                "ipv6_cidr_blocks": [],
                "prefix_list_ids": [],
                "protocol": "tcp",
                "security_groups": [],
                "self": false,
                "to_port": 80
              }
            ],
            "name": "california-SG02-LB01",
            "name_prefix": "",
            "owner_id": "495599735872",
            "revoke_rules_on_delete": false,
            "tags": {
              "Name": "california-SG02-LB01",
              "Owner": "MATTRESS AVENGERS",
              "Service": "Armageddon Phase 1"
            },
            "tags_all": {
              "Name": "california-SG02-LB01",
              "Owner": "MATTRESS AVENGERS",
              "Service": "Armageddon Phase 1"
            },
            "timeouts": null,
            "vpc_id": "vpc-091d5396d623a34cb"
          },
          "sensitive_attributes": [],
          "private": "eyJlMmJmYjczMC1lY2FhLTExZTYtOGY4OC0zNDM2M2JjN2M0YzAiOnsiY3JlYXRlIjo2MDAwMDAwMDAwMDAsImRlbGV0ZSI6OTAwMDAwMDAwMDAwfSwic2NoZW1hX3ZlcnNpb24iOiIxIn0=",
          "dependencies": [
            "aws_vpc.california-vpc"
          ]
        }
      ]
    },
    {
      "mode": "managed",
      "type": "aws_security_group",
      "name": "hongkong-SG01-ASG01",
      "provider": "provider[\"registry.terraform.io/hashicorp/aws\"].hong-kong",
      "instances": [
        {
          "schema_version": 1,
          "attributes": {
            "arn": "arn:aws:ec2:ap-east-1:495599735872:security-group/sg-07fc45e6cdff7fe04",
            "description": "hongkong-SG01-ASG01",
            "egress": [
              {
                "cidr_blocks": [
                  "0.0.0.0/0"
                ],
                "description": "",
                "from_port": 0,
                "ipv6_cidr_blocks": [],
                "prefix_list_ids": [],
                "protocol": "-1",
                "security_groups": [],
                "self": false,
                "to_port": 0
              }
            ],
            "id": "sg-07fc45e6cdff7fe04",
            "ingress": [
              {
                "cidr_blocks": [
                  "0.0.0.0/0"
                ],
                "description": "",
                "from_port": 80,
                "ipv6_cidr_blocks": [],
                "prefix_list_ids": [],
                "protocol": "tcp",
                "security_groups": [],
                "self": false,
                "to_port": 80
              }
            ],
            "name": "hongkong-SG01-ASG01",
            "name_prefix": "",
            "owner_id": "495599735872",
            "revoke_rules_on_delete": false,
            "tags": {
              "Name": "hongkong-SG01-ASG01",
              "Owner": "MATTRESS AVENGERS",
              "Service": "Armageddon Phase 1"
            },
            "tags_all": {
              "Name": "hongkong-SG01-ASG01",
              "Owner": "MATTRESS AVENGERS",
              "Service": "Armageddon Phase 1"
            },
            "timeouts": null,
            "vpc_id": "vpc-0fcd95b3b199a6881"
          },
          "sensitive_attributes": [],
          "private": "eyJlMmJmYjczMC1lY2FhLTExZTYtOGY4OC0zNDM2M2JjN2M0YzAiOnsiY3JlYXRlIjo2MDAwMDAwMDAwMDAsImRlbGV0ZSI6OTAwMDAwMDAwMDAwfSwic2NoZW1hX3ZlcnNpb24iOiIxIn0=",
          "dependencies": [
            "aws_vpc.hongkong-vpc"
          ],
          "create_before_destroy": true
        }
      ]
    },
    {
      "mode": "managed",
      "type": "aws_security_group",
      "name": "hongkong-SG02-LB01",
      "provider": "provider[\"registry.terraform.io/hashicorp/aws\"].hong-kong",
      "instances": [
        {
          "schema_version": 1,
          "attributes": {
            "arn": "arn:aws:ec2:ap-east-1:495599735872:security-group/sg-00f9caa995810019f",
            "description": "hongkong-SG02-LB01",
            "egress": [
              {
                "cidr_blocks": [
                  "0.0.0.0/0"
                ],
                "description": "",
                "from_port": 0,
                "ipv6_cidr_blocks": [],
                "prefix_list_ids": [],
                "protocol": "-1",
                "security_groups": [],
                "self": false,
                "to_port": 0
              }
            ],
            "id": "sg-00f9caa995810019f",
            "ingress": [
              {
                "cidr_blocks": [
                  "0.0.0.0/0"
                ],
                "description": "",
                "from_port": 80,
                "ipv6_cidr_blocks": [],
                "prefix_list_ids": [],
                "protocol": "tcp",
                "security_groups": [],
                "self": false,
                "to_port": 80
              }
            ],
            "name": "hongkong-SG02-LB01",
            "name_prefix": "",
            "owner_id": "495599735872",
            "revoke_rules_on_delete": false,
            "tags": {
              "Name": "hongkong-SG02-LB01",
              "Owner": "MATTRESS AVENGERS",
              "Service": "Armageddon Phase 1"
            },
            "tags_all": {
              "Name": "hongkong-SG02-LB01",
              "Owner": "MATTRESS AVENGERS",
              "Service": "Armageddon Phase 1"
            },
            "timeouts": null,
            "vpc_id": "vpc-0fcd95b3b199a6881"
          },
          "sensitive_attributes": [],
          "private": "eyJlMmJmYjczMC1lY2FhLTExZTYtOGY4OC0zNDM2M2JjN2M0YzAiOnsiY3JlYXRlIjo2MDAwMDAwMDAwMDAsImRlbGV0ZSI6OTAwMDAwMDAwMDAwfSwic2NoZW1hX3ZlcnNpb24iOiIxIn0=",
          "dependencies": [
            "aws_vpc.hongkong-vpc"
          ]
        }
      ]
    },
    {
      "mode": "managed",
      "type": "aws_security_group",
      "name": "london-SG01-ASG01",
      "provider": "provider[\"registry.terraform.io/hashicorp/aws\"].london",
      "instances": [
        {
          "schema_version": 1,
          "attributes": {
            "arn": "arn:aws:ec2:eu-west-2:495599735872:security-group/sg-09da8daf5c4fc2099",
            "description": "london-SG01-ASG01",
            "egress": [
              {
                "cidr_blocks": [
                  "0.0.0.0/0"
                ],
                "description": "",
                "from_port": 0,
                "ipv6_cidr_blocks": [],
                "prefix_list_ids": [],
                "protocol": "-1",
                "security_groups": [],
                "self": false,
                "to_port": 0
              }
            ],
            "id": "sg-09da8daf5c4fc2099",
            "ingress": [
              {
                "cidr_blocks": [
                  "0.0.0.0/0"
                ],
                "description": "",
                "from_port": 80,
                "ipv6_cidr_blocks": [],
                "prefix_list_ids": [],
                "protocol": "tcp",
                "security_groups": [],
                "self": false,
                "to_port": 80
              }
            ],
            "name": "london-SG01-ASG01",
            "name_prefix": "",
            "owner_id": "495599735872",
            "revoke_rules_on_delete": false,
            "tags": {
              "Name": "london-SG01-ASG01",
              "Owner": "MATTRESS AVENGERS",
              "Service": "Armageddon Phase 1"
            },
            "tags_all": {
              "Name": "london-SG01-ASG01",
              "Owner": "MATTRESS AVENGERS",
              "Service": "Armageddon Phase 1"
            },
            "timeouts": null,
            "vpc_id": "vpc-02c4bb68363a5ef8c"
          },
          "sensitive_attributes": [],
          "private": "eyJlMmJmYjczMC1lY2FhLTExZTYtOGY4OC0zNDM2M2JjN2M0YzAiOnsiY3JlYXRlIjo2MDAwMDAwMDAwMDAsImRlbGV0ZSI6OTAwMDAwMDAwMDAwfSwic2NoZW1hX3ZlcnNpb24iOiIxIn0=",
          "dependencies": [
            "aws_vpc.london-vpc"
          ],
          "create_before_destroy": true
        }
      ]
    },
    {
      "mode": "managed",
      "type": "aws_security_group",
      "name": "london-SG02-LB01",
      "provider": "provider[\"registry.terraform.io/hashicorp/aws\"].london",
      "instances": [
        {
          "schema_version": 1,
          "attributes": {
            "arn": "arn:aws:ec2:eu-west-2:495599735872:security-group/sg-0de31ecf93121cdad",
            "description": "london-SG02-LB01",
            "egress": [
              {
                "cidr_blocks": [
                  "0.0.0.0/0"
                ],
                "description": "",
                "from_port": 0,
                "ipv6_cidr_blocks": [],
                "prefix_list_ids": [],
                "protocol": "-1",
                "security_groups": [],
                "self": false,
                "to_port": 0
              }
            ],
            "id": "sg-0de31ecf93121cdad",
            "ingress": [
              {
                "cidr_blocks": [
                  "0.0.0.0/0"
                ],
                "description": "",
                "from_port": 80,
                "ipv6_cidr_blocks": [],
                "prefix_list_ids": [],
                "protocol": "tcp",
                "security_groups": [],
                "self": false,
                "to_port": 80
              }
            ],
            "name": "london-SG02-LB01",
            "name_prefix": "",
            "owner_id": "495599735872",
            "revoke_rules_on_delete": false,
            "tags": {
              "Name": "london-SG02-LB01",
              "Owner": "MATTRESS AVENGERS",
              "Service": "Armageddon Phase 1"
            },
            "tags_all": {
              "Name": "london-SG02-LB01",
              "Owner": "MATTRESS AVENGERS",
              "Service": "Armageddon Phase 1"
            },
            "timeouts": null,
            "vpc_id": "vpc-02c4bb68363a5ef8c"
          },
          "sensitive_attributes": [],
          "private": "eyJlMmJmYjczMC1lY2FhLTExZTYtOGY4OC0zNDM2M2JjN2M0YzAiOnsiY3JlYXRlIjo2MDAwMDAwMDAwMDAsImRlbGV0ZSI6OTAwMDAwMDAwMDAwfSwic2NoZW1hX3ZlcnNpb24iOiIxIn0=",
          "dependencies": [
            "aws_vpc.london-vpc"
          ]
        }
      ]
    },
    {
      "mode": "managed",
      "type": "aws_security_group",
      "name": "newyork-SG01-ASG01",
      "provider": "provider[\"registry.terraform.io/hashicorp/aws\"].new-york",
      "instances": [
        {
          "schema_version": 1,
          "attributes": {
            "arn": "arn:aws:ec2:us-east-1:495599735872:security-group/sg-0388db5e0687172f0",
            "description": "newyork-SG01-ASG01",
            "egress": [
              {
                "cidr_blocks": [
                  "0.0.0.0/0"
                ],
                "description": "",
                "from_port": 0,
                "ipv6_cidr_blocks": [],
                "prefix_list_ids": [],
                "protocol": "-1",
                "security_groups": [],
                "self": false,
                "to_port": 0
              }
            ],
            "id": "sg-0388db5e0687172f0",
            "ingress": [
              {
                "cidr_blocks": [
                  "0.0.0.0/0"
                ],
                "description": "",
                "from_port": 80,
                "ipv6_cidr_blocks": [],
                "prefix_list_ids": [],
                "protocol": "tcp",
                "security_groups": [],
                "self": false,
                "to_port": 80
              }
            ],
            "name": "newyork-SG01-ASG01",
            "name_prefix": "",
            "owner_id": "495599735872",
            "revoke_rules_on_delete": false,
            "tags": {
              "Name": "newyork-SG01-ASG01",
              "Owner": "MATTRESS AVENGERS",
              "Service": "Armageddon Phase 1"
            },
            "tags_all": {
              "Name": "newyork-SG01-ASG01",
              "Owner": "MATTRESS AVENGERS",
              "Service": "Armageddon Phase 1"
            },
            "timeouts": null,
            "vpc_id": "vpc-043018aec8e4118bc"
          },
          "sensitive_attributes": [],
          "private": "eyJlMmJmYjczMC1lY2FhLTExZTYtOGY4OC0zNDM2M2JjN2M0YzAiOnsiY3JlYXRlIjo2MDAwMDAwMDAwMDAsImRlbGV0ZSI6OTAwMDAwMDAwMDAwfSwic2NoZW1hX3ZlcnNpb24iOiIxIn0=",
          "dependencies": [
            "aws_vpc.newyork-vpc"
          ],
          "create_before_destroy": true
        }
      ]
    },
    {
      "mode": "managed",
      "type": "aws_security_group",
      "name": "newyork-SG02-LB01",
      "provider": "provider[\"registry.terraform.io/hashicorp/aws\"].new-york",
      "instances": [
        {
          "schema_version": 1,
          "attributes": {
            "arn": "arn:aws:ec2:us-east-1:495599735872:security-group/sg-04688c1b87f228529",
            "description": "newyork-SG02-LB01",
            "egress": [
              {
                "cidr_blocks": [
                  "0.0.0.0/0"
                ],
                "description": "",
                "from_port": 0,
                "ipv6_cidr_blocks": [],
                "prefix_list_ids": [],
                "protocol": "-1",
                "security_groups": [],
                "self": false,
                "to_port": 0
              }
            ],
            "id": "sg-04688c1b87f228529",
            "ingress": [
              {
                "cidr_blocks": [
                  "0.0.0.0/0"
                ],
                "description": "",
                "from_port": 80,
                "ipv6_cidr_blocks": [],
                "prefix_list_ids": [],
                "protocol": "tcp",
                "security_groups": [],
                "self": false,
                "to_port": 80
              }
            ],
            "name": "newyork-SG02-LB01",
            "name_prefix": "",
            "owner_id": "495599735872",
            "revoke_rules_on_delete": false,
            "tags": {
              "Name": "newyork-SG02-LB01",
              "Owner": "MATTRESS AVENGERS",
              "Service": "Armageddon Phase 1"
            },
            "tags_all": {
              "Name": "newyork-SG02-LB01",
              "Owner": "MATTRESS AVENGERS",
              "Service": "Armageddon Phase 1"
            },
            "timeouts": null,
            "vpc_id": "vpc-043018aec8e4118bc"
          },
          "sensitive_attributes": [],
          "private": "eyJlMmJmYjczMC1lY2FhLTExZTYtOGY4OC0zNDM2M2JjN2M0YzAiOnsiY3JlYXRlIjo2MDAwMDAwMDAwMDAsImRlbGV0ZSI6OTAwMDAwMDAwMDAwfSwic2NoZW1hX3ZlcnNpb24iOiIxIn0=",
          "dependencies": [
            "aws_vpc.newyork-vpc"
          ]
        }
      ]
    },
    {
      "mode": "managed",
      "type": "aws_security_group",
      "name": "saopaulo-SG01-ASG01",
      "provider": "provider[\"registry.terraform.io/hashicorp/aws\"].sao-paulo",
      "instances": [
        {
          "schema_version": 1,
          "attributes": {
            "arn": "arn:aws:ec2:sa-east-1:495599735872:security-group/sg-036c4354fb713065a",
            "description": "saopaulo-SG01-ASG01",
            "egress": [
              {
                "cidr_blocks": [
                  "0.0.0.0/0"
                ],
                "description": "",
                "from_port": 0,
                "ipv6_cidr_blocks": [],
                "prefix_list_ids": [],
                "protocol": "-1",
                "security_groups": [],
                "self": false,
                "to_port": 0
              }
            ],
            "id": "sg-036c4354fb713065a",
            "ingress": [
              {
                "cidr_blocks": [
                  "0.0.0.0/0"
                ],
                "description": "",
                "from_port": 80,
                "ipv6_cidr_blocks": [],
                "prefix_list_ids": [],
                "protocol": "tcp",
                "security_groups": [],
                "self": false,
                "to_port": 80
              }
            ],
            "name": "saopaulo-SG01-ASG01",
            "name_prefix": "",
            "owner_id": "495599735872",
            "revoke_rules_on_delete": false,
            "tags": {
              "Name": "sao-paulo-SG01-ASG01",
              "Owner": "MATTRESS AVENGERS",
              "Service": "Armageddon Phase 1"
            },
            "tags_all": {
              "Name": "sao-paulo-SG01-ASG01",
              "Owner": "MATTRESS AVENGERS",
              "Service": "Armageddon Phase 1"
            },
            "timeouts": null,
            "vpc_id": "vpc-02bbc0a1d95f3b24d"
          },
          "sensitive_attributes": [],
          "private": "eyJlMmJmYjczMC1lY2FhLTExZTYtOGY4OC0zNDM2M2JjN2M0YzAiOnsiY3JlYXRlIjo2MDAwMDAwMDAwMDAsImRlbGV0ZSI6OTAwMDAwMDAwMDAwfSwic2NoZW1hX3ZlcnNpb24iOiIxIn0=",
          "dependencies": [
            "aws_vpc.saopaulo-vpc"
          ],
          "create_before_destroy": true
        }
      ]
    },
    {
      "mode": "managed",
      "type": "aws_security_group",
      "name": "saopaulo-SG02-LB01",
      "provider": "provider[\"registry.terraform.io/hashicorp/aws\"].sao-paulo",
      "instances": [
        {
          "schema_version": 1,
          "attributes": {
            "arn": "arn:aws:ec2:sa-east-1:495599735872:security-group/sg-0d398289764445259",
            "description": "saopaulo-SG02-LB01",
            "egress": [
              {
                "cidr_blocks": [
                  "0.0.0.0/0"
                ],
                "description": "",
                "from_port": 0,
                "ipv6_cidr_blocks": [],
                "prefix_list_ids": [],
                "protocol": "-1",
                "security_groups": [],
                "self": false,
                "to_port": 0
              }
            ],
            "id": "sg-0d398289764445259",
            "ingress": [
              {
                "cidr_blocks": [
                  "0.0.0.0/0"
                ],
                "description": "",
                "from_port": 80,
                "ipv6_cidr_blocks": [],
                "prefix_list_ids": [],
                "protocol": "tcp",
                "security_groups": [],
                "self": false,
                "to_port": 80
              }
            ],
            "name": "saopaulo-SG02-LB01",
            "name_prefix": "",
            "owner_id": "495599735872",
            "revoke_rules_on_delete": false,
            "tags": {
              "Name": "sao-paulo-SG02-LB01",
              "Owner": "MATTRESS AVENGERS",
              "Service": "Armageddon Phase 1"
            },
            "tags_all": {
              "Name": "sao-paulo-SG02-LB01",
              "Owner": "MATTRESS AVENGERS",
              "Service": "Armageddon Phase 1"
            },
            "timeouts": null,
            "vpc_id": "vpc-02bbc0a1d95f3b24d"
          },
          "sensitive_attributes": [],
          "private": "eyJlMmJmYjczMC1lY2FhLTExZTYtOGY4OC0zNDM2M2JjN2M0YzAiOnsiY3JlYXRlIjo2MDAwMDAwMDAwMDAsImRlbGV0ZSI6OTAwMDAwMDAwMDAwfSwic2NoZW1hX3ZlcnNpb24iOiIxIn0=",
          "dependencies": [
            "aws_vpc.saopaulo-vpc"
          ]
        }
      ]
    },
    {
      "mode": "managed",
      "type": "aws_security_group",
      "name": "tokyo-SG01-ASG01",
      "provider": "provider[\"registry.terraform.io/hashicorp/aws\"].tokyo",
      "instances": [
        {
          "schema_version": 1,
          "attributes": {
            "arn": "arn:aws:ec2:ap-northeast-1:495599735872:security-group/sg-0ede827c671612e51",
            "description": "tokyo-SG01-ASG01",
            "egress": [
              {
                "cidr_blocks": [
                  "0.0.0.0/0"
                ],
                "description": "",
                "from_port": 0,
                "ipv6_cidr_blocks": [],
                "prefix_list_ids": [],
                "protocol": "-1",
                "security_groups": [],
                "self": false,
                "to_port": 0
              }
            ],
            "id": "sg-0ede827c671612e51",
            "ingress": [
              {
                "cidr_blocks": [
                  "0.0.0.0/0"
                ],
                "description": "",
                "from_port": 80,
                "ipv6_cidr_blocks": [],
                "prefix_list_ids": [],
                "protocol": "tcp",
                "security_groups": [],
                "self": false,
                "to_port": 80
              }
            ],
            "name": "tokyo-SG01-ASG01",
            "name_prefix": "",
            "owner_id": "495599735872",
            "revoke_rules_on_delete": false,
            "tags": {
              "Name": "tokyo-SG01-ASG01",
              "Owner": "MATTRESS AVENGERS",
              "Service": "Armageddon Phase 1"
            },
            "tags_all": {
              "Name": "tokyo-SG01-ASG01",
              "Owner": "MATTRESS AVENGERS",
              "Service": "Armageddon Phase 1"
            },
            "timeouts": null,
            "vpc_id": "vpc-09c8baf5464ff9898"
          },
          "sensitive_attributes": [],
          "private": "eyJlMmJmYjczMC1lY2FhLTExZTYtOGY4OC0zNDM2M2JjN2M0YzAiOnsiY3JlYXRlIjo2MDAwMDAwMDAwMDAsImRlbGV0ZSI6OTAwMDAwMDAwMDAwfSwic2NoZW1hX3ZlcnNpb24iOiIxIn0=",
          "dependencies": [
            "aws_vpc.tokyo-vpc"
          ],
          "create_before_destroy": true
        }
      ]
    },
    {
      "mode": "managed",
      "type": "aws_security_group",
      "name": "tokyo-SG02-LB01",
      "provider": "provider[\"registry.terraform.io/hashicorp/aws\"].tokyo",
      "instances": [
        {
          "schema_version": 1,
          "attributes": {
            "arn": "arn:aws:ec2:ap-northeast-1:495599735872:security-group/sg-0ef06fbe26e130c5a",
            "description": "tokyo-SG02-LB01",
            "egress": [
              {
                "cidr_blocks": [
                  "0.0.0.0/0"
                ],
                "description": "",
                "from_port": 0,
                "ipv6_cidr_blocks": [],
                "prefix_list_ids": [],
                "protocol": "-1",
                "security_groups": [],
                "self": false,
                "to_port": 0
              }
            ],
            "id": "sg-0ef06fbe26e130c5a",
            "ingress": [
              {
                "cidr_blocks": [
                  "0.0.0.0/0"
                ],
                "description": "",
                "from_port": 80,
                "ipv6_cidr_blocks": [],
                "prefix_list_ids": [],
                "protocol": "tcp",
                "security_groups": [],
                "self": false,
                "to_port": 80
              }
            ],
            "name": "tokyo-SG02-LB01",
            "name_prefix": "",
            "owner_id": "495599735872",
            "revoke_rules_on_delete": false,
            "tags": {
              "Name": "tokyo-SG02-LB01",
              "Owner": "MATTRESS AVENGERS",
              "Service": "Armageddon Phase 1"
            },
            "tags_all": {
              "Name": "tokyo-SG02-LB01",
              "Owner": "MATTRESS AVENGERS",
              "Service": "Armageddon Phase 1"
            },
            "timeouts": null,
            "vpc_id": "vpc-09c8baf5464ff9898"
          },
          "sensitive_attributes": [],
          "private": "eyJlMmJmYjczMC1lY2FhLTExZTYtOGY4OC0zNDM2M2JjN2M0YzAiOnsiY3JlYXRlIjo2MDAwMDAwMDAwMDAsImRlbGV0ZSI6OTAwMDAwMDAwMDAwfSwic2NoZW1hX3ZlcnNpb24iOiIxIn0=",
          "dependencies": [
            "aws_vpc.tokyo-vpc"
          ]
        }
      ]
    },
    {
      "mode": "managed",
      "type": "aws_security_group",
      "name": "tokyotest-SG01-ASG01",
      "provider": "provider[\"registry.terraform.io/hashicorp/aws\"].tokyo-testb",
      "instances": [
        {
          "schema_version": 1,
          "attributes": {
            "arn": "arn:aws:ec2:ap-northeast-1:495599735872:security-group/sg-057ef24f3f4701cb8",
            "description": "tokyo-test-SG01-ASG01",
            "egress": [
              {
                "cidr_blocks": [
                  "0.0.0.0/0"
                ],
                "description": "",
                "from_port": 0,
                "ipv6_cidr_blocks": [],
                "prefix_list_ids": [],
                "protocol": "-1",
                "security_groups": [],
                "self": false,
                "to_port": 0
              }
            ],
            "id": "sg-057ef24f3f4701cb8",
            "ingress": [
              {
                "cidr_blocks": [
                  "0.0.0.0/0"
                ],
                "description": "",
                "from_port": 80,
                "ipv6_cidr_blocks": [],
                "prefix_list_ids": [],
                "protocol": "tcp",
                "security_groups": [],
                "self": false,
                "to_port": 80
              }
            ],
            "name": "tokyo-test-SG01-ASG01",
            "name_prefix": "",
            "owner_id": "495599735872",
            "revoke_rules_on_delete": false,
            "tags": {
              "Name": "tokyotest-SG01-ASG01",
              "Owner": "MATTRESS AVENGERS",
              "Service": "Armageddon Phase 1"
            },
            "tags_all": {
              "Name": "tokyotest-SG01-ASG01",
              "Owner": "MATTRESS AVENGERS",
              "Service": "Armageddon Phase 1"
            },
            "timeouts": null,
            "vpc_id": "vpc-0962912c1c97e3d2d"
          },
          "sensitive_attributes": [],
          "private": "eyJlMmJmYjczMC1lY2FhLTExZTYtOGY4OC0zNDM2M2JjN2M0YzAiOnsiY3JlYXRlIjo2MDAwMDAwMDAwMDAsImRlbGV0ZSI6OTAwMDAwMDAwMDAwfSwic2NoZW1hX3ZlcnNpb24iOiIxIn0=",
          "dependencies": [
            "aws_vpc.tokyotest-vpc"
          ]
        }
      ]
    },
    {
      "mode": "managed",
      "type": "aws_security_group",
      "name": "tokyotest-SG02-LB01",
      "provider": "provider[\"registry.terraform.io/hashicorp/aws\"].tokyo-testb",
      "instances": [
        {
          "schema_version": 1,
          "attributes": {
            "arn": "arn:aws:ec2:ap-northeast-1:495599735872:security-group/sg-08327abe7083a8254",
            "description": "tokyo-test-SG02-LB01",
            "egress": [
              {
                "cidr_blocks": [
                  "0.0.0.0/0"
                ],
                "description": "",
                "from_port": 0,
                "ipv6_cidr_blocks": [],
                "prefix_list_ids": [],
                "protocol": "-1",
                "security_groups": [],
                "self": false,
                "to_port": 0
              }
            ],
            "id": "sg-08327abe7083a8254",
            "ingress": [
              {
                "cidr_blocks": [
                  "0.0.0.0/0"
                ],
                "description": "",
                "from_port": 80,
                "ipv6_cidr_blocks": [],
                "prefix_list_ids": [],
                "protocol": "tcp",
                "security_groups": [],
                "self": false,
                "to_port": 80
              }
            ],
            "name": "tokyo-test-SG02-LB01",
            "name_prefix": "",
            "owner_id": "495599735872",
            "revoke_rules_on_delete": false,
            "tags": {
              "Name": "tokyotest-SG02-LB01",
              "Owner": "MATTRESS AVENGERS",
              "Service": "Armageddon Phase 1"
            },
            "tags_all": {
              "Name": "tokyotest-SG02-LB01",
              "Owner": "MATTRESS AVENGERS",
              "Service": "Armageddon Phase 1"
            },
            "timeouts": null,
            "vpc_id": "vpc-0962912c1c97e3d2d"
          },
          "sensitive_attributes": [],
          "private": "eyJlMmJmYjczMC1lY2FhLTExZTYtOGY4OC0zNDM2M2JjN2M0YzAiOnsiY3JlYXRlIjo2MDAwMDAwMDAwMDAsImRlbGV0ZSI6OTAwMDAwMDAwMDAwfSwic2NoZW1hX3ZlcnNpb24iOiIxIn0=",
          "dependencies": [
            "aws_vpc.tokyotest-vpc"
          ]
        }
      ]
    },
    {
      "mode": "managed",
      "type": "aws_subnet",
      "name": "australia-private-subnet-2a",
      "provider": "provider[\"registry.terraform.io/hashicorp/aws\"].australia",
      "instances": [
        {
          "schema_version": 1,
          "attributes": {
            "arn": "arn:aws:ec2:ap-southeast-2:495599735872:subnet/subnet-0de5be4adad623ae1",
            "assign_ipv6_address_on_creation": false,
            "availability_zone": "ap-southeast-2a",
            "availability_zone_id": "apse2-az3",
            "cidr_block": "172.22.11.0/24",
            "customer_owned_ipv4_pool": "",
            "enable_dns64": false,
            "enable_lni_at_device_index": 0,
            "enable_resource_name_dns_a_record_on_launch": false,
            "enable_resource_name_dns_aaaa_record_on_launch": false,
            "id": "subnet-0de5be4adad623ae1",
            "ipv6_cidr_block": "",
            "ipv6_cidr_block_association_id": "",
            "ipv6_native": false,
            "map_customer_owned_ip_on_launch": false,
            "map_public_ip_on_launch": false,
            "outpost_arn": "",
            "owner_id": "495599735872",
            "private_dns_hostname_type_on_launch": "ip-name",
            "tags": {
              "Name": "PROD-Australia-subnet-2a",
              "Owner": "MATTRESS AVENGERS",
              "Service": "Armageddon Phase 1"
            },
            "tags_all": {
              "Name": "PROD-Australia-subnet-2a",
              "Owner": "MATTRESS AVENGERS",
              "Service": "Armageddon Phase 1"
            },
            "timeouts": null,
            "vpc_id": "vpc-077b1fc5de17d127f"
          },
          "sensitive_attributes": [],
          "private": "eyJlMmJmYjczMC1lY2FhLTExZTYtOGY4OC0zNDM2M2JjN2M0YzAiOnsiY3JlYXRlIjo2MDAwMDAwMDAwMDAsImRlbGV0ZSI6MTIwMDAwMDAwMDAwMH0sInNjaGVtYV92ZXJzaW9uIjoiMSJ9",
          "dependencies": [
            "aws_vpc.australia-vpc"
          ]
        }
      ]
    },
    {
      "mode": "managed",
      "type": "aws_subnet",
      "name": "australia-private-subnet-2b",
      "provider": "provider[\"registry.terraform.io/hashicorp/aws\"].australia",
      "instances": [
        {
          "schema_version": 1,
          "attributes": {
            "arn": "arn:aws:ec2:ap-southeast-2:495599735872:subnet/subnet-0fa9615798c03882a",
            "assign_ipv6_address_on_creation": false,
            "availability_zone": "ap-southeast-2b",
            "availability_zone_id": "apse2-az1",
            "cidr_block": "172.22.12.0/24",
            "customer_owned_ipv4_pool": "",
            "enable_dns64": false,
            "enable_lni_at_device_index": 0,
            "enable_resource_name_dns_a_record_on_launch": false,
            "enable_resource_name_dns_aaaa_record_on_launch": false,
            "id": "subnet-0fa9615798c03882a",
            "ipv6_cidr_block": "",
            "ipv6_cidr_block_association_id": "",
            "ipv6_native": false,
            "map_customer_owned_ip_on_launch": false,
            "map_public_ip_on_launch": false,
            "outpost_arn": "",
            "owner_id": "495599735872",
            "private_dns_hostname_type_on_launch": "ip-name",
            "tags": {
              "Name": "PROD-Australia-subnet-2b",
              "Owner": "MATTRESS AVENGERS",
              "Service": "Armageddon Phase 1"
            },
            "tags_all": {
              "Name": "PROD-Australia-subnet-2b",
              "Owner": "MATTRESS AVENGERS",
              "Service": "Armageddon Phase 1"
            },
            "timeouts": null,
            "vpc_id": "vpc-077b1fc5de17d127f"
          },
          "sensitive_attributes": [],
          "private": "eyJlMmJmYjczMC1lY2FhLTExZTYtOGY4OC0zNDM2M2JjN2M0YzAiOnsiY3JlYXRlIjo2MDAwMDAwMDAwMDAsImRlbGV0ZSI6MTIwMDAwMDAwMDAwMH0sInNjaGVtYV92ZXJzaW9uIjoiMSJ9",
          "dependencies": [
            "aws_vpc.australia-vpc"
          ]
        }
      ]
    },
    {
      "mode": "managed",
      "type": "aws_subnet",
      "name": "australia-public-subnet-2a",
      "provider": "provider[\"registry.terraform.io/hashicorp/aws\"].australia",
      "instances": [
        {
          "schema_version": 1,
          "attributes": {
            "arn": "arn:aws:ec2:ap-southeast-2:495599735872:subnet/subnet-0eadf406941c5ce96",
            "assign_ipv6_address_on_creation": false,
            "availability_zone": "ap-southeast-2a",
            "availability_zone_id": "apse2-az3",
            "cidr_block": "172.22.1.0/24",
            "customer_owned_ipv4_pool": "",
            "enable_dns64": false,
            "enable_lni_at_device_index": 0,
            "enable_resource_name_dns_a_record_on_launch": false,
            "enable_resource_name_dns_aaaa_record_on_launch": false,
            "id": "subnet-0eadf406941c5ce96",
            "ipv6_cidr_block": "",
            "ipv6_cidr_block_association_id": "",
            "ipv6_native": false,
            "map_customer_owned_ip_on_launch": false,
            "map_public_ip_on_launch": false,
            "outpost_arn": "",
            "owner_id": "495599735872",
            "private_dns_hostname_type_on_launch": "ip-name",
            "tags": {
              "Name": "PROD-Australia-subnet-2a",
              "Owner": "MATTRESS AVENGERS",
              "Service": "Armageddon Phase 1"
            },
            "tags_all": {
              "Name": "PROD-Australia-subnet-2a",
              "Owner": "MATTRESS AVENGERS",
              "Service": "Armageddon Phase 1"
            },
            "timeouts": null,
            "vpc_id": "vpc-077b1fc5de17d127f"
          },
          "sensitive_attributes": [],
          "private": "eyJlMmJmYjczMC1lY2FhLTExZTYtOGY4OC0zNDM2M2JjN2M0YzAiOnsiY3JlYXRlIjo2MDAwMDAwMDAwMDAsImRlbGV0ZSI6MTIwMDAwMDAwMDAwMH0sInNjaGVtYV92ZXJzaW9uIjoiMSJ9",
          "dependencies": [
            "aws_vpc.australia-vpc"
          ]
        }
      ]
    },
    {
      "mode": "managed",
      "type": "aws_subnet",
      "name": "australia-public-subnet-2b",
      "provider": "provider[\"registry.terraform.io/hashicorp/aws\"].australia",
      "instances": [
        {
          "schema_version": 1,
          "attributes": {
            "arn": "arn:aws:ec2:ap-southeast-2:495599735872:subnet/subnet-0bcfd3310b2c6df89",
            "assign_ipv6_address_on_creation": false,
            "availability_zone": "ap-southeast-2b",
            "availability_zone_id": "apse2-az1",
            "cidr_block": "172.22.2.0/24",
            "customer_owned_ipv4_pool": "",
            "enable_dns64": false,
            "enable_lni_at_device_index": 0,
            "enable_resource_name_dns_a_record_on_launch": false,
            "enable_resource_name_dns_aaaa_record_on_launch": false,
            "id": "subnet-0bcfd3310b2c6df89",
            "ipv6_cidr_block": "",
            "ipv6_cidr_block_association_id": "",
            "ipv6_native": false,
            "map_customer_owned_ip_on_launch": false,
            "map_public_ip_on_launch": false,
            "outpost_arn": "",
            "owner_id": "495599735872",
            "private_dns_hostname_type_on_launch": "ip-name",
            "tags": {
              "Name": "PROD-Australia-subnet-2b",
              "Owner": "MATTRESS AVENGERS",
              "Service": "Armageddon Phase 1"
            },
            "tags_all": {
              "Name": "PROD-Australia-subnet-2b",
              "Owner": "MATTRESS AVENGERS",
              "Service": "Armageddon Phase 1"
            },
            "timeouts": null,
            "vpc_id": "vpc-077b1fc5de17d127f"
          },
          "sensitive_attributes": [],
          "private": "eyJlMmJmYjczMC1lY2FhLTExZTYtOGY4OC0zNDM2M2JjN2M0YzAiOnsiY3JlYXRlIjo2MDAwMDAwMDAwMDAsImRlbGV0ZSI6MTIwMDAwMDAwMDAwMH0sInNjaGVtYV92ZXJzaW9uIjoiMSJ9",
          "dependencies": [
            "aws_vpc.australia-vpc"
          ]
        }
      ]
    },
    {
      "mode": "managed",
      "type": "aws_subnet",
      "name": "california-private-subnet-1b",
      "provider": "provider[\"registry.terraform.io/hashicorp/aws\"].california",
      "instances": [
        {
          "schema_version": 1,
          "attributes": {
            "arn": "arn:aws:ec2:us-west-1:495599735872:subnet/subnet-0316ca7e59048141c",
            "assign_ipv6_address_on_creation": false,
            "availability_zone": "us-west-1b",
            "availability_zone_id": "usw1-az3",
            "cidr_block": "172.24.12.0/24",
            "customer_owned_ipv4_pool": "",
            "enable_dns64": false,
            "enable_lni_at_device_index": 0,
            "enable_resource_name_dns_a_record_on_launch": false,
            "enable_resource_name_dns_aaaa_record_on_launch": false,
            "id": "subnet-0316ca7e59048141c",
            "ipv6_cidr_block": "",
            "ipv6_cidr_block_association_id": "",
            "ipv6_native": false,
            "map_customer_owned_ip_on_launch": false,
            "map_public_ip_on_launch": false,
            "outpost_arn": "",
            "owner_id": "495599735872",
            "private_dns_hostname_type_on_launch": "ip-name",
            "tags": {
              "Name": "PROD-Califonia-subnet-1b",
              "Owner": "MATTRESS AVENGERS",
              "Service": "Armageddon Phase 1"
            },
            "tags_all": {
              "Name": "PROD-Califonia-subnet-1b",
              "Owner": "MATTRESS AVENGERS",
              "Service": "Armageddon Phase 1"
            },
            "timeouts": null,
            "vpc_id": "vpc-091d5396d623a34cb"
          },
          "sensitive_attributes": [],
          "private": "eyJlMmJmYjczMC1lY2FhLTExZTYtOGY4OC0zNDM2M2JjN2M0YzAiOnsiY3JlYXRlIjo2MDAwMDAwMDAwMDAsImRlbGV0ZSI6MTIwMDAwMDAwMDAwMH0sInNjaGVtYV92ZXJzaW9uIjoiMSJ9",
          "dependencies": [
            "aws_vpc.california-vpc"
          ]
        }
      ]
    },
    {
      "mode": "managed",
      "type": "aws_subnet",
      "name": "california-private-subnet-1c",
      "provider": "provider[\"registry.terraform.io/hashicorp/aws\"].california",
      "instances": [
        {
          "schema_version": 1,
          "attributes": {
            "arn": "arn:aws:ec2:us-west-1:495599735872:subnet/subnet-0fe5804992befec55",
            "assign_ipv6_address_on_creation": false,
            "availability_zone": "us-west-1c",
            "availability_zone_id": "usw1-az1",
            "cidr_block": "172.24.13.0/24",
            "customer_owned_ipv4_pool": "",
            "enable_dns64": false,
            "enable_lni_at_device_index": 0,
            "enable_resource_name_dns_a_record_on_launch": false,
            "enable_resource_name_dns_aaaa_record_on_launch": false,
            "id": "subnet-0fe5804992befec55",
            "ipv6_cidr_block": "",
            "ipv6_cidr_block_association_id": "",
            "ipv6_native": false,
            "map_customer_owned_ip_on_launch": false,
            "map_public_ip_on_launch": false,
            "outpost_arn": "",
            "owner_id": "495599735872",
            "private_dns_hostname_type_on_launch": "ip-name",
            "tags": {
              "Name": "PROD-Hongkong-subnet-1c",
              "Owner": "MATTRESS AVENGERS",
              "Service": "Armageddon Phase 1"
            },
            "tags_all": {
              "Name": "PROD-Hongkong-subnet-1c",
              "Owner": "MATTRESS AVENGERS",
              "Service": "Armageddon Phase 1"
            },
            "timeouts": null,
            "vpc_id": "vpc-091d5396d623a34cb"
          },
          "sensitive_attributes": [],
          "private": "eyJlMmJmYjczMC1lY2FhLTExZTYtOGY4OC0zNDM2M2JjN2M0YzAiOnsiY3JlYXRlIjo2MDAwMDAwMDAwMDAsImRlbGV0ZSI6MTIwMDAwMDAwMDAwMH0sInNjaGVtYV92ZXJzaW9uIjoiMSJ9",
          "dependencies": [
            "aws_vpc.california-vpc"
          ]
        }
      ]
    },
    {
      "mode": "managed",
      "type": "aws_subnet",
      "name": "california-public-subnet-1b",
      "provider": "provider[\"registry.terraform.io/hashicorp/aws\"].california",
      "instances": [
        {
          "schema_version": 1,
          "attributes": {
            "arn": "arn:aws:ec2:us-west-1:495599735872:subnet/subnet-030718b576c868742",
            "assign_ipv6_address_on_creation": false,
            "availability_zone": "us-west-1b",
            "availability_zone_id": "usw1-az3",
            "cidr_block": "172.24.2.0/24",
            "customer_owned_ipv4_pool": "",
            "enable_dns64": false,
            "enable_lni_at_device_index": 0,
            "enable_resource_name_dns_a_record_on_launch": false,
            "enable_resource_name_dns_aaaa_record_on_launch": false,
            "id": "subnet-030718b576c868742",
            "ipv6_cidr_block": "",
            "ipv6_cidr_block_association_id": "",
            "ipv6_native": false,
            "map_customer_owned_ip_on_launch": false,
            "map_public_ip_on_launch": false,
            "outpost_arn": "",
            "owner_id": "495599735872",
            "private_dns_hostname_type_on_launch": "ip-name",
            "tags": {
              "Name": "PROD-Califonia-subnet-1b",
              "Owner": "MATTRESS AVENGERS",
              "Service": "Armageddon Phase 1"
            },
            "tags_all": {
              "Name": "PROD-Califonia-subnet-1b",
              "Owner": "MATTRESS AVENGERS",
              "Service": "Armageddon Phase 1"
            },
            "timeouts": null,
            "vpc_id": "vpc-091d5396d623a34cb"
          },
          "sensitive_attributes": [],
          "private": "eyJlMmJmYjczMC1lY2FhLTExZTYtOGY4OC0zNDM2M2JjN2M0YzAiOnsiY3JlYXRlIjo2MDAwMDAwMDAwMDAsImRlbGV0ZSI6MTIwMDAwMDAwMDAwMH0sInNjaGVtYV92ZXJzaW9uIjoiMSJ9",
          "dependencies": [
            "aws_vpc.california-vpc"
          ]
        }
      ]
    },
    {
      "mode": "managed",
      "type": "aws_subnet",
      "name": "california-public-subnet-1c",
      "provider": "provider[\"registry.terraform.io/hashicorp/aws\"].california",
      "instances": [
        {
          "schema_version": 1,
          "attributes": {
            "arn": "arn:aws:ec2:us-west-1:495599735872:subnet/subnet-0be73428c9677c688",
            "assign_ipv6_address_on_creation": false,
            "availability_zone": "us-west-1c",
            "availability_zone_id": "usw1-az1",
            "cidr_block": "172.24.3.0/24",
            "customer_owned_ipv4_pool": "",
            "enable_dns64": false,
            "enable_lni_at_device_index": 0,
            "enable_resource_name_dns_a_record_on_launch": false,
            "enable_resource_name_dns_aaaa_record_on_launch": false,
            "id": "subnet-0be73428c9677c688",
            "ipv6_cidr_block": "",
            "ipv6_cidr_block_association_id": "",
            "ipv6_native": false,
            "map_customer_owned_ip_on_launch": false,
            "map_public_ip_on_launch": false,
            "outpost_arn": "",
            "owner_id": "495599735872",
            "private_dns_hostname_type_on_launch": "ip-name",
            "tags": {
              "Name": "PROD-Califonia-subnet-1c",
              "Owner": "MATTRESS AVENGERS",
              "Service": "Armageddon Phase 1"
            },
            "tags_all": {
              "Name": "PROD-Califonia-subnet-1c",
              "Owner": "MATTRESS AVENGERS",
              "Service": "Armageddon Phase 1"
            },
            "timeouts": null,
            "vpc_id": "vpc-091d5396d623a34cb"
          },
          "sensitive_attributes": [],
          "private": "eyJlMmJmYjczMC1lY2FhLTExZTYtOGY4OC0zNDM2M2JjN2M0YzAiOnsiY3JlYXRlIjo2MDAwMDAwMDAwMDAsImRlbGV0ZSI6MTIwMDAwMDAwMDAwMH0sInNjaGVtYV92ZXJzaW9uIjoiMSJ9",
          "dependencies": [
            "aws_vpc.california-vpc"
          ]
        }
      ]
    },
    {
      "mode": "managed",
      "type": "aws_subnet",
      "name": "hongkong-private-subnet-1a",
      "provider": "provider[\"registry.terraform.io/hashicorp/aws\"].hong-kong",
      "instances": [
        {
          "schema_version": 1,
          "attributes": {
            "arn": "arn:aws:ec2:ap-east-1:495599735872:subnet/subnet-003784450a3aaf615",
            "assign_ipv6_address_on_creation": false,
            "availability_zone": "ap-east-1a",
            "availability_zone_id": "ape1-az1",
            "cidr_block": "172.23.11.0/24",
            "customer_owned_ipv4_pool": "",
            "enable_dns64": false,
            "enable_lni_at_device_index": 0,
            "enable_resource_name_dns_a_record_on_launch": false,
            "enable_resource_name_dns_aaaa_record_on_launch": false,
            "id": "subnet-003784450a3aaf615",
            "ipv6_cidr_block": "",
            "ipv6_cidr_block_association_id": "",
            "ipv6_native": false,
            "map_customer_owned_ip_on_launch": false,
            "map_public_ip_on_launch": false,
            "outpost_arn": "",
            "owner_id": "495599735872",
            "private_dns_hostname_type_on_launch": "ip-name",
            "tags": {
              "Name": "PROD-Hongkong-subnet-1a",
              "Owner": "MATTRESS AVENGERS",
              "Service": "Armageddon Phase 1"
            },
            "tags_all": {
              "Name": "PROD-Hongkong-subnet-1a",
              "Owner": "MATTRESS AVENGERS",
              "Service": "Armageddon Phase 1"
            },
            "timeouts": null,
            "vpc_id": "vpc-0fcd95b3b199a6881"
          },
          "sensitive_attributes": [],
          "private": "eyJlMmJmYjczMC1lY2FhLTExZTYtOGY4OC0zNDM2M2JjN2M0YzAiOnsiY3JlYXRlIjo2MDAwMDAwMDAwMDAsImRlbGV0ZSI6MTIwMDAwMDAwMDAwMH0sInNjaGVtYV92ZXJzaW9uIjoiMSJ9",
          "dependencies": [
            "aws_vpc.hongkong-vpc"
          ]
        }
      ]
    },
    {
      "mode": "managed",
      "type": "aws_subnet",
      "name": "hongkong-private-subnet-1b",
      "provider": "provider[\"registry.terraform.io/hashicorp/aws\"].hong-kong",
      "instances": [
        {
          "schema_version": 1,
          "attributes": {
            "arn": "arn:aws:ec2:ap-east-1:495599735872:subnet/subnet-018ae7b26705e415a",
            "assign_ipv6_address_on_creation": false,
            "availability_zone": "ap-east-1b",
            "availability_zone_id": "ape1-az2",
            "cidr_block": "172.23.12.0/24",
            "customer_owned_ipv4_pool": "",
            "enable_dns64": false,
            "enable_lni_at_device_index": 0,
            "enable_resource_name_dns_a_record_on_launch": false,
            "enable_resource_name_dns_aaaa_record_on_launch": false,
            "id": "subnet-018ae7b26705e415a",
            "ipv6_cidr_block": "",
            "ipv6_cidr_block_association_id": "",
            "ipv6_native": false,
            "map_customer_owned_ip_on_launch": false,
            "map_public_ip_on_launch": false,
            "outpost_arn": "",
            "owner_id": "495599735872",
            "private_dns_hostname_type_on_launch": "ip-name",
            "tags": {
              "Name": "PROD-Hongkong-subnet-1b",
              "Owner": "MATTRESS AVENGERS",
              "Service": "Armageddon Phase 1"
            },
            "tags_all": {
              "Name": "PROD-Hongkong-subnet-1b",
              "Owner": "MATTRESS AVENGERS",
              "Service": "Armageddon Phase 1"
            },
            "timeouts": null,
            "vpc_id": "vpc-0fcd95b3b199a6881"
          },
          "sensitive_attributes": [],
          "private": "eyJlMmJmYjczMC1lY2FhLTExZTYtOGY4OC0zNDM2M2JjN2M0YzAiOnsiY3JlYXRlIjo2MDAwMDAwMDAwMDAsImRlbGV0ZSI6MTIwMDAwMDAwMDAwMH0sInNjaGVtYV92ZXJzaW9uIjoiMSJ9",
          "dependencies": [
            "aws_vpc.hongkong-vpc"
          ]
        }
      ]
    },
    {
      "mode": "managed",
      "type": "aws_subnet",
      "name": "hongkong-public-subnet-1a",
      "provider": "provider[\"registry.terraform.io/hashicorp/aws\"].hong-kong",
      "instances": [
        {
          "schema_version": 1,
          "attributes": {
            "arn": "arn:aws:ec2:ap-east-1:495599735872:subnet/subnet-00ec8807a70fa9b45",
            "assign_ipv6_address_on_creation": false,
            "availability_zone": "ap-east-1a",
            "availability_zone_id": "ape1-az1",
            "cidr_block": "172.23.1.0/24",
            "customer_owned_ipv4_pool": "",
            "enable_dns64": false,
            "enable_lni_at_device_index": 0,
            "enable_resource_name_dns_a_record_on_launch": false,
            "enable_resource_name_dns_aaaa_record_on_launch": false,
            "id": "subnet-00ec8807a70fa9b45",
            "ipv6_cidr_block": "",
            "ipv6_cidr_block_association_id": "",
            "ipv6_native": false,
            "map_customer_owned_ip_on_launch": false,
            "map_public_ip_on_launch": false,
            "outpost_arn": "",
            "owner_id": "495599735872",
            "private_dns_hostname_type_on_launch": "ip-name",
            "tags": {
              "Name": "PROD-Hongkong-subnet-1a",
              "Owner": "MATTRESS AVENGERS",
              "Service": "Armageddon Phase 1"
            },
            "tags_all": {
              "Name": "PROD-Hongkong-subnet-1a",
              "Owner": "MATTRESS AVENGERS",
              "Service": "Armageddon Phase 1"
            },
            "timeouts": null,
            "vpc_id": "vpc-0fcd95b3b199a6881"
          },
          "sensitive_attributes": [],
          "private": "eyJlMmJmYjczMC1lY2FhLTExZTYtOGY4OC0zNDM2M2JjN2M0YzAiOnsiY3JlYXRlIjo2MDAwMDAwMDAwMDAsImRlbGV0ZSI6MTIwMDAwMDAwMDAwMH0sInNjaGVtYV92ZXJzaW9uIjoiMSJ9",
          "dependencies": [
            "aws_vpc.hongkong-vpc"
          ]
        }
      ]
    },
    {
      "mode": "managed",
      "type": "aws_subnet",
      "name": "hongkong-public-subnet-1b",
      "provider": "provider[\"registry.terraform.io/hashicorp/aws\"].hong-kong",
      "instances": [
        {
          "schema_version": 1,
          "attributes": {
            "arn": "arn:aws:ec2:ap-east-1:495599735872:subnet/subnet-0fc5b356ac5f0bb77",
            "assign_ipv6_address_on_creation": false,
            "availability_zone": "ap-east-1b",
            "availability_zone_id": "ape1-az2",
            "cidr_block": "172.23.2.0/24",
            "customer_owned_ipv4_pool": "",
            "enable_dns64": false,
            "enable_lni_at_device_index": 0,
            "enable_resource_name_dns_a_record_on_launch": false,
            "enable_resource_name_dns_aaaa_record_on_launch": false,
            "id": "subnet-0fc5b356ac5f0bb77",
            "ipv6_cidr_block": "",
            "ipv6_cidr_block_association_id": "",
            "ipv6_native": false,
            "map_customer_owned_ip_on_launch": false,
            "map_public_ip_on_launch": false,
            "outpost_arn": "",
            "owner_id": "495599735872",
            "private_dns_hostname_type_on_launch": "ip-name",
            "tags": {
              "Name": "PROD-Hongkong-subnet-1b",
              "Owner": "MATTRESS AVENGERS",
              "Service": "Armageddon Phase 1"
            },
            "tags_all": {
              "Name": "PROD-Hongkong-subnet-1b",
              "Owner": "MATTRESS AVENGERS",
              "Service": "Armageddon Phase 1"
            },
            "timeouts": null,
            "vpc_id": "vpc-0fcd95b3b199a6881"
          },
          "sensitive_attributes": [],
          "private": "eyJlMmJmYjczMC1lY2FhLTExZTYtOGY4OC0zNDM2M2JjN2M0YzAiOnsiY3JlYXRlIjo2MDAwMDAwMDAwMDAsImRlbGV0ZSI6MTIwMDAwMDAwMDAwMH0sInNjaGVtYV92ZXJzaW9uIjoiMSJ9",
          "dependencies": [
            "aws_vpc.hongkong-vpc"
          ]
        }
      ]
    },
    {
      "mode": "managed",
      "type": "aws_subnet",
      "name": "london-private-subnet-2a",
      "provider": "provider[\"registry.terraform.io/hashicorp/aws\"].london",
      "instances": [
        {
          "schema_version": 1,
          "attributes": {
            "arn": "arn:aws:ec2:eu-west-2:495599735872:subnet/subnet-0091e4a2e01588c37",
            "assign_ipv6_address_on_creation": false,
            "availability_zone": "eu-west-2a",
            "availability_zone_id": "euw2-az2",
            "cidr_block": "172.20.11.0/24",
            "customer_owned_ipv4_pool": "",
            "enable_dns64": false,
            "enable_lni_at_device_index": 0,
            "enable_resource_name_dns_a_record_on_launch": false,
            "enable_resource_name_dns_aaaa_record_on_launch": false,
            "id": "subnet-0091e4a2e01588c37",
            "ipv6_cidr_block": "",
            "ipv6_cidr_block_association_id": "",
            "ipv6_native": false,
            "map_customer_owned_ip_on_launch": false,
            "map_public_ip_on_launch": false,
            "outpost_arn": "",
            "owner_id": "495599735872",
            "private_dns_hostname_type_on_launch": "ip-name",
            "tags": {
              "Name": "PROD-London-subnet-2a",
              "Owner": "MATTRESS AVENGERS",
              "Service": "Armageddon Phase 1"
            },
            "tags_all": {
              "Name": "PROD-London-subnet-2a",
              "Owner": "MATTRESS AVENGERS",
              "Service": "Armageddon Phase 1"
            },
            "timeouts": null,
            "vpc_id": "vpc-02c4bb68363a5ef8c"
          },
          "sensitive_attributes": [],
          "private": "eyJlMmJmYjczMC1lY2FhLTExZTYtOGY4OC0zNDM2M2JjN2M0YzAiOnsiY3JlYXRlIjo2MDAwMDAwMDAwMDAsImRlbGV0ZSI6MTIwMDAwMDAwMDAwMH0sInNjaGVtYV92ZXJzaW9uIjoiMSJ9",
          "dependencies": [
            "aws_vpc.london-vpc"
          ]
        }
      ]
    },
    {
      "mode": "managed",
      "type": "aws_subnet",
      "name": "london-private-subnet-2b",
      "provider": "provider[\"registry.terraform.io/hashicorp/aws\"].london",
      "instances": [
        {
          "schema_version": 1,
          "attributes": {
            "arn": "arn:aws:ec2:eu-west-2:495599735872:subnet/subnet-0ad1234bf5dd72289",
            "assign_ipv6_address_on_creation": false,
            "availability_zone": "eu-west-2b",
            "availability_zone_id": "euw2-az3",
            "cidr_block": "172.20.12.0/24",
            "customer_owned_ipv4_pool": "",
            "enable_dns64": false,
            "enable_lni_at_device_index": 0,
            "enable_resource_name_dns_a_record_on_launch": false,
            "enable_resource_name_dns_aaaa_record_on_launch": false,
            "id": "subnet-0ad1234bf5dd72289",
            "ipv6_cidr_block": "",
            "ipv6_cidr_block_association_id": "",
            "ipv6_native": false,
            "map_customer_owned_ip_on_launch": false,
            "map_public_ip_on_launch": false,
            "outpost_arn": "",
            "owner_id": "495599735872",
            "private_dns_hostname_type_on_launch": "ip-name",
            "tags": {
              "Name": "PROD-London-subnet-2b",
              "Owner": "MATTRESS AVENGERS",
              "Service": "Armageddon Phase 1"
            },
            "tags_all": {
              "Name": "PROD-London-subnet-2b",
              "Owner": "MATTRESS AVENGERS",
              "Service": "Armageddon Phase 1"
            },
            "timeouts": null,
            "vpc_id": "vpc-02c4bb68363a5ef8c"
          },
          "sensitive_attributes": [],
          "private": "eyJlMmJmYjczMC1lY2FhLTExZTYtOGY4OC0zNDM2M2JjN2M0YzAiOnsiY3JlYXRlIjo2MDAwMDAwMDAwMDAsImRlbGV0ZSI6MTIwMDAwMDAwMDAwMH0sInNjaGVtYV92ZXJzaW9uIjoiMSJ9",
          "dependencies": [
            "aws_vpc.london-vpc"
          ]
        }
      ]
    },
    {
      "mode": "managed",
      "type": "aws_subnet",
      "name": "london-public-subnet-2a",
      "provider": "provider[\"registry.terraform.io/hashicorp/aws\"].london",
      "instances": [
        {
          "schema_version": 1,
          "attributes": {
            "arn": "arn:aws:ec2:eu-west-2:495599735872:subnet/subnet-0188e77a89b983b4e",
            "assign_ipv6_address_on_creation": false,
            "availability_zone": "eu-west-2a",
            "availability_zone_id": "euw2-az2",
            "cidr_block": "172.20.1.0/24",
            "customer_owned_ipv4_pool": "",
            "enable_dns64": false,
            "enable_lni_at_device_index": 0,
            "enable_resource_name_dns_a_record_on_launch": false,
            "enable_resource_name_dns_aaaa_record_on_launch": false,
            "id": "subnet-0188e77a89b983b4e",
            "ipv6_cidr_block": "",
            "ipv6_cidr_block_association_id": "",
            "ipv6_native": false,
            "map_customer_owned_ip_on_launch": false,
            "map_public_ip_on_launch": false,
            "outpost_arn": "",
            "owner_id": "495599735872",
            "private_dns_hostname_type_on_launch": "ip-name",
            "tags": {
              "Name": "PROD-London-subnet-2a",
              "Owner": "MATTRESS AVENGERS",
              "Service": "Armageddon Phase 1"
            },
            "tags_all": {
              "Name": "PROD-London-subnet-2a",
              "Owner": "MATTRESS AVENGERS",
              "Service": "Armageddon Phase 1"
            },
            "timeouts": null,
            "vpc_id": "vpc-02c4bb68363a5ef8c"
          },
          "sensitive_attributes": [],
          "private": "eyJlMmJmYjczMC1lY2FhLTExZTYtOGY4OC0zNDM2M2JjN2M0YzAiOnsiY3JlYXRlIjo2MDAwMDAwMDAwMDAsImRlbGV0ZSI6MTIwMDAwMDAwMDAwMH0sInNjaGVtYV92ZXJzaW9uIjoiMSJ9",
          "dependencies": [
            "aws_vpc.london-vpc"
          ]
        }
      ]
    },
    {
      "mode": "managed",
      "type": "aws_subnet",
      "name": "london-public-subnet-2b",
      "provider": "provider[\"registry.terraform.io/hashicorp/aws\"].london",
      "instances": [
        {
          "schema_version": 1,
          "attributes": {
            "arn": "arn:aws:ec2:eu-west-2:495599735872:subnet/subnet-0e80daa78bf7f2752",
            "assign_ipv6_address_on_creation": false,
            "availability_zone": "eu-west-2b",
            "availability_zone_id": "euw2-az3",
            "cidr_block": "172.20.2.0/24",
            "customer_owned_ipv4_pool": "",
            "enable_dns64": false,
            "enable_lni_at_device_index": 0,
            "enable_resource_name_dns_a_record_on_launch": false,
            "enable_resource_name_dns_aaaa_record_on_launch": false,
            "id": "subnet-0e80daa78bf7f2752",
            "ipv6_cidr_block": "",
            "ipv6_cidr_block_association_id": "",
            "ipv6_native": false,
            "map_customer_owned_ip_on_launch": false,
            "map_public_ip_on_launch": false,
            "outpost_arn": "",
            "owner_id": "495599735872",
            "private_dns_hostname_type_on_launch": "ip-name",
            "tags": {
              "Name": "PROD-New York-subnet-2b",
              "Owner": "MATTRESS AVENGERS",
              "Service": "Armageddon Phase 1"
            },
            "tags_all": {
              "Name": "PROD-New York-subnet-2b",
              "Owner": "MATTRESS AVENGERS",
              "Service": "Armageddon Phase 1"
            },
            "timeouts": null,
            "vpc_id": "vpc-02c4bb68363a5ef8c"
          },
          "sensitive_attributes": [],
          "private": "eyJlMmJmYjczMC1lY2FhLTExZTYtOGY4OC0zNDM2M2JjN2M0YzAiOnsiY3JlYXRlIjo2MDAwMDAwMDAwMDAsImRlbGV0ZSI6MTIwMDAwMDAwMDAwMH0sInNjaGVtYV92ZXJzaW9uIjoiMSJ9",
          "dependencies": [
            "aws_vpc.london-vpc"
          ]
        }
      ]
    },
    {
      "mode": "managed",
      "type": "aws_subnet",
      "name": "newyork-private-subnet-1a",
      "provider": "provider[\"registry.terraform.io/hashicorp/aws\"].new-york",
      "instances": [
        {
          "schema_version": 1,
          "attributes": {
            "arn": "arn:aws:ec2:us-east-1:495599735872:subnet/subnet-005266d8e182a6207",
            "assign_ipv6_address_on_creation": false,
            "availability_zone": "us-east-1a",
            "availability_zone_id": "use1-az6",
            "cidr_block": "172.19.11.0/24",
            "customer_owned_ipv4_pool": "",
            "enable_dns64": false,
            "enable_lni_at_device_index": 0,
            "enable_resource_name_dns_a_record_on_launch": false,
            "enable_resource_name_dns_aaaa_record_on_launch": false,
            "id": "subnet-005266d8e182a6207",
            "ipv6_cidr_block": "",
            "ipv6_cidr_block_association_id": "",
            "ipv6_native": false,
            "map_customer_owned_ip_on_launch": false,
            "map_public_ip_on_launch": false,
            "outpost_arn": "",
            "owner_id": "495599735872",
            "private_dns_hostname_type_on_launch": "ip-name",
            "tags": {
              "Name": "PROD-New York-subnet-1a",
              "Owner": "MATTRESS AVENGERS",
              "Service": "Armageddon Phase 1"
            },
            "tags_all": {
              "Name": "PROD-New York-subnet-1a",
              "Owner": "MATTRESS AVENGERS",
              "Service": "Armageddon Phase 1"
            },
            "timeouts": null,
            "vpc_id": "vpc-043018aec8e4118bc"
          },
          "sensitive_attributes": [],
          "private": "eyJlMmJmYjczMC1lY2FhLTExZTYtOGY4OC0zNDM2M2JjN2M0YzAiOnsiY3JlYXRlIjo2MDAwMDAwMDAwMDAsImRlbGV0ZSI6MTIwMDAwMDAwMDAwMH0sInNjaGVtYV92ZXJzaW9uIjoiMSJ9",
          "dependencies": [
            "aws_vpc.newyork-vpc"
          ],
          "create_before_destroy": true
        }
      ]
    },
    {
      "mode": "managed",
      "type": "aws_subnet",
      "name": "newyork-private-subnet-1b",
      "provider": "provider[\"registry.terraform.io/hashicorp/aws\"].new-york",
      "instances": [
        {
          "schema_version": 1,
          "attributes": {
            "arn": "arn:aws:ec2:us-east-1:495599735872:subnet/subnet-053cc63fe381e1bca",
            "assign_ipv6_address_on_creation": false,
            "availability_zone": "us-east-1b",
            "availability_zone_id": "use1-az1",
            "cidr_block": "172.19.12.0/24",
            "customer_owned_ipv4_pool": "",
            "enable_dns64": false,
            "enable_lni_at_device_index": 0,
            "enable_resource_name_dns_a_record_on_launch": false,
            "enable_resource_name_dns_aaaa_record_on_launch": false,
            "id": "subnet-053cc63fe381e1bca",
            "ipv6_cidr_block": "",
            "ipv6_cidr_block_association_id": "",
            "ipv6_native": false,
            "map_customer_owned_ip_on_launch": false,
            "map_public_ip_on_launch": false,
            "outpost_arn": "",
            "owner_id": "495599735872",
            "private_dns_hostname_type_on_launch": "ip-name",
            "tags": {
              "Name": "PROD-New York-subnet-1b",
              "Owner": "MATTRESS AVENGERS",
              "Service": "Armageddon Phase 1"
            },
            "tags_all": {
              "Name": "PROD-New York-subnet-1b",
              "Owner": "MATTRESS AVENGERS",
              "Service": "Armageddon Phase 1"
            },
            "timeouts": null,
            "vpc_id": "vpc-043018aec8e4118bc"
          },
          "sensitive_attributes": [],
          "private": "eyJlMmJmYjczMC1lY2FhLTExZTYtOGY4OC0zNDM2M2JjN2M0YzAiOnsiY3JlYXRlIjo2MDAwMDAwMDAwMDAsImRlbGV0ZSI6MTIwMDAwMDAwMDAwMH0sInNjaGVtYV92ZXJzaW9uIjoiMSJ9",
          "dependencies": [
            "aws_vpc.newyork-vpc"
          ],
          "create_before_destroy": true
        }
      ]
    },
    {
      "mode": "managed",
      "type": "aws_subnet",
      "name": "newyork-public-subnet-1a",
      "provider": "provider[\"registry.terraform.io/hashicorp/aws\"].new-york",
      "instances": [
        {
          "schema_version": 1,
          "attributes": {
            "arn": "arn:aws:ec2:us-east-1:495599735872:subnet/subnet-010fe3f45b0a0a29f",
            "assign_ipv6_address_on_creation": false,
            "availability_zone": "us-east-1a",
            "availability_zone_id": "use1-az6",
            "cidr_block": "172.19.1.0/24",
            "customer_owned_ipv4_pool": "",
            "enable_dns64": false,
            "enable_lni_at_device_index": 0,
            "enable_resource_name_dns_a_record_on_launch": false,
            "enable_resource_name_dns_aaaa_record_on_launch": false,
            "id": "subnet-010fe3f45b0a0a29f",
            "ipv6_cidr_block": "",
            "ipv6_cidr_block_association_id": "",
            "ipv6_native": false,
            "map_customer_owned_ip_on_launch": false,
            "map_public_ip_on_launch": false,
            "outpost_arn": "",
            "owner_id": "495599735872",
            "private_dns_hostname_type_on_launch": "ip-name",
            "tags": {
              "Name": "PROD-New York-subnet-1a",
              "Owner": "MATTRESS AVENGERS",
              "Service": "Armageddon Phase 1"
            },
            "tags_all": {
              "Name": "PROD-New York-subnet-1a",
              "Owner": "MATTRESS AVENGERS",
              "Service": "Armageddon Phase 1"
            },
            "timeouts": null,
            "vpc_id": "vpc-043018aec8e4118bc"
          },
          "sensitive_attributes": [],
          "private": "eyJlMmJmYjczMC1lY2FhLTExZTYtOGY4OC0zNDM2M2JjN2M0YzAiOnsiY3JlYXRlIjo2MDAwMDAwMDAwMDAsImRlbGV0ZSI6MTIwMDAwMDAwMDAwMH0sInNjaGVtYV92ZXJzaW9uIjoiMSJ9",
          "dependencies": [
            "aws_vpc.newyork-vpc"
          ]
        }
      ]
    },
    {
      "mode": "managed",
      "type": "aws_subnet",
      "name": "newyork-public-subnet-1b",
      "provider": "provider[\"registry.terraform.io/hashicorp/aws\"].new-york",
      "instances": [
        {
          "schema_version": 1,
          "attributes": {
            "arn": "arn:aws:ec2:us-east-1:495599735872:subnet/subnet-047ae008fdb591faf",
            "assign_ipv6_address_on_creation": false,
            "availability_zone": "us-east-1b",
            "availability_zone_id": "use1-az1",
            "cidr_block": "172.19.2.0/24",
            "customer_owned_ipv4_pool": "",
            "enable_dns64": false,
            "enable_lni_at_device_index": 0,
            "enable_resource_name_dns_a_record_on_launch": false,
            "enable_resource_name_dns_aaaa_record_on_launch": false,
            "id": "subnet-047ae008fdb591faf",
            "ipv6_cidr_block": "",
            "ipv6_cidr_block_association_id": "",
            "ipv6_native": false,
            "map_customer_owned_ip_on_launch": false,
            "map_public_ip_on_launch": false,
            "outpost_arn": "",
            "owner_id": "495599735872",
            "private_dns_hostname_type_on_launch": "ip-name",
            "tags": {
              "Name": "PROD-New York-subnet-1b",
              "Owner": "MATTRESS AVENGERS",
              "Service": "Armageddon Phase 1"
            },
            "tags_all": {
              "Name": "PROD-New York-subnet-1b",
              "Owner": "MATTRESS AVENGERS",
              "Service": "Armageddon Phase 1"
            },
            "timeouts": null,
            "vpc_id": "vpc-043018aec8e4118bc"
          },
          "sensitive_attributes": [],
          "private": "eyJlMmJmYjczMC1lY2FhLTExZTYtOGY4OC0zNDM2M2JjN2M0YzAiOnsiY3JlYXRlIjo2MDAwMDAwMDAwMDAsImRlbGV0ZSI6MTIwMDAwMDAwMDAwMH0sInNjaGVtYV92ZXJzaW9uIjoiMSJ9",
          "dependencies": [
            "aws_vpc.newyork-vpc"
          ]
        }
      ]
    },
    {
      "mode": "managed",
      "type": "aws_subnet",
      "name": "saopaulo-private-subnet-1a",
      "provider": "provider[\"registry.terraform.io/hashicorp/aws\"].sao-paulo",
      "instances": [
        {
          "schema_version": 1,
          "attributes": {
            "arn": "arn:aws:ec2:sa-east-1:495599735872:subnet/subnet-021ecec6d9b5aec22",
            "assign_ipv6_address_on_creation": false,
            "availability_zone": "sa-east-1a",
            "availability_zone_id": "sae1-az1",
            "cidr_block": "172.21.11.0/24",
            "customer_owned_ipv4_pool": "",
            "enable_dns64": false,
            "enable_lni_at_device_index": 0,
            "enable_resource_name_dns_a_record_on_launch": false,
            "enable_resource_name_dns_aaaa_record_on_launch": false,
            "id": "subnet-021ecec6d9b5aec22",
            "ipv6_cidr_block": "",
            "ipv6_cidr_block_association_id": "",
            "ipv6_native": false,
            "map_customer_owned_ip_on_launch": false,
            "map_public_ip_on_launch": false,
            "outpost_arn": "",
            "owner_id": "495599735872",
            "private_dns_hostname_type_on_launch": "ip-name",
            "tags": {
              "Name": "PROD-Saup-Paulo-subnet-1a",
              "Owner": "MATTRESS AVENGERS",
              "Service": "Armageddon Phase 1"
            },
            "tags_all": {
              "Name": "PROD-Saup-Paulo-subnet-1a",
              "Owner": "MATTRESS AVENGERS",
              "Service": "Armageddon Phase 1"
            },
            "timeouts": null,
            "vpc_id": "vpc-02bbc0a1d95f3b24d"
          },
          "sensitive_attributes": [],
          "private": "eyJlMmJmYjczMC1lY2FhLTExZTYtOGY4OC0zNDM2M2JjN2M0YzAiOnsiY3JlYXRlIjo2MDAwMDAwMDAwMDAsImRlbGV0ZSI6MTIwMDAwMDAwMDAwMH0sInNjaGVtYV92ZXJzaW9uIjoiMSJ9",
          "dependencies": [
            "aws_vpc.saopaulo-vpc"
          ]
        }
      ]
    },
    {
      "mode": "managed",
      "type": "aws_subnet",
      "name": "saopaulo-private-subnet-1c",
      "provider": "provider[\"registry.terraform.io/hashicorp/aws\"].sao-paulo",
      "instances": [
        {
          "schema_version": 1,
          "attributes": {
            "arn": "arn:aws:ec2:sa-east-1:495599735872:subnet/subnet-0eb535c51019a6c1b",
            "assign_ipv6_address_on_creation": false,
            "availability_zone": "sa-east-1c",
            "availability_zone_id": "sae1-az3",
            "cidr_block": "172.21.13.0/24",
            "customer_owned_ipv4_pool": "",
            "enable_dns64": false,
            "enable_lni_at_device_index": 0,
            "enable_resource_name_dns_a_record_on_launch": false,
            "enable_resource_name_dns_aaaa_record_on_launch": false,
            "id": "subnet-0eb535c51019a6c1b",
            "ipv6_cidr_block": "",
            "ipv6_cidr_block_association_id": "",
            "ipv6_native": false,
            "map_customer_owned_ip_on_launch": false,
            "map_public_ip_on_launch": false,
            "outpost_arn": "",
            "owner_id": "495599735872",
            "private_dns_hostname_type_on_launch": "ip-name",
            "tags": {
              "Name": "PROD-Saup-Paulo-subnet-1c",
              "Owner": "MATTRESS AVENGERS",
              "Service": "Armageddon Phase 1"
            },
            "tags_all": {
              "Name": "PROD-Saup-Paulo-subnet-1c",
              "Owner": "MATTRESS AVENGERS",
              "Service": "Armageddon Phase 1"
            },
            "timeouts": null,
            "vpc_id": "vpc-02bbc0a1d95f3b24d"
          },
          "sensitive_attributes": [],
          "private": "eyJlMmJmYjczMC1lY2FhLTExZTYtOGY4OC0zNDM2M2JjN2M0YzAiOnsiY3JlYXRlIjo2MDAwMDAwMDAwMDAsImRlbGV0ZSI6MTIwMDAwMDAwMDAwMH0sInNjaGVtYV92ZXJzaW9uIjoiMSJ9",
          "dependencies": [
            "aws_vpc.saopaulo-vpc"
          ]
        }
      ]
    },
    {
      "mode": "managed",
      "type": "aws_subnet",
      "name": "saopaulo-public-subnet-1a",
      "provider": "provider[\"registry.terraform.io/hashicorp/aws\"].sao-paulo",
      "instances": [
        {
          "schema_version": 1,
          "attributes": {
            "arn": "arn:aws:ec2:sa-east-1:495599735872:subnet/subnet-0b55cd8c609ad7066",
            "assign_ipv6_address_on_creation": false,
            "availability_zone": "sa-east-1a",
            "availability_zone_id": "sae1-az1",
            "cidr_block": "172.21.1.0/24",
            "customer_owned_ipv4_pool": "",
            "enable_dns64": false,
            "enable_lni_at_device_index": 0,
            "enable_resource_name_dns_a_record_on_launch": false,
            "enable_resource_name_dns_aaaa_record_on_launch": false,
            "id": "subnet-0b55cd8c609ad7066",
            "ipv6_cidr_block": "",
            "ipv6_cidr_block_association_id": "",
            "ipv6_native": false,
            "map_customer_owned_ip_on_launch": false,
            "map_public_ip_on_launch": false,
            "outpost_arn": "",
            "owner_id": "495599735872",
            "private_dns_hostname_type_on_launch": "ip-name",
            "tags": {
              "Name": "PROD-Saup-Paulo-subnet-1a",
              "Owner": "MATTRESS AVENGERS",
              "Service": "Armageddon Phase 1"
            },
            "tags_all": {
              "Name": "PROD-Saup-Paulo-subnet-1a",
              "Owner": "MATTRESS AVENGERS",
              "Service": "Armageddon Phase 1"
            },
            "timeouts": null,
            "vpc_id": "vpc-02bbc0a1d95f3b24d"
          },
          "sensitive_attributes": [],
          "private": "eyJlMmJmYjczMC1lY2FhLTExZTYtOGY4OC0zNDM2M2JjN2M0YzAiOnsiY3JlYXRlIjo2MDAwMDAwMDAwMDAsImRlbGV0ZSI6MTIwMDAwMDAwMDAwMH0sInNjaGVtYV92ZXJzaW9uIjoiMSJ9",
          "dependencies": [
            "aws_vpc.saopaulo-vpc"
          ]
        }
      ]
    },
    {
      "mode": "managed",
      "type": "aws_subnet",
      "name": "saopaulo-public-subnet-1c",
      "provider": "provider[\"registry.terraform.io/hashicorp/aws\"].sao-paulo",
      "instances": [
        {
          "schema_version": 1,
          "attributes": {
            "arn": "arn:aws:ec2:sa-east-1:495599735872:subnet/subnet-07a7dd6a6528b9205",
            "assign_ipv6_address_on_creation": false,
            "availability_zone": "sa-east-1c",
            "availability_zone_id": "sae1-az3",
            "cidr_block": "172.21.3.0/24",
            "customer_owned_ipv4_pool": "",
            "enable_dns64": false,
            "enable_lni_at_device_index": 0,
            "enable_resource_name_dns_a_record_on_launch": false,
            "enable_resource_name_dns_aaaa_record_on_launch": false,
            "id": "subnet-07a7dd6a6528b9205",
            "ipv6_cidr_block": "",
            "ipv6_cidr_block_association_id": "",
            "ipv6_native": false,
            "map_customer_owned_ip_on_launch": false,
            "map_public_ip_on_launch": false,
            "outpost_arn": "",
            "owner_id": "495599735872",
            "private_dns_hostname_type_on_launch": "ip-name",
            "tags": {
              "Name": "PROD-Saup-Paulo-subnet-1c",
              "Owner": "MATTRESS AVENGERS",
              "Service": "Armageddon Phase 1"
            },
            "tags_all": {
              "Name": "PROD-Saup-Paulo-subnet-1c",
              "Owner": "MATTRESS AVENGERS",
              "Service": "Armageddon Phase 1"
            },
            "timeouts": null,
            "vpc_id": "vpc-02bbc0a1d95f3b24d"
          },
          "sensitive_attributes": [],
          "private": "eyJlMmJmYjczMC1lY2FhLTExZTYtOGY4OC0zNDM2M2JjN2M0YzAiOnsiY3JlYXRlIjo2MDAwMDAwMDAwMDAsImRlbGV0ZSI6MTIwMDAwMDAwMDAwMH0sInNjaGVtYV92ZXJzaW9uIjoiMSJ9",
          "dependencies": [
            "aws_vpc.saopaulo-vpc"
          ]
        }
      ]
    },
    {
      "mode": "managed",
      "type": "aws_subnet",
      "name": "tokyo-private-subnet-1a",
      "provider": "provider[\"registry.terraform.io/hashicorp/aws\"].tokyo",
      "instances": [
        {
          "schema_version": 1,
          "attributes": {
            "arn": "arn:aws:ec2:ap-northeast-1:495599735872:subnet/subnet-00a42670d11042672",
            "assign_ipv6_address_on_creation": false,
            "availability_zone": "ap-northeast-1a",
            "availability_zone_id": "apne1-az4",
            "cidr_block": "172.18.11.0/24",
            "customer_owned_ipv4_pool": "",
            "enable_dns64": false,
            "enable_lni_at_device_index": 0,
            "enable_resource_name_dns_a_record_on_launch": false,
            "enable_resource_name_dns_aaaa_record_on_launch": false,
            "id": "subnet-00a42670d11042672",
            "ipv6_cidr_block": "",
            "ipv6_cidr_block_association_id": "",
            "ipv6_native": false,
            "map_customer_owned_ip_on_launch": false,
            "map_public_ip_on_launch": false,
            "outpost_arn": "",
            "owner_id": "495599735872",
            "private_dns_hostname_type_on_launch": "ip-name",
            "tags": {
              "Name": "PROD-Tokyo-subnet-1a",
              "Owner": "MATTRESS AVENGERS",
              "Service": "Armageddon Phase 1"
            },
            "tags_all": {
              "Name": "PROD-Tokyo-subnet-1a",
              "Owner": "MATTRESS AVENGERS",
              "Service": "Armageddon Phase 1"
            },
            "timeouts": null,
            "vpc_id": "vpc-09c8baf5464ff9898"
          },
          "sensitive_attributes": [],
          "private": "eyJlMmJmYjczMC1lY2FhLTExZTYtOGY4OC0zNDM2M2JjN2M0YzAiOnsiY3JlYXRlIjo2MDAwMDAwMDAwMDAsImRlbGV0ZSI6MTIwMDAwMDAwMDAwMH0sInNjaGVtYV92ZXJzaW9uIjoiMSJ9",
          "dependencies": [
            "aws_vpc.tokyo-vpc"
          ],
          "create_before_destroy": true
        }
      ]
    },
    {
      "mode": "managed",
      "type": "aws_subnet",
      "name": "tokyo-private-subnet-1d",
      "provider": "provider[\"registry.terraform.io/hashicorp/aws\"].tokyo",
      "instances": [
        {
          "schema_version": 1,
          "attributes": {
            "arn": "arn:aws:ec2:ap-northeast-1:495599735872:subnet/subnet-0d5fe9adb140668bb",
            "assign_ipv6_address_on_creation": false,
            "availability_zone": "ap-northeast-1d",
            "availability_zone_id": "apne1-az2",
            "cidr_block": "172.18.14.0/24",
            "customer_owned_ipv4_pool": "",
            "enable_dns64": false,
            "enable_lni_at_device_index": 0,
            "enable_resource_name_dns_a_record_on_launch": false,
            "enable_resource_name_dns_aaaa_record_on_launch": false,
            "id": "subnet-0d5fe9adb140668bb",
            "ipv6_cidr_block": "",
            "ipv6_cidr_block_association_id": "",
            "ipv6_native": false,
            "map_customer_owned_ip_on_launch": false,
            "map_public_ip_on_launch": false,
            "outpost_arn": "",
            "owner_id": "495599735872",
            "private_dns_hostname_type_on_launch": "ip-name",
            "tags": {
              "Name": "PROD-Tokyo-subnet-1d",
              "Owner": "MATTRESS AVENGERS",
              "Service": "Armageddon Phase 1"
            },
            "tags_all": {
              "Name": "PROD-Tokyo-subnet-1d",
              "Owner": "MATTRESS AVENGERS",
              "Service": "Armageddon Phase 1"
            },
            "timeouts": null,
            "vpc_id": "vpc-09c8baf5464ff9898"
          },
          "sensitive_attributes": [],
          "private": "eyJlMmJmYjczMC1lY2FhLTExZTYtOGY4OC0zNDM2M2JjN2M0YzAiOnsiY3JlYXRlIjo2MDAwMDAwMDAwMDAsImRlbGV0ZSI6MTIwMDAwMDAwMDAwMH0sInNjaGVtYV92ZXJzaW9uIjoiMSJ9",
          "dependencies": [
            "aws_vpc.tokyo-vpc"
          ],
          "create_before_destroy": true
        }
      ]
    },
    {
      "mode": "managed",
      "type": "aws_subnet",
      "name": "tokyo-public-subnet-1a",
      "provider": "provider[\"registry.terraform.io/hashicorp/aws\"].tokyo",
      "instances": [
        {
          "schema_version": 1,
          "attributes": {
            "arn": "arn:aws:ec2:ap-northeast-1:495599735872:subnet/subnet-0c3f6b255010cca3a",
            "assign_ipv6_address_on_creation": false,
            "availability_zone": "ap-northeast-1a",
            "availability_zone_id": "apne1-az4",
            "cidr_block": "172.18.1.0/24",
            "customer_owned_ipv4_pool": "",
            "enable_dns64": false,
            "enable_lni_at_device_index": 0,
            "enable_resource_name_dns_a_record_on_launch": false,
            "enable_resource_name_dns_aaaa_record_on_launch": false,
            "id": "subnet-0c3f6b255010cca3a",
            "ipv6_cidr_block": "",
            "ipv6_cidr_block_association_id": "",
            "ipv6_native": false,
            "map_customer_owned_ip_on_launch": false,
            "map_public_ip_on_launch": false,
            "outpost_arn": "",
            "owner_id": "495599735872",
            "private_dns_hostname_type_on_launch": "ip-name",
            "tags": {
              "Name": "PROD-Tokyo-subnet-1a",
              "Owner": "MATTRESS AVENGERS",
              "Service": "Armageddon Phase 1"
            },
            "tags_all": {
              "Name": "PROD-Tokyo-subnet-1a",
              "Owner": "MATTRESS AVENGERS",
              "Service": "Armageddon Phase 1"
            },
            "timeouts": null,
            "vpc_id": "vpc-09c8baf5464ff9898"
          },
          "sensitive_attributes": [],
          "private": "eyJlMmJmYjczMC1lY2FhLTExZTYtOGY4OC0zNDM2M2JjN2M0YzAiOnsiY3JlYXRlIjo2MDAwMDAwMDAwMDAsImRlbGV0ZSI6MTIwMDAwMDAwMDAwMH0sInNjaGVtYV92ZXJzaW9uIjoiMSJ9",
          "dependencies": [
            "aws_vpc.tokyo-vpc"
          ]
        }
      ]
    },
    {
      "mode": "managed",
      "type": "aws_subnet",
      "name": "tokyo-public-subnet-1d",
      "provider": "provider[\"registry.terraform.io/hashicorp/aws\"].tokyo",
      "instances": [
        {
          "schema_version": 1,
          "attributes": {
            "arn": "arn:aws:ec2:ap-northeast-1:495599735872:subnet/subnet-04c8f18fb540bebbb",
            "assign_ipv6_address_on_creation": false,
            "availability_zone": "ap-northeast-1d",
            "availability_zone_id": "apne1-az2",
            "cidr_block": "172.18.4.0/24",
            "customer_owned_ipv4_pool": "",
            "enable_dns64": false,
            "enable_lni_at_device_index": 0,
            "enable_resource_name_dns_a_record_on_launch": false,
            "enable_resource_name_dns_aaaa_record_on_launch": false,
            "id": "subnet-04c8f18fb540bebbb",
            "ipv6_cidr_block": "",
            "ipv6_cidr_block_association_id": "",
            "ipv6_native": false,
            "map_customer_owned_ip_on_launch": false,
            "map_public_ip_on_launch": false,
            "outpost_arn": "",
            "owner_id": "495599735872",
            "private_dns_hostname_type_on_launch": "ip-name",
            "tags": {
              "Name": "PROD-Tokyo-subnet-1d",
              "Owner": "MATTRESS AVENGERS",
              "Service": "Armageddon Phase 1"
            },
            "tags_all": {
              "Name": "PROD-Tokyo-subnet-1d",
              "Owner": "MATTRESS AVENGERS",
              "Service": "Armageddon Phase 1"
            },
            "timeouts": null,
            "vpc_id": "vpc-09c8baf5464ff9898"
          },
          "sensitive_attributes": [],
          "private": "eyJlMmJmYjczMC1lY2FhLTExZTYtOGY4OC0zNDM2M2JjN2M0YzAiOnsiY3JlYXRlIjo2MDAwMDAwMDAwMDAsImRlbGV0ZSI6MTIwMDAwMDAwMDAwMH0sInNjaGVtYV92ZXJzaW9uIjoiMSJ9",
          "dependencies": [
            "aws_vpc.tokyo-vpc"
          ]
        }
      ]
    },
    {
      "mode": "managed",
      "type": "aws_subnet",
      "name": "tokyotest-private-subnet-1d",
      "provider": "provider[\"registry.terraform.io/hashicorp/aws\"].tokyo-testb",
      "instances": [
        {
          "schema_version": 1,
          "attributes": {
            "arn": "arn:aws:ec2:ap-northeast-1:495599735872:subnet/subnet-01383d7ff6ec15b82",
            "assign_ipv6_address_on_creation": false,
            "availability_zone": "ap-northeast-1d",
            "availability_zone_id": "apne1-az2",
            "cidr_block": "172.26.14.0/24",
            "customer_owned_ipv4_pool": "",
            "enable_dns64": false,
            "enable_lni_at_device_index": 0,
            "enable_resource_name_dns_a_record_on_launch": false,
            "enable_resource_name_dns_aaaa_record_on_launch": false,
            "id": "subnet-01383d7ff6ec15b82",
            "ipv6_cidr_block": "",
            "ipv6_cidr_block_association_id": "",
            "ipv6_native": false,
            "map_customer_owned_ip_on_launch": false,
            "map_public_ip_on_launch": false,
            "outpost_arn": "",
            "owner_id": "495599735872",
            "private_dns_hostname_type_on_launch": "ip-name",
            "tags": {
              "Name": "TEST-Tokyo-subnet-1d",
              "Owner": "MATTRESS AVENGERS",
              "Service": "Armageddon Phase 1"
            },
            "tags_all": {
              "Name": "TEST-Tokyo-subnet-1d",
              "Owner": "MATTRESS AVENGERS",
              "Service": "Armageddon Phase 1"
            },
            "timeouts": null,
            "vpc_id": "vpc-0962912c1c97e3d2d"
          },
          "sensitive_attributes": [],
          "private": "eyJlMmJmYjczMC1lY2FhLTExZTYtOGY4OC0zNDM2M2JjN2M0YzAiOnsiY3JlYXRlIjo2MDAwMDAwMDAwMDAsImRlbGV0ZSI6MTIwMDAwMDAwMDAwMH0sInNjaGVtYV92ZXJzaW9uIjoiMSJ9",
          "dependencies": [
            "aws_vpc.tokyotest-vpc"
          ]
        }
      ]
    },
    {
      "mode": "managed",
      "type": "aws_subnet",
      "name": "tokyotest-public-subnet-1d",
      "provider": "provider[\"registry.terraform.io/hashicorp/aws\"].tokyo-testb",
      "instances": [
        {
          "schema_version": 1,
          "attributes": {
            "arn": "arn:aws:ec2:ap-northeast-1:495599735872:subnet/subnet-017467ef137ddba0b",
            "assign_ipv6_address_on_creation": false,
            "availability_zone": "ap-northeast-1a",
            "availability_zone_id": "apne1-az4",
            "cidr_block": "172.26.4.0/24",
            "customer_owned_ipv4_pool": "",
            "enable_dns64": false,
            "enable_lni_at_device_index": 0,
            "enable_resource_name_dns_a_record_on_launch": false,
            "enable_resource_name_dns_aaaa_record_on_launch": false,
            "id": "subnet-017467ef137ddba0b",
            "ipv6_cidr_block": "",
            "ipv6_cidr_block_association_id": "",
            "ipv6_native": false,
            "map_customer_owned_ip_on_launch": false,
            "map_public_ip_on_launch": false,
            "outpost_arn": "",
            "owner_id": "495599735872",
            "private_dns_hostname_type_on_launch": "ip-name",
            "tags": {
              "Name": "TEST-Tokyo-subnet-1a",
              "Owner": "MATTRESS AVENGERS",
              "Service": "Armageddon Phase 1"
            },
            "tags_all": {
              "Name": "TEST-Tokyo-subnet-1a",
              "Owner": "MATTRESS AVENGERS",
              "Service": "Armageddon Phase 1"
            },
            "timeouts": null,
            "vpc_id": "vpc-0962912c1c97e3d2d"
          },
          "sensitive_attributes": [],
          "private": "eyJlMmJmYjczMC1lY2FhLTExZTYtOGY4OC0zNDM2M2JjN2M0YzAiOnsiY3JlYXRlIjo2MDAwMDAwMDAwMDAsImRlbGV0ZSI6MTIwMDAwMDAwMDAwMH0sInNjaGVtYV92ZXJzaW9uIjoiMSJ9",
          "dependencies": [
            "aws_vpc.tokyotest-vpc"
          ]
        }
      ]
    },
    {
      "mode": "managed",
      "type": "aws_vpc",
      "name": "australia-vpc",
      "provider": "provider[\"registry.terraform.io/hashicorp/aws\"].australia",
      "instances": [
        {
          "schema_version": 1,
          "attributes": {
            "arn": "arn:aws:ec2:ap-southeast-2:495599735872:vpc/vpc-077b1fc5de17d127f",
            "assign_generated_ipv6_cidr_block": false,
            "cidr_block": "172.22.0.0/16",
            "default_network_acl_id": "acl-0380e3f38ea1a3c98",
            "default_route_table_id": "rtb-0f042ef52e5aeefea",
            "default_security_group_id": "sg-04250db70fcdc3a18",
            "dhcp_options_id": "dopt-02760a403b66894c2",
            "enable_dns_hostnames": false,
            "enable_dns_support": true,
            "enable_network_address_usage_metrics": false,
            "id": "vpc-077b1fc5de17d127f",
            "instance_tenancy": "default",
            "ipv4_ipam_pool_id": null,
            "ipv4_netmask_length": null,
            "ipv6_association_id": "",
            "ipv6_cidr_block": "",
            "ipv6_cidr_block_network_border_group": "",
            "ipv6_ipam_pool_id": "",
            "ipv6_netmask_length": 0,
            "main_route_table_id": "rtb-0f042ef52e5aeefea",
            "owner_id": "495599735872",
            "tags": {
              "Name": "PROD-Australia-vpc"
            },
            "tags_all": {
              "Name": "PROD-Australia-vpc"
            }
          },
          "sensitive_attributes": [],
          "private": "eyJzY2hlbWFfdmVyc2lvbiI6IjEifQ==",
          "create_before_destroy": true
        }
      ]
    },
    {
      "mode": "managed",
      "type": "aws_vpc",
      "name": "california-vpc",
      "provider": "provider[\"registry.terraform.io/hashicorp/aws\"].california",
      "instances": [
        {
          "schema_version": 1,
          "attributes": {
            "arn": "arn:aws:ec2:us-west-1:495599735872:vpc/vpc-091d5396d623a34cb",
            "assign_generated_ipv6_cidr_block": false,
            "cidr_block": "172.24.0.0/16",
            "default_network_acl_id": "acl-0dd4fac08320a534c",
            "default_route_table_id": "rtb-066e6251d984f31b7",
            "default_security_group_id": "sg-06749f8af9b111fd6",
            "dhcp_options_id": "dopt-07e622ac9bd3f5e40",
            "enable_dns_hostnames": false,
            "enable_dns_support": true,
            "enable_network_address_usage_metrics": false,
            "id": "vpc-091d5396d623a34cb",
            "instance_tenancy": "default",
            "ipv4_ipam_pool_id": null,
            "ipv4_netmask_length": null,
            "ipv6_association_id": "",
            "ipv6_cidr_block": "",
            "ipv6_cidr_block_network_border_group": "",
            "ipv6_ipam_pool_id": "",
            "ipv6_netmask_length": 0,
            "main_route_table_id": "rtb-066e6251d984f31b7",
            "owner_id": "495599735872",
            "tags": {
              "Name": "PROD-Califonia-vpc"
            },
            "tags_all": {
              "Name": "PROD-Califonia-vpc"
            }
          },
          "sensitive_attributes": [],
          "private": "eyJzY2hlbWFfdmVyc2lvbiI6IjEifQ==",
          "create_before_destroy": true
        }
      ]
    },
    {
      "mode": "managed",
      "type": "aws_vpc",
      "name": "hongkong-vpc",
      "provider": "provider[\"registry.terraform.io/hashicorp/aws\"].hong-kong",
      "instances": [
        {
          "schema_version": 1,
          "attributes": {
            "arn": "arn:aws:ec2:ap-east-1:495599735872:vpc/vpc-0fcd95b3b199a6881",
            "assign_generated_ipv6_cidr_block": false,
            "cidr_block": "172.23.0.0/16",
            "default_network_acl_id": "acl-01b5cabe696288052",
            "default_route_table_id": "rtb-039b0d6c18e77f7ed",
            "default_security_group_id": "sg-033ca00a4b2a5baf2",
            "dhcp_options_id": "dopt-0f85db491eeb22e8e",
            "enable_dns_hostnames": false,
            "enable_dns_support": true,
            "enable_network_address_usage_metrics": false,
            "id": "vpc-0fcd95b3b199a6881",
            "instance_tenancy": "default",
            "ipv4_ipam_pool_id": null,
            "ipv4_netmask_length": null,
            "ipv6_association_id": "",
            "ipv6_cidr_block": "",
            "ipv6_cidr_block_network_border_group": "",
            "ipv6_ipam_pool_id": "",
            "ipv6_netmask_length": 0,
            "main_route_table_id": "rtb-039b0d6c18e77f7ed",
            "owner_id": "495599735872",
            "tags": {
              "Name": "PROD-Hongkong-vpc"
            },
            "tags_all": {
              "Name": "PROD-Hongkong-vpc"
            }
          },
          "sensitive_attributes": [],
          "private": "eyJzY2hlbWFfdmVyc2lvbiI6IjEifQ==",
          "create_before_destroy": true
        }
      ]
    },
    {
      "mode": "managed",
      "type": "aws_vpc",
      "name": "london-vpc",
      "provider": "provider[\"registry.terraform.io/hashicorp/aws\"].london",
      "instances": [
        {
          "schema_version": 1,
          "attributes": {
            "arn": "arn:aws:ec2:eu-west-2:495599735872:vpc/vpc-02c4bb68363a5ef8c",
            "assign_generated_ipv6_cidr_block": false,
            "cidr_block": "172.20.0.0/16",
            "default_network_acl_id": "acl-0b3e05fb989890e54",
            "default_route_table_id": "rtb-0cfb3caca03224635",
            "default_security_group_id": "sg-01fa3528a361b0e10",
            "dhcp_options_id": "dopt-0b7e43e752b1abf33",
            "enable_dns_hostnames": false,
            "enable_dns_support": true,
            "enable_network_address_usage_metrics": false,
            "id": "vpc-02c4bb68363a5ef8c",
            "instance_tenancy": "default",
            "ipv4_ipam_pool_id": null,
            "ipv4_netmask_length": null,
            "ipv6_association_id": "",
            "ipv6_cidr_block": "",
            "ipv6_cidr_block_network_border_group": "",
            "ipv6_ipam_pool_id": "",
            "ipv6_netmask_length": 0,
            "main_route_table_id": "rtb-0cfb3caca03224635",
            "owner_id": "495599735872",
            "tags": {
              "Name": "PROD-London-vpc"
            },
            "tags_all": {
              "Name": "PROD-London-vpc"
            }
          },
          "sensitive_attributes": [],
          "private": "eyJzY2hlbWFfdmVyc2lvbiI6IjEifQ==",
          "create_before_destroy": true
        }
      ]
    },
    {
      "mode": "managed",
      "type": "aws_vpc",
      "name": "newyork-vpc",
      "provider": "provider[\"registry.terraform.io/hashicorp/aws\"].new-york",
      "instances": [
        {
          "schema_version": 1,
          "attributes": {
            "arn": "arn:aws:ec2:us-east-1:495599735872:vpc/vpc-043018aec8e4118bc",
            "assign_generated_ipv6_cidr_block": false,
            "cidr_block": "172.19.0.0/16",
            "default_network_acl_id": "acl-0b64c8736692bf4a5",
            "default_route_table_id": "rtb-00b407aef322b9218",
            "default_security_group_id": "sg-08bb65230047be0a4",
            "dhcp_options_id": "dopt-068cedb6b46f1ecf5",
            "enable_dns_hostnames": false,
            "enable_dns_support": true,
            "enable_network_address_usage_metrics": false,
            "id": "vpc-043018aec8e4118bc",
            "instance_tenancy": "default",
            "ipv4_ipam_pool_id": null,
            "ipv4_netmask_length": null,
            "ipv6_association_id": "",
            "ipv6_cidr_block": "",
            "ipv6_cidr_block_network_border_group": "",
            "ipv6_ipam_pool_id": "",
            "ipv6_netmask_length": 0,
            "main_route_table_id": "rtb-00b407aef322b9218",
            "owner_id": "495599735872",
            "tags": {
              "Name": "PROD-New York-vpc"
            },
            "tags_all": {
              "Name": "PROD-New York-vpc"
            }
          },
          "sensitive_attributes": [],
          "private": "eyJzY2hlbWFfdmVyc2lvbiI6IjEifQ==",
          "create_before_destroy": true
        }
      ]
    },
    {
      "mode": "managed",
      "type": "aws_vpc",
      "name": "saopaulo-vpc",
      "provider": "provider[\"registry.terraform.io/hashicorp/aws\"].sao-paulo",
      "instances": [
        {
          "schema_version": 1,
          "attributes": {
            "arn": "arn:aws:ec2:sa-east-1:495599735872:vpc/vpc-02bbc0a1d95f3b24d",
            "assign_generated_ipv6_cidr_block": false,
            "cidr_block": "172.21.0.0/16",
            "default_network_acl_id": "acl-072c65e5e89673b64",
            "default_route_table_id": "rtb-084917f1941a37ff9",
            "default_security_group_id": "sg-0b4900fd62dd5c108",
            "dhcp_options_id": "dopt-0db4a8e8302520b79",
            "enable_dns_hostnames": false,
            "enable_dns_support": true,
            "enable_network_address_usage_metrics": false,
            "id": "vpc-02bbc0a1d95f3b24d",
            "instance_tenancy": "default",
            "ipv4_ipam_pool_id": null,
            "ipv4_netmask_length": null,
            "ipv6_association_id": "",
            "ipv6_cidr_block": "",
            "ipv6_cidr_block_network_border_group": "",
            "ipv6_ipam_pool_id": "",
            "ipv6_netmask_length": 0,
            "main_route_table_id": "rtb-084917f1941a37ff9",
            "owner_id": "495599735872",
            "tags": {
              "Name": "PROD-Saup-Paulo-vpc"
            },
            "tags_all": {
              "Name": "PROD-Saup-Paulo-vpc"
            }
          },
          "sensitive_attributes": [],
          "private": "eyJzY2hlbWFfdmVyc2lvbiI6IjEifQ==",
          "create_before_destroy": true
        }
      ]
    },
    {
      "mode": "managed",
      "type": "aws_vpc",
      "name": "tokyo-vpc",
      "provider": "provider[\"registry.terraform.io/hashicorp/aws\"].tokyo",
      "instances": [
        {
          "schema_version": 1,
          "attributes": {
            "arn": "arn:aws:ec2:ap-northeast-1:495599735872:vpc/vpc-09c8baf5464ff9898",
            "assign_generated_ipv6_cidr_block": false,
            "cidr_block": "172.18.0.0/16",
            "default_network_acl_id": "acl-073ae10629aa174ee",
            "default_route_table_id": "rtb-0912e0e418e656685",
            "default_security_group_id": "sg-08c131b6ce34a0f88",
            "dhcp_options_id": "dopt-0a6b10ece991cf8de",
            "enable_dns_hostnames": false,
            "enable_dns_support": true,
            "enable_network_address_usage_metrics": false,
            "id": "vpc-09c8baf5464ff9898",
            "instance_tenancy": "default",
            "ipv4_ipam_pool_id": null,
            "ipv4_netmask_length": null,
            "ipv6_association_id": "",
            "ipv6_cidr_block": "",
            "ipv6_cidr_block_network_border_group": "",
            "ipv6_ipam_pool_id": "",
            "ipv6_netmask_length": 0,
            "main_route_table_id": "rtb-0912e0e418e656685",
            "owner_id": "495599735872",
            "tags": {
              "Name": "PROD-Tokyo-vpc"
            },
            "tags_all": {
              "Name": "PROD-Tokyo-vpc"
            }
          },
          "sensitive_attributes": [],
          "private": "eyJzY2hlbWFfdmVyc2lvbiI6IjEifQ==",
          "create_before_destroy": true
        }
      ]
    },
    {
      "mode": "managed",
      "type": "aws_vpc",
      "name": "tokyotest-vpc",
      "provider": "provider[\"registry.terraform.io/hashicorp/aws\"].tokyo-testb",
      "instances": [
        {
          "schema_version": 1,
          "attributes": {
            "arn": "arn:aws:ec2:ap-northeast-1:495599735872:vpc/vpc-0962912c1c97e3d2d",
            "assign_generated_ipv6_cidr_block": false,
            "cidr_block": "172.26.0.0/16",
            "default_network_acl_id": "acl-0c6b494322b75a25c",
            "default_route_table_id": "rtb-042ca96a5baf71cfc",
            "default_security_group_id": "sg-07dce5e414da5ae76",
            "dhcp_options_id": "dopt-0a6b10ece991cf8de",
            "enable_dns_hostnames": false,
            "enable_dns_support": true,
            "enable_network_address_usage_metrics": false,
            "id": "vpc-0962912c1c97e3d2d",
            "instance_tenancy": "default",
            "ipv4_ipam_pool_id": null,
            "ipv4_netmask_length": null,
            "ipv6_association_id": "",
            "ipv6_cidr_block": "",
            "ipv6_cidr_block_network_border_group": "",
            "ipv6_ipam_pool_id": "",
            "ipv6_netmask_length": 0,
            "main_route_table_id": "rtb-042ca96a5baf71cfc",
            "owner_id": "495599735872",
            "tags": {
              "Name": "TEST-Tokyo-vpc"
            },
            "tags_all": {
              "Name": "TEST-Tokyo-vpc"
            }
          },
          "sensitive_attributes": [],
          "private": "eyJzY2hlbWFfdmVyc2lvbiI6IjEifQ=="
        }
      ]
    }
  ],
  "check_results": null
}
